{
  "provider_schemas": {
    "huaweicloud/huaweicloud": {
      "resource_schemas": {
        "huaweicloud_aad_forward_rule": {
          "block": {
            "attributes": {
              "forward_port": {
                "type": "number",
                "required": true
              },
              "forward_protocol": {
                "type": "string",
                "required": true
              },
              "id": {
                "type": "string",
                "computed": true
              },
              "instance_id": {
                "type": "string",
                "required": true,
                "forcenew": true
              },
              "ip": {
                "type": "string",
                "required": true,
                "forcenew": true
              },
              "lb_method": {
                "type": "string",
                "computed": true
              },
              "source_ip": {
                "type": "string",
                "required": true
              },
              "source_port": {
                "type": "number",
                "required": true
              },
              "status": {
                "type": "number",
                "computed": true
              }
            }
          },
          "product": {
            "short": "AAD",
            "name": "DDoS高防",
            "catalog": "Security & Compliance",
            "name_cn": "DDoS高防",
            "catalog_cn": "安全与合规"
          }
        }
      }
    }
  }
}
