{
  "provider_schemas": {
    "huaweicloud/huaweicloud": {
      "resource_schemas": {
        "huaweicloud_aad_domain_certificate": {
          "block": {
            "attributes": {
              "cert_file": {
                "type": "string",
                "description": "Specifies the certificate file content.",
                "optional": true,
                "sensitive": true
              },
              "cert_info": {
                "type": [
                  "list",
                  [
                    "object",
                    {
                      "apply_domain": "string",
                      "cert_name": "string",
                      "expire_status": "number",
                      "expire_time": "number",
                      "id": "string"
                    }
                  ]
                ],
                "description": "The certificate information.",
                "computed": true
              },
              "cert_key_file": {
                "type": "string",
                "description": "Specifies the private key file content.",
                "optional": true,
                "sensitive": true
              },
              "cert_name": {
                "type": "string",
                "description": "Specifies the certificate name.",
                "required": true
              },
              "domain_id": {
                "type": "string",
                "description": "Specifies the domain ID.",
                "required": true
              },
              "domain_name": {
                "type": "string",
                "description": "The domain name.",
                "computed": true
              },
              "id": {
                "type": "string",
                "computed": true
              },
              "op_type": {
                "type": "number",
                "description": "Specifies the operation type. `0` represents upload, `1` represents replace.",
                "required": true
              }
            }
          },
          "product": {
            "short": "AAD",
            "name": "Advanced Anti-DDoS",
            "catalog": "Security & Compliance",
            "name_cn": "DDoS高防",
            "catalog_cn": "安全与合规"
          }
        }
      }
    }
  }
}
