{
  "provider_schemas": {
    "huaweicloud/huaweicloud": {
      "resource_schemas": {
        "huaweicloud_access_analyzer": {
          "block": {
            "attributes": {
              "created_at": {
                "type": "string",
                "computed": true
              },
              "id": {
                "type": "string",
                "computed": true
              },
              "last_analyzed_resource": {
                "type": "string",
                "computed": true
              },
              "last_resource_analyzed_at": {
                "type": "string",
                "computed": true
              },
              "name": {
                "type": "string",
                "required": true
              },
              "organization_id": {
                "type": "string",
                "computed": true
              },
              "region": {
                "type": "string",
                "computed": true
              },
              "status": {
                "type": "string",
                "computed": true
              },
              "status_reason": {
                "type": [
                  "list",
                  [
                    "object",
                    {
                      "code": "string",
                      "details": "string"
                    }
                  ]
                ],
                "computed": true
              },
              "tags": {
                "type": [
                  "map",
                  "string"
                ],
                "optional": true
              },
              "type": {
                "type": "string",
                "required": true
              },
              "urn": {
                "type": "string",
                "computed": true
              }
            },
            "block_types": {
              "configuration": {
                "block": {
                  "block_types": {
                    "unused_access": {
                      "block": {
                        "attributes": {
                          "unused_access_age": {
                            "type": "number",
                            "optional": true,
                            "computed": true
                          }
                        }
                      },
                      "nesting_mode": "list",
                      "max_items": 1
                    }
                  }
                },
                "nesting_mode": "list",
                "max_items": 1
              }
            }
          }
        }
      }
    }
  }
}
