{
  "provider_schemas": {
    "huaweicloud/huaweicloud": {
      "resource_schemas": {
        "huaweicloud_antiddos_basic": {
          "block": {
            "attributes": {
              "eip_id": {
                "type": "string",
                "required": true,
                "forcenew": true
              },
              "id": {
                "type": "string",
                "computed": true
              },
              "public_ip": {
                "type": "string",
                "computed": true
              },
              "region": {
                "type": "string",
                "computed": true
              },
              "status": {
                "type": "string",
                "computed": true
              },
              "traffic_threshold": {
                "type": "number",
                "required": true
              }
            }
          },
          "product": {
            "short": "Anti-DDoS",
            "name": "Anti-DDoS",
            "catalog": "Security \u0026 Compliance",
            "name_cn": "Anti-DDoS流量清洗",
            "catalog_cn": "安全与合规"
          }
        }
      }
    }
  }
}
