{
  "provider_schemas": {
    "huaweicloud/huaweicloud": {
      "resource_schemas": {
        "huaweicloud_aom_message_template": {
          "block": {
            "attributes": {
              "created_at": {
                "type": "string",
                "computed": true
              },
              "description": {
                "type": "string",
                "optional": true
              },
              "enterprise_project_id": {
                "type": "string",
                "optional": true,
                "computed": true,
                "forcenew": true
              },
              "id": {
                "type": "string",
                "computed": true
              },
              "locale": {
                "type": "string",
                "required": true
              },
              "name": {
                "type": "string",
                "required": true,
                "forcenew": true
              },
              "region": {
                "type": "string",
                "computed": true
              },
              "source": {
                "type": "string",
                "optional": true,
                "forcenew": true
              },
              "updated_at": {
                "type": "string",
                "computed": true
              }
            },
            "block_types": {
              "templates": {
                "block": {
                  "attributes": {
                    "content": {
                      "type": "string",
                      "required": true
                    },
                    "sub_type": {
                      "type": "string",
                      "required": true
                    },
                    "topic": {
                      "type": "string",
                      "optional": true
                    },
                    "version": {
                      "type": "string",
                      "optional": true
                    }
                  }
                },
                "nesting_mode": "set",
                "min_items": 1
              }
            }
          },
          "product": {
            "short": "AOM",
            "name": "Application Operations Management",
            "catalog": "Management & Governance",
            "name_cn": "应用运维管理",
            "catalog_cn": "管理与监管"
          }
        }
      }
    }
  }
}
