{
  "provider_schemas": {
    "huaweicloud/huaweicloud": {
      "resource_schemas": {
        "huaweicloud_aom_alarm_group_rule": {
          "block": {
            "attributes": {
              "created_at": {
                "type": "string",
                "computed": true
              },
              "description": {
                "type": "string",
                "optional": true
              },
              "enterprise_project_id": {
                "type": "string",
                "optional": true,
                "computed": true,
                "forcenew": true
              },
              "group_by": {
                "type": [
                  "set",
                  "string"
                ],
                "required": true
              },
              "group_interval": {
                "type": "number",
                "required": true
              },
              "group_repeat_waiting": {
                "type": "number",
                "required": true
              },
              "group_wait": {
                "type": "number",
                "required": true
              },
              "id": {
                "type": "string",
                "computed": true
              },
              "name": {
                "type": "string",
                "required": true,
                "forcenew": true
              },
              "region": {
                "type": "string",
                "computed": true
              },
              "updated_at": {
                "type": "string",
                "computed": true
              }
            },
            "block_types": {
              "detail": {
                "block": {
                  "attributes": {
                    "bind_notification_rule_ids": {
                      "type": [
                        "set",
                        "string"
                      ],
                      "required": true
                    }
                  },
                  "block_types": {
                    "match": {
                      "block": {
                        "attributes": {
                          "key": {
                            "type": "string",
                            "required": true
                          },
                          "operate": {
                            "type": "string",
                            "required": true
                          },
                          "value": {
                            "type": [
                              "set",
                              "string"
                            ],
                            "optional": true
                          }
                        }
                      },
                      "nesting_mode": "set",
                      "min_items": 1
                    }
                  }
                },
                "nesting_mode": "set",
                "min_items": 1
              }
            }
          },
          "product": {
            "short": "AOM",
            "name": "Application Operations Management",
            "catalog": "Management & Governance",
            "name_cn": "应用运维管理",
            "catalog_cn": "管理与监管"
          }
        }
      }
    }
  }
}
