{
  "provider_schemas": {
    "huaweicloud/huaweicloud": {
      "resource_schemas": {
        "huaweicloud_aom_cloud_service_access": {
          "block": {
            "attributes": {
              "enterprise_project_id": {
                "type": "string",
                "optional": true,
                "computed": true,
                "forcenew": true
              },
              "id": {
                "type": "string",
                "computed": true
              },
              "instance_id": {
                "type": "string",
                "required": true,
                "forcenew": true
              },
              "region": {
                "type": "string",
                "computed": true
              },
              "service": {
                "type": "string",
                "required": true,
                "forcenew": true
              },
              "tag_sync": {
                "type": "string",
                "required": true
              }
            }
          },
          "product": {
            "short": "AOM",
            "name": "Application Operations Management",
            "catalog": "Management & Governance",
            "name_cn": "应用运维管理",
            "catalog_cn": "管理与监管"
          }
        }
      }
    }
  }
}
