{
  "provider_schemas": {
    "huaweicloud/huaweicloud": {
      "resource_schemas": {
        "huaweicloud_aom_alarm_rules_template": {
          "block": {
            "attributes": {
              "created_at": {
                "type": "string",
                "computed": true
              },
              "description": {
                "type": "string",
                "optional": true
              },
              "enterprise_project_id": {
                "type": "string",
                "optional": true,
                "computed": true,
                "forcenew": true
              },
              "id": {
                "type": "string",
                "computed": true
              },
              "name": {
                "type": "string",
                "required": true,
                "forcenew": true
              },
              "region": {
                "type": "string",
                "computed": true
              },
              "type": {
                "type": "string",
                "required": true
              },
              "updated_at": {
                "type": "string",
                "computed": true
              }
            },
            "block_types": {
              "alarm_template_spec_list": {
                "block": {
                  "attributes": {
                    "related_cce_clusters": {
                      "type": [
                        "set",
                        "string"
                      ],
                      "optional": true
                    },
                    "related_cloud_service": {
                      "type": "string",
                      "optional": true
                    },
                    "related_prometheus_instances": {
                      "type": [
                        "set",
                        "string"
                      ],
                      "optional": true
                    }
                  },
                  "block_types": {
                    "alarm_notification": {
                      "block": {
                        "attributes": {
                          "bind_notification_rule_id": {
                            "type": "string",
                            "optional": true
                          },
                          "notification_enable": {
                            "type": "bool",
                            "optional": true,
                            "computed": true
                          },
                          "notification_type": {
                            "type": "string",
                            "required": true
                          },
                          "notify_frequency": {
                            "type": "string",
                            "optional": true,
                            "computed": true
                          },
                          "notify_resolved": {
                            "type": "bool",
                            "optional": true,
                            "computed": true
                          },
                          "notify_triggered": {
                            "type": "bool",
                            "optional": true,
                            "computed": true
                          },
                          "route_group_enable": {
                            "type": "bool",
                            "optional": true,
                            "computed": true
                          },
                          "route_group_rule": {
                            "type": "string",
                            "optional": true
                          }
                        }
                      },
                      "nesting_mode": "list",
                      "max_items": 1
                    },
                    "alarm_template_spec_items": {
                      "block": {
                        "attributes": {
                          "alarm_rule_description": {
                            "type": "string",
                            "optional": true
                          },
                          "alarm_rule_name": {
                            "type": "string",
                            "required": true
                          },
                          "alarm_rule_type": {
                            "type": "string",
                            "required": true
                          }
                        },
                        "block_types": {
                          "event_alarm_spec": {
                            "block": {
                              "attributes": {
                                "alarm_source": {
                                  "type": "string",
                                  "optional": true
                                },
                                "alarm_subtype": {
                                  "type": "string",
                                  "optional": true
                                },
                                "event_source": {
                                  "type": "string",
                                  "optional": true
                                },
                                "monitor_object_templates": {
                                  "type": [
                                    "set",
                                    "string"
                                  ],
                                  "optional": true
                                },
                                "monitor_objects": {
                                  "type": [
                                    "list",
                                    [
                                      "map",
                                      "string"
                                    ]
                                  ],
                                  "optional": true
                                }
                              },
                              "block_types": {
                                "trigger_conditions": {
                                  "block": {
                                    "attributes": {
                                      "aggregation_window": {
                                        "type": "number",
                                        "optional": true
                                      },
                                      "event_name": {
                                        "type": "string",
                                        "optional": true
                                      },
                                      "frequency": {
                                        "type": "string",
                                        "optional": true
                                      },
                                      "operator": {
                                        "type": "string",
                                        "optional": true
                                      },
                                      "thresholds": {
                                        "type": [
                                          "map",
                                          "number"
                                        ],
                                        "optional": true
                                      },
                                      "trigger_type": {
                                        "type": "string",
                                        "required": true
                                      }
                                    }
                                  },
                                  "nesting_mode": "set"
                                }
                              }
                            },
                            "nesting_mode": "list",
                            "max_items": 1
                          },
                          "metric_alarm_spec": {
                            "block": {
                              "attributes": {
                                "alarm_source": {
                                  "type": "string",
                                  "optional": true
                                },
                                "alarm_subtype": {
                                  "type": "string",
                                  "optional": true
                                },
                                "monitor_type": {
                                  "type": "string",
                                  "optional": true
                                }
                              },
                              "block_types": {
                                "alarm_tags": {
                                  "block": {
                                    "attributes": {
                                      "auto_tags": {
                                        "type": [
                                          "set",
                                          "string"
                                        ],
                                        "optional": true
                                      },
                                      "custom_annotations": {
                                        "type": [
                                          "set",
                                          "string"
                                        ],
                                        "optional": true
                                      },
                                      "custom_tags": {
                                        "type": [
                                          "set",
                                          "string"
                                        ],
                                        "optional": true
                                      }
                                    }
                                  },
                                  "nesting_mode": "list",
                                  "max_items": 1
                                },
                                "no_data_conditions": {
                                  "block": {
                                    "attributes": {
                                      "no_data_alert_state": {
                                        "type": "string",
                                        "optional": true
                                      },
                                      "no_data_timeframe": {
                                        "type": "number",
                                        "optional": true
                                      },
                                      "notify_no_data": {
                                        "type": "bool",
                                        "optional": true
                                      }
                                    }
                                  },
                                  "nesting_mode": "list",
                                  "max_items": 1
                                },
                                "recovery_conditions": {
                                  "block": {
                                    "attributes": {
                                      "recovery_timeframe": {
                                        "type": "number",
                                        "optional": true
                                      }
                                    }
                                  },
                                  "nesting_mode": "list",
                                  "max_items": 1
                                },
                                "trigger_conditions": {
                                  "block": {
                                    "attributes": {
                                      "aggregate_type": {
                                        "type": "string",
                                        "optional": true
                                      },
                                      "aggregation_type": {
                                        "type": "string",
                                        "optional": true
                                      },
                                      "aggregation_window": {
                                        "type": "string",
                                        "optional": true
                                      },
                                      "aom_monitor_level": {
                                        "type": "string",
                                        "optional": true
                                      },
                                      "expression": {
                                        "type": "string",
                                        "optional": true
                                      },
                                      "metric_labels": {
                                        "type": [
                                          "set",
                                          "string"
                                        ],
                                        "optional": true
                                      },
                                      "metric_name": {
                                        "type": "string",
                                        "optional": true
                                      },
                                      "metric_namespace": {
                                        "type": "string",
                                        "optional": true
                                      },
                                      "metric_query_mode": {
                                        "type": "string",
                                        "required": true
                                      },
                                      "metric_statistic_method": {
                                        "type": "string",
                                        "optional": true
                                      },
                                      "metric_unit": {
                                        "type": "string",
                                        "optional": true
                                      },
                                      "mix_promql": {
                                        "type": "string",
                                        "optional": true
                                      },
                                      "operator": {
                                        "type": "string",
                                        "optional": true
                                      },
                                      "promql": {
                                        "type": "string",
                                        "optional": true
                                      },
                                      "promql_expr": {
                                        "type": "string",
                                        "optional": true
                                      },
                                      "promql_for": {
                                        "type": "string",
                                        "optional": true
                                      },
                                      "query_match": {
                                        "type": "string",
                                        "optional": true
                                      },
                                      "query_param": {
                                        "type": "string",
                                        "optional": true
                                      },
                                      "thresholds": {
                                        "type": [
                                          "map",
                                          "string"
                                        ],
                                        "optional": true
                                      },
                                      "trigger_interval": {
                                        "type": "string",
                                        "optional": true
                                      },
                                      "trigger_times": {
                                        "type": "string",
                                        "optional": true
                                      },
                                      "trigger_type": {
                                        "type": "string",
                                        "optional": true
                                      }
                                    }
                                  },
                                  "nesting_mode": "set"
                                }
                              }
                            },
                            "nesting_mode": "list",
                            "max_items": 1
                          }
                        }
                      },
                      "nesting_mode": "set"
                    }
                  }
                },
                "nesting_mode": "list",
                "min_items": 1
              },
              "templating": {
                "block": {
                  "block_types": {
                    "list": {
                      "block": {
                        "attributes": {
                          "description": {
                            "type": "string",
                            "optional": true
                          },
                          "name": {
                            "type": "string",
                            "required": true
                          },
                          "query": {
                            "type": "string",
                            "optional": true
                          },
                          "type": {
                            "type": "string",
                            "optional": true
                          }
                        }
                      },
                      "nesting_mode": "set",
                      "min_items": 1
                    }
                  }
                },
                "nesting_mode": "list",
                "max_items": 1
              }
            }
          },
          "product": {
            "short": "AOM",
            "name": "Application Operations Management",
            "catalog": "Management & Governance",
            "name_cn": "应用运维管理",
            "catalog_cn": "管理与监管"
          }
        }
      }
    }
  }
}
