{
  "provider_schemas": {
    "huaweicloud/huaweicloud": {
      "resource_schemas": {
        "huaweicloud_apig_response": {
          "block": {
            "attributes": {
              "create_time": {
                "type": "string",
                "computed": true
              },
              "group_id": {
                "type": "string",
                "required": true,
                "forcenew": true
              },
              "id": {
                "type": "string",
                "computed": true
              },
              "instance_id": {
                "type": "string",
                "required": true,
                "forcenew": true
              },
              "name": {
                "type": "string",
                "required": true
              },
              "region": {
                "type": "string",
                "computed": true
              },
              "update_time": {
                "type": "string",
                "computed": true
              }
            },
            "block_types": {
              "rule": {
                "block": {
                  "attributes": {
                    "body": {
                      "type": "string",
                      "required": true
                    },
                    "error_type": {
                      "type": "string",
                      "required": true
                    },
                    "status_code": {
                      "type": "number",
                      "optional": true
                    }
                  }
                },
                "nesting_mode": "set"
              }
            }
          },
          "product": {
            "catalog": "Application",
            "name": "API GateWay",
            "short": "APIG"
          }
        }
      }
    }
  }
}
