{
  "provider_schemas": {
    "huaweicloud/huaweicloud": {
      "resource_schemas": {
        "huaweicloud_apig_response": {
          "block": {
            "attributes": {
              "created_at": {
                "type": "string",
                "description": "The creation time of the API custom response.",
                "computed": true
              },
              "group_id": {
                "type": "string",
                "description": "The ID of the API group to which the API custom response belongs.",
                "required": true,
                "forcenew": true
              },
              "id": {
                "type": "string",
                "computed": true
              },
              "instance_id": {
                "type": "string",
                "description": "The ID of the dedicated instance to which the API group and the API custom response belongs.",
                "required": true,
                "forcenew": true
              },
              "name": {
                "type": "string",
                "description": "The name of the API custom response.",
                "required": true
              },
              "region": {
                "type": "string",
                "description": "The region where the API custom response is located.",
                "computed": true
              },
              "updated_at": {
                "type": "string",
                "description": "The latest update time of the API custom response.",
                "computed": true
              }
            },
            "block_types": {
              "rule": {
                "block": {
                  "attributes": {
                    "body": {
                      "type": "string",
                      "description": "The body template of the API custom response rule.",
                      "required": true
                    },
                    "error_type": {
                      "type": "string",
                      "description": "The error type of the API custom response rule.",
                      "required": true
                    },
                    "status_code": {
                      "type": "number",
                      "description": "The HTTP status code of the API custom response rule.",
                      "optional": true,
                      "computed": true
                    }
                  },
                  "description": "The API custom response rules definition."
                },
                "nesting_mode": "set"
              }
            }
          },
          "product": {
            "short": "APIG",
            "name": "API网关",
            "catalog": "Middleware",
            "name_cn": "API网关",
            "catalog_cn": "应用中间件"
          }
        }
      }
    }
  }
}
