{
  "provider_schemas": {
    "huaweicloud/huaweicloud": {
      "resource_schemas": {
        "huaweicloud_apig_group": {
          "block": {
            "attributes": {
              "description": {
                "type": "string",
                "optional": true
              },
              "id": {
                "type": "string",
                "computed": true
              },
              "instance_id": {
                "type": "string",
                "required": true,
                "forcenew": true
              },
              "name": {
                "type": "string",
                "required": true
              },
              "region": {
                "type": "string",
                "computed": true
              },
              "registraion_time": {
                "type": "string",
                "computed": true
              },
              "update_time": {
                "type": "string",
                "computed": true
              }
            },
            "block_types": {
              "environment": {
                "block": {
                  "attributes": {
                    "environment_id": {
                      "type": "string",
                      "required": true
                    }
                  },
                  "block_types": {
                    "variable": {
                      "block": {
                        "attributes": {
                          "name": {
                            "type": "string",
                            "required": true
                          },
                          "value": {
                            "type": "string",
                            "required": true
                          },
                          "variable_id": {
                            "type": "string",
                            "computed": true
                          }
                        }
                      },
                      "nesting_mode": "set",
                      "min_items": 1
                    }
                  }
                },
                "nesting_mode": "set"
              }
            }
          },
          "product": {
            "short": "APIG",
            "name": "API Gateway",
            "catalog": "Application",
            "name_cn": "API网关",
            "catalog_cn": "应用服务"
          }
        }
      }
    }
  }
}
