{
  "provider_schemas": {
    "huaweicloud/huaweicloud": {
      "resource_schemas": {
        "huaweicloud_apig_vpc_channel": {
          "block": {
            "attributes": {
              "algorithm": {
                "type": "string",
                "description": "The distribution algorithm.",
                "optional": true,
                "default": "WRR"
              },
              "created_at": {
                "type": "string",
                "description": "The time when the VPC channel was created.",
                "computed": true
              },
              "healthy_threshold": {
                "type": "number",
                "description": "The the healthy threshold, which refers to the number of consecutive successful checks required for a backend server to be considered healthy.",
                "optional": true,
                "default": 2
              },
              "http_code": {
                "type": "string",
                "description": "The response codes for determining a successful HTTP response.",
                "optional": true
              },
              "id": {
                "type": "string",
                "computed": true
              },
              "instance_id": {
                "type": "string",
                "description": "The ID of the dedicated instance to which the VPC channel belongs.",
                "required": true,
                "forcenew": true
              },
              "interval": {
                "type": "number",
                "description": "The interval between consecutive checks, in second.",
                "optional": true,
                "default": 10
              },
              "member_type": {
                "type": "string",
                "description": "The member type of the VPC channel.",
                "optional": true,
                "default": "ECS"
              },
              "name": {
                "type": "string",
                "description": "The name of the VPC channel.",
                "required": true
              },
              "path": {
                "type": "string",
                "description": "The destination path for health checks.",
                "optional": true
              },
              "port": {
                "type": "number",
                "description": "The host port of the VPC channel.",
                "required": true
              },
              "protocol": {
                "type": "string",
                "description": "The rotocol for performing health checks on backend servers in the VPC channel.",
                "optional": true,
                "default": "TCP"
              },
              "region": {
                "type": "string",
                "description": "The region where the dedicated instance is located.",
                "computed": true
              },
              "status": {
                "type": "string",
                "description": "The current status of the VPC channel.",
                "computed": true
              },
              "timeout": {
                "type": "number",
                "description": "The timeout for determining whether a health check fails, in second.",
                "optional": true,
                "default": 5
              },
              "unhealthy_threshold": {
                "type": "number",
                "description": "The unhealthy threshold, which refers to the number of consecutive failed checks required for a backend server to be considered unhealthy.",
                "optional": true,
                "default": 5
              }
            },
            "block_types": {
              "members": {
                "block": {
                  "attributes": {
                    "id": {
                      "type": "string",
                      "description": "The ID of the backend server.",
                      "optional": true
                    },
                    "ip_address": {
                      "type": "string",
                      "description": "The IP address of the backend server.",
                      "optional": true
                    },
                    "weight": {
                      "type": "number",
                      "description": "The weight of current backend server.",
                      "optional": true,
                      "default": 1
                    }
                  },
                  "description": "The configuration of the backend servers that bind the VPC channel."
                },
                "nesting_mode": "set",
                "min_items": 1,
                "max_items": 10
              }
            }
          },
          "product": {
            "short": "APIG",
            "name": "API Gateway",
            "catalog": "Middleware",
            "name_cn": "API网关",
            "catalog_cn": "应用中间件"
          }
        }
      }
    }
  }
}
