{
  "provider_schemas": {
    "huaweicloud/huaweicloud": {
      "resource_schemas": {
        "huaweicloud_apig_appcode": {
          "block": {
            "attributes": {
              "application_id": {
                "type": "string",
                "description": "The ID of the application to which the APPCODE belongs.",
                "required": true
              },
              "created_at": {
                "type": "string",
                "description": "The creation time of the APPCODE, in RFC3339 format.",
                "computed": true
              },
              "id": {
                "type": "string",
                "computed": true
              },
              "instance_id": {
                "type": "string",
                "description": "The ID of the dedicated instance to which the application and APPCODE belong.",
                "required": true
              },
              "region": {
                "type": "string",
                "description": "The region where the APPCODE is located.",
                "computed": true
              },
              "value": {
                "type": "string",
                "description": "The APPCODE value (content).",
                "optional": true,
                "computed": true
              }
            }
          },
          "product": {
            "short": "APIG",
            "name": "API Gateway",
            "catalog": "Middleware",
            "name_cn": "API网关",
            "catalog_cn": "应用中间件"
          }
        }
      }
    }
  }
}
