{
  "provider_schemas": {
    "huaweicloud/huaweicloud": {
      "resource_schemas": {
        "huaweicloud_apig_application_quota_associate": {
          "block": {
            "attributes": {
              "id": {
                "type": "string",
                "computed": true
              },
              "instance_id": {
                "type": "string",
                "description": "The ID of the dedicated instance to which the application quota (policy) belongs.",
                "required": true
              },
              "quota_id": {
                "type": "string",
                "description": "The ID of the application quota (policy).",
                "required": true
              },
              "region": {
                "type": "string",
                "description": "The region where the application quota (policy) is located.",
                "computed": true
              }
            },
            "block_types": {
              "applications": {
                "block": {
                  "attributes": {
                    "bind_time": {
                      "type": "string",
                      "description": "The binding time, in RFC3339 format.",
                      "computed": true
                    },
                    "id": {
                      "type": "string",
                      "description": "The application ID bound to the application quota.",
                      "required": true
                    }
                  },
                  "description": "The configuration of applications bound to the quota."
                },
                "nesting_mode": "set",
                "min_items": 1
              }
            }
          },
          "product": {
            "short": "APIG",
            "name": "API Gateway",
            "catalog": "Middleware",
            "name_cn": "API网关",
            "catalog_cn": "应用中间件"
          }
        }
      }
    }
  }
}
