{
  "provider_schemas": {
    "huaweicloud/huaweicloud": {
      "resource_schemas": {
        "huaweicloud_cae_domain": {
          "block": {
            "attributes": {
              "created_at": {
                "type": "string",
                "description": "The time when the domain name is associated, in RFC3339 format.",
                "computed": true
              },
              "enterprise_project_id": {
                "type": "string",
                "description": "The ID of the enterprise project to which the domain name belongs.",
                "optional": true,
                "forcenew": true
              },
              "environment_id": {
                "type": "string",
                "description": "The ID of the CAE environment.",
                "required": true,
                "forcenew": true
              },
              "id": {
                "type": "string",
                "computed": true
              },
              "name": {
                "type": "string",
                "description": "The domain name to be associated with the CAE environment.",
                "required": true,
                "forcenew": true
              },
              "region": {
                "type": "string",
                "computed": true
              }
            }
          },
          "product": {
            "short": "CAE",
            "name": "Cloud Application Engine",
            "catalog": "CodeArts",
            "name_cn": "云应用引擎",
            "catalog_cn": "软件开发生产线"
          }
        }
      }
    }
  }
}
