{
  "provider_schemas": {
    "huaweicloud/huaweicloud": {
      "resource_schemas": {
        "huaweicloud_cae_application": {
          "block": {
            "attributes": {
              "created_at": {
                "type": "string",
                "description": "The creation time of the application, in RFC3339 format.",
                "computed": true
              },
              "environment_id": {
                "type": "string",
                "description": "The ID of the environment to which the application belongs.",
                "required": true,
                "forcenew": true
              },
              "id": {
                "type": "string",
                "computed": true
              },
              "name": {
                "type": "string",
                "description": "The name of the application.",
                "required": true,
                "forcenew": true
              },
              "region": {
                "type": "string",
                "description": "The region where the application is located.",
                "computed": true
              },
              "updated_at": {
                "type": "string",
                "description": "The latest update time of the application, in RFC3339 format.",
                "computed": true
              }
            }
          },
          "product": {
            "short": "CAE",
            "name": "Cloud Application Engine",
            "catalog": "CodeArts",
            "name_cn": "云应用引擎",
            "catalog_cn": "软件开发生产线"
          }
        }
      }
    }
  }
}
