{
  "provider_schemas": {
    "huaweicloud/huaweicloud": {
      "resource_schemas": {
        "huaweicloud_cae_certificate": {
          "block": {
            "attributes": {
              "created_at": {
                "type": "string",
                "description": "The creation time of the certificate, in RFC3339 format.",
                "computed": true
              },
              "crt": {
                "type": "string",
                "description": "The content of the certificate.",
                "required": true,
                "sensitive": true
              },
              "environment_id": {
                "type": "string",
                "description": "The ID of the CAE environment.",
                "required": true,
                "forcenew": true
              },
              "id": {
                "type": "string",
                "computed": true
              },
              "key": {
                "type": "string",
                "description": "The private key of the certificate.",
                "required": true,
                "sensitive": true
              },
              "name": {
                "type": "string",
                "description": "The name of the certificate.",
                "required": true,
                "forcenew": true
              },
              "region": {
                "type": "string",
                "computed": true
              }
            }
          },
          "product": {
            "short": "CAE",
            "name": "Cloud Application Engine",
            "catalog": "CodeArts",
            "name_cn": "云应用引擎",
            "catalog_cn": "软件开发生产线"
          }
        }
      }
    }
  }
}
