{
  "provider_schemas": {
    "huaweicloud/huaweicloud": {
      "resource_schemas": {
        "huaweicloud_cbr_checkpoint": {
          "block": {
            "attributes": {
              "created_at": {
                "type": "string",
                "description": "The creation time of the checkpoint.",
                "computed": true
              },
              "description": {
                "type": "string",
                "description": "The description of the checkpoint.",
                "optional": true,
                "forcenew": true
              },
              "id": {
                "type": "string",
                "computed": true
              },
              "incremental": {
                "type": "bool",
                "description": "Whether the backups are incremental backups.",
                "optional": true,
                "forcenew": true
              },
              "name": {
                "type": "string",
                "description": "The name of the checkpoint.",
                "required": true,
                "forcenew": true
              },
              "region": {
                "type": "string",
                "description": "The region where the vault and backup resources are located.",
                "computed": true
              },
              "status": {
                "type": "string",
                "description": "The status of the checkpoint.",
                "computed": true
              },
              "vault_id": {
                "type": "string",
                "description": "The ID of the vault where the checkpoint to create.",
                "required": true,
                "forcenew": true
              }
            },
            "block_types": {
              "backups": {
                "block": {
                  "attributes": {
                    "id": {
                      "type": "string",
                      "description": "The backup ID.",
                      "computed": true
                    },
                    "protected_at": {
                      "type": "string",
                      "description": "The backup time.",
                      "computed": true
                    },
                    "resource_id": {
                      "type": "string",
                      "description": "The ID of backup resource.",
                      "required": true,
                      "forcenew": true
                    },
                    "resource_size": {
                      "type": "number",
                      "description": "The backup resource size.",
                      "computed": true
                    },
                    "status": {
                      "type": "string",
                      "description": "The backup status.",
                      "computed": true
                    },
                    "type": {
                      "type": "string",
                      "description": "The type of the backup resource.",
                      "required": true,
                      "forcenew": true
                    },
                    "updated_at": {
                      "type": "string",
                      "description": "The latest update time of the backup.",
                      "computed": true
                    }
                  },
                  "description": "The list of backups configuration."
                },
                "nesting_mode": "set",
                "forcenew": true,
                "min_items": 1
              }
            }
          },
          "product": {
            "short": "CBR",
            "name": "Cloud Backup and Recovery",
            "catalog": "Storage",
            "name_cn": "云备份",
            "catalog_cn": "存储"
          }
        }
      }
    }
  }
}
