{
  "provider_schemas": {
    "huaweicloud/huaweicloud": {
      "resource_schemas": {
        "huaweicloud_cc_bandwidth_package": {
          "block": {
            "attributes": {
              "bandwidth": {
                "type": "number",
                "description": "Bandwidth in the bandwidth package.",
                "required": true
              },
              "billing_mode": {
                "type": "string",
                "description": "Billing mode of the bandwidth package.",
                "required": true
              },
              "charge_mode": {
                "type": "string",
                "description": "Billing option of the bandwidth package.",
                "required": true,
                "forcenew": true
              },
              "description": {
                "type": "string",
                "description": "The description about the bandwidth package.",
                "optional": true,
                "computed": true
              },
              "enterprise_project_id": {
                "type": "string",
                "description": "ID of the enterprise project that the bandwidth package belongs to.",
                "optional": true,
                "computed": true,
                "forcenew": true
              },
              "id": {
                "type": "string",
                "computed": true
              },
              "local_area_id": {
                "type": "string",
                "description": "The local area ID.",
                "required": true,
                "forcenew": true
              },
              "name": {
                "type": "string",
                "description": "The bandwidth package name.",
                "required": true
              },
              "project_id": {
                "type": "string",
                "description": "Project ID.",
                "optional": true,
                "computed": true,
                "forcenew": true
              },
              "region": {
                "type": "string",
                "computed": true
              },
              "remote_area_id": {
                "type": "string",
                "description": "The remote area ID.",
                "required": true,
                "forcenew": true
              },
              "resource_id": {
                "type": "string",
                "description": "ID of the resource that the bandwidth package is bound to.",
                "optional": true,
                "computed": true
              },
              "resource_type": {
                "type": "string",
                "description": "Type of the resource that the bandwidth package is bound to.",
                "optional": true,
                "computed": true
              },
              "status": {
                "type": "string",
                "description": "Bandwidth package status.",
                "computed": true
              },
              "tags": {
                "type": [
                  "map",
                  "string"
                ],
                "description": "The key/value pairs to associate with the bandwidth package.",
                "optional": true,
                "computed": true
              }
            }
          },
          "product": {
            "short": "CC",
            "name": "云连接",
            "catalog": "Networking",
            "name_cn": "云连接",
            "catalog_cn": "网络"
          }
        }
      }
    }
  }
}
