{
  "provider_schemas": {
    "huaweicloud/huaweicloud": {
      "resource_schemas": {
        "huaweicloud_cc_central_network": {
          "block": {
            "attributes": {
              "description": {
                "type": "string",
                "description": "The description of the central network.",
                "optional": true,
                "computed": true
              },
              "enterprise_project_id": {
                "type": "string",
                "description": "The enterprise project ID to which the central network belongs.",
                "optional": true,
                "computed": true,
                "forcenew": true
              },
              "id": {
                "type": "string",
                "computed": true
              },
              "name": {
                "type": "string",
                "description": "The name of the central network.",
                "required": true
              },
              "region": {
                "type": "string",
                "computed": true
              },
              "state": {
                "type": "string",
                "description": "The state of Central network.",
                "computed": true
              },
              "tags": {
                "type": [
                  "map",
                  "string"
                ],
                "optional": true,
                "computed": true
              }
            }
          },
          "product": {
            "short": "CC",
            "name": "Cloud Connect",
            "catalog": "Networking",
            "name_cn": "云连接",
            "catalog_cn": "网络"
          }
        }
      }
    }
  }
}
