{
  "provider_schemas": {
    "huaweicloud/huaweicloud": {
      "resource_schemas": {
        "huaweicloud_cc_network_instance": {
          "block": {
            "attributes": {
              "cidrs": {
                "type": [
                  "list",
                  "string"
                ],
                "description": "List of routes advertised by the VPC or virtual gateway.",
                "required": true
              },
              "cloud_connection_id": {
                "type": "string",
                "description": "Cloud connection ID.",
                "required": true,
                "forcenew": true
              },
              "description": {
                "type": "string",
                "description": "The description about the network instance.",
                "optional": true
              },
              "domain_id": {
                "type": "string",
                "description": "Account ID.",
                "computed": true
              },
              "id": {
                "type": "string",
                "computed": true
              },
              "instance_domain_id": {
                "type": "string",
                "description": "Account ID of the VPC or virtual gateway.",
                "optional": true,
                "computed": true,
                "forcenew": true
              },
              "instance_id": {
                "type": "string",
                "description": "ID of the VPC or virtual gateway to be loaded to the cloud connection.",
                "required": true,
                "forcenew": true
              },
              "name": {
                "type": "string",
                "description": "The network instance name.",
                "optional": true,
                "computed": true
              },
              "project_id": {
                "type": "string",
                "description": "Project ID of the VPC or virtual gateway.",
                "required": true,
                "forcenew": true
              },
              "region": {
                "type": "string",
                "computed": true
              },
              "region_id": {
                "type": "string",
                "description": "Region ID of the VPC or virtual gateway.",
                "required": true,
                "forcenew": true
              },
              "status": {
                "type": "string",
                "description": "Network instance status.",
                "computed": true
              },
              "type": {
                "type": "string",
                "description": "Type of the network instance to be loaded to the cloud connection.",
                "required": true,
                "forcenew": true
              }
            }
          },
          "product": {
            "short": "CC",
            "name": "Cloud Connect",
            "catalog": "Networking",
            "name_cn": "云连接",
            "catalog_cn": "网络"
          }
        }
      }
    }
  }
}
