{
  "provider_schemas": {
    "huaweicloud/huaweicloud": {
      "resource_schemas": {
        "huaweicloud_cce_node_pool": {
          "block": {
            "attributes": {
              "auto_renew": {
                "type": "string",
                "optional": true,
                "computed": true
              },
              "availability_zone": {
                "type": "string",
                "optional": true,
                "default": "random"
              },
              "billing_mode": {
                "type": "number",
                "computed": true
              },
              "charging_mode": {
                "type": "string",
                "optional": true,
                "computed": true
              },
              "cluster_id": {
                "type": "string",
                "required": true
              },
              "current_node_count": {
                "type": "number",
                "computed": true
              },
              "ecs_group_id": {
                "type": "string",
                "optional": true
              },
              "enterprise_project_id": {
                "type": "string",
                "optional": true,
                "computed": true
              },
              "flavor_id": {
                "type": "string",
                "required": true
              },
              "id": {
                "type": "string",
                "computed": true
              },
              "initial_node_count": {
                "type": "number",
                "required": true
              },
              "initialized_conditions": {
                "type": [
                  "list",
                  "string"
                ],
                "optional": true,
                "computed": true
              },
              "key_pair": {
                "type": "string",
                "optional": true
              },
              "label_policy_on_existing_nodes": {
                "type": "string",
                "optional": true,
                "computed": true
              },
              "labels": {
                "type": [
                  "map",
                  "string"
                ],
                "optional": true
              },
              "max_node_count": {
                "type": "number",
                "optional": true
              },
              "min_node_count": {
                "type": "number",
                "optional": true
              },
              "name": {
                "type": "string",
                "required": true
              },
              "os": {
                "type": "string",
                "optional": true,
                "computed": true
              },
              "partition": {
                "type": "string",
                "optional": true
              },
              "password": {
                "type": "string",
                "optional": true,
                "sensitive": true
              },
              "period": {
                "type": "number",
                "optional": true
              },
              "period_unit": {
                "type": "string",
                "optional": true
              },
              "pod_security_groups": {
                "type": [
                  "list",
                  "string"
                ],
                "optional": true
              },
              "priority": {
                "type": "number",
                "optional": true
              },
              "region": {
                "type": "string",
                "computed": true
              },
              "runtime": {
                "type": "string",
                "optional": true,
                "computed": true
              },
              "scale_down_cooldown_time": {
                "type": "number",
                "optional": true
              },
              "scall_enable": {
                "type": "bool",
                "optional": true
              },
              "security_groups": {
                "type": [
                  "list",
                  "string"
                ],
                "optional": true,
                "computed": true
              },
              "status": {
                "type": "string",
                "computed": true
              },
              "subnet_id": {
                "type": "string",
                "optional": true,
                "computed": true
              },
              "subnet_list": {
                "type": [
                  "list",
                  "string"
                ],
                "optional": true
              },
              "tag_policy_on_existing_nodes": {
                "type": "string",
                "optional": true,
                "computed": true
              },
              "tags": {
                "type": [
                  "map",
                  "string"
                ],
                "optional": true
              },
              "taint_policy_on_existing_nodes": {
                "type": "string",
                "optional": true,
                "computed": true
              },
              "type": {
                "type": "string",
                "optional": true,
                "computed": true
              }
            },
            "block_types": {
              "data_volumes": {
                "block": {
                  "attributes": {
                    "dss_pool_id": {
                      "type": "string",
                      "optional": true,
                      "computed": true
                    },
                    "extend_params": {
                      "type": [
                        "map",
                        "string"
                      ],
                      "optional": true,
                      "computed": true
                    },
                    "iops": {
                      "type": "number",
                      "optional": true,
                      "computed": true
                    },
                    "kms_key_id": {
                      "type": "string",
                      "optional": true,
                      "computed": true
                    },
                    "size": {
                      "type": "number",
                      "required": true
                    },
                    "throughput": {
                      "type": "number",
                      "optional": true,
                      "computed": true
                    },
                    "volumetype": {
                      "type": "string",
                      "required": true
                    }
                  },
                  "description": "schema:{\"Required\":true};"
                },
                "nesting_mode": "list"
              },
              "extend_params": {
                "block": {
                  "attributes": {
                    "agency_name": {
                      "type": "string",
                      "optional": true,
                      "computed": true
                    },
                    "docker_base_size": {
                      "type": "number",
                      "optional": true,
                      "computed": true
                    },
                    "kube_reserved_mem": {
                      "type": "number",
                      "optional": true,
                      "computed": true
                    },
                    "max_pods": {
                      "type": "number",
                      "optional": true,
                      "computed": true
                    },
                    "nic_threshold": {
                      "type": "string",
                      "optional": true,
                      "computed": true
                    },
                    "node_image_id": {
                      "type": "string",
                      "optional": true,
                      "computed": true
                    },
                    "node_multi_queue": {
                      "type": "string",
                      "optional": true,
                      "computed": true
                    },
                    "postinstall": {
                      "type": "string",
                      "optional": true,
                      "computed": true
                    },
                    "preinstall": {
                      "type": "string",
                      "optional": true,
                      "computed": true
                    },
                    "security_reinforcement_type": {
                      "type": "string",
                      "optional": true,
                      "computed": true
                    },
                    "system_reserved_mem": {
                      "type": "number",
                      "optional": true,
                      "computed": true
                    }
                  }
                },
                "nesting_mode": "list",
                "max_items": 1
              },
              "extension_scale_groups": {
                "block": {
                  "block_types": {
                    "metadata": {
                      "block": {
                        "attributes": {
                          "name": {
                            "type": "string",
                            "optional": true
                          }
                        }
                      },
                      "nesting_mode": "list",
                      "max_items": 1
                    },
                    "spec": {
                      "block": {
                        "attributes": {
                          "az": {
                            "type": "string",
                            "optional": true
                          },
                          "flavor": {
                            "type": "string",
                            "optional": true
                          }
                        },
                        "block_types": {
                          "autoscaling": {
                            "block": {
                              "attributes": {
                                "enable": {
                                  "type": "bool",
                                  "optional": true
                                },
                                "extension_priority": {
                                  "type": "number",
                                  "optional": true
                                },
                                "max_node_count": {
                                  "type": "number",
                                  "optional": true
                                },
                                "min_node_count": {
                                  "type": "number",
                                  "optional": true
                                }
                              }
                            },
                            "nesting_mode": "list",
                            "max_items": 1
                          },
                          "capacity_reservation_specification": {
                            "block": {
                              "attributes": {
                                "id": {
                                  "type": "string",
                                  "optional": true
                                },
                                "preference": {
                                  "type": "string",
                                  "optional": true
                                }
                              }
                            },
                            "nesting_mode": "list",
                            "max_items": 1
                          }
                        }
                      },
                      "nesting_mode": "list",
                      "max_items": 1
                    }
                  }
                },
                "nesting_mode": "list"
              },
              "hostname_config": {
                "block": {
                  "attributes": {
                    "type": {
                      "type": "string",
                      "required": true
                    }
                  }
                },
                "nesting_mode": "list",
                "max_items": 1
              },
              "root_volume": {
                "block": {
                  "attributes": {
                    "dss_pool_id": {
                      "type": "string",
                      "optional": true,
                      "computed": true
                    },
                    "extend_params": {
                      "type": [
                        "map",
                        "string"
                      ],
                      "optional": true,
                      "computed": true
                    },
                    "iops": {
                      "type": "number",
                      "optional": true,
                      "computed": true
                    },
                    "kms_key_id": {
                      "type": "string",
                      "optional": true,
                      "computed": true
                    },
                    "size": {
                      "type": "number",
                      "required": true
                    },
                    "throughput": {
                      "type": "number",
                      "optional": true,
                      "computed": true
                    },
                    "volumetype": {
                      "type": "string",
                      "required": true
                    }
                  }
                },
                "nesting_mode": "list",
                "min_items": 1,
                "max_items": 1
              },
              "storage": {
                "block": {
                  "block_types": {
                    "groups": {
                      "block": {
                        "attributes": {
                          "cce_managed": {
                            "type": "bool",
                            "optional": true
                          },
                          "name": {
                            "type": "string",
                            "required": true
                          },
                          "selector_names": {
                            "type": [
                              "list",
                              "string"
                            ],
                            "required": true
                          }
                        },
                        "block_types": {
                          "virtual_spaces": {
                            "block": {
                              "attributes": {
                                "lvm_lv_type": {
                                  "type": "string",
                                  "optional": true
                                },
                                "lvm_path": {
                                  "type": "string",
                                  "optional": true
                                },
                                "name": {
                                  "type": "string",
                                  "required": true
                                },
                                "runtime_lv_type": {
                                  "type": "string",
                                  "optional": true
                                },
                                "size": {
                                  "type": "string",
                                  "required": true
                                }
                              }
                            },
                            "nesting_mode": "list",
                            "min_items": 1
                          }
                        }
                      },
                      "nesting_mode": "list",
                      "min_items": 1
                    },
                    "selectors": {
                      "block": {
                        "attributes": {
                          "match_label_count": {
                            "type": "string",
                            "optional": true
                          },
                          "match_label_metadata_cmkid": {
                            "type": "string",
                            "optional": true
                          },
                          "match_label_metadata_encrypted": {
                            "type": "string",
                            "optional": true
                          },
                          "match_label_size": {
                            "type": "string",
                            "optional": true
                          },
                          "match_label_volume_type": {
                            "type": "string",
                            "optional": true
                          },
                          "name": {
                            "type": "string",
                            "required": true
                          },
                          "type": {
                            "type": "string",
                            "optional": true,
                            "default": "evs"
                          }
                        }
                      },
                      "nesting_mode": "list",
                      "min_items": 1
                    }
                  }
                },
                "nesting_mode": "list",
                "max_items": 1
              },
              "taints": {
                "block": {
                  "attributes": {
                    "effect": {
                      "type": "string",
                      "required": true
                    },
                    "key": {
                      "type": "string",
                      "required": true
                    },
                    "value": {
                      "type": "string",
                      "required": true
                    }
                  }
                },
                "nesting_mode": "list"
              }
            }
          },
          "product": {
            "short": "CCE",
            "name": "Cloud Container Engine",
            "catalog": "Containers",
            "name_cn": "云容器引擎",
            "catalog_cn": "容器"
          }
        }
      }
    }
  }
}
