{
  "provider_schemas": {
    "huaweicloud/huaweicloud": {
      "resource_schemas": {
        "huaweicloud_cce_namespace": {
          "block": {
            "attributes": {
              "annotations": {
                "type": [
                  "map",
                  "string"
                ],
                "optional": true,
                "computed": true,
                "forcenew": true
              },
              "cluster_id": {
                "type": "string",
                "required": true,
                "forcenew": true
              },
              "creation_timestamp": {
                "type": "string",
                "computed": true
              },
              "id": {
                "type": "string",
                "computed": true
              },
              "labels": {
                "type": [
                  "map",
                  "string"
                ],
                "optional": true,
                "computed": true,
                "forcenew": true
              },
              "name": {
                "type": "string",
                "optional": true,
                "computed": true,
                "forcenew": true
              },
              "prefix": {
                "type": "string",
                "optional": true,
                "forcenew": true
              },
              "region": {
                "type": "string",
                "computed": true
              },
              "status": {
                "type": "string",
                "computed": true
              }
            }
          },
          "product": {
            "short": "CCE",
            "name": "Cloud Container Engine",
            "catalog": "Containers",
            "name_cn": "云容器引擎",
            "catalog_cn": "容器"
          }
        }
      }
    }
  }
}
