{
  "provider_schemas": {
    "huaweicloud/huaweicloud": {
      "resource_schemas": {
        "huaweicloud_cce_addon": {
          "block": {
            "attributes": {
              "cluster_id": {
                "type": "string",
                "required": true,
                "forcenew": true
              },
              "description": {
                "type": "string",
                "computed": true
              },
              "id": {
                "type": "string",
                "computed": true
              },
              "region": {
                "type": "string",
                "computed": true
              },
              "status": {
                "type": "string",
                "computed": true
              },
              "template_name": {
                "type": "string",
                "required": true,
                "forcenew": true
              },
              "version": {
                "type": "string",
                "required": true,
                "forcenew": true
              }
            },
            "block_types": {
              "values": {
                "block": {
                  "attributes": {
                    "basic": {
                      "type": [
                        "map",
                        "string"
                      ],
                      "optional": true,
                      "forcenew": true
                    },
                    "basic_json": {
                      "type": "string",
                      "optional": true,
                      "forcenew": true
                    },
                    "custom": {
                      "type": [
                        "map",
                        "string"
                      ],
                      "optional": true,
                      "forcenew": true
                    },
                    "custom_json": {
                      "type": "string",
                      "optional": true,
                      "forcenew": true
                    },
                    "flavor": {
                      "type": [
                        "map",
                        "string"
                      ],
                      "optional": true,
                      "forcenew": true
                    },
                    "flavor_json": {
                      "type": "string",
                      "optional": true,
                      "forcenew": true
                    }
                  }
                },
                "nesting_mode": "list",
                "forcenew": true,
                "max_items": 1
              }
            }
          },
          "product": {
            "catalog": "Containers",
            "name": "Cloud Container Engine",
            "short": "CCE"
          }
        }
      }
    }
  }
}
