{
  "provider_schemas": {
    "huaweicloud/huaweicloud": {
      "resource_schemas": {
        "huaweicloud_cce_image_cache": {
          "block": {
            "attributes": {
              "created_at": {
                "type": "string",
                "computed": true
              },
              "id": {
                "type": "string",
                "computed": true
              },
              "image_cache_size": {
                "type": "number",
                "optional": true,
                "computed": true
              },
              "images": {
                "type": [
                  "list",
                  "string"
                ],
                "required": true
              },
              "name": {
                "type": "string",
                "required": true
              },
              "region": {
                "type": "string",
                "computed": true
              },
              "retention_days": {
                "type": "number",
                "optional": true,
                "computed": true
              },
              "status": {
                "type": "string",
                "computed": true
              }
            },
            "block_types": {
              "building_config": {
                "block": {
                  "attributes": {
                    "cluster": {
                      "type": "string",
                      "required": true
                    },
                    "image_pull_secrets": {
                      "type": [
                        "list",
                        "string"
                      ],
                      "optional": true,
                      "computed": true
                    }
                  }
                },
                "nesting_mode": "list",
                "min_items": 1
              }
            }
          },
          "product": {
            "short": "CCE",
            "name": "Cloud Container Engine",
            "catalog": "Containers",
            "name_cn": "云容器引擎",
            "catalog_cn": "容器"
          }
        }
      }
    }
  }
}
