{
  "provider_schemas": {
    "huaweicloud/huaweicloud": {
      "resource_schemas": {
        "huaweicloud_cce_autopilot_release": {
          "block": {
            "attributes": {
              "action": {
                "type": "string",
                "optional": true
              },
              "chart_id": {
                "type": "string",
                "required": true
              },
              "chart_name": {
                "type": "string",
                "computed": true
              },
              "chart_public": {
                "type": "bool",
                "computed": true
              },
              "chart_version": {
                "type": "string",
                "computed": true
              },
              "cluster_id": {
                "type": "string",
                "required": true
              },
              "cluster_name": {
                "type": "string",
                "computed": true
              },
              "created_at": {
                "type": "string",
                "computed": true
              },
              "description": {
                "type": "string",
                "optional": true
              },
              "id": {
                "type": "string",
                "computed": true
              },
              "name": {
                "type": "string",
                "required": true
              },
              "namespace": {
                "type": "string",
                "required": true
              },
              "region": {
                "type": "string",
                "computed": true
              },
              "release_version": {
                "type": "number",
                "computed": true
              },
              "status": {
                "type": "string",
                "computed": true
              },
              "status_description": {
                "type": "string",
                "computed": true
              },
              "updated_at": {
                "type": "string",
                "computed": true
              },
              "version": {
                "type": "string",
                "required": true
              }
            },
            "block_types": {
              "parameters": {
                "block": {
                  "attributes": {
                    "dry_run": {
                      "type": "bool",
                      "optional": true
                    },
                    "include_hooks": {
                      "type": "bool",
                      "optional": true
                    },
                    "name_template": {
                      "type": "string",
                      "optional": true
                    },
                    "no_hooks": {
                      "type": "bool",
                      "optional": true
                    },
                    "recreate": {
                      "type": "bool",
                      "optional": true
                    },
                    "release_version": {
                      "type": "number",
                      "optional": true
                    },
                    "replace": {
                      "type": "bool",
                      "optional": true
                    },
                    "reset_values": {
                      "type": "bool",
                      "optional": true
                    }
                  }
                },
                "nesting_mode": "list",
                "max_items": 1
              },
              "values": {
                "block": {
                  "attributes": {
                    "image_pull_policy": {
                      "type": "string",
                      "optional": true
                    },
                    "image_tag": {
                      "type": "string",
                      "optional": true
                    }
                  }
                },
                "nesting_mode": "list",
                "min_items": 1,
                "max_items": 1
              }
            }
          },
          "product": {
            "short": "CCE",
            "name": "Cloud Container Engine",
            "catalog": "Containers",
            "name_cn": "云容器引擎",
            "catalog_cn": "容器"
          }
        }
      }
    }
  }
}
