{
  "provider_schemas": {
    "huaweicloud/huaweicloud": {
      "resource_schemas": {
        "huaweicloud_cce_access_policy": {
          "block": {
            "attributes": {
              "clusters": {
                "type": [
                  "list",
                  "string"
                ],
                "required": true
              },
              "created_at": {
                "type": "string",
                "computed": true
              },
              "id": {
                "type": "string",
                "computed": true
              },
              "name": {
                "type": "string",
                "required": true
              },
              "policy_type": {
                "type": "string",
                "required": true
              },
              "region": {
                "type": "string",
                "computed": true
              },
              "updated_at": {
                "type": "string",
                "computed": true
              }
            },
            "block_types": {
              "access_scope": {
                "block": {
                  "attributes": {
                    "namespaces": {
                      "type": [
                        "list",
                        "string"
                      ],
                      "required": true
                    }
                  }
                },
                "nesting_mode": "list",
                "min_items": 1
              },
              "principal": {
                "block": {
                  "attributes": {
                    "ids": {
                      "type": [
                        "list",
                        "string"
                      ],
                      "required": true
                    },
                    "type": {
                      "type": "string",
                      "required": true
                    }
                  }
                },
                "nesting_mode": "list",
                "min_items": 1
              }
            }
          },
          "product": {
            "short": "CCE",
            "name": "Cloud Container Engine",
            "catalog": "Containers",
            "name_cn": "云容器引擎",
            "catalog_cn": "容器"
          }
        }
      }
    }
  }
}
