{
  "provider_schemas": {
    "huaweicloud/huaweicloud": {
      "resource_schemas": {
        "huaweicloud_cce_node_attach": {
          "block": {
            "attributes": {
              "availability_zone": {
                "type": "string",
                "computed": true
              },
              "charging_mode": {
                "type": "string",
                "computed": true
              },
              "cluster_id": {
                "type": "string",
                "required": true,
                "forcenew": true
              },
              "data_volumes": {
                "type": [
                  "list",
                  [
                    "object",
                    {
                      "dss_pool_id": "string",
                      "extend_params": [
                        "map",
                        "string"
                      ],
                      "kms_key_id": "string",
                      "size": "number",
                      "volumetype": "string"
                    }
                  ]
                ],
                "computed": true
              },
              "docker_base_size": {
                "type": "number",
                "optional": true
              },
              "ecs_group_id": {
                "type": "string",
                "computed": true
              },
              "enterprise_project_id": {
                "type": "string",
                "computed": true
              },
              "flavor_id": {
                "type": "string",
                "computed": true
              },
              "id": {
                "type": "string",
                "computed": true
              },
              "initialized_conditions": {
                "type": [
                  "list",
                  "string"
                ],
                "optional": true,
                "computed": true
              },
              "key_pair": {
                "type": "string",
                "optional": true
              },
              "labels": {
                "type": [
                  "map",
                  "string"
                ],
                "optional": true
              },
              "lvm_config": {
                "type": "string",
                "optional": true
              },
              "max_pods": {
                "type": "number",
                "optional": true
              },
              "name": {
                "type": "string",
                "optional": true,
                "computed": true
              },
              "os": {
                "type": "string",
                "required": true
              },
              "password": {
                "type": "string",
                "optional": true,
                "sensitive": true
              },
              "postinstall": {
                "type": "string",
                "optional": true
              },
              "preinstall": {
                "type": "string",
                "optional": true
              },
              "private_ip": {
                "type": "string",
                "computed": true
              },
              "private_key": {
                "type": "string",
                "optional": true,
                "sensitive": true
              },
              "public_ip": {
                "type": "string",
                "computed": true
              },
              "region": {
                "type": "string",
                "computed": true
              },
              "root_volume": {
                "type": [
                  "list",
                  [
                    "object",
                    {
                      "dss_pool_id": "string",
                      "extend_params": [
                        "map",
                        "string"
                      ],
                      "kms_key_id": "string",
                      "size": "number",
                      "volumetype": "string"
                    }
                  ]
                ],
                "computed": true
              },
              "runtime": {
                "type": "string",
                "optional": true,
                "computed": true
              },
              "server_id": {
                "type": "string",
                "required": true,
                "forcenew": true
              },
              "status": {
                "type": "string",
                "computed": true
              },
              "subnet_id": {
                "type": "string",
                "computed": true
              },
              "system_disk_kms_key_id": {
                "type": "string",
                "optional": true
              },
              "tags": {
                "type": [
                  "map",
                  "string"
                ],
                "optional": true
              }
            },
            "block_types": {
              "storage": {
                "block": {
                  "block_types": {
                    "groups": {
                      "block": {
                        "attributes": {
                          "cce_managed": {
                            "type": "bool",
                            "optional": true
                          },
                          "name": {
                            "type": "string",
                            "required": true
                          },
                          "selector_names": {
                            "type": [
                              "list",
                              "string"
                            ],
                            "required": true
                          }
                        },
                        "block_types": {
                          "virtual_spaces": {
                            "block": {
                              "attributes": {
                                "lvm_lv_type": {
                                  "type": "string",
                                  "optional": true
                                },
                                "lvm_path": {
                                  "type": "string",
                                  "optional": true
                                },
                                "name": {
                                  "type": "string",
                                  "required": true
                                },
                                "runtime_lv_type": {
                                  "type": "string",
                                  "optional": true
                                },
                                "size": {
                                  "type": "string",
                                  "required": true
                                }
                              }
                            },
                            "nesting_mode": "list",
                            "min_items": 1
                          }
                        }
                      },
                      "nesting_mode": "list",
                      "min_items": 1
                    },
                    "selectors": {
                      "block": {
                        "attributes": {
                          "match_label_count": {
                            "type": "string",
                            "optional": true
                          },
                          "match_label_metadata_cmkid": {
                            "type": "string",
                            "optional": true
                          },
                          "match_label_metadata_encrypted": {
                            "type": "string",
                            "optional": true
                          },
                          "match_label_size": {
                            "type": "string",
                            "optional": true
                          },
                          "match_label_volume_type": {
                            "type": "string",
                            "optional": true
                          },
                          "name": {
                            "type": "string",
                            "required": true
                          },
                          "type": {
                            "type": "string",
                            "optional": true,
                            "default": "evs"
                          }
                        }
                      },
                      "nesting_mode": "list",
                      "min_items": 1
                    }
                  }
                },
                "nesting_mode": "list",
                "max_items": 1
              },
              "taints": {
                "block": {
                  "attributes": {
                    "effect": {
                      "type": "string",
                      "required": true
                    },
                    "key": {
                      "type": "string",
                      "required": true
                    },
                    "value": {
                      "type": "string",
                      "required": true
                    }
                  }
                },
                "nesting_mode": "list"
              }
            }
          },
          "product": {
            "short": "CCE",
            "name": "Cloud Container Engine",
            "catalog": "Containers",
            "name_cn": "云容器引擎",
            "catalog_cn": "容器"
          }
        }
      }
    }
  }
}
