{
  "provider_schemas": {
    "huaweicloud/huaweicloud": {
      "resource_schemas": {
        "huaweicloud_cce_cluster_log_config": {
          "block": {
            "attributes": {
              "cluster_id": {
                "type": "string",
                "required": true
              },
              "id": {
                "type": "string",
                "computed": true
              },
              "region": {
                "type": "string",
                "computed": true
              },
              "ttl_in_days": {
                "type": "number",
                "optional": true,
                "computed": true
              }
            },
            "block_types": {
              "log_configs": {
                "block": {
                  "attributes": {
                    "enable": {
                      "type": "bool",
                      "optional": true
                    },
                    "name": {
                      "type": "string",
                      "optional": true
                    }
                  }
                },
                "nesting_mode": "set"
              }
            }
          },
          "product": {
            "short": "CCE",
            "name": "Cloud Container Engine",
            "catalog": "Containers",
            "name_cn": "云容器引擎",
            "catalog_cn": "容器"
          }
        }
      }
    }
  }
}
