{
  "provider_schemas": {
    "huaweicloud/huaweicloud": {
      "resource_schemas": {
        "huaweicloud_cce_node": {
          "block": {
            "attributes": {
              "annotations": {
                "type": [
                  "map",
                  "string"
                ],
                "optional": true
              },
              "availability_zone": {
                "type": "string",
                "required": true
              },
              "bandwidth_charge_mode": {
                "type": "string",
                "optional": true
              },
              "bandwidth_size": {
                "type": "number",
                "optional": true
              },
              "billing_mode": {
                "type": "number",
                "optional": true,
                "computed": true
              },
              "cluster_id": {
                "type": "string",
                "required": true
              },
              "ecs_group_id": {
                "type": "string",
                "optional": true
              },
              "ecs_performance_type": {
                "type": "string",
                "optional": true
              },
              "eip_id": {
                "type": "string",
                "optional": true
              },
              "extend_param": {
                "type": [
                  "map",
                  "string"
                ],
                "optional": true
              },
              "extend_param_charging_mode": {
                "type": "number",
                "optional": true
              },
              "fixed_ip": {
                "type": "string",
                "optional": true
              },
              "flavor_id": {
                "type": "string",
                "required": true
              },
              "id": {
                "type": "string",
                "computed": true
              },
              "iptype": {
                "type": "string",
                "optional": true
              },
              "key_pair": {
                "type": "string",
                "optional": true
              },
              "labels": {
                "type": [
                  "map",
                  "string"
                ],
                "optional": true
              },
              "max_pods": {
                "type": "number",
                "optional": true
              },
              "name": {
                "type": "string",
                "optional": true,
                "computed": true
              },
              "order_id": {
                "type": "string",
                "optional": true
              },
              "os": {
                "type": "string",
                "optional": true,
                "computed": true
              },
              "password": {
                "type": "string",
                "optional": true,
                "sensitive": true
              },
              "postinstall": {
                "type": "string",
                "optional": true
              },
              "preinstall": {
                "type": "string",
                "optional": true
              },
              "private_ip": {
                "type": "string",
                "computed": true
              },
              "product_id": {
                "type": "string",
                "optional": true
              },
              "public_ip": {
                "type": "string",
                "computed": true
              },
              "public_key": {
                "type": "string",
                "optional": true
              },
              "region": {
                "type": "string",
                "computed": true
              },
              "server_id": {
                "type": "string",
                "computed": true
              },
              "sharetype": {
                "type": "string",
                "optional": true
              },
              "status": {
                "type": "string",
                "computed": true
              },
              "subnet_id": {
                "type": "string",
                "optional": true,
                "computed": true
              },
              "tags": {
                "type": [
                  "map",
                  "string"
                ],
                "optional": true
              }
            },
            "block_types": {
              "data_volumes": {
                "nesting_mode": "list",
                "block": {
                  "attributes": {
                    "extend_param": {
                      "type": [
                        "map",
                        "string"
                      ],
                      "optional": true
                    },
                    "hw_passthrough": {
                      "type": "bool",
                      "optional": true
                    },
                    "size": {
                      "type": "number",
                      "required": true
                    },
                    "volumetype": {
                      "type": "string",
                      "required": true
                    }
                  }
                },
                "min_items": 1
              },
              "root_volume": {
                "nesting_mode": "list",
                "block": {
                  "attributes": {
                    "extend_param": {
                      "type": [
                        "map",
                        "string"
                      ],
                      "optional": true
                    },
                    "hw_passthrough": {
                      "type": "bool",
                      "optional": true
                    },
                    "size": {
                      "type": "number",
                      "required": true
                    },
                    "volumetype": {
                      "type": "string",
                      "required": true
                    }
                  }
                },
                "min_items": 1,
                "max_items": 1
              },
              "taints": {
                "nesting_mode": "list",
                "block": {
                  "attributes": {
                    "effect": {
                      "type": "string",
                      "required": true
                    },
                    "key": {
                      "type": "string",
                      "required": true
                    },
                    "value": {
                      "type": "string",
                      "required": true
                    }
                  }
                }
              }
            }
          },
          "product": {
            "catalog": "Container",
            "name": "Cloud Container Engine",
            "short": "CCE"
          }
        }
      }
    }
  }
}
