{
  "provider_schemas": {
    "huaweicloud/huaweicloud": {
      "resource_schemas": {
        "huaweicloud_cci_network": {
          "block": {
            "attributes": {
              "availability_zone": {
                "type": "string",
                "required": true,
                "forcenew": true
              },
              "cidr": {
                "type": "string",
                "computed": true
              },
              "id": {
                "type": "string",
                "computed": true
              },
              "name": {
                "type": "string",
                "required": true,
                "forcenew": true
              },
              "namespace": {
                "type": "string",
                "required": true,
                "forcenew": true
              },
              "network_id": {
                "type": "string",
                "required": true,
                "forcenew": true
              },
              "region": {
                "type": "string",
                "computed": true
              },
              "security_group_id": {
                "type": "string",
                "required": true,
                "forcenew": true
              },
              "status": {
                "type": "string",
                "computed": true
              },
              "subnet_id": {
                "type": "string",
                "computed": true
              },
              "vpc_id": {
                "type": "string",
                "computed": true
              }
            }
          },
          "product": {
            "short": "CCI",
            "name": "Cloud Container Instance",
            "catalog": "Containers",
            "name_cn": "云容器实例",
            "catalog_cn": "容器"
          }
        }
      }
    }
  }
}
