{
  "provider_schemas": {
    "huaweicloud/huaweicloud": {
      "resource_schemas": {
        "huaweicloud_cci_namespace": {
          "block": {
            "attributes": {
              "auto_expend_enabled": {
                "type": "bool",
                "optional": true,
                "computed": true,
                "forcenew": true
              },
              "container_network_enabled": {
                "type": "bool",
                "optional": true,
                "computed": true,
                "forcenew": true
              },
              "created_at": {
                "type": "string",
                "computed": true
              },
              "enterprise_project_id": {
                "type": "string",
                "optional": true,
                "computed": true,
                "forcenew": true
              },
              "id": {
                "type": "string",
                "computed": true
              },
              "name": {
                "type": "string",
                "required": true,
                "forcenew": true
              },
              "rbac_enabled": {
                "type": "bool",
                "optional": true,
                "forcenew": true,
                "default": false
              },
              "recycling_interval": {
                "type": "number",
                "optional": true,
                "computed": true,
                "forcenew": true
              },
              "region": {
                "type": "string",
                "computed": true
              },
              "status": {
                "type": "string",
                "computed": true
              },
              "type": {
                "type": "string",
                "required": true,
                "forcenew": true
              },
              "warmup_pool_size": {
                "type": "number",
                "optional": true,
                "computed": true,
                "forcenew": true
              }
            }
          },
          "product": {
            "catalog": "Containers",
            "name": "Cloud Container Instance",
            "short": "CCI"
          }
        }
      }
    }
  }
}
