{
  "provider_schemas": {
    "huaweicloud/huaweicloud": {
      "resource_schemas": {
        "huaweicloud_cciv2_pvc": {
          "block": {
            "attributes": {
              "annotations": {
                "type": [
                  "map",
                  "string"
                ],
                "description": "The annotations of the persistent volume claim.",
                "computed": true
              },
              "api_version": {
                "type": "string",
                "description": "The API version of the persistent volume claim.",
                "computed": true
              },
              "creation_timestamp": {
                "type": "string",
                "description": "The creation timestamp of the persistent volume claim.",
                "computed": true
              },
              "finalizers": {
                "type": [
                  "list",
                  "string"
                ],
                "description": "The finalizers of the persistent volume claim.",
                "computed": true
              },
              "id": {
                "type": "string",
                "computed": true
              },
              "kind": {
                "type": "string",
                "description": "The kind of the persistent volume claim.",
                "computed": true
              },
              "labels": {
                "type": [
                  "map",
                  "string"
                ],
                "description": "The labels of the persistent volume claim.",
                "computed": true
              },
              "name": {
                "type": "string",
                "description": "The name of the persistent volume claim in the namespace.",
                "required": true
              },
              "namespace": {
                "type": "string",
                "description": "The name of the namespace.",
                "required": true
              },
              "region": {
                "type": "string",
                "computed": true
              },
              "resource_version": {
                "type": "string",
                "description": "The resource version of the persistent volume claim.",
                "computed": true
              },
              "status": {
                "type": "string",
                "description": "The status of the persistent volume claim.",
                "computed": true
              },
              "uid": {
                "type": "string",
                "description": "The uid of the persistent volume claim.",
                "computed": true
              }
            }
          }
        }
      }
    }
  }
}
