{
  "provider_schemas": {
    "huaweicloud/huaweicloud": {
      "resource_schemas": {
        "huaweicloud_cciv2_secret": {
          "block": {
            "attributes": {
              "annotations": {
                "type": [
                  "map",
                  "string"
                ],
                "description": "The annotations of the CCI Secret.",
                "computed": true
              },
              "api_version": {
                "type": "string",
                "description": "The API version of the CCI Secret.",
                "computed": true
              },
              "creation_timestamp": {
                "type": "string",
                "description": "The creation timestamp of the CCI Secret.",
                "computed": true
              },
              "data": {
                "type": [
                  "map",
                  "string"
                ],
                "description": "Specifies the data of the CCI Secret.",
                "optional": true,
                "computed": true
              },
              "id": {
                "type": "string",
                "computed": true
              },
              "immutable": {
                "type": "bool",
                "description": "Specifies the immutable of the CCI Secret.",
                "computed": true
              },
              "kind": {
                "type": "string",
                "description": "The kind of the CCI Secret.",
                "computed": true
              },
              "labels": {
                "type": [
                  "map",
                  "string"
                ],
                "description": "The labels of the CCI Secret.",
                "computed": true
              },
              "name": {
                "type": "string",
                "description": "Specifies the name of the CCI Secret.",
                "required": true
              },
              "namespace": {
                "type": "string",
                "description": "Specifies the namespace.",
                "required": true
              },
              "region": {
                "type": "string",
                "computed": true
              },
              "resource_version": {
                "type": "string",
                "description": "The resource version of the CCI Secret.",
                "computed": true
              },
              "string_data": {
                "type": [
                  "map",
                  "string"
                ],
                "description": "Specifies string data of the CCI Secret.",
                "optional": true,
                "computed": true
              },
              "type": {
                "type": "string",
                "description": "Specifies the used to facilitate programmatic handling of secret data.",
                "optional": true,
                "computed": true
              },
              "uid": {
                "type": "string",
                "description": "The uid of the CCI Secret.",
                "computed": true
              }
            }
          }
        }
      }
    }
  }
}
