{
  "provider_schemas": {
    "huaweicloud/huaweicloud": {
      "resource_schemas": {
        "huaweicloud_cciv2_hpa": {
          "block": {
            "attributes": {
              "api_version": {
                "type": "string",
                "optional": true,
                "default": "cci/v2"
              },
              "creation_timestamp": {
                "type": "string",
                "computed": true
              },
              "id": {
                "type": "string",
                "computed": true
              },
              "kind": {
                "type": "string",
                "optional": true,
                "default": "HorizontalPodAutoscaler"
              },
              "max_replicas": {
                "type": "number",
                "required": true
              },
              "min_replicas": {
                "type": "number",
                "optional": true,
                "computed": true
              },
              "name": {
                "type": "string",
                "required": true
              },
              "namespace": {
                "type": "string",
                "required": true
              },
              "region": {
                "type": "string",
                "computed": true
              },
              "resource_version": {
                "type": "string",
                "computed": true
              },
              "status": {
                "type": [
                  "list",
                  [
                    "object",
                    {
                      "conditions": [
                        "list",
                        [
                          "object",
                          {
                            "last_transition_time": "string",
                            "message": "string",
                            "reason": "string",
                            "status": "string",
                            "type": "string"
                          }
                        ]
                      ],
                      "current_metrics": [
                        "list",
                        [
                          "object",
                          {
                            "container_resource": [
                              "list",
                              [
                                "object",
                                {
                                  "container": "string",
                                  "name": "string",
                                  "target": [
                                    "list",
                                    [
                                      "object",
                                      {
                                        "average_utilization": "number",
                                        "average_value": [
                                          "map",
                                          "string"
                                        ],
                                        "type": "string",
                                        "value": [
                                          "map",
                                          "string"
                                        ]
                                      }
                                    ]
                                  ]
                                }
                              ]
                            ],
                            "external": [
                              "list",
                              [
                                "object",
                                {
                                  "metric": [
                                    "list",
                                    [
                                      "object",
                                      {
                                        "name": "string",
                                        "selector": [
                                          "list",
                                          [
                                            "object",
                                            {
                                              "match_expressions": [
                                                "list",
                                                [
                                                  "object",
                                                  {
                                                    "key": "string",
                                                    "operator": "string",
                                                    "values": [
                                                      "map",
                                                      "string"
                                                    ]
                                                  }
                                                ]
                                              ],
                                              "match_labels": [
                                                "map",
                                                "string"
                                              ]
                                            }
                                          ]
                                        ]
                                      }
                                    ]
                                  ],
                                  "target": [
                                    "list",
                                    [
                                      "object",
                                      {
                                        "average_utilization": "number",
                                        "average_value": [
                                          "map",
                                          "string"
                                        ],
                                        "type": "string",
                                        "value": [
                                          "map",
                                          "string"
                                        ]
                                      }
                                    ]
                                  ]
                                }
                              ]
                            ],
                            "object": [
                              "list",
                              [
                                "object",
                                {
                                  "described_object": [
                                    "list",
                                    [
                                      "object",
                                      {
                                        "api_version": "string",
                                        "kind": "string",
                                        "name": "string"
                                      }
                                    ]
                                  ],
                                  "metric": [
                                    "list",
                                    [
                                      "object",
                                      {
                                        "name": "string",
                                        "selector": [
                                          "list",
                                          [
                                            "object",
                                            {
                                              "match_expressions": [
                                                "list",
                                                [
                                                  "object",
                                                  {
                                                    "key": "string",
                                                    "operator": "string",
                                                    "values": [
                                                      "map",
                                                      "string"
                                                    ]
                                                  }
                                                ]
                                              ],
                                              "match_labels": [
                                                "map",
                                                "string"
                                              ]
                                            }
                                          ]
                                        ]
                                      }
                                    ]
                                  ],
                                  "target": [
                                    "list",
                                    [
                                      "object",
                                      {
                                        "average_utilization": "number",
                                        "average_value": [
                                          "map",
                                          "string"
                                        ],
                                        "type": "string",
                                        "value": [
                                          "map",
                                          "string"
                                        ]
                                      }
                                    ]
                                  ]
                                }
                              ]
                            ],
                            "pods": [
                              "list",
                              [
                                "object",
                                {
                                  "metric": [
                                    "list",
                                    [
                                      "object",
                                      {
                                        "name": "string",
                                        "selector": [
                                          "list",
                                          [
                                            "object",
                                            {
                                              "match_expressions": [
                                                "list",
                                                [
                                                  "object",
                                                  {
                                                    "key": "string",
                                                    "operator": "string",
                                                    "values": [
                                                      "map",
                                                      "string"
                                                    ]
                                                  }
                                                ]
                                              ],
                                              "match_labels": [
                                                "map",
                                                "string"
                                              ]
                                            }
                                          ]
                                        ]
                                      }
                                    ]
                                  ],
                                  "target": [
                                    "list",
                                    [
                                      "object",
                                      {
                                        "average_utilization": "number",
                                        "average_value": [
                                          "map",
                                          "string"
                                        ],
                                        "type": "string",
                                        "value": [
                                          "map",
                                          "string"
                                        ]
                                      }
                                    ]
                                  ]
                                }
                              ]
                            ],
                            "resources": [
                              "list",
                              [
                                "object",
                                {
                                  "name": "string",
                                  "target": [
                                    "list",
                                    [
                                      "object",
                                      {
                                        "average_utilization": "number",
                                        "average_value": [
                                          "map",
                                          "string"
                                        ],
                                        "type": "string",
                                        "value": [
                                          "map",
                                          "string"
                                        ]
                                      }
                                    ]
                                  ]
                                }
                              ]
                            ],
                            "type": "string"
                          }
                        ]
                      ],
                      "current_replicas": "number",
                      "desired_replicas": "number",
                      "last_scale_time": "string",
                      "observed_generation": "number"
                    }
                  ]
                ],
                "computed": true
              },
              "uid": {
                "type": "string",
                "computed": true
              }
            },
            "block_types": {
              "behavior": {
                "block": {
                  "block_types": {
                    "scale_down": {
                      "block": {
                        "attributes": {
                          "select_policy": {
                            "type": "string",
                            "optional": true,
                            "computed": true
                          },
                          "stabilization_window_seconds": {
                            "type": "number",
                            "optional": true,
                            "computed": true
                          }
                        },
                        "block_types": {
                          "policies": {
                            "block": {
                              "attributes": {
                                "period_seconds": {
                                  "type": "number",
                                  "required": true
                                },
                                "type": {
                                  "type": "string",
                                  "required": true
                                },
                                "value": {
                                  "type": "number",
                                  "required": true
                                }
                              }
                            },
                            "nesting_mode": "set"
                          }
                        }
                      },
                      "nesting_mode": "list",
                      "max_items": 1
                    },
                    "scale_up": {
                      "block": {
                        "attributes": {
                          "select_policy": {
                            "type": "string",
                            "optional": true,
                            "computed": true
                          },
                          "stabilization_window_seconds": {
                            "type": "number",
                            "optional": true,
                            "computed": true
                          }
                        },
                        "block_types": {
                          "policies": {
                            "block": {
                              "attributes": {
                                "period_seconds": {
                                  "type": "number",
                                  "required": true
                                },
                                "type": {
                                  "type": "string",
                                  "required": true
                                },
                                "value": {
                                  "type": "number",
                                  "required": true
                                }
                              }
                            },
                            "nesting_mode": "set"
                          }
                        }
                      },
                      "nesting_mode": "list",
                      "max_items": 1
                    }
                  }
                },
                "nesting_mode": "list",
                "max_items": 1
              },
              "metrics": {
                "block": {
                  "attributes": {
                    "type": {
                      "type": "string",
                      "required": true
                    }
                  },
                  "block_types": {
                    "container_resource": {
                      "block": {
                        "attributes": {
                          "container": {
                            "type": "string",
                            "optional": true,
                            "computed": true
                          },
                          "name": {
                            "type": "string",
                            "optional": true,
                            "computed": true
                          }
                        },
                        "block_types": {
                          "target": {
                            "block": {
                              "attributes": {
                                "average_utilization": {
                                  "type": "number",
                                  "optional": true,
                                  "computed": true
                                },
                                "average_value": {
                                  "type": [
                                    "map",
                                    "string"
                                  ],
                                  "optional": true,
                                  "computed": true
                                },
                                "type": {
                                  "type": "string",
                                  "optional": true,
                                  "computed": true
                                },
                                "value": {
                                  "type": [
                                    "map",
                                    "string"
                                  ],
                                  "optional": true,
                                  "computed": true
                                }
                              }
                            },
                            "nesting_mode": "list",
                            "max_items": 1
                          }
                        }
                      },
                      "nesting_mode": "list",
                      "max_items": 1
                    },
                    "external": {
                      "block": {
                        "block_types": {
                          "metric": {
                            "block": {
                              "attributes": {
                                "name": {
                                  "type": "string",
                                  "required": true
                                }
                              },
                              "block_types": {
                                "selector": {
                                  "block": {
                                    "attributes": {
                                      "match_labels": {
                                        "type": [
                                          "map",
                                          "string"
                                        ],
                                        "optional": true,
                                        "computed": true
                                      }
                                    },
                                    "block_types": {
                                      "match_expressions": {
                                        "block": {
                                          "attributes": {
                                            "key": {
                                              "type": "string",
                                              "optional": true,
                                              "computed": true
                                            },
                                            "operator": {
                                              "type": "string",
                                              "optional": true,
                                              "computed": true
                                            },
                                            "values": {
                                              "type": [
                                                "map",
                                                "string"
                                              ],
                                              "optional": true,
                                              "computed": true
                                            }
                                          }
                                        },
                                        "nesting_mode": "list"
                                      }
                                    }
                                  },
                                  "nesting_mode": "list",
                                  "max_items": 1
                                }
                              }
                            },
                            "nesting_mode": "list",
                            "min_items": 1,
                            "max_items": 1
                          },
                          "target": {
                            "block": {
                              "attributes": {
                                "average_utilization": {
                                  "type": "number",
                                  "optional": true,
                                  "computed": true
                                },
                                "average_value": {
                                  "type": [
                                    "map",
                                    "string"
                                  ],
                                  "optional": true,
                                  "computed": true
                                },
                                "type": {
                                  "type": "string",
                                  "optional": true,
                                  "computed": true
                                },
                                "value": {
                                  "type": [
                                    "map",
                                    "string"
                                  ],
                                  "optional": true,
                                  "computed": true
                                }
                              }
                            },
                            "nesting_mode": "list",
                            "min_items": 1,
                            "max_items": 1
                          }
                        }
                      },
                      "nesting_mode": "list",
                      "max_items": 1
                    },
                    "object": {
                      "block": {
                        "block_types": {
                          "described_object": {
                            "block": {
                              "attributes": {
                                "api_version": {
                                  "type": "string",
                                  "optional": true,
                                  "computed": true
                                },
                                "kind": {
                                  "type": "string",
                                  "optional": true,
                                  "computed": true
                                },
                                "name": {
                                  "type": "string",
                                  "optional": true,
                                  "computed": true
                                }
                              }
                            },
                            "nesting_mode": "list",
                            "min_items": 1,
                            "max_items": 1
                          },
                          "metric": {
                            "block": {
                              "attributes": {
                                "name": {
                                  "type": "string",
                                  "required": true
                                }
                              },
                              "block_types": {
                                "selector": {
                                  "block": {
                                    "attributes": {
                                      "match_labels": {
                                        "type": [
                                          "map",
                                          "string"
                                        ],
                                        "optional": true,
                                        "computed": true
                                      }
                                    },
                                    "block_types": {
                                      "match_expressions": {
                                        "block": {
                                          "attributes": {
                                            "key": {
                                              "type": "string",
                                              "optional": true,
                                              "computed": true
                                            },
                                            "operator": {
                                              "type": "string",
                                              "optional": true,
                                              "computed": true
                                            },
                                            "values": {
                                              "type": [
                                                "map",
                                                "string"
                                              ],
                                              "optional": true,
                                              "computed": true
                                            }
                                          }
                                        },
                                        "nesting_mode": "list"
                                      }
                                    }
                                  },
                                  "nesting_mode": "list",
                                  "max_items": 1
                                }
                              }
                            },
                            "nesting_mode": "list",
                            "min_items": 1,
                            "max_items": 1
                          },
                          "target": {
                            "block": {
                              "attributes": {
                                "average_utilization": {
                                  "type": "number",
                                  "optional": true,
                                  "computed": true
                                },
                                "average_value": {
                                  "type": [
                                    "map",
                                    "string"
                                  ],
                                  "optional": true,
                                  "computed": true
                                },
                                "type": {
                                  "type": "string",
                                  "optional": true,
                                  "computed": true
                                },
                                "value": {
                                  "type": [
                                    "map",
                                    "string"
                                  ],
                                  "optional": true,
                                  "computed": true
                                }
                              }
                            },
                            "nesting_mode": "list",
                            "min_items": 1,
                            "max_items": 1
                          }
                        }
                      },
                      "nesting_mode": "list",
                      "max_items": 1
                    },
                    "pods": {
                      "block": {
                        "block_types": {
                          "metric": {
                            "block": {
                              "attributes": {
                                "name": {
                                  "type": "string",
                                  "required": true
                                }
                              },
                              "block_types": {
                                "selector": {
                                  "block": {
                                    "attributes": {
                                      "match_labels": {
                                        "type": [
                                          "map",
                                          "string"
                                        ],
                                        "optional": true,
                                        "computed": true
                                      }
                                    },
                                    "block_types": {
                                      "match_expressions": {
                                        "block": {
                                          "attributes": {
                                            "key": {
                                              "type": "string",
                                              "optional": true,
                                              "computed": true
                                            },
                                            "operator": {
                                              "type": "string",
                                              "optional": true,
                                              "computed": true
                                            },
                                            "values": {
                                              "type": [
                                                "map",
                                                "string"
                                              ],
                                              "optional": true,
                                              "computed": true
                                            }
                                          }
                                        },
                                        "nesting_mode": "list"
                                      }
                                    }
                                  },
                                  "nesting_mode": "list",
                                  "max_items": 1
                                }
                              }
                            },
                            "nesting_mode": "list",
                            "max_items": 1
                          },
                          "target": {
                            "block": {
                              "attributes": {
                                "average_utilization": {
                                  "type": "number",
                                  "optional": true,
                                  "computed": true
                                },
                                "average_value": {
                                  "type": [
                                    "map",
                                    "string"
                                  ],
                                  "optional": true,
                                  "computed": true
                                },
                                "type": {
                                  "type": "string",
                                  "optional": true,
                                  "computed": true
                                },
                                "value": {
                                  "type": [
                                    "map",
                                    "string"
                                  ],
                                  "optional": true,
                                  "computed": true
                                }
                              }
                            },
                            "nesting_mode": "list",
                            "max_items": 1
                          }
                        }
                      },
                      "nesting_mode": "list",
                      "max_items": 1
                    },
                    "resources": {
                      "block": {
                        "attributes": {
                          "name": {
                            "type": "string",
                            "optional": true,
                            "computed": true
                          }
                        },
                        "block_types": {
                          "target": {
                            "block": {
                              "attributes": {
                                "average_utilization": {
                                  "type": "number",
                                  "optional": true,
                                  "computed": true
                                },
                                "average_value": {
                                  "type": [
                                    "map",
                                    "string"
                                  ],
                                  "optional": true,
                                  "computed": true
                                },
                                "type": {
                                  "type": "string",
                                  "optional": true,
                                  "computed": true
                                },
                                "value": {
                                  "type": [
                                    "map",
                                    "string"
                                  ],
                                  "optional": true,
                                  "computed": true
                                }
                              }
                            },
                            "nesting_mode": "list",
                            "max_items": 1
                          }
                        }
                      },
                      "nesting_mode": "list",
                      "max_items": 1
                    }
                  }
                },
                "nesting_mode": "set"
              },
              "scale_target_ref": {
                "block": {
                  "attributes": {
                    "api_version": {
                      "type": "string",
                      "optional": true,
                      "computed": true
                    },
                    "kind": {
                      "type": "string",
                      "optional": true,
                      "computed": true
                    },
                    "name": {
                      "type": "string",
                      "optional": true,
                      "computed": true
                    }
                  }
                },
                "nesting_mode": "list",
                "min_items": 1,
                "max_items": 1
              }
            }
          }
        }
      }
    }
  }
}
