{
  "provider_schemas": {
    "huaweicloud/huaweicloud": {
      "resource_schemas": {
        "huaweicloud_cdm_cluster": {
          "block": {
            "attributes": {
              "availability_zone": {
                "type": "string",
                "required": true,
                "forcenew": true
              },
              "created": {
                "type": "string",
                "computed": true
              },
              "email": {
                "type": [
                  "list",
                  "string"
                ],
                "optional": true,
                "forcenew": true
              },
              "enterprise_project_id": {
                "type": "string",
                "optional": true,
                "computed": true,
                "forcenew": true
              },
              "flavor_id": {
                "type": "string",
                "required": true,
                "forcenew": true
              },
              "flavor_name": {
                "type": "string",
                "computed": true
              },
              "id": {
                "type": "string",
                "computed": true
              },
              "instances": {
                "type": [
                  "list",
                  [
                    "object",
                    {
                      "id": "string",
                      "manage_ip": "string",
                      "name": "string",
                      "private_ip": "string",
                      "public_ip": "string",
                      "role": "string",
                      "traffic_ip": "string",
                      "type": "string"
                    }
                  ]
                ],
                "computed": true
              },
              "is_auto_off": {
                "type": "bool",
                "optional": true,
                "computed": true,
                "forcenew": true
              },
              "name": {
                "type": "string",
                "required": true,
                "forcenew": true
              },
              "phone_num": {
                "type": [
                  "list",
                  "string"
                ],
                "optional": true,
                "forcenew": true
              },
              "public_endpoint": {
                "type": "string",
                "computed": true
              },
              "public_ip": {
                "type": "string",
                "computed": true
              },
              "region": {
                "type": "string",
                "computed": true
              },
              "schedule_boot_time": {
                "type": "string",
                "optional": true,
                "computed": true,
                "forcenew": true
              },
              "schedule_off_time": {
                "type": "string",
                "optional": true,
                "computed": true,
                "forcenew": true
              },
              "security_group_id": {
                "type": "string",
                "required": true,
                "forcenew": true
              },
              "status": {
                "type": "string",
                "computed": true
              },
              "subnet_id": {
                "type": "string",
                "required": true,
                "forcenew": true
              },
              "version": {
                "type": "string",
                "optional": true,
                "computed": true,
                "forcenew": true
              },
              "vpc_id": {
                "type": "string",
                "required": true,
                "forcenew": true
              }
            }
          },
          "product": {
            "short": "CDM",
            "name": "Cloud Data Migration",
            "catalog": "Migration",
            "name_cn": "云数据迁移",
            "catalog_cn": "迁移"
          }
        }
      }
    }
  }
}
