{
  "provider_schemas": {
    "huaweicloud/huaweicloud": {
      "resource_schemas": {
        "huaweicloud_cdn_billing_option": {
          "block": {
            "attributes": {
              "charge_mode": {
                "type": "string",
                "description": "The billing option.",
                "required": true
              },
              "created_at": {
                "type": "string",
                "description": "The creation time, in RFC3339 format.",
                "computed": true
              },
              "current_charge_mode": {
                "type": "string",
                "description": "The billing option of the account.",
                "computed": true
              },
              "effective_time": {
                "type": "string",
                "description": "The effective time, in RFC3339 format.",
                "computed": true
              },
              "id": {
                "type": "string",
                "computed": true
              },
              "product_type": {
                "type": "string",
                "description": "The product mode.",
                "required": true
              },
              "service_area": {
                "type": "string",
                "description": "The service area.",
                "required": true
              },
              "status": {
                "type": "string",
                "description": "The status.",
                "computed": true
              }
            }
          },
          "product": {
            "short": "CDN",
            "name": "Content Delivery Network",
            "catalog": "Content Delivery & Edge Computing",
            "name_cn": "内容分发网络",
            "catalog_cn": "CDN与智能边缘"
          }
        }
      }
    }
  }
}
