{
  "provider_schemas": {
    "huaweicloud/huaweicloud": {
      "resource_schemas": {
        "huaweicloud_cdn_cache_preheat": {
          "block": {
            "attributes": {
              "created_at": {
                "type": "string",
                "description": "The creation time, in RFC3339 format.",
                "computed": true
              },
              "enterprise_project_id": {
                "type": "string",
                "description": "The enterprise project ID to which the resource belongs.",
                "optional": true
              },
              "failed": {
                "type": "number",
                "description": "The number of URLs that failed to be processed.",
                "computed": true
              },
              "id": {
                "type": "string",
                "computed": true
              },
              "processing": {
                "type": "number",
                "description": "The number of URLs that are being processed.",
                "computed": true
              },
              "status": {
                "type": "string",
                "description": "The task execution result.",
                "computed": true
              },
              "succeed": {
                "type": "number",
                "description": "The number of URLs processed.",
                "computed": true
              },
              "total": {
                "type": "number",
                "description": "The total number of URLs in historical tasks.",
                "computed": true
              },
              "urls": {
                "type": [
                  "set",
                  "string"
                ],
                "description": "The URLs that need to be preheated.",
                "required": true
              },
              "zh_url_encode": {
                "type": "bool",
                "description": "Whether to encode Chinese characters in URLs before cache preheat.",
                "optional": true
              }
            }
          },
          "product": {
            "short": "CDN",
            "name": "Content Delivery Network",
            "catalog": "Content Delivery & Edge Computing",
            "name_cn": "内容分发网络",
            "catalog_cn": "CDN与智能边缘"
          }
        }
      }
    }
  }
}
