{
  "provider_schemas": {
    "huaweicloud/huaweicloud": {
      "resource_schemas": {
        "huaweicloud_ces_resource_group": {
          "block": {
            "attributes": {
              "associated_eps_ids": {
                "type": [
                  "list",
                  "string"
                ],
                "description": "Specifies the enterprise project IDs where the resources from.",
                "optional": true,
                "computed": true,
                "forcenew": true
              },
              "created_at": {
                "type": "string",
                "description": "The creation time.",
                "computed": true
              },
              "enterprise_project_id": {
                "type": "string",
                "description": "Specifies the enterprise project ID of the resource group.",
                "optional": true,
                "computed": true,
                "forcenew": true
              },
              "id": {
                "type": "string",
                "computed": true
              },
              "name": {
                "type": "string",
                "description": "Specifies the resource group name.",
                "required": true
              },
              "region": {
                "type": "string",
                "computed": true
              },
              "tags": {
                "type": [
                  "map",
                  "string"
                ],
                "description": "Specifies the key/value to match resources.",
                "optional": true,
                "computed": true
              },
              "type": {
                "type": "string",
                "description": "Specifies the resource group type.",
                "optional": true,
                "computed": true,
                "forcenew": true
              }
            },
            "block_types": {
              "resources": {
                "block": {
                  "attributes": {
                    "namespace": {
                      "type": "string",
                      "description": "Specifies the namespace in **service.item** format.",
                      "required": true
                    }
                  },
                  "block_types": {
                    "dimensions": {
                      "block": {
                        "attributes": {
                          "name": {
                            "type": "string",
                            "description": "Specifies the dimension name.",
                            "required": true
                          },
                          "value": {
                            "type": "string",
                            "description": "Specifies the dimension value.",
                            "required": true
                          }
                        },
                        "description": "Specifies the list of dimensions."
                      },
                      "nesting_mode": "list",
                      "min_items": 1
                    }
                  },
                  "description": "Specifies the list of resources to add into the group."
                },
                "nesting_mode": "list"
              }
            }
          },
          "product": {
            "short": "CES",
            "name": "Cloud Eye",
            "catalog": "Management & Governance",
            "name_cn": "云监控服务",
            "catalog_cn": "管理与监管"
          }
        }
      }
    }
  }
}
