{
  "provider_schemas": {
    "huaweicloud/huaweicloud": {
      "resource_schemas": {
        "huaweicloud_ces_one_click_alarm_rule_action": {
          "block": {
            "attributes": {
              "alarm_enabled": {
                "type": "bool",
                "required": true
              },
              "alarm_ids": {
                "type": [
                  "set",
                  "string"
                ],
                "required": true
              },
              "id": {
                "type": "string",
                "computed": true
              },
              "one_click_alarm_id": {
                "type": "string",
                "required": true
              },
              "region": {
                "type": "string",
                "computed": true
              },
              "success_alarm_ids": {
                "type": [
                  "list",
                  "string"
                ],
                "computed": true
              }
            }
          },
          "product": {
            "short": "CES",
            "name": "Cloud Eye",
            "catalog": "Management & Governance",
            "name_cn": "云监控服务",
            "catalog_cn": "管理与监管"
          }
        }
      }
    }
  }
}
