{
  "provider_schemas": {
    "huaweicloud/huaweicloud": {
      "resource_schemas": {
        "huaweicloud_cfw_address_group": {
          "block": {
            "attributes": {
              "address_type": {
                "type": "number",
                "description": "schema: Computed; Specifies the Address type.",
                "computed": true
              },
              "description": {
                "type": "string",
                "description": "Specifies the Address group description.",
                "optional": true
              },
              "id": {
                "type": "string",
                "computed": true
              },
              "name": {
                "type": "string",
                "description": "Specifies the IP address group name.",
                "required": true
              },
              "object_id": {
                "type": "string",
                "description": "Specifies the protected object ID.",
                "required": true,
                "forcenew": true
              },
              "region": {
                "type": "string",
                "computed": true
              }
            }
          },
          "product": {
            "short": "CFW",
            "name": "Cloud Firewall",
            "catalog": "Security & Compliance",
            "name_cn": "云防火墙",
            "catalog_cn": "安全与合规"
          }
        }
      }
    }
  }
}
