{
  "provider_schemas": {
    "huaweicloud/huaweicloud": {
      "resource_schemas": {
        "huaweicloud_cfw_service_group_member": {
          "block": {
            "attributes": {
              "description": {
                "type": "string",
                "description": "Specifies the service group member description.",
                "optional": true,
                "computed": true,
                "forcenew": true
              },
              "dest_port": {
                "type": "string",
                "description": "Specifies the destination port.",
                "required": true,
                "forcenew": true
              },
              "group_id": {
                "type": "string",
                "description": "Specifies the ID of the service group.",
                "required": true,
                "forcenew": true
              },
              "id": {
                "type": "string",
                "computed": true
              },
              "protocol": {
                "type": "number",
                "description": "Specifies the protocol type.",
                "required": true,
                "forcenew": true
              },
              "region": {
                "type": "string",
                "computed": true
              },
              "source_port": {
                "type": "string",
                "description": "Specifies the source port.",
                "required": true,
                "forcenew": true
              }
            }
          },
          "product": {
            "short": "CFW",
            "name": "Cloud Firewall",
            "catalog": "Security & Compliance",
            "name_cn": "云防火墙",
            "catalog_cn": "安全与合规"
          }
        }
      }
    }
  }
}
