{
  "provider_schemas": {
    "huaweicloud/huaweicloud": {
      "resource_schemas": {
        "huaweicloud_coc_script_execute": {
          "block": {
            "attributes": {
              "created_at": {
                "type": "string",
                "computed": true
              },
              "execute_user": {
                "type": "string",
                "required": true,
                "forcenew": true
              },
              "finished_at": {
                "type": "string",
                "computed": true
              },
              "id": {
                "type": "string",
                "computed": true
              },
              "instance_id": {
                "type": "string",
                "required": true,
                "forcenew": true
              },
              "script_id": {
                "type": "string",
                "required": true,
                "forcenew": true
              },
              "script_name": {
                "type": "string",
                "computed": true
              },
              "status": {
                "type": "string",
                "computed": true
              },
              "timeout": {
                "type": "number",
                "required": true,
                "forcenew": true
              }
            },
            "block_types": {
              "parameters": {
                "block": {
                  "attributes": {
                    "name": {
                      "type": "string",
                      "required": true,
                      "forcenew": true
                    },
                    "value": {
                      "type": "string",
                      "required": true,
                      "forcenew": true
                    }
                  }
                },
                "nesting_mode": "list",
                "forcenew": true
              }
            }
          }
        }
      }
    }
  }
}
