{
  "provider_schemas": {
    "huaweicloud/huaweicloud": {
      "resource_schemas": {
        "huaweicloud_coc_script": {
          "block": {
            "attributes": {
              "content": {
                "type": "string",
                "required": true
              },
              "created_at": {
                "type": "string",
                "computed": true
              },
              "description": {
                "type": "string",
                "required": true
              },
              "id": {
                "type": "string",
                "computed": true
              },
              "name": {
                "type": "string",
                "required": true,
                "forcenew": true
              },
              "risk_level": {
                "type": "string",
                "required": true
              },
              "status": {
                "type": "string",
                "computed": true
              },
              "type": {
                "type": "string",
                "required": true,
                "forcenew": true
              },
              "updated_at": {
                "type": "string",
                "computed": true
              },
              "version": {
                "type": "string",
                "required": true
              }
            },
            "block_types": {
              "parameters": {
                "block": {
                  "attributes": {
                    "description": {
                      "type": "string",
                      "required": true
                    },
                    "name": {
                      "type": "string",
                      "required": true
                    },
                    "sensitive": {
                      "type": "bool",
                      "optional": true
                    },
                    "value": {
                      "type": "string",
                      "required": true
                    }
                  }
                },
                "nesting_mode": "list"
              }
            }
          }
        }
      }
    }
  }
}
