{
  "provider_schemas": {
    "huaweicloud/huaweicloud": {
      "resource_schemas": {
        "huaweicloud_codearts_pipeline_tag": {
          "block": {
            "attributes": {
              "color": {
                "type": "string",
                "description": "Specifies the tag color.",
                "required": true
              },
              "id": {
                "type": "string",
                "computed": true
              },
              "name": {
                "type": "string",
                "description": "Specifies the tag name.",
                "required": true
              },
              "project_id": {
                "type": "string",
                "description": "Specifies the CodeArts project ID.",
                "required": true
              },
              "project_name": {
                "type": "string",
                "description": "Indicates the CodeArts project name.",
                "computed": true
              },
              "region": {
                "type": "string",
                "computed": true
              }
            }
          }
        }
      }
    }
  }
}
