{
  "provider_schemas": {
    "huaweicloud/huaweicloud": {
      "resource_schemas": {
        "huaweicloud_compute_keypair": {
          "block": {
            "attributes": {
              "id": {
                "type": "string",
                "computed": true
              },
              "key_file": {
                "type": "string",
                "optional": true,
                "computed": true,
                "forcenew": true
              },
              "name": {
                "type": "string",
                "required": true,
                "forcenew": true
              },
              "public_key": {
                "type": "string",
                "optional": true,
                "computed": true,
                "forcenew": true
              },
              "region": {
                "type": "string",
                "computed": true
              }
            }
          },
          "product": {
            "short": "ECS",
            "name": "弹性云服务器",
            "catalog": "Compute",
            "name_cn": "弹性云服务器",
            "catalog_cn": "计算"
          }
        }
      }
    }
  }
}
