{
  "provider_schemas": {
    "huaweicloud/huaweicloud": {
      "resource_schemas": {
        "huaweicloud_compute_servergroup": {
          "block": {
            "attributes": {
              "fault_domains": {
                "type": [
                  "list",
                  "string"
                ],
                "computed": true
              },
              "id": {
                "type": "string",
                "computed": true
              },
              "members": {
                "type": [
                  "set",
                  "string"
                ],
                "optional": true,
                "computed": true
              },
              "name": {
                "type": "string",
                "required": true
              },
              "policies": {
                "type": [
                  "list",
                  "string"
                ],
                "optional": true
              },
              "region": {
                "type": "string",
                "computed": true
              }
            }
          },
          "product": {
            "catalog": "Compute",
            "name": "Elastic Cloud Server",
            "short": "ECS"
          }
        }
      }
    }
  }
}
