{
  "provider_schemas": {
    "huaweicloud/huaweicloud": {
      "resource_schemas": {
        "huaweicloud_compute_volume_attach": {
          "block": {
            "attributes": {
              "delete_on_termination": {
                "type": "string",
                "optional": true,
                "computed": true
              },
              "device": {
                "type": "string",
                "optional": true,
                "computed": true
              },
              "id": {
                "type": "string",
                "computed": true
              },
              "instance_id": {
                "type": "string",
                "required": true,
                "forcenew": true
              },
              "pci_address": {
                "type": "string",
                "computed": true
              },
              "region": {
                "type": "string",
                "computed": true
              },
              "volume_id": {
                "type": "string",
                "required": true,
                "forcenew": true
              }
            }
          },
          "product": {
            "short": "ECS",
            "name": "Elastic Cloud Server",
            "catalog": "Compute",
            "name_cn": "弹性云服务器",
            "catalog_cn": "计算"
          }
        }
      }
    }
  }
}
