{
  "provider_schemas": {
    "huaweicloud/huaweicloud": {
      "resource_schemas": {
        "huaweicloud_compute_servergroup": {
          "block": {
            "attributes": {
              "id": {
                "type": "string",
                "computed": true
              },
              "members": {
                "type": [
                  "set",
                  "string"
                ],
                "optional": true,
                "computed": true
              },
              "name": {
                "type": "string",
                "required": true,
                "forcenew": true
              },
              "policies": {
                "type": [
                  "list",
                  "string"
                ],
                "required": true,
                "forcenew": true
              },
              "region": {
                "type": "string",
                "computed": true
              }
            }
          },
          "product": {
            "short": "ECS",
            "name": "Elastic Cloud Server",
            "catalog": "Compute",
            "name_cn": "弹性云服务器",
            "catalog_cn": "计算"
          }
        }
      }
    }
  }
}
