{
  "provider_schemas": {
    "huaweicloud/huaweicloud": {
      "resource_schemas": {
        "huaweicloud_cpts_task": {
          "block": {
            "attributes": {
              "benchmark_concurrency": {
                "type": "number",
                "optional": true,
                "default": 100
              },
              "cluster_id": {
                "type": "number",
                "optional": true
              },
              "id": {
                "type": "string",
                "computed": true
              },
              "name": {
                "type": "string",
                "required": true
              },
              "operation": {
                "type": "string",
                "optional": true
              },
              "project_id": {
                "type": "number",
                "required": true,
                "forcenew": true
              },
              "region": {
                "type": "string",
                "computed": true
              },
              "status": {
                "type": "number",
                "computed": true
              }
            }
          },
          "product": {
            "short": "CPTS",
            "name": "Cloud Performance Test Service",
            "catalog": "CodeArts",
            "name_cn": "云性能测试服务",
            "catalog_cn": "软件开发生产线"
          }
        }
      }
    }
  }
}
