{
  "provider_schemas": {
    "huaweicloud/huaweicloud": {
      "resource_schemas": {
        "huaweicloud_cpts_project": {
          "block": {
            "attributes": {
              "created_at": {
                "type": "string",
                "computed": true
              },
              "description": {
                "type": "string",
                "optional": true
              },
              "id": {
                "type": "string",
                "computed": true
              },
              "name": {
                "type": "string",
                "required": true
              },
              "region": {
                "type": "string",
                "computed": true
              },
              "updated_at": {
                "type": "string",
                "computed": true
              }
            }
          },
          "product": {
            "short": "CPTS",
            "name": "Cloud Performance Test Service",
            "catalog": "CodeArts",
            "name_cn": "云性能测试服务",
            "catalog_cn": "软件开发生产线"
          }
        }
      }
    }
  }
}
