{
  "provider_schemas": {
    "huaweicloud/huaweicloud": {
      "resource_schemas": {
        "huaweicloud_cse_microservice_engine": {
          "block": {
            "attributes": {
              "admin_pass": {
                "type": "string",
                "optional": true,
                "forcenew": true,
                "sensitive": true
              },
              "auth_type": {
                "type": "string",
                "required": true,
                "forcenew": true
              },
              "availability_zones": {
                "type": [
                  "list",
                  "string"
                ],
                "required": true,
                "forcenew": true
              },
              "config_center_addresses": {
                "type": [
                  "list",
                  [
                    "object",
                    {
                      "private": "string",
                      "public": "string"
                    }
                  ]
                ],
                "computed": true
              },
              "description": {
                "type": "string",
                "optional": true,
                "forcenew": true
              },
              "eip_id": {
                "type": "string",
                "optional": true,
                "forcenew": true
              },
              "enterprise_project_id": {
                "type": "string",
                "optional": true,
                "forcenew": true
              },
              "extend_params": {
                "type": [
                  "map",
                  "string"
                ],
                "optional": true,
                "computed": true,
                "forcenew": true
              },
              "flavor": {
                "type": "string",
                "required": true,
                "forcenew": true
              },
              "id": {
                "type": "string",
                "computed": true
              },
              "instance_limit": {
                "type": "number",
                "computed": true
              },
              "name": {
                "type": "string",
                "required": true,
                "forcenew": true
              },
              "network_id": {
                "type": "string",
                "required": true,
                "forcenew": true
              },
              "region": {
                "type": "string",
                "computed": true
              },
              "service_limit": {
                "type": "number",
                "computed": true
              },
              "service_registry_addresses": {
                "type": [
                  "list",
                  [
                    "object",
                    {
                      "private": "string",
                      "public": "string"
                    }
                  ]
                ],
                "computed": true
              }
            }
          },
          "product": {
            "short": "CSE",
            "name": "Cloud Service Engine",
            "catalog": "Application",
            "name_cn": "微服务引擎",
            "catalog_cn": "应用服务"
          }
        }
      }
    }
  }
}
