{
  "provider_schemas": {
    "huaweicloud/huaweicloud": {
      "resource_schemas": {
        "huaweicloud_csms_download_secret_backup": {
          "block": {
            "attributes": {
              "id": {
                "type": "string",
                "computed": true
              },
              "region": {
                "type": "string",
                "computed": true
              },
              "secret_blob": {
                "type": "string",
                "computed": true
              },
              "secret_name": {
                "type": "string",
                "required": true
              }
            }
          },
          "product": {
            "short": "CSMS",
            "name": "Data Encryption Workshop CSMS",
            "catalog": "Security & Compliance",
            "name_cn": "密码安全中心-凭据管理",
            "catalog_cn": "安全与合规"
          }
        }
      }
    }
  }
}
