{
  "provider_schemas": {
    "huaweicloud/huaweicloud": {
      "resource_schemas": {
        "huaweicloud_csms_secret_rotate": {
          "block": {
            "attributes": {
              "attempt_nums": {
                "type": "number",
                "description": "The number of attempts to rotate the secret.",
                "computed": true
              },
              "id": {
                "type": "string",
                "computed": true
              },
              "operate_type": {
                "type": "string",
                "description": "The type of the operation.",
                "computed": true
              },
              "region": {
                "type": "string",
                "description": "Specifies the region in which to create the resource. If omitted, the provider-level region will be used."
              },
              "rotation_func_urn": {
                "type": "string",
                "description": "The URN of the rotation function.",
                "computed": true
              },
              "secret_name": {
                "type": "string",
                "description": "Specifies the name of the secret to rotate.",
                "required": true
              },
              "task_id": {
                "type": "string",
                "description": "The ID of the rotation task.",
                "computed": true
              },
              "task_time": {
                "type": "number",
                "description": "The time when the rotation task was created, UNIX timestamp in milliseconds.",
                "computed": true
              }
            }
          },
          "product": {
            "short": "CSMS",
            "name": "Data Encryption Workshop CSMS",
            "catalog": "Security & Compliance",
            "name_cn": "密码安全中心-凭据管理",
            "catalog_cn": "安全与合规"
          }
        }
      }
    }
  }
}
