{
  "provider_schemas": {
    "huaweicloud/huaweicloud": {
      "resource_schemas": {
        "huaweicloud_csms_secret": {
          "block": {
            "attributes": {
              "create_time": {
                "type": "string",
                "computed": true
              },
              "description": {
                "type": "string",
                "optional": true
              },
              "id": {
                "type": "string",
                "computed": true
              },
              "kms_key_id": {
                "type": "string",
                "optional": true,
                "computed": true
              },
              "latest_version": {
                "type": "string",
                "computed": true
              },
              "name": {
                "type": "string",
                "required": true,
                "forcenew": true
              },
              "region": {
                "type": "string",
                "computed": true
              },
              "secret_id": {
                "type": "string",
                "computed": true
              },
              "secret_text": {
                "type": "string",
                "required": true,
                "sensitive": true
              },
              "status": {
                "type": "string",
                "computed": true
              },
              "tags": {
                "type": [
                  "map",
                  "string"
                ],
                "optional": true
              }
            }
          },
          "product": {
            "short": "CSMS",
            "name": "Cloud Secret Management Service",
            "catalog": "Security & Compliance",
            "name_cn": "数据加密服务-凭据管理",
            "catalog_cn": "安全与合规"
          }
        }
      }
    }
  }
}
