{
  "provider_schemas": {
    "huaweicloud/huaweicloud": {
      "resource_schemas": {
        "huaweicloud_csms_restore_secret": {
          "block": {
            "attributes": {
              "auto_rotation": {
                "type": "bool",
                "computed": true
              },
              "create_time": {
                "type": "number",
                "computed": true
              },
              "description": {
                "type": "string",
                "computed": true
              },
              "enterprise_project_id": {
                "type": "string",
                "computed": true
              },
              "event_subscriptions": {
                "type": [
                  "list",
                  "string"
                ],
                "computed": true
              },
              "id": {
                "type": "string",
                "computed": true
              },
              "kms_key_id": {
                "type": "string",
                "computed": true
              },
              "name": {
                "type": "string",
                "computed": true
              },
              "next_rotation_time": {
                "type": "number",
                "computed": true
              },
              "region": {
                "type": "string",
                "computed": true
              },
              "rotation_config": {
                "type": "string",
                "computed": true
              },
              "rotation_func_urn": {
                "type": "string",
                "computed": true
              },
              "rotation_period": {
                "type": "string",
                "computed": true
              },
              "rotation_time": {
                "type": "number",
                "computed": true
              },
              "scheduled_delete_time": {
                "type": "number",
                "computed": true
              },
              "secret_blob": {
                "type": "string",
                "required": true
              },
              "secret_type": {
                "type": "string",
                "computed": true
              },
              "state": {
                "type": "string",
                "computed": true
              },
              "update_time": {
                "type": "number",
                "computed": true
              }
            }
          },
          "product": {
            "short": "CSMS",
            "name": "Data Encryption Workshop CSMS",
            "catalog": "Security & Compliance",
            "name_cn": "密码安全中心-凭据管理",
            "catalog_cn": "安全与合规"
          }
        }
      }
    }
  }
}
