{
  "provider_schemas": {
    "huaweicloud/huaweicloud": {
      "resource_schemas": {
        "huaweicloud_css_logstash_cluster": {
          "block": {
            "attributes": {
              "auto_renew": {
                "type": "string",
                "optional": true
              },
              "availability_zone": {
                "type": "string",
                "required": true,
                "forcenew": true
              },
              "charging_mode": {
                "type": "string",
                "optional": true,
                "computed": true
              },
              "created_at": {
                "type": "string",
                "computed": true
              },
              "endpoint": {
                "type": "string",
                "computed": true
              },
              "engine_type": {
                "type": "string",
                "computed": true
              },
              "engine_version": {
                "type": "string",
                "required": true,
                "forcenew": true
              },
              "enterprise_project_id": {
                "type": "string",
                "optional": true,
                "computed": true
              },
              "id": {
                "type": "string",
                "computed": true
              },
              "is_period": {
                "type": "bool",
                "computed": true
              },
              "name": {
                "type": "string",
                "required": true
              },
              "nodes": {
                "type": [
                  "list",
                  [
                    "object",
                    {
                      "availability_zone": "string",
                      "id": "string",
                      "ip": "string",
                      "name": "string",
                      "resource_id": "string",
                      "spec_code": "string",
                      "status": "string",
                      "type": "string"
                    }
                  ]
                ],
                "computed": true
              },
              "period": {
                "type": "number",
                "optional": true
              },
              "period_unit": {
                "type": "string",
                "optional": true
              },
              "region": {
                "type": "string",
                "computed": true
              },
              "security_group_id": {
                "type": "string",
                "required": true
              },
              "status": {
                "type": "string",
                "computed": true
              },
              "subnet_id": {
                "type": "string",
                "required": true,
                "forcenew": true
              },
              "tags": {
                "type": [
                  "map",
                  "string"
                ],
                "optional": true
              },
              "updated_at": {
                "type": "string",
                "computed": true
              },
              "vpc_id": {
                "type": "string",
                "required": true,
                "forcenew": true
              }
            },
            "block_types": {
              "node_config": {
                "block": {
                  "attributes": {
                    "flavor": {
                      "type": "string",
                      "required": true,
                      "forcenew": true
                    },
                    "instance_number": {
                      "type": "number",
                      "required": true
                    }
                  },
                  "block_types": {
                    "volume": {
                      "block": {
                        "attributes": {
                          "size": {
                            "type": "number",
                            "required": true,
                            "forcenew": true
                          },
                          "volume_type": {
                            "type": "string",
                            "required": true,
                            "forcenew": true
                          }
                        }
                      },
                      "nesting_mode": "list",
                      "forcenew": true,
                      "max_items": 1
                    }
                  }
                },
                "nesting_mode": "list",
                "min_items": 1,
                "max_items": 1
              },
              "routes": {
                "block": {
                  "attributes": {
                    "ip_address": {
                      "type": "string",
                      "required": true
                    },
                    "ip_net_mask": {
                      "type": "string",
                      "required": true
                    }
                  }
                },
                "nesting_mode": "set"
              }
            }
          },
          "product": {
            "short": "CSS",
            "name": "Cloud Search Service",
            "catalog": "Analytics",
            "name_cn": "云搜索服务",
            "catalog_cn": "大数据"
          }
        }
      }
    }
  }
}
