{
  "provider_schemas": {
    "huaweicloud/huaweicloud": {
      "resource_schemas": {
        "huaweicloud_css_scan_task": {
          "block": {
            "attributes": {
              "cluster_id": {
                "type": "string",
                "required": true,
                "forcenew": true
              },
              "created_at": {
                "type": "string",
                "computed": true
              },
              "description": {
                "type": "string",
                "optional": true,
                "forcenew": true
              },
              "id": {
                "type": "string",
                "computed": true
              },
              "name": {
                "type": "string",
                "required": true,
                "forcenew": true
              },
              "region": {
                "type": "string",
                "computed": true
              },
              "smn_fail_reason": {
                "type": "string",
                "computed": true
              },
              "smn_status": {
                "type": "string",
                "computed": true
              },
              "status": {
                "type": "string",
                "computed": true
              },
              "summary": {
                "type": [
                  "list",
                  [
                    "object",
                    {
                      "high_num": "number",
                      "medium_num": "number",
                      "suggestion_num": "number"
                    }
                  ]
                ],
                "computed": true
              },
              "task_risks": {
                "type": [
                  "list",
                  [
                    "object",
                    {
                      "description": "string",
                      "level": "string",
                      "risk": "string",
                      "suggestion": "string"
                    }
                  ]
                ],
                "computed": true
              }
            },
            "block_types": {
              "alarm": {
                "block": {
                  "attributes": {
                    "level": {
                      "type": "string",
                      "required": true
                    },
                    "smn_topic": {
                      "type": "string",
                      "required": true
                    }
                  }
                },
                "nesting_mode": "list",
                "forcenew": true,
                "max_items": 1
              }
            }
          },
          "product": {
            "short": "CSS",
            "name": "Cloud Search Service",
            "catalog": "Analytics",
            "name_cn": "云搜索服务",
            "catalog_cn": "大数据"
          }
        }
      }
    }
  }
}
