{
  "provider_schemas": {
    "huaweicloud/huaweicloud": {
      "resource_schemas": {
        "huaweicloud_css_logstash_connectivity": {
          "block": {
            "attributes": {
              "cluster_id": {
                "type": "string",
                "required": true
              },
              "connectivity_results": {
                "type": [
                  "list",
                  [
                    "object",
                    {
                      "address": "string",
                      "port": "number",
                      "status": "string"
                    }
                  ]
                ],
                "computed": true
              },
              "id": {
                "type": "string",
                "computed": true
              },
              "region": {
                "type": "string",
                "computed": true
              }
            },
            "block_types": {
              "address_and_ports": {
                "block": {
                  "attributes": {
                    "address": {
                      "type": "string",
                      "required": true
                    },
                    "port": {
                      "type": "number",
                      "required": true
                    }
                  }
                },
                "nesting_mode": "list",
                "min_items": 1
              }
            }
          },
          "product": {
            "short": "CSS",
            "name": "Cloud Search Service",
            "catalog": "Analytics",
            "name_cn": "云搜索服务",
            "catalog_cn": "大数据"
          }
        }
      }
    }
  }
}
