{
  "provider_schemas": {
    "huaweicloud/huaweicloud": {
      "resource_schemas": {
        "huaweicloud_css_cluster": {
          "block": {
            "attributes": {
              "auto_renew": {
                "type": "string",
                "optional": true
              },
              "availability_zone": {
                "type": "string",
                "required": true,
                "forcenew": true
              },
              "charging_mode": {
                "type": "string",
                "optional": true,
                "computed": true,
                "forcenew": true
              },
              "created": {
                "type": "string",
                "computed": true
              },
              "endpoint": {
                "type": "string",
                "computed": true
              },
              "engine_type": {
                "type": "string",
                "optional": true,
                "forcenew": true,
                "default": "elasticsearch"
              },
              "engine_version": {
                "type": "string",
                "required": true,
                "forcenew": true
              },
              "enterprise_project_id": {
                "type": "string",
                "optional": true,
                "computed": true
              },
              "https_enabled": {
                "type": "bool",
                "optional": true,
                "computed": true,
                "forcenew": true
              },
              "id": {
                "type": "string",
                "computed": true
              },
              "name": {
                "type": "string",
                "required": true,
                "forcenew": true
              },
              "nodes": {
                "type": [
                  "list",
                  [
                    "object",
                    {
                      "availability_zone": "string",
                      "id": "string",
                      "name": "string",
                      "spec_code": "string",
                      "status": "string",
                      "type": "string"
                    }
                  ]
                ],
                "computed": true
              },
              "password": {
                "type": "string",
                "optional": true,
                "forcenew": true,
                "sensitive": true
              },
              "period": {
                "type": "number",
                "optional": true,
                "forcenew": true
              },
              "period_unit": {
                "type": "string",
                "optional": true,
                "forcenew": true
              },
              "region": {
                "type": "string",
                "computed": true
              },
              "security_group_id": {
                "type": "string",
                "required": true,
                "forcenew": true
              },
              "security_mode": {
                "type": "bool",
                "optional": true,
                "forcenew": true
              },
              "status": {
                "type": "string",
                "computed": true
              },
              "subnet_id": {
                "type": "string",
                "required": true,
                "forcenew": true
              },
              "tags": {
                "type": [
                  "map",
                  "string"
                ],
                "optional": true
              },
              "vpc_id": {
                "type": "string",
                "required": true,
                "forcenew": true
              },
              "vpcep_endpoint_id": {
                "type": "string",
                "computed": true
              },
              "vpcep_ip": {
                "type": "string",
                "computed": true
              }
            },
            "block_types": {
              "backup_strategy": {
                "block": {
                  "attributes": {
                    "agency": {
                      "type": "string",
                      "optional": true,
                      "computed": true
                    },
                    "backup_path": {
                      "type": "string",
                      "optional": true,
                      "computed": true
                    },
                    "bucket": {
                      "type": "string",
                      "optional": true,
                      "computed": true
                    },
                    "keep_days": {
                      "type": "number",
                      "optional": true,
                      "default": 7
                    },
                    "prefix": {
                      "type": "string",
                      "optional": true,
                      "default": "snapshot"
                    },
                    "start_time": {
                      "type": "string",
                      "required": true
                    }
                  }
                },
                "nesting_mode": "list",
                "max_items": 1
              },
              "client_node_config": {
                "block": {
                  "attributes": {
                    "flavor": {
                      "type": "string",
                      "required": true
                    },
                    "instance_number": {
                      "type": "number",
                      "required": true
                    }
                  },
                  "block_types": {
                    "volume": {
                      "block": {
                        "attributes": {
                          "size": {
                            "type": "number",
                            "required": true,
                            "forcenew": true
                          },
                          "volume_type": {
                            "type": "string",
                            "required": true,
                            "forcenew": true
                          }
                        }
                      },
                      "nesting_mode": "list",
                      "forcenew": true,
                      "min_items": 1,
                      "max_items": 1
                    }
                  }
                },
                "nesting_mode": "list",
                "max_items": 1
              },
              "cold_node_config": {
                "block": {
                  "attributes": {
                    "flavor": {
                      "type": "string",
                      "required": true
                    },
                    "instance_number": {
                      "type": "number",
                      "required": true
                    }
                  },
                  "block_types": {
                    "volume": {
                      "block": {
                        "attributes": {
                          "size": {
                            "type": "number",
                            "required": true
                          },
                          "volume_type": {
                            "type": "string",
                            "required": true,
                            "forcenew": true
                          }
                        }
                      },
                      "nesting_mode": "list",
                      "forcenew": true,
                      "max_items": 1
                    }
                  }
                },
                "nesting_mode": "list",
                "max_items": 1
              },
              "ess_node_config": {
                "block": {
                  "attributes": {
                    "flavor": {
                      "type": "string",
                      "required": true
                    },
                    "instance_number": {
                      "type": "number",
                      "required": true
                    }
                  },
                  "block_types": {
                    "volume": {
                      "block": {
                        "attributes": {
                          "size": {
                            "type": "number",
                            "required": true
                          },
                          "volume_type": {
                            "type": "string",
                            "required": true,
                            "forcenew": true
                          }
                        }
                      },
                      "nesting_mode": "list",
                      "forcenew": true,
                      "max_items": 1
                    }
                  },
                  "description": "schema: Required"
                },
                "nesting_mode": "list",
                "max_items": 1
              },
              "kibana_public_access": {
                "block": {
                  "attributes": {
                    "bandwidth": {
                      "type": "number",
                      "required": true
                    },
                    "public_ip": {
                      "type": "string",
                      "computed": true
                    },
                    "whitelist": {
                      "type": "string",
                      "optional": true
                    },
                    "whitelist_enabled": {
                      "type": "bool",
                      "required": true
                    }
                  }
                },
                "nesting_mode": "list",
                "max_items": 1
              },
              "master_node_config": {
                "block": {
                  "attributes": {
                    "flavor": {
                      "type": "string",
                      "required": true
                    },
                    "instance_number": {
                      "type": "number",
                      "required": true
                    }
                  },
                  "block_types": {
                    "volume": {
                      "block": {
                        "attributes": {
                          "size": {
                            "type": "number",
                            "required": true,
                            "forcenew": true
                          },
                          "volume_type": {
                            "type": "string",
                            "required": true,
                            "forcenew": true
                          }
                        }
                      },
                      "nesting_mode": "list",
                      "forcenew": true,
                      "min_items": 1,
                      "max_items": 1
                    }
                  }
                },
                "nesting_mode": "list",
                "max_items": 1
              },
              "public_access": {
                "block": {
                  "attributes": {
                    "bandwidth": {
                      "type": "number",
                      "required": true
                    },
                    "public_ip": {
                      "type": "string",
                      "computed": true
                    },
                    "whitelist": {
                      "type": "string",
                      "optional": true
                    },
                    "whitelist_enabled": {
                      "type": "bool",
                      "required": true
                    }
                  }
                },
                "nesting_mode": "list",
                "max_items": 1
              },
              "vpcep_endpoint": {
                "block": {
                  "attributes": {
                    "endpoint_with_dns_name": {
                      "type": "bool",
                      "required": true
                    },
                    "whitelist": {
                      "type": [
                        "list",
                        "string"
                      ],
                      "optional": true
                    }
                  }
                },
                "nesting_mode": "list",
                "max_items": 1
              }
            }
          },
          "product": {
            "short": "CSS",
            "name": "Cloud Search Service",
            "catalog": "Analytics",
            "name_cn": "云搜索服务",
            "catalog_cn": "大数据"
          }
        }
      }
    }
  }
}
