{
  "provider_schemas": {
    "huaweicloud/huaweicloud": {
      "resource_schemas": {
        "huaweicloud_cts_data_tracker": {
          "block": {
            "attributes": {
              "agency_name": {
                "type": "string",
                "computed": true
              },
              "bucket_name": {
                "type": "string",
                "optional": true
              },
              "compress_type": {
                "type": "string",
                "optional": true
              },
              "create_time": {
                "type": "number",
                "computed": true
              },
              "data_bucket": {
                "type": "string",
                "required": true,
                "forcenew": true
              },
              "data_operation": {
                "type": [
                  "list",
                  "string"
                ],
                "optional": true,
                "computed": true
              },
              "detail": {
                "type": "string",
                "computed": true
              },
              "domain_id": {
                "type": "string",
                "computed": true
              },
              "enabled": {
                "type": "bool",
                "optional": true,
                "default": true
              },
              "file_prefix": {
                "type": "string",
                "optional": true
              },
              "group_id": {
                "type": "string",
                "computed": true
              },
              "id": {
                "type": "string",
                "computed": true
              },
              "is_authorized_bucket": {
                "type": "bool",
                "computed": true
              },
              "is_sort_by_service": {
                "type": "bool",
                "optional": true,
                "default": true
              },
              "log_group_name": {
                "type": "string",
                "computed": true
              },
              "log_topic_name": {
                "type": "string",
                "computed": true
              },
              "lts_enabled": {
                "type": "bool",
                "optional": true
              },
              "name": {
                "type": "string",
                "required": true,
                "forcenew": true
              },
              "obs_retention_period": {
                "type": "number",
                "optional": true
              },
              "region": {
                "type": "string",
                "computed": true
              },
              "status": {
                "type": "string",
                "computed": true
              },
              "stream_id": {
                "type": "string",
                "computed": true
              },
              "tags": {
                "type": [
                  "map",
                  "string"
                ],
                "optional": true,
                "computed": true
              },
              "transfer_enabled": {
                "type": "bool",
                "computed": true
              },
              "type": {
                "type": "string",
                "computed": true
              },
              "validate_file": {
                "type": "bool",
                "optional": true
              }
            }
          },
          "product": {
            "short": "CTS",
            "name": "Cloud Trace Service",
            "catalog": "Management & Governance",
            "name_cn": "云审计服务",
            "catalog_cn": "管理与监管"
          }
        }
      }
    }
  }
}
