{
  "provider_schemas": {
    "huaweicloud/huaweicloud": {
      "resource_schemas": {
        "huaweicloud_dataarts_architecture_subject": {
          "block": {
            "attributes": {
              "code": {
                "type": "string",
                "required": true,
                "forcenew": true
              },
              "created_at": {
                "type": "string",
                "computed": true
              },
              "created_by": {
                "type": "string",
                "computed": true
              },
              "department": {
                "type": "string",
                "optional": true
              },
              "description": {
                "type": "string",
                "optional": true
              },
              "guid": {
                "type": "string",
                "computed": true
              },
              "id": {
                "type": "string",
                "computed": true
              },
              "level": {
                "type": "number",
                "required": true
              },
              "name": {
                "type": "string",
                "required": true
              },
              "owner": {
                "type": "string",
                "required": true
              },
              "parent_id": {
                "type": "string",
                "optional": true
              },
              "path": {
                "type": "string",
                "computed": true
              },
              "region": {
                "type": "string",
                "computed": true
              },
              "status": {
                "type": "string",
                "computed": true
              },
              "updated_at": {
                "type": "string",
                "computed": true
              },
              "updated_by": {
                "type": "string",
                "computed": true
              },
              "workspace_id": {
                "type": "string",
                "required": true,
                "forcenew": true
              }
            }
          },
          "product": {
            "short": "DataArtsStudio",
            "name": "DataArts Studio",
            "catalog": "Analytics",
            "name_cn": "数据治理中心",
            "catalog_cn": "大数据"
          }
        }
      }
    }
  }
}
