{
  "provider_schemas": {
    "huaweicloud/huaweicloud": {
      "resource_schemas": {
        "huaweicloud_dataarts_dataservice_api_debug": {
          "block": {
            "attributes": {
              "api_id": {
                "type": "string",
                "description": "The ID of the catalog where the API is located.",
                "required": true,
                "forcenew": true
              },
              "id": {
                "type": "string",
                "computed": true
              },
              "instance_id": {
                "type": "string",
                "description": "The exclusive cluster ID.",
                "required": true,
                "forcenew": true
              },
              "params": {
                "type": "string",
                "description": "The request parameters in which to debug the API, in JSON format.",
                "optional": true,
                "forcenew": true
              },
              "region": {
                "type": "string",
                "description": "The region where the API is located.",
                "computed": true
              },
              "request_header": {
                "type": "string",
                "description": "The request header of this API debug operation.",
                "computed": true
              },
              "response_header": {
                "type": "string",
                "description": "The response header of this API debug operation.",
                "computed": true
              },
              "result": {
                "type": "string",
                "description": "The result detail of this API debug operation.",
                "computed": true
              },
              "timeout": {
                "type": "number",
                "description": "The timeout of this API debug operation.",
                "computed": true
              },
              "url": {
                "type": "string",
                "description": "The request URL of this API debug operation.",
                "computed": true
              },
              "workspace_id": {
                "type": "string",
                "description": "The ID of the workspace to which the API belongs.",
                "required": true,
                "forcenew": true
              }
            }
          },
          "product": {
            "short": "DataArtsStudio",
            "name": "DataArts Studio",
            "catalog": "Analytics",
            "name_cn": "数据治理中心",
            "catalog_cn": "大数据"
          }
        }
      }
    }
  }
}
