{
  "provider_schemas": {
    "huaweicloud/huaweicloud": {
      "resource_schemas": {
        "huaweicloud_dataarts_security_permission_set_member": {
          "block": {
            "attributes": {
              "id": {
                "type": "string",
                "computed": true
              },
              "member_id": {
                "type": "string",
                "computed": true
              },
              "name": {
                "type": "string",
                "required": true,
                "forcenew": true
              },
              "object_id": {
                "type": "string",
                "required": true,
                "forcenew": true
              },
              "permission_set_id": {
                "type": "string",
                "required": true,
                "forcenew": true
              },
              "region": {
                "type": "string",
                "computed": true
              },
              "type": {
                "type": "string",
                "required": true,
                "forcenew": true
              },
              "workspace_id": {
                "type": "string",
                "required": true,
                "forcenew": true
              }
            }
          },
          "product": {
            "short": "DataArtsStudio",
            "name": "DataArts Studio",
            "catalog": "Analytics",
            "name_cn": "数据治理中心",
            "catalog_cn": "大数据"
          }
        }
      }
    }
  }
}
