{
  "provider_schemas": {
    "huaweicloud/huaweicloud": {
      "resource_schemas": {
        "huaweicloud_dataarts_security_data_recognition_rule": {
          "block": {
            "attributes": {
              "builtin_rule_id": {
                "type": "string",
                "optional": true,
                "forcenew": true
              },
              "category_id": {
                "type": "string",
                "optional": true
              },
              "column_expression": {
                "type": "string",
                "optional": true
              },
              "comment_expression": {
                "type": "string",
                "optional": true
              },
              "content_expression": {
                "type": "string",
                "optional": true
              },
              "created_at": {
                "type": "string",
                "computed": true
              },
              "created_by": {
                "type": "string",
                "computed": true
              },
              "description": {
                "type": "string",
                "optional": true
              },
              "enable": {
                "type": "bool",
                "computed": true
              },
              "id": {
                "type": "string",
                "computed": true
              },
              "method": {
                "type": "string",
                "optional": true,
                "computed": true
              },
              "name": {
                "type": "string",
                "required": true,
                "forcenew": true
              },
              "region": {
                "type": "string",
                "computed": true
              },
              "rule_type": {
                "type": "string",
                "required": true,
                "forcenew": true
              },
              "secrecy_level": {
                "type": "string",
                "computed": true
              },
              "secrecy_level_id": {
                "type": "string",
                "required": true
              },
              "secrecy_level_num": {
                "type": "number",
                "computed": true
              },
              "updated_at": {
                "type": "string",
                "computed": true
              },
              "updated_by": {
                "type": "string",
                "computed": true
              },
              "workspace_id": {
                "type": "string",
                "required": true,
                "forcenew": true
              }
            }
          },
          "product": {
            "short": "DataArtsStudio",
            "name": "DataArts Studio",
            "catalog": "Analytics",
            "name_cn": "数据治理中心",
            "catalog_cn": "大数据"
          }
        }
      }
    }
  }
}
