{
  "provider_schemas": {
    "huaweicloud/huaweicloud": {
      "resource_schemas": {
        "huaweicloud_dataarts_architecture_data_standard": {
          "block": {
            "attributes": {
              "created_at": {
                "type": "string",
                "description": "The creation time of the data standard, in RFC3339 format.",
                "computed": true
              },
              "created_by": {
                "type": "string",
                "description": "The name of data standard creator.",
                "computed": true
              },
              "directory_id": {
                "type": "string",
                "description": "The directory ID to which the data standard belongs.",
                "required": true
              },
              "directory_path": {
                "type": "string",
                "description": "The directory path of the data standard.",
                "computed": true
              },
              "id": {
                "type": "string",
                "computed": true
              },
              "new_biz": {
                "type": [
                  "list",
                  [
                    "object",
                    {
                      "biz_id": "string",
                      "biz_info": "string",
                      "biz_type": "string",
                      "biz_version": "string",
                      "created_at": "string",
                      "id": "string",
                      "status": "string",
                      "updated_at": "string"
                    }
                  ]
                ],
                "description": "The biz info of the data standard.",
                "computed": true
              },
              "region": {
                "type": "string",
                "description": "The region where the data standard is located.",
                "computed": true
              },
              "status": {
                "type": "string",
                "description": "The status of the data standard.",
                "computed": true
              },
              "updated_at": {
                "type": "string",
                "description": "The latest update time of the data standard, in RFC3339 format.",
                "computed": true
              },
              "updated_by": {
                "type": "string",
                "description": "The name of data standard updater.",
                "computed": true
              },
              "workspace_id": {
                "type": "string",
                "description": "The ID of the workspace to which the data standard belongs.",
                "required": true,
                "forcenew": true
              }
            },
            "block_types": {
              "values": {
                "block": {
                  "attributes": {
                    "created_at": {
                      "type": "string",
                      "description": "The creation time of the data standard attribute, in RFC3339 format.",
                      "computed": true
                    },
                    "created_by": {
                      "type": "string",
                      "description": "The name of attribute creator.",
                      "computed": true
                    },
                    "directory_id": {
                      "type": "string",
                      "description": "The directory ID to which the attribute belongs.",
                      "computed": true
                    },
                    "fd_id": {
                      "type": "string",
                      "description": "The ID of the data standard attribute definition.",
                      "computed": true
                    },
                    "fd_name": {
                      "type": "string",
                      "description": "The name of the data standard attribute.",
                      "required": true
                    },
                    "fd_value": {
                      "type": "string",
                      "description": "The value of the data standard attribute.",
                      "optional": true
                    },
                    "id": {
                      "type": "string",
                      "description": "The ID of the data standard attribute.",
                      "computed": true
                    },
                    "row_id": {
                      "type": "string",
                      "description": "The row ID of the data standard attribute.",
                      "computed": true
                    },
                    "status": {
                      "type": "string",
                      "description": "The status of the data standard attribute.",
                      "computed": true
                    },
                    "updated_at": {
                      "type": "string",
                      "description": "The latest update time of the data standard attribute, in RFC3339 format.",
                      "computed": true
                    },
                    "updated_by": {
                      "type": "string",
                      "description": "The name of attribute updater.",
                      "computed": true
                    }
                  },
                  "description": "The value of data standard attributes."
                },
                "nesting_mode": "set",
                "min_items": 1
              }
            }
          },
          "product": {
            "short": "DataArtsStudio",
            "name": "DataArts Studio",
            "catalog": "Analytics",
            "name_cn": "数据治理中心",
            "catalog_cn": "大数据"
          }
        }
      }
    }
  }
}
