{
  "provider_schemas": {
    "huaweicloud/huaweicloud": {
      "resource_schemas": {
        "huaweicloud_dataarts_architecture_directory": {
          "block": {
            "attributes": {
              "children": {
                "type": [
                  "list",
                  "string"
                ],
                "computed": true
              },
              "created_at": {
                "type": "string",
                "computed": true
              },
              "created_by": {
                "type": "string",
                "computed": true
              },
              "description": {
                "type": "string",
                "optional": true
              },
              "id": {
                "type": "string",
                "computed": true
              },
              "name": {
                "type": "string",
                "required": true
              },
              "parent_id": {
                "type": "string",
                "optional": true
              },
              "qualified_name": {
                "type": "string",
                "computed": true
              },
              "region": {
                "type": "string",
                "computed": true
              },
              "root_id": {
                "type": "string",
                "computed": true
              },
              "type": {
                "type": "string",
                "required": true
              },
              "updated_at": {
                "type": "string",
                "computed": true
              },
              "updated_by": {
                "type": "string",
                "computed": true
              },
              "workspace_id": {
                "type": "string",
                "required": true,
                "forcenew": true
              }
            }
          },
          "product": {
            "short": "DataArtsStudio",
            "name": "数据治理中心",
            "catalog": "Analytics",
            "name_cn": "数据治理中心",
            "catalog_cn": "大数据"
          }
        }
      }
    }
  }
}
