{
  "provider_schemas": {
    "huaweicloud/huaweicloud": {
      "resource_schemas": {
        "huaweicloud_dataarts_studio_service_app": {
          "block": {
            "attributes": {
              "app_key": {
                "type": "string",
                "description": "The key of the app.",
                "computed": true
              },
              "app_secret": {
                "type": "string",
                "description": "The secret of the app.",
                "computed": true
              },
              "app_type": {
                "type": "string",
                "description": "The type of the app.",
                "optional": true,
                "computed": true,
                "forcenew": true
              },
              "description": {
                "type": "string",
                "description": "The description of the app.",
                "optional": true
              },
              "dlm_type": {
                "type": "string",
                "description": "The type of DLM.",
                "required": true,
                "forcenew": true
              },
              "id": {
                "type": "string",
                "computed": true
              },
              "name": {
                "type": "string",
                "description": "The name of the app.",
                "required": true
              },
              "region": {
                "type": "string",
                "computed": true
              },
              "workspace_id": {
                "type": "string",
                "description": "The workspace ID.",
                "required": true,
                "forcenew": true
              }
            }
          },
          "product": {
            "short": "DataArtsStudio",
            "name": "DataArts Studio",
            "catalog": "Analytics",
            "name_cn": "数据治理中心",
            "catalog_cn": "大数据"
          }
        }
      }
    }
  }
}
