{
  "provider_schemas": {
    "huaweicloud/huaweicloud": {
      "resource_schemas": {
        "huaweicloud_dc_vif_peer_detection": {
          "block": {
            "attributes": {
              "end_time": {
                "type": "string",
                "computed": true
              },
              "id": {
                "type": "string",
                "computed": true
              },
              "loss_ratio": {
                "type": "number",
                "computed": true
              },
              "region": {
                "type": "string",
                "computed": true
              },
              "start_time": {
                "type": "string",
                "computed": true
              },
              "status": {
                "type": "string",
                "computed": true
              },
              "vif_peer_id": {
                "type": "string",
                "required": true
              }
            }
          },
          "product": {
            "short": "DC",
            "name": "Direct Connect",
            "catalog": "Networking",
            "name_cn": "云专线",
            "catalog_cn": "网络"
          }
        }
      }
    }
  }
}
