{
  "provider_schemas": {
    "huaweicloud/huaweicloud": {
      "resource_schemas": {
        "huaweicloud_dcs_login_web_cli": {
          "block": {
            "attributes": {
              "client_id": {
                "type": "string",
                "computed": true
              },
              "id": {
                "type": "string",
                "computed": true
              },
              "instance_id": {
                "type": "string",
                "required": true
              },
              "password": {
                "type": "string",
                "optional": true,
                "sensitive": true
              },
              "region": {
                "type": "string",
                "computed": true
              }
            }
          },
          "product": {
            "short": "DCS",
            "name": "Distributed Cache Service",
            "catalog": "Middleware",
            "name_cn": "分布式缓存服务",
            "catalog_cn": "应用中间件"
          }
        }
      }
    }
  }
}
