{
  "provider_schemas": {
    "huaweicloud/huaweicloud": {
      "resource_schemas": {
        "huaweicloud_dcs_instance_public_access": {
          "block": {
            "attributes": {
              "eip_address": {
                "type": "string",
                "computed": true
              },
              "eip_id": {
                "type": "string",
                "computed": true
              },
              "elb_id": {
                "type": "string",
                "optional": true,
                "computed": true
              },
              "elb_listeners": {
                "type": [
                  "list",
                  [
                    "object",
                    {
                      "id": "string",
                      "name": "string",
                      "port": "number"
                    }
                  ]
                ],
                "computed": true
              },
              "enable_ssl": {
                "type": "bool",
                "optional": true
              },
              "id": {
                "type": "string",
                "computed": true
              },
              "instance_id": {
                "type": "string",
                "required": true
              },
              "publicip_id": {
                "type": "string",
                "optional": true
              },
              "region": {
                "type": "string",
                "computed": true
              }
            }
          },
          "product": {
            "short": "DCS",
            "name": "Distributed Cache Service",
            "catalog": "Middleware",
            "name_cn": "分布式缓存服务",
            "catalog_cn": "应用中间件"
          }
        }
      }
    }
  }
}
