{
  "provider_schemas": {
    "huaweicloud/huaweicloud": {
      "resource_schemas": {
        "huaweicloud_dcs_diagnosis_task": {
          "block": {
            "attributes": {
              "abnormal_item_sum": {
                "type": "number",
                "description": "Indicates the total number of abnormal diagnosis items.",
                "computed": true
              },
              "begin_time": {
                "type": "string",
                "description": "Specifies the start time of the diagnosis task, in RFC3339 format.",
                "required": true,
                "forcenew": true
              },
              "diagnosis_node_report_list": {
                "type": [
                  "list",
                  [
                    "object",
                    {
                      "abnormal_sum": "number",
                      "az_code": "string",
                      "command_time_taken_list": [
                        "list",
                        [
                          "object",
                          {
                            "command_list": [
                              "list",
                              [
                                "object",
                                {
                                  "average_usec": "number",
                                  "calls_sum": "number",
                                  "command_name": "string",
                                  "per_usec": "string",
                                  "usec_sum": "number"
                                }
                              ]
                            ],
                            "error_code": "string",
                            "result": "string",
                            "total_num": "number",
                            "total_usec_sum": "number"
                          }
                        ]
                      ],
                      "diagnosis_dimension_list": [
                        "list",
                        [
                          "object",
                          {
                            "abnormal_num": "number",
                            "diagnosis_item_list": [
                              "list",
                              [
                                "object",
                                {
                                  "advice_ids": [
                                    "list",
                                    [
                                      "object",
                                      {
                                        "id": "number",
                                        "params": [
                                          "map",
                                          "string"
                                        ]
                                      }
                                    ]
                                  ],
                                  "cause_ids": [
                                    "list",
                                    [
                                      "object",
                                      {
                                        "id": "number",
                                        "params": [
                                          "map",
                                          "string"
                                        ]
                                      }
                                    ]
                                  ],
                                  "error_code": "string",
                                  "impact_ids": [
                                    "list",
                                    [
                                      "object",
                                      {
                                        "id": "number",
                                        "params": [
                                          "map",
                                          "string"
                                        ]
                                      }
                                    ]
                                  ],
                                  "name": "string",
                                  "result": "string"
                                }
                              ]
                            ],
                            "failed_num": "number",
                            "name": "string"
                          }
                        ]
                      ],
                      "failed_sum": "number",
                      "group_name": "string",
                      "is_faulted": "bool",
                      "node_ip": "string",
                      "role": "string"
                    }
                  ]
                ],
                "description": "Indicates the list of node diagnosis report",
                "computed": true
              },
              "end_time": {
                "type": "string",
                "description": "Specifies the end time of the diagnosis task, in RFC3339 format.",
                "required": true,
                "forcenew": true
              },
              "failed_item_sum": {
                "type": "number",
                "description": "Indicates the total number of failed diagnosis items.",
                "computed": true
              },
              "id": {
                "type": "string",
                "computed": true
              },
              "instance_id": {
                "type": "string",
                "description": "Specifies the ID of the DCS instance.",
                "required": true,
                "forcenew": true
              },
              "node_ip_list": {
                "type": [
                  "set",
                  "string"
                ],
                "description": "Specifies the IP addresses of diagnosed nodes. By default, all nodes are diagnosed.",
                "optional": true,
                "computed": true,
                "forcenew": true
              },
              "region": {
                "type": "string",
                "computed": true
              }
            }
          },
          "product": {
            "short": "DCS",
            "name": "Distributed Cache Service",
            "catalog": "Middleware",
            "name_cn": "分布式缓存服务",
            "catalog_cn": "应用中间件"
          }
        }
      }
    }
  }
}
