{
  "provider_schemas": {
    "huaweicloud/huaweicloud": {
      "resource_schemas": {
        "huaweicloud_dds_instance": {
          "block": {
            "attributes": {
              "auto_renew": {
                "type": "string",
                "optional": true,
                "forcenew": true
              },
              "availability_zone": {
                "type": "string",
                "required": true
              },
              "balancer_active_begin": {
                "type": "string",
                "optional": true
              },
              "balancer_active_end": {
                "type": "string",
                "optional": true
              },
              "balancer_status": {
                "type": "string",
                "optional": true,
                "computed": true
              },
              "charging_mode": {
                "type": "string",
                "optional": true,
                "computed": true,
                "forcenew": true
              },
              "client_network_ranges": {
                "type": [
                  "set",
                  "string"
                ],
                "optional": true
              },
              "created_at": {
                "type": "string",
                "computed": true
              },
              "db_username": {
                "type": "string",
                "computed": true
              },
              "description": {
                "type": "string",
                "optional": true
              },
              "disk_encryption_id": {
                "type": "string",
                "optional": true,
                "forcenew": true
              },
              "enterprise_project_id": {
                "type": "string",
                "optional": true,
                "computed": true
              },
              "groups": {
                "type": [
                  "list",
                  [
                    "object",
                    {
                      "id": "string",
                      "name": "string",
                      "nodes": [
                        "list",
                        [
                          "object",
                          {
                            "availability_zone": "string",
                            "id": "string",
                            "name": "string",
                            "private_ip": "string",
                            "public_ip": "string",
                            "role": "string",
                            "spec_code": "string",
                            "status": "string"
                          }
                        ]
                      ],
                      "size": "string",
                      "status": "string",
                      "type": "string",
                      "used": "string"
                    }
                  ]
                ],
                "computed": true
              },
              "id": {
                "type": "string",
                "computed": true
              },
              "maintain_begin": {
                "type": "string",
                "optional": true,
                "computed": true
              },
              "maintain_end": {
                "type": "string",
                "optional": true,
                "computed": true
              },
              "mode": {
                "type": "string",
                "required": true,
                "forcenew": true
              },
              "name": {
                "type": "string",
                "required": true
              },
              "nodes": {
                "type": [
                  "list",
                  [
                    "object",
                    {
                      "availability_zone": "string",
                      "id": "string",
                      "name": "string",
                      "private_ip": "string",
                      "public_ip": "string",
                      "role": "string",
                      "spec_code": "string",
                      "status": "string"
                    }
                  ]
                ],
                "description": "This field is deprecated.",
                "computed": true
              },
              "password": {
                "type": "string",
                "optional": true,
                "sensitive": true
              },
              "period": {
                "type": "number",
                "optional": true,
                "forcenew": true
              },
              "period_unit": {
                "type": "string",
                "optional": true,
                "forcenew": true
              },
              "port": {
                "type": "number",
                "optional": true,
                "computed": true
              },
              "region": {
                "type": "string",
                "computed": true
              },
              "replica_set_name": {
                "type": "string",
                "optional": true,
                "computed": true
              },
              "second_level_monitoring_enabled": {
                "type": "bool",
                "optional": true,
                "computed": true
              },
              "security_group_id": {
                "type": "string",
                "required": true
              },
              "slow_log_desensitization": {
                "type": "string",
                "optional": true,
                "computed": true
              },
              "ssl": {
                "type": "bool",
                "optional": true,
                "default": true
              },
              "status": {
                "type": "string",
                "computed": true
              },
              "subnet_id": {
                "type": "string",
                "required": true,
                "forcenew": true
              },
              "tags": {
                "type": [
                  "map",
                  "string"
                ],
                "optional": true,
                "computed": true
              },
              "time_zone": {
                "type": "string",
                "computed": true
              },
              "updated_at": {
                "type": "string",
                "computed": true
              },
              "vpc_id": {
                "type": "string",
                "required": true,
                "forcenew": true
              }
            },
            "block_types": {
              "backup_strategy": {
                "block": {
                  "attributes": {
                    "keep_days": {
                      "type": "number",
                      "required": true
                    },
                    "period": {
                      "type": "string",
                      "optional": true,
                      "computed": true
                    },
                    "start_time": {
                      "type": "string",
                      "required": true
                    }
                  }
                },
                "nesting_mode": "list",
                "max_items": 1
              },
              "configuration": {
                "block": {
                  "attributes": {
                    "id": {
                      "type": "string",
                      "required": true
                    },
                    "type": {
                      "type": "string",
                      "required": true,
                      "forcenew": true
                    }
                  }
                },
                "nesting_mode": "list",
                "forcenew": true
              },
              "datastore": {
                "block": {
                  "attributes": {
                    "storage_engine": {
                      "type": "string",
                      "optional": true,
                      "forcenew": true
                    },
                    "type": {
                      "type": "string",
                      "required": true,
                      "forcenew": true
                    },
                    "version": {
                      "type": "string",
                      "required": true,
                      "forcenew": true
                    }
                  }
                },
                "nesting_mode": "list",
                "forcenew": true,
                "min_items": 1,
                "max_items": 1
              },
              "flavor": {
                "block": {
                  "attributes": {
                    "num": {
                      "type": "number",
                      "required": true
                    },
                    "size": {
                      "type": "number",
                      "optional": true
                    },
                    "spec_code": {
                      "type": "string",
                      "required": true
                    },
                    "storage": {
                      "type": "string",
                      "optional": true,
                      "forcenew": true
                    },
                    "type": {
                      "type": "string",
                      "required": true,
                      "forcenew": true
                    }
                  }
                },
                "nesting_mode": "list",
                "forcenew": true,
                "min_items": 1
              }
            }
          },
          "product": {
            "short": "DDS",
            "name": "Document Database Service",
            "catalog": "Databases",
            "name_cn": "文档数据库服务",
            "catalog_cn": "数据库"
          }
        }
      }
    }
  }
}
