{
  "provider_schemas": {
    "huaweicloud/huaweicloud": {
      "resource_schemas": {
        "huaweicloud_dds_readonly_node": {
          "block": {
            "attributes": {
              "availability_zone": {
                "type": "string",
                "computed": true
              },
              "delay": {
                "type": "number",
                "optional": true
              },
              "id": {
                "type": "string",
                "computed": true
              },
              "instance_id": {
                "type": "string",
                "required": true
              },
              "name": {
                "type": "string",
                "computed": true
              },
              "private_ip": {
                "type": "string",
                "optional": true,
                "computed": true
              },
              "region": {
                "type": "string",
                "computed": true
              },
              "role": {
                "type": "string",
                "computed": true
              },
              "size": {
                "type": "string",
                "optional": true,
                "computed": true
              },
              "spec_code": {
                "type": "string",
                "required": true
              },
              "status": {
                "type": "string",
                "computed": true
              }
            }
          },
          "product": {
            "short": "DDS",
            "name": "Document Database Service",
            "catalog": "Databases",
            "name_cn": "文档数据库服务",
            "catalog_cn": "数据库"
          }
        }
      }
    }
  }
}
