{
  "provider_schemas": {
    "huaweicloud/huaweicloud": {
      "resource_schemas": {
        "huaweicloud_dds_database_role": {
          "block": {
            "attributes": {
              "db_name": {
                "type": "string",
                "required": true,
                "forcenew": true
              },
              "id": {
                "type": "string",
                "computed": true
              },
              "inherited_privileges": {
                "type": [
                  "list",
                  [
                    "object",
                    {
                      "actions": [
                        "list",
                        "string"
                      ],
                      "resources": [
                        "list",
                        [
                          "object",
                          {
                            "collection": "string",
                            "db_name": "string"
                          }
                        ]
                      ]
                    }
                  ]
                ],
                "computed": true
              },
              "instance_id": {
                "type": "string",
                "required": true,
                "forcenew": true
              },
              "name": {
                "type": "string",
                "required": true,
                "forcenew": true
              },
              "privileges": {
                "type": [
                  "list",
                  [
                    "object",
                    {
                      "actions": [
                        "list",
                        "string"
                      ],
                      "resources": [
                        "list",
                        [
                          "object",
                          {
                            "collection": "string",
                            "db_name": "string"
                          }
                        ]
                      ]
                    }
                  ]
                ],
                "computed": true
              },
              "region": {
                "type": "string",
                "computed": true
              }
            },
            "block_types": {
              "roles": {
                "block": {
                  "attributes": {
                    "db_name": {
                      "type": "string",
                      "required": true,
                      "forcenew": true
                    },
                    "name": {
                      "type": "string",
                      "required": true,
                      "forcenew": true
                    }
                  }
                },
                "nesting_mode": "list",
                "forcenew": true
              }
            }
          },
          "product": {
            "short": "DDS",
            "name": "Document Database Service",
            "catalog": "Databases",
            "name_cn": "文档数据库服务",
            "catalog_cn": "数据库"
          }
        }
      }
    }
  }
}
