{
  "provider_schemas": {
    "huaweicloud/huaweicloud": {
      "resource_schemas": {
        "huaweicloud_dli_table": {
          "block": {
            "attributes": {
              "bucket_location": {
                "type": "string",
                "optional": true,
                "computed": true,
                "forcenew": true
              },
              "data_format": {
                "type": "string",
                "optional": true,
                "computed": true,
                "forcenew": true
              },
              "data_location": {
                "type": "string",
                "required": true,
                "forcenew": true
              },
              "database_name": {
                "type": "string",
                "required": true,
                "forcenew": true
              },
              "date_format": {
                "type": "string",
                "optional": true,
                "computed": true,
                "forcenew": true
              },
              "delimiter": {
                "type": "string",
                "optional": true,
                "computed": true,
                "forcenew": true
              },
              "description": {
                "type": "string",
                "optional": true,
                "forcenew": true
              },
              "escape_char": {
                "type": "string",
                "optional": true,
                "computed": true,
                "forcenew": true
              },
              "id": {
                "type": "string",
                "computed": true
              },
              "name": {
                "type": "string",
                "required": true,
                "forcenew": true
              },
              "quote_char": {
                "type": "string",
                "optional": true,
                "computed": true,
                "forcenew": true
              },
              "region": {
                "type": "string",
                "computed": true
              },
              "timestamp_format": {
                "type": "string",
                "optional": true,
                "computed": true,
                "forcenew": true
              },
              "with_column_header": {
                "type": "bool",
                "optional": true,
                "computed": true,
                "forcenew": true
              }
            },
            "block_types": {
              "columns": {
                "block": {
                  "attributes": {
                    "description": {
                      "type": "string",
                      "optional": true,
                      "forcenew": true
                    },
                    "is_partition": {
                      "type": "bool",
                      "optional": true,
                      "forcenew": true
                    },
                    "name": {
                      "type": "string",
                      "required": true,
                      "forcenew": true
                    },
                    "type": {
                      "type": "string",
                      "required": true,
                      "forcenew": true
                    }
                  }
                },
                "nesting_mode": "list",
                "forcenew": true
              }
            }
          },
          "product": {
            "short": "DLI",
            "name": "Data Lake Insight",
            "catalog": "Analytics",
            "name_cn": "数据湖探索",
            "catalog_cn": "大数据"
          }
        }
      }
    }
  }
}
