{
  "provider_schemas": {
    "huaweicloud/huaweicloud": {
      "resource_schemas": {
        "huaweicloud_dli_global_variable": {
          "block": {
            "attributes": {
              "id": {
                "type": "string",
                "computed": true
              },
              "is_sensitive": {
                "type": "bool",
                "description": "Whether to set a variable as a sensitive variable. The default value is **false**.",
                "optional": true,
                "computed": true,
                "forcenew": true
              },
              "name": {
                "type": "string",
                "description": "The name of a Global variable.",
                "required": true,
                "forcenew": true
              },
              "region": {
                "type": "string",
                "computed": true
              },
              "value": {
                "type": "string",
                "description": "The value of Global variable.",
                "required": true
              }
            }
          },
          "product": {
            "short": "DLI",
            "name": "Data Lake Insight",
            "catalog": "Analytics",
            "name_cn": "数据湖探索",
            "catalog_cn": "大数据"
          }
        }
      }
    }
  }
}
