{
  "provider_schemas": {
    "huaweicloud/huaweicloud": {
      "resource_schemas": {
        "huaweicloud_dli_permission": {
          "block": {
            "attributes": {
              "id": {
                "type": "string",
                "computed": true
              },
              "is_admin": {
                "type": "bool",
                "computed": true
              },
              "object": {
                "type": "string",
                "required": true,
                "forcenew": true
              },
              "privileges": {
                "type": [
                  "list",
                  "string"
                ],
                "required": true
              },
              "region": {
                "type": "string",
                "computed": true
              },
              "user_name": {
                "type": "string",
                "required": true,
                "forcenew": true
              }
            }
          },
          "product": {
            "short": "DLI",
            "name": "数据湖探索",
            "catalog": "Analytics",
            "name_cn": "数据湖探索",
            "catalog_cn": "大数据"
          }
        }
      }
    }
  }
}
