{
  "provider_schemas": {
    "huaweicloud/huaweicloud": {
      "resource_schemas": {
        "huaweicloud_dli_database_privilege": {
          "block": {
            "attributes": {
              "id": {
                "type": "string",
                "computed": true
              },
              "object": {
                "type": "string",
                "description": "The authorization object definition.",
                "required": true,
                "forcenew": true
              },
              "privileges": {
                "type": [
                  "set",
                  "string"
                ],
                "description": "The list of permissions granted to the database or data table.",
                "optional": true,
                "computed": true
              },
              "region": {
                "type": "string",
                "description": "The region in which to create the resource.",
                "computed": true
              },
              "user_name": {
                "type": "string",
                "description": "The name of the authorized (IAM) user.",
                "required": true,
                "forcenew": true
              }
            }
          },
          "product": {
            "short": "DLI",
            "name": "Data Lake Insight",
            "catalog": "Analytics",
            "name_cn": "数据湖探索",
            "catalog_cn": "大数据"
          }
        }
      }
    }
  }
}
