{
  "provider_schemas": {
    "huaweicloud/huaweicloud": {
      "resource_schemas": {
        "huaweicloud_dms_kafka_instance": {
          "block": {
            "attributes": {
              "access_user": {
                "type": "string",
                "optional": true
              },
              "arch_type": {
                "type": "string",
                "optional": true,
                "forcenew": true
              },
              "auto_renew": {
                "type": "string",
                "optional": true
              },
              "availability_zones": {
                "type": [
                  "set",
                  "string"
                ],
                "required": true,
                "forcenew": true
              },
              "broker_num": {
                "type": "number",
                "optional": true,
                "computed": true
              },
              "cert_replaced": {
                "type": "bool",
                "computed": true
              },
              "charging_mode": {
                "type": "string",
                "optional": true,
                "computed": true,
                "forcenew": true
              },
              "connect_address": {
                "type": "string",
                "computed": true
              },
              "connector_id": {
                "type": "string",
                "computed": true
              },
              "connector_node_num": {
                "type": "number",
                "computed": true
              },
              "created_at": {
                "type": "string",
                "computed": true
              },
              "description": {
                "type": "string",
                "optional": true
              },
              "dumping": {
                "type": "bool",
                "optional": true,
                "computed": true,
                "forcenew": true
              },
              "enable_auto_topic": {
                "type": "bool",
                "optional": true,
                "computed": true
              },
              "enable_public_ip": {
                "type": "bool",
                "computed": true
              },
              "enabled_mechanisms": {
                "type": [
                  "set",
                  "string"
                ],
                "optional": true
              },
              "engine": {
                "type": "string",
                "computed": true
              },
              "engine_version": {
                "type": "string",
                "required": true,
                "forcenew": true
              },
              "enterprise_project_id": {
                "type": "string",
                "optional": true,
                "computed": true
              },
              "extend_times": {
                "type": "number",
                "computed": true
              },
              "flavor_id": {
                "type": "string",
                "optional": true
              },
              "id": {
                "type": "string",
                "computed": true
              },
              "ipv6_connect_addresses": {
                "type": [
                  "list",
                  "string"
                ],
                "computed": true
              },
              "ipv6_enable": {
                "type": "bool",
                "optional": true,
                "computed": true,
                "forcenew": true
              },
              "is_logical_volume": {
                "type": "bool",
                "computed": true
              },
              "maintain_begin": {
                "type": "string",
                "optional": true,
                "computed": true
              },
              "maintain_end": {
                "type": "string",
                "optional": true,
                "computed": true
              },
              "message_query_inst_enable": {
                "type": "bool",
                "computed": true
              },
              "name": {
                "type": "string",
                "required": true
              },
              "network_id": {
                "type": "string",
                "required": true,
                "forcenew": true
              },
              "new_tenant_ips": {
                "type": [
                  "list",
                  "string"
                ],
                "optional": true
              },
              "node_num": {
                "type": "number",
                "computed": true
              },
              "partition_num": {
                "type": "number",
                "computed": true
              },
              "password": {
                "type": "string",
                "optional": true,
                "sensitive": true
              },
              "period": {
                "type": "number",
                "optional": true,
                "forcenew": true
              },
              "period_unit": {
                "type": "string",
                "optional": true,
                "forcenew": true
              },
              "pod_connect_address": {
                "type": "string",
                "computed": true
              },
              "port": {
                "type": "number",
                "computed": true
              },
              "product_id": {
                "type": "string",
                "optional": true
              },
              "public_bandwidth": {
                "type": "number",
                "computed": true
              },
              "public_ip_address": {
                "type": [
                  "list",
                  "string"
                ],
                "computed": true
              },
              "public_ip_ids": {
                "type": [
                  "set",
                  "string"
                ],
                "optional": true
              },
              "region": {
                "type": "string",
                "computed": true
              },
              "resource_spec_code": {
                "type": "string",
                "computed": true
              },
              "retention_policy": {
                "type": "string",
                "optional": true,
                "computed": true
              },
              "security_group_id": {
                "type": "string",
                "required": true
              },
              "security_protocol": {
                "type": "string",
                "optional": true,
                "forcenew": true
              },
              "ssl_enable": {
                "type": "bool",
                "optional": true,
                "computed": true,
                "forcenew": true
              },
              "ssl_two_way_enable": {
                "type": "bool",
                "computed": true
              },
              "status": {
                "type": "string",
                "computed": true
              },
              "storage_resource_id": {
                "type": "string",
                "computed": true
              },
              "storage_space": {
                "type": "number",
                "optional": true,
                "computed": true
              },
              "storage_spec_code": {
                "type": "string",
                "required": true,
                "forcenew": true
              },
              "storage_type": {
                "type": "string",
                "computed": true
              },
              "tags": {
                "type": [
                  "map",
                  "string"
                ],
                "optional": true,
                "computed": true
              },
              "type": {
                "type": "string",
                "computed": true
              },
              "used_storage_space": {
                "type": "number",
                "computed": true
              },
              "user_id": {
                "type": "string",
                "computed": true
              },
              "user_name": {
                "type": "string",
                "computed": true
              },
              "vpc_client_plain": {
                "type": "bool",
                "optional": true,
                "computed": true,
                "forcenew": true
              },
              "vpc_id": {
                "type": "string",
                "required": true,
                "forcenew": true
              }
            },
            "block_types": {
              "cross_vpc_accesses": {
                "block": {
                  "attributes": {
                    "advertised_ip": {
                      "type": "string",
                      "optional": true,
                      "computed": true
                    },
                    "listener_ip": {
                      "type": "string",
                      "computed": true
                    },
                    "port": {
                      "type": "number",
                      "computed": true
                    },
                    "port_id": {
                      "type": "string",
                      "computed": true
                    }
                  }
                },
                "nesting_mode": "list"
              },
              "parameters": {
                "block": {
                  "attributes": {
                    "name": {
                      "type": "string",
                      "required": true
                    },
                    "value": {
                      "type": "string",
                      "required": true
                    }
                  }
                },
                "nesting_mode": "set"
              },
              "port_protocol": {
                "block": {
                  "attributes": {
                    "private_plain_address": {
                      "type": "string",
                      "description": "The address of the private plaintext access.",
                      "computed": true
                    },
                    "private_plain_domain_name": {
                      "type": "string",
                      "description": "The domain name of the private plaintext access.",
                      "computed": true
                    },
                    "private_plain_enable": {
                      "type": "bool",
                      "description": "Whether to enable private plaintext access.",
                      "optional": true,
                      "computed": true
                    },
                    "private_sasl_plaintext_address": {
                      "type": "string",
                      "description": "The address of the private SASL plaintext access.",
                      "computed": true
                    },
                    "private_sasl_plaintext_domain_name": {
                      "type": "string",
                      "description": "The domain name of the private SASL plaintext access.",
                      "computed": true
                    },
                    "private_sasl_plaintext_enable": {
                      "type": "bool",
                      "description": "Whether to enable private SASL plaintext access.",
                      "optional": true,
                      "computed": true
                    },
                    "private_sasl_ssl_address": {
                      "type": "string",
                      "description": "The address of the private SASL SSL access.",
                      "computed": true
                    },
                    "private_sasl_ssl_domain_name": {
                      "type": "string",
                      "description": "The domain name of the private SASL SSL access.",
                      "computed": true
                    },
                    "private_sasl_ssl_enable": {
                      "type": "bool",
                      "description": "Whether to enable private SASL SSL access.",
                      "optional": true,
                      "computed": true
                    },
                    "public_plain_address": {
                      "type": "string",
                      "description": "The address of the public plaintext access.",
                      "computed": true
                    },
                    "public_plain_domain_name": {
                      "type": "string",
                      "description": "The domain name of the public plaintext access.",
                      "computed": true
                    },
                    "public_plain_enable": {
                      "type": "bool",
                      "description": "Whether to enable public plaintext access.",
                      "optional": true,
                      "computed": true
                    },
                    "public_sasl_plaintext_address": {
                      "type": "string",
                      "description": "The address of the public SASL plaintext access.",
                      "computed": true
                    },
                    "public_sasl_plaintext_domain_name": {
                      "type": "string",
                      "description": "The domain name of the public SASL plaintext access.",
                      "computed": true
                    },
                    "public_sasl_plaintext_enable": {
                      "type": "bool",
                      "description": "Whether to enable public SASL plaintext access.",
                      "optional": true,
                      "computed": true
                    },
                    "public_sasl_ssl_address": {
                      "type": "string",
                      "description": "The address of the public SASL SSL access.",
                      "computed": true
                    },
                    "public_sasl_ssl_domain_name": {
                      "type": "string",
                      "description": "The domain name of the public SASL SSL access.",
                      "computed": true
                    },
                    "public_sasl_ssl_enable": {
                      "type": "bool",
                      "description": "Whether to enable public SASL SSL access.",
                      "optional": true,
                      "computed": true
                    }
                  },
                  "description": "The port protocol information of the Kafka instance."
                },
                "nesting_mode": "list",
                "max_items": 1
              }
            }
          },
          "product": {
            "short": "Kafka",
            "name": "Distributed Message Service for Kafka",
            "catalog": "Middleware",
            "name_cn": "分布式消息服务 Kafka",
            "catalog_cn": "应用中间件"
          }
        }
      }
    }
  }
}
