{
  "provider_schemas": {
    "huaweicloud/huaweicloud": {
      "resource_schemas": {
        "huaweicloud_dms_kafka_consumer_group_topic_batch_delete": {
          "block": {
            "attributes": {
              "group": {
                "type": "string",
                "description": "The ID of the consumer group.",
                "required": true
              },
              "id": {
                "type": "string",
                "computed": true
              },
              "instance_id": {
                "type": "string",
                "description": "The ID of the Kafka instance.",
                "required": true
              },
              "region": {
                "type": "string",
                "description": "The region where the topics to be deleted in batches are located.",
                "computed": true
              },
              "result": {
                "type": [
                  "list",
                  [
                    "object",
                    {
                      "error_code": "string",
                      "name": "string",
                      "success": "bool"
                    }
                  ]
                ],
                "description": "The result of the batch delete operation.",
                "computed": true
              },
              "topics": {
                "type": [
                  "list",
                  "string"
                ],
                "description": "The list of topic names to be deleted.",
                "required": true
              }
            }
          },
          "product": {
            "short": "Kafka",
            "name": "Distributed Message Service for Kafka",
            "catalog": "Middleware",
            "name_cn": "分布式消息服务 Kafka",
            "catalog_cn": "应用中间件"
          }
        }
      }
    }
  }
}
