{
  "provider_schemas": {
    "huaweicloud/huaweicloud": {
      "resource_schemas": {
        "huaweicloud_dms_kafka_message_diagnosis_task": {
          "block": {
            "attributes": {
              "accumulated_partitions": {
                "type": "number",
                "computed": true
              },
              "begin_time": {
                "type": "string",
                "computed": true
              },
              "diagnosis_dimension_list": {
                "type": [
                  "list",
                  [
                    "object",
                    {
                      "abnormal_num": "number",
                      "diagnosis_item_list": [
                        "list",
                        [
                          "object",
                          {
                            "advice_ids": [
                              "list",
                              [
                                "object",
                                {
                                  "id": "number",
                                  "params": [
                                    "map",
                                    "string"
                                  ]
                                }
                              ]
                            ],
                            "broker_ids": [
                              "list",
                              "number"
                            ],
                            "cause_ids": [
                              "list",
                              [
                                "object",
                                {
                                  "id": "number",
                                  "params": [
                                    "map",
                                    "string"
                                  ]
                                }
                              ]
                            ],
                            "failed_partitions": [
                              "list",
                              "number"
                            ],
                            "name": "string",
                            "partitions": [
                              "list",
                              "number"
                            ],
                            "result": "string"
                          }
                        ]
                      ],
                      "failed_num": "number",
                      "name": "string"
                    }
                  ]
                ],
                "computed": true
              },
              "end_time": {
                "type": "string",
                "computed": true
              },
              "group_name": {
                "type": "string",
                "required": true,
                "forcenew": true
              },
              "id": {
                "type": "string",
                "computed": true
              },
              "instance_id": {
                "type": "string",
                "required": true,
                "forcenew": true
              },
              "region": {
                "type": "string",
                "computed": true
              },
              "status": {
                "type": "string",
                "computed": true
              },
              "topic_name": {
                "type": "string",
                "required": true,
                "forcenew": true
              }
            }
          },
          "product": {
            "short": "Kafka",
            "name": "Distributed Message Service for Kafka",
            "catalog": "Middleware",
            "name_cn": "分布式消息服务 Kafka",
            "catalog_cn": "应用中间件"
          }
        }
      }
    }
  }
}
