{
  "provider_schemas": {
    "huaweicloud/huaweicloud": {
      "resource_schemas": {
        "huaweicloud_dms_kafka_consumer_group": {
          "block": {
            "attributes": {
              "coordinator_id": {
                "type": "number",
                "description": "Indicates the coordinator id of the consumer group.",
                "computed": true
              },
              "created_at": {
                "type": "number",
                "description": "Indicates the created time of the consumer group.",
                "computed": true
              },
              "description": {
                "type": "string",
                "description": "Specifies the description of the consumer group.",
                "optional": true
              },
              "id": {
                "type": "string",
                "computed": true
              },
              "instance_id": {
                "type": "string",
                "description": "Specifies the ID of the Kafka instance.",
                "required": true,
                "forcenew": true
              },
              "lag": {
                "type": "number",
                "description": "Indicates the lag number of the consumer group.",
                "computed": true
              },
              "name": {
                "type": "string",
                "description": "Specifies the name of the consumer group.",
                "required": true,
                "forcenew": true
              },
              "region": {
                "type": "string",
                "computed": true
              },
              "state": {
                "type": "string",
                "description": "Indicates the state of the consumer group.",
                "computed": true
              }
            }
          },
          "product": {
            "short": "Kafka",
            "name": "Distributed Message Service for Kafka",
            "catalog": "Middleware",
            "name_cn": "分布式消息服务 Kafka",
            "catalog_cn": "应用中间件"
          }
        }
      }
    }
  }
}
