{
  "provider_schemas": {
    "huaweicloud/huaweicloud": {
      "resource_schemas": {
        "huaweicloud_dms_rabbitmq_queue": {
          "block": {
            "attributes": {
              "auto_delete": {
                "type": "bool",
                "required": true,
                "forcenew": true
              },
              "consumer_details": {
                "type": [
                  "list",
                  [
                    "object",
                    {
                      "ack_required": "bool",
                      "channel_details": [
                        "list",
                        [
                          "object",
                          {
                            "connection_name": "string",
                            "name": "string",
                            "number": "number",
                            "peer_host": "string",
                            "peer_port": "number",
                            "user": "string"
                          }
                        ]
                      ],
                      "consumer_tag": "string",
                      "prefetch_count": "number"
                    }
                  ]
                ],
                "computed": true
              },
              "consumers": {
                "type": "number",
                "computed": true
              },
              "dead_letter_exchange": {
                "type": "string",
                "optional": true,
                "forcenew": true
              },
              "dead_letter_routing_key": {
                "type": "string",
                "optional": true,
                "forcenew": true
              },
              "durable": {
                "type": "bool",
                "optional": true,
                "computed": true,
                "forcenew": true
              },
              "id": {
                "type": "string",
                "computed": true
              },
              "instance_id": {
                "type": "string",
                "required": true,
                "forcenew": true
              },
              "lazy_mode": {
                "type": "string",
                "optional": true,
                "forcenew": true
              },
              "message_ttl": {
                "type": "number",
                "optional": true,
                "forcenew": true
              },
              "messages": {
                "type": "number",
                "computed": true
              },
              "name": {
                "type": "string",
                "required": true,
                "forcenew": true
              },
              "policy": {
                "type": "string",
                "computed": true
              },
              "queue_bindings": {
                "type": [
                  "list",
                  [
                    "object",
                    {
                      "destination": "string",
                      "destination_type": "string",
                      "properties_key": "string",
                      "routing_key": "string",
                      "source": "string"
                    }
                  ]
                ],
                "computed": true
              },
              "region": {
                "type": "string",
                "computed": true
              },
              "vhost": {
                "type": "string",
                "required": true,
                "forcenew": true
              }
            }
          },
          "product": {
            "short": "RabbitMQ",
            "name": "Distributed Message Service for RabbitMQ",
            "catalog": "Middleware",
            "name_cn": "分布式消息服务 RabbitMQ",
            "catalog_cn": "应用中间件"
          }
        }
      }
    }
  }
}
