{
  "provider_schemas": {
    "huaweicloud/huaweicloud": {
      "resource_schemas": {
        "huaweicloud_dms_rabbitmq_vhost": {
          "block": {
            "attributes": {
              "id": {
                "type": "string",
                "computed": true
              },
              "instance_id": {
                "type": "string",
                "required": true,
                "forcenew": true
              },
              "name": {
                "type": "string",
                "required": true,
                "forcenew": true
              },
              "region": {
                "type": "string",
                "computed": true
              },
              "tracing": {
                "type": "bool",
                "computed": true
              }
            }
          },
          "product": {
            "short": "RabbitMQ",
            "name": "Distributed Message Service for RabbitMQ",
            "catalog": "Middleware",
            "name_cn": "分布式消息服务 RabbitMQ",
            "catalog_cn": "应用中间件"
          }
        }
      }
    }
  }
}
