{
  "provider_schemas": {
    "huaweicloud/huaweicloud": {
      "resource_schemas": {
        "huaweicloud_dms_rabbitmq_plugin": {
          "block": {
            "attributes": {
              "enable": {
                "type": "bool",
                "description": "Indicates whether the plugin is enabled.",
                "computed": true
              },
              "id": {
                "type": "string",
                "computed": true
              },
              "instance_id": {
                "type": "string",
                "description": "Specifies the ID of the RabbitMQ instance.",
                "required": true,
                "forcenew": true
              },
              "name": {
                "type": "string",
                "description": "Specifies the name of the plugin.",
                "required": true,
                "forcenew": true
              },
              "region": {
                "type": "string",
                "computed": true
              },
              "running": {
                "type": "bool",
                "description": "Indicates whether the plugin is running.",
                "computed": true
              },
              "version": {
                "type": "string",
                "description": "Indicates the version of the plugin.",
                "computed": true
              }
            }
          },
          "product": {
            "short": "RabbitMQ",
            "name": "Distributed Message Service for RabbitMQ",
            "catalog": "Middleware",
            "name_cn": "分布式消息服务 RabbitMQ",
            "catalog_cn": "应用中间件"
          }
        }
      }
    }
  }
}
