{
  "provider_schemas": {
    "huaweicloud/huaweicloud": {
      "resource_schemas": {
        "huaweicloud_dms_kafka_topic": {
          "block": {
            "attributes": {
              "aging_time": {
                "type": "number",
                "optional": true,
                "computed": true
              },
              "created_at": {
                "type": "string",
                "computed": true
              },
              "description": {
                "type": "string",
                "optional": true
              },
              "id": {
                "type": "string",
                "computed": true
              },
              "instance_id": {
                "type": "string",
                "required": true,
                "forcenew": true
              },
              "name": {
                "type": "string",
                "required": true,
                "forcenew": true
              },
              "new_partition_brokers": {
                "type": [
                  "set",
                  "number"
                ],
                "optional": true
              },
              "partitions": {
                "type": "number",
                "required": true
              },
              "policies_only": {
                "type": "bool",
                "computed": true
              },
              "region": {
                "type": "string",
                "computed": true
              },
              "replicas": {
                "type": "number",
                "optional": true,
                "computed": true,
                "forcenew": true
              },
              "sync_flushing": {
                "type": "bool",
                "optional": true,
                "computed": true
              },
              "sync_replication": {
                "type": "bool",
                "optional": true,
                "computed": true
              },
              "type": {
                "type": "string",
                "computed": true
              }
            },
            "block_types": {
              "configs": {
                "block": {
                  "attributes": {
                    "name": {
                      "type": "string",
                      "required": true
                    },
                    "value": {
                      "type": "string",
                      "required": true
                    }
                  }
                },
                "nesting_mode": "set"
              }
            }
          },
          "product": {
            "short": "Kafka",
            "name": "Distributed Message Service for Kafka",
            "catalog": "Middleware",
            "name_cn": "分布式消息服务 Kafka",
            "catalog_cn": "应用中间件"
          }
        }
      }
    }
  }
}
