{
  "provider_schemas": {
    "huaweicloud/huaweicloud": {
      "resource_schemas": {
        "huaweicloud_dms_rabbitmq_instance": {
          "block": {
            "attributes": {
              "access_user": {
                "type": "string",
                "required": true,
                "forcenew": true
              },
              "availability_zones": {
                "type": [
                  "set",
                  "string"
                ],
                "optional": true,
                "computed": true,
                "forcenew": true
              },
              "connect_address": {
                "type": "string",
                "computed": true
              },
              "description": {
                "type": "string",
                "optional": true
              },
              "enable_public_ip": {
                "type": "bool",
                "computed": true
              },
              "engine": {
                "type": "string",
                "computed": true
              },
              "engine_version": {
                "type": "string",
                "optional": true,
                "forcenew": true,
                "default": "3.7.17"
              },
              "enterprise_project_id": {
                "type": "string",
                "optional": true,
                "computed": true
              },
              "id": {
                "type": "string",
                "computed": true
              },
              "maintain_begin": {
                "type": "string",
                "optional": true,
                "computed": true
              },
              "maintain_end": {
                "type": "string",
                "optional": true,
                "computed": true
              },
              "management_connect_address": {
                "type": "string",
                "computed": true
              },
              "name": {
                "type": "string",
                "required": true
              },
              "network_id": {
                "type": "string",
                "required": true,
                "forcenew": true
              },
              "password": {
                "type": "string",
                "required": true,
                "forcenew": true,
                "sensitive": true
              },
              "port": {
                "type": "number",
                "computed": true
              },
              "product_id": {
                "type": "string",
                "required": true
              },
              "public_ip_id": {
                "type": "string",
                "optional": true
              },
              "region": {
                "type": "string",
                "computed": true
              },
              "resource_spec_code": {
                "type": "string",
                "computed": true
              },
              "security_group_id": {
                "type": "string",
                "required": true
              },
              "specification": {
                "type": "string",
                "computed": true
              },
              "ssl_enable": {
                "type": "bool",
                "optional": true,
                "forcenew": true
              },
              "status": {
                "type": "string",
                "computed": true
              },
              "storage_space": {
                "type": "number",
                "optional": true,
                "computed": true,
                "forcenew": true
              },
              "storage_spec_code": {
                "type": "string",
                "required": true,
                "forcenew": true
              },
              "tags": {
                "type": [
                  "map",
                  "string"
                ],
                "optional": true
              },
              "type": {
                "type": "string",
                "computed": true
              },
              "used_storage_space": {
                "type": "number",
                "computed": true
              },
              "user_id": {
                "type": "string",
                "computed": true
              },
              "user_name": {
                "type": "string",
                "computed": true
              },
              "vpc_id": {
                "type": "string",
                "required": true,
                "forcenew": true
              }
            }
          },
          "product": {
            "short": "RabbitMQ",
            "name": "Distributed Message Service for RabbitMQ",
            "catalog": "Middleware",
            "name_cn": "分布式消息服务 RabbitMQ",
            "catalog_cn": "应用中间件"
          }
        }
      }
    }
  }
}
