{
  "provider_schemas": {
    "huaweicloud/huaweicloud": {
      "resource_schemas": {
        "huaweicloud_dms_kafka_user_client_quota": {
          "block": {
            "attributes": {
              "client": {
                "type": "string",
                "description": "Specifies the ID of the client to which the quota applies.",
                "optional": true,
                "forcenew": true
              },
              "client_default": {
                "type": "bool",
                "description": "Specifies the client default configuration of the quota.",
                "optional": true,
                "forcenew": true
              },
              "consumer_byte_rate": {
                "type": "number",
                "description": "Specifies an upper limit on the consumption rate. The unit is B/s.",
                "optional": true,
                "computed": true
              },
              "id": {
                "type": "string",
                "computed": true
              },
              "instance_id": {
                "type": "string",
                "description": "Specifies the ID of the Kafka instance.",
                "required": true,
                "forcenew": true
              },
              "producer_byte_rate": {
                "type": "number",
                "description": "Specifies an upper limit on the prodction rate. The unit is B/s.",
                "optional": true,
                "computed": true
              },
              "region": {
                "type": "string",
                "computed": true
              },
              "user": {
                "type": "string",
                "description": "Specifies the user name to apply the quota.",
                "optional": true,
                "forcenew": true
              },
              "user_default": {
                "type": "bool",
                "description": "Specifies the user default configuration of the quota.",
                "optional": true,
                "forcenew": true
              }
            }
          },
          "product": {
            "short": "Kafka",
            "name": "Distributed Message Service for Kafka",
            "catalog": "Middleware",
            "name_cn": "分布式消息服务 Kafka",
            "catalog_cn": "应用中间件"
          }
        }
      }
    }
  }
}
