{
  "provider_schemas": {
    "huaweicloud/huaweicloud": {
      "resource_schemas": {
        "huaweicloud_dms_kafka_smart_connect_task": {
          "block": {
            "attributes": {
              "access_key": {
                "type": "string",
                "description": "Specifies the access key used to access the OBS bucket.",
                "required": true,
                "forcenew": true
              },
              "connector_id": {
                "type": "string",
                "description": "Specifies the connector id of the kafka instance.",
                "required": true,
                "forcenew": true
              },
              "consumer_strategy": {
                "type": "string",
                "description": "Specifies the consumer strategy of the smart connect task.",
                "required": true,
                "forcenew": true
              },
              "created_at": {
                "type": "string",
                "description": "Indicates the creation time of the smart connect task.",
                "computed": true
              },
              "deliver_time_interval": {
                "type": "number",
                "description": "Specifies the deliver time interval of the smart connect task.",
                "required": true,
                "forcenew": true
              },
              "destination_file_type": {
                "type": "string",
                "description": "Specifies the destination file type of the smart connect task.",
                "optional": true,
                "forcenew": true
              },
              "destination_type": {
                "type": "string",
                "description": "Specifies the destination type of the smart connect task.",
                "required": true,
                "forcenew": true
              },
              "id": {
                "type": "string",
                "computed": true
              },
              "obs_bucket_name": {
                "type": "string",
                "description": "Specifies the obs bucket name of the smart connect task.",
                "required": true,
                "forcenew": true
              },
              "obs_path": {
                "type": "string",
                "description": "Specifies the obs path of the smart connect task.",
                "optional": true,
                "forcenew": true
              },
              "partition_format": {
                "type": "string",
                "description": "Specifies the partiton format of the smart connect task.",
                "required": true,
                "forcenew": true
              },
              "record_delimiter": {
                "type": "string",
                "description": "Specifies the record delimiter of the smart connect task.",
                "optional": true,
                "forcenew": true
              },
              "region": {
                "type": "string",
                "computed": true
              },
              "secret_key": {
                "type": "string",
                "description": "Specifies the secret access key used to access the OBS bucket.",
                "required": true,
                "forcenew": true,
                "sensitive": true
              },
              "source_type": {
                "type": "string",
                "description": "Specifies the source type of the smart connect task.",
                "required": true,
                "forcenew": true
              },
              "status": {
                "type": "string",
                "description": "Indicates the status of the smart connect task.",
                "computed": true
              },
              "task_name": {
                "type": "string",
                "description": "Specifies the name of the smart connect task.",
                "required": true,
                "forcenew": true
              },
              "topics": {
                "type": "string",
                "description": "Specifies the topics of the task.",
                "optional": true,
                "forcenew": true
              },
              "topics_regex": {
                "type": "string",
                "description": "Specifies the topics regular expression of the smart connect task.",
                "optional": true,
                "forcenew": true
              }
            }
          },
          "product": {
            "short": "Kafka",
            "name": "分布式消息服务 Kafka",
            "catalog": "Middleware",
            "name_cn": "分布式消息服务 Kafka",
            "catalog_cn": "应用中间件"
          }
        }
      }
    }
  }
}
