{
  "provider_schemas": {
    "huaweicloud/huaweicloud": {
      "resource_schemas": {
        "huaweicloud_dns_zone_retrieval_verify": {
          "block": {
            "attributes": {
              "id": {
                "type": "string",
                "computed": true
              },
              "message": {
                "type": "string",
                "description": "Indicates the message.",
                "computed": true
              },
              "region": {
                "type": "string",
                "description": "The region in which to create the resource. If omitted, the provider-level region will be used.",
                "computed": true
              },
              "retrieval_id": {
                "type": "string",
                "description": "Specifies the retrieval ID.",
                "required": true
              }
            }
          },
          "product": {
            "short": "DNS",
            "name": "Domain Name Service",
            "catalog": "Networking",
            "name_cn": "云解析服务",
            "catalog_cn": "网络"
          }
        }
      }
    }
  }
}
