{
  "provider_schemas": {
    "huaweicloud/huaweicloud": {
      "resource_schemas": {
        "huaweicloud_dns_zone_authorization": {
          "block": {
            "attributes": {
              "created_at": {
                "type": "string",
                "description": "The creation time of the authorization, in RFC3339 format.",
                "computed": true
              },
              "id": {
                "type": "string",
                "computed": true
              },
              "record": {
                "type": [
                  "list",
                  [
                    "object",
                    {
                      "host": "string",
                      "value": "string"
                    }
                  ]
                ],
                "description": "The TXT record information.",
                "computed": true
              },
              "second_level_zone_name": {
                "type": "string",
                "description": "The second-level domain name to which the sub-domain belongs.",
                "computed": true
              },
              "status": {
                "type": "string",
                "description": "The authorization status.",
                "computed": true
              },
              "updated_at": {
                "type": "string",
                "description": "The latest update time of the authorization, in RFC3339 format.",
                "computed": true
              },
              "zone_name": {
                "type": "string",
                "description": "The name of the sub-domain to be authorized.",
                "required": true
              }
            }
          },
          "product": {
            "short": "DNS",
            "name": "Domain Name Service",
            "catalog": "Networking",
            "name_cn": "云解析服务",
            "catalog_cn": "网络"
          }
        }
      }
    }
  }
}
