{
  "provider_schemas": {
    "huaweicloud/huaweicloud": {
      "resource_schemas": {
        "huaweicloud_dns_custom_line": {
          "block": {
            "attributes": {
              "description": {
                "type": "string",
                "description": "Specifies the custom line description. A maximum of 255 characters are allowed.",
                "optional": true,
                "computed": true
              },
              "id": {
                "type": "string",
                "computed": true
              },
              "ip_segments": {
                "type": [
                  "list",
                  "string"
                ],
                "description": "Specifies the IP address range.",
                "required": true
              },
              "name": {
                "type": "string",
                "description": "Specifies the custom line name.",
                "required": true
              },
              "region": {
                "type": "string",
                "computed": true
              },
              "status": {
                "type": "string",
                "description": "The resource status.",
                "computed": true
              }
            }
          },
          "product": {
            "short": "DNS",
            "name": "Domain Name Service",
            "catalog": "Business Applications",
            "name_cn": "云解析服务",
            "catalog_cn": "企业应用"
          }
        }
      }
    }
  }
}
