{
  "provider_schemas": {
    "huaweicloud/huaweicloud": {
      "resource_schemas": {
        "huaweicloud_dns_recordset": {
          "block": {
            "attributes": {
              "description": {
                "type": "string",
                "description": "Specifies the description of the record set.",
                "optional": true,
                "computed": true
              },
              "id": {
                "type": "string",
                "computed": true
              },
              "line_id": {
                "type": "string",
                "description": "Specifies the resolution line ID.",
                "optional": true,
                "computed": true,
                "forcenew": true
              },
              "name": {
                "type": "string",
                "description": "Specifies the name of the record set. The name suffixed with a zone name, which is a\ncomplete host name ended with a dot.",
                "required": true
              },
              "records": {
                "type": [
                  "list",
                  "string"
                ],
                "description": "Specifies an array of DNS records. The value rules vary depending on the record set type.",
                "required": true
              },
              "region": {
                "type": "string",
                "computed": true
              },
              "status": {
                "type": "string",
                "description": "Specifies the status of the record set.",
                "optional": true,
                "default": "ENABLE"
              },
              "tags": {
                "type": [
                  "map",
                  "string"
                ],
                "optional": true
              },
              "ttl": {
                "type": "number",
                "description": "Specifies the time to live (TTL) of the record set (in seconds).",
                "optional": true,
                "default": 300
              },
              "type": {
                "type": "string",
                "description": "Specifies the type of the record set.",
                "required": true
              },
              "weight": {
                "type": "number",
                "description": "Specifies the weight of the record set.",
                "optional": true,
                "computed": true
              },
              "zone_id": {
                "type": "string",
                "description": "Specifies the zone ID.",
                "required": true,
                "forcenew": true
              },
              "zone_name": {
                "type": "string",
                "description": "The zone name of the record set.",
                "computed": true
              },
              "zone_type": {
                "type": "string",
                "description": "The zone type. The value can be public or private",
                "computed": true
              }
            }
          },
          "product": {
            "short": "DNS",
            "name": "Domain Name Service",
            "catalog": "Business Applications",
            "name_cn": "云解析服务",
            "catalog_cn": "企业应用"
          }
        }
      }
    }
  }
}
