{
  "provider_schemas": {
    "huaweicloud/huaweicloud": {
      "resource_schemas": {
        "huaweicloud_dns_endpoint_assignment": {
          "block": {
            "attributes": {
              "created_at": {
                "type": "string",
                "description": "The creation time of the endpoint, in RFC3339 format.",
                "computed": true
              },
              "direction": {
                "type": "string",
                "description": "The direction of the endpoint.",
                "required": true,
                "forcenew": true
              },
              "id": {
                "type": "string",
                "computed": true
              },
              "name": {
                "type": "string",
                "description": "The name of the endpoint.",
                "required": true
              },
              "region": {
                "type": "string",
                "computed": true
              },
              "status": {
                "type": "string",
                "description": "The current status of the endpoint.",
                "computed": true
              },
              "vpc_id": {
                "type": "string",
                "description": "The VPC ID associated with the endpoint.",
                "computed": true
              }
            },
            "block_types": {
              "assignments": {
                "block": {
                  "attributes": {
                    "ip_address": {
                      "type": "string",
                      "description": "The IP address associated with the endpoint.",
                      "required": true
                    },
                    "ip_address_id": {
                      "type": "string",
                      "description": "The ID of the IP address associated with the endpoint.",
                      "computed": true
                    },
                    "subnet_id": {
                      "type": "string",
                      "description": "The subnet ID to which the IP address belongs.",
                      "required": true
                    }
                  },
                  "description": "The list of the IP addresses of the endpoint."
                },
                "nesting_mode": "set",
                "min_items": 2,
                "max_items": 6
              }
            }
          },
          "product": {
            "short": "DNS",
            "name": "Domain Name Service",
            "catalog": "Networking",
            "name_cn": "云解析服务",
            "catalog_cn": "网络"
          }
        }
      }
    }
  }
}
