{
  "provider_schemas": {
    "huaweicloud/huaweicloud": {
      "resource_schemas": {
        "huaweicloud_drs_job": {
          "block": {
            "attributes": {
              "action": {
                "type": "string",
                "optional": true
              },
              "created_at": {
                "type": "string",
                "computed": true
              },
              "databases": {
                "type": [
                  "set",
                  "string"
                ],
                "optional": true
              },
              "description": {
                "type": "string",
                "optional": true
              },
              "destination_db_readnoly": {
                "type": "bool",
                "optional": true,
                "forcenew": true,
                "default": true
              },
              "direction": {
                "type": "string",
                "required": true,
                "forcenew": true
              },
              "engine_type": {
                "type": "string",
                "required": true,
                "forcenew": true
              },
              "enterprise_project_id": {
                "type": "string",
                "optional": true,
                "forcenew": true
              },
              "expired_days": {
                "type": "number",
                "optional": true,
                "forcenew": true,
                "default": 14
              },
              "force_destroy": {
                "type": "bool",
                "optional": true,
                "default": false
              },
              "id": {
                "type": "string",
                "computed": true
              },
              "is_sync_re_edit": {
                "type": "bool",
                "optional": true
              },
              "master_az": {
                "type": "string",
                "optional": true,
                "forcenew": true
              },
              "master_job_id": {
                "type": "string",
                "computed": true
              },
              "migrate_definer": {
                "type": "bool",
                "optional": true,
                "forcenew": true,
                "default": true
              },
              "migration_type": {
                "type": "string",
                "optional": true,
                "forcenew": true,
                "default": "FULL_INCR_TRANS"
              },
              "multi_write": {
                "type": "bool",
                "optional": true,
                "forcenew": true,
                "default": false
              },
              "name": {
                "type": "string",
                "required": true
              },
              "net_type": {
                "type": "string",
                "optional": true,
                "forcenew": true,
                "default": "eip"
              },
              "node_type": {
                "type": "string",
                "optional": true,
                "forcenew": true,
                "default": "high"
              },
              "order_id": {
                "type": "string",
                "computed": true
              },
              "pause_mode": {
                "type": "string",
                "optional": true
              },
              "private_ip": {
                "type": "string",
                "computed": true
              },
              "progress": {
                "type": "string",
                "computed": true
              },
              "public_ip": {
                "type": "string",
                "computed": true
              },
              "region": {
                "type": "string",
                "computed": true
              },
              "security_group_id": {
                "type": "string",
                "computed": true
              },
              "slave_az": {
                "type": "string",
                "optional": true,
                "forcenew": true
              },
              "slave_job_id": {
                "type": "string",
                "computed": true
              },
              "start_time": {
                "type": "string",
                "optional": true
              },
              "status": {
                "type": "string",
                "computed": true
              },
              "subnet_id": {
                "type": "string",
                "computed": true
              },
              "tags": {
                "type": [
                  "map",
                  "string"
                ],
                "optional": true
              },
              "type": {
                "type": "string",
                "required": true,
                "forcenew": true
              },
              "updated_at": {
                "type": "string",
                "computed": true
              },
              "vpc_id": {
                "type": "string",
                "computed": true
              }
            },
            "block_types": {
              "alarm_notify": {
                "block": {
                  "attributes": {
                    "delay_time": {
                      "type": "number",
                      "optional": true,
                      "computed": true,
                      "forcenew": true
                    },
                    "rpo_delay": {
                      "type": "number",
                      "optional": true,
                      "computed": true,
                      "forcenew": true
                    },
                    "rto_delay": {
                      "type": "number",
                      "optional": true,
                      "computed": true,
                      "forcenew": true
                    },
                    "topic_urn": {
                      "type": "string",
                      "required": true,
                      "forcenew": true
                    }
                  }
                },
                "nesting_mode": "list",
                "forcenew": true,
                "max_items": 1
              },
              "destination_db": {
                "block": {
                  "attributes": {
                    "engine_type": {
                      "type": "string",
                      "required": true,
                      "forcenew": true
                    },
                    "instance_id": {
                      "type": "string",
                      "optional": true,
                      "forcenew": true
                    },
                    "ip": {
                      "type": "string",
                      "required": true,
                      "forcenew": true
                    },
                    "name": {
                      "type": "string",
                      "optional": true,
                      "computed": true,
                      "forcenew": true
                    },
                    "password": {
                      "type": "string",
                      "optional": true,
                      "forcenew": true,
                      "sensitive": true
                    },
                    "port": {
                      "type": "number",
                      "optional": true,
                      "forcenew": true
                    },
                    "region": {
                      "type": "string",
                      "optional": true,
                      "computed": true,
                      "forcenew": true
                    },
                    "security_group_id": {
                      "type": "string",
                      "computed": true
                    },
                    "ssl_cert_check_sum": {
                      "type": "string",
                      "optional": true,
                      "forcenew": true
                    },
                    "ssl_cert_key": {
                      "type": "string",
                      "optional": true,
                      "forcenew": true
                    },
                    "ssl_cert_name": {
                      "type": "string",
                      "optional": true,
                      "forcenew": true
                    },
                    "ssl_cert_password": {
                      "type": "string",
                      "optional": true,
                      "forcenew": true
                    },
                    "ssl_enabled": {
                      "type": "bool",
                      "optional": true,
                      "forcenew": true,
                      "default": false
                    },
                    "subnet_id": {
                      "type": "string",
                      "optional": true,
                      "forcenew": true
                    },
                    "user": {
                      "type": "string",
                      "optional": true,
                      "forcenew": true
                    },
                    "vpc_id": {
                      "type": "string",
                      "optional": true,
                      "computed": true,
                      "forcenew": true
                    }
                  },
                  "block_types": {
                    "kafka_security_config": {
                      "block": {
                        "attributes": {
                          "delegation_tokens": {
                            "type": "bool",
                            "optional": true,
                            "forcenew": true
                          },
                          "enable_key_store": {
                            "type": "bool",
                            "optional": true,
                            "forcenew": true
                          },
                          "endpoint_algorithm": {
                            "type": "string",
                            "optional": true,
                            "forcenew": true
                          },
                          "key_password": {
                            "type": "string",
                            "optional": true,
                            "forcenew": true
                          },
                          "key_store_key": {
                            "type": "string",
                            "optional": true,
                            "forcenew": true
                          },
                          "key_store_key_name": {
                            "type": "string",
                            "optional": true,
                            "forcenew": true
                          },
                          "key_store_password": {
                            "type": "string",
                            "optional": true,
                            "forcenew": true
                          },
                          "sasl_mechanism": {
                            "type": "string",
                            "optional": true,
                            "forcenew": true
                          },
                          "set_private_key_password": {
                            "type": "bool",
                            "optional": true,
                            "forcenew": true
                          },
                          "trust_store_key": {
                            "type": "string",
                            "optional": true,
                            "forcenew": true
                          },
                          "trust_store_key_name": {
                            "type": "string",
                            "optional": true,
                            "forcenew": true
                          },
                          "trust_store_password": {
                            "type": "string",
                            "optional": true,
                            "forcenew": true
                          },
                          "type": {
                            "type": "string",
                            "optional": true,
                            "forcenew": true
                          }
                        }
                      },
                      "nesting_mode": "list",
                      "forcenew": true,
                      "max_items": 1
                    }
                  }
                },
                "nesting_mode": "list",
                "forcenew": true,
                "min_items": 1,
                "max_items": 1
              },
              "limit_speed": {
                "block": {
                  "attributes": {
                    "end_time": {
                      "type": "string",
                      "required": true,
                      "forcenew": true
                    },
                    "speed": {
                      "type": "string",
                      "required": true,
                      "forcenew": true
                    },
                    "start_time": {
                      "type": "string",
                      "required": true,
                      "forcenew": true
                    }
                  }
                },
                "nesting_mode": "set",
                "forcenew": true,
                "max_items": 3
              },
              "policy_config": {
                "block": {
                  "attributes": {
                    "conflict_policy": {
                      "type": "string",
                      "optional": true,
                      "forcenew": true
                    },
                    "export_snapshot": {
                      "type": "bool",
                      "optional": true,
                      "forcenew": true
                    },
                    "file_and_position": {
                      "type": "string",
                      "optional": true,
                      "forcenew": true
                    },
                    "filter_ddl_policy": {
                      "type": "string",
                      "optional": true,
                      "forcenew": true
                    },
                    "gtid_set": {
                      "type": "string",
                      "optional": true,
                      "forcenew": true
                    },
                    "index_trans": {
                      "type": "bool",
                      "optional": true,
                      "forcenew": true
                    },
                    "is_fill_materialized_view": {
                      "type": "bool",
                      "optional": true,
                      "forcenew": true
                    },
                    "kafka_data_format": {
                      "type": "string",
                      "optional": true,
                      "forcenew": true
                    },
                    "partition_policy": {
                      "type": "string",
                      "optional": true,
                      "forcenew": true
                    },
                    "partitions_num": {
                      "type": "string",
                      "optional": true,
                      "forcenew": true
                    },
                    "replication_factor": {
                      "type": "string",
                      "optional": true,
                      "forcenew": true
                    },
                    "slot_name": {
                      "type": "string",
                      "optional": true,
                      "forcenew": true
                    },
                    "topic": {
                      "type": "string",
                      "optional": true,
                      "forcenew": true
                    },
                    "topic_name_format": {
                      "type": "string",
                      "optional": true,
                      "forcenew": true
                    },
                    "topic_policy": {
                      "type": "string",
                      "optional": true,
                      "forcenew": true
                    }
                  }
                },
                "nesting_mode": "list",
                "forcenew": true,
                "max_items": 1
              },
              "public_ip_list": {
                "block": {
                  "attributes": {
                    "id": {
                      "type": "string",
                      "required": true,
                      "forcenew": true
                    },
                    "public_ip": {
                      "type": "string",
                      "required": true,
                      "forcenew": true
                    },
                    "type": {
                      "type": "string",
                      "required": true,
                      "forcenew": true
                    }
                  }
                },
                "nesting_mode": "list",
                "forcenew": true
              },
              "source_db": {
                "block": {
                  "attributes": {
                    "engine_type": {
                      "type": "string",
                      "required": true,
                      "forcenew": true
                    },
                    "instance_id": {
                      "type": "string",
                      "optional": true,
                      "forcenew": true
                    },
                    "ip": {
                      "type": "string",
                      "required": true,
                      "forcenew": true
                    },
                    "name": {
                      "type": "string",
                      "optional": true,
                      "computed": true,
                      "forcenew": true
                    },
                    "password": {
                      "type": "string",
                      "optional": true,
                      "forcenew": true,
                      "sensitive": true
                    },
                    "port": {
                      "type": "number",
                      "optional": true,
                      "forcenew": true
                    },
                    "region": {
                      "type": "string",
                      "optional": true,
                      "computed": true,
                      "forcenew": true
                    },
                    "security_group_id": {
                      "type": "string",
                      "computed": true
                    },
                    "ssl_cert_check_sum": {
                      "type": "string",
                      "optional": true,
                      "forcenew": true
                    },
                    "ssl_cert_key": {
                      "type": "string",
                      "optional": true,
                      "forcenew": true
                    },
                    "ssl_cert_name": {
                      "type": "string",
                      "optional": true,
                      "forcenew": true
                    },
                    "ssl_cert_password": {
                      "type": "string",
                      "optional": true,
                      "forcenew": true
                    },
                    "ssl_enabled": {
                      "type": "bool",
                      "optional": true,
                      "forcenew": true,
                      "default": false
                    },
                    "subnet_id": {
                      "type": "string",
                      "optional": true,
                      "forcenew": true
                    },
                    "user": {
                      "type": "string",
                      "optional": true,
                      "forcenew": true
                    },
                    "vpc_id": {
                      "type": "string",
                      "optional": true,
                      "computed": true,
                      "forcenew": true
                    }
                  },
                  "block_types": {
                    "kafka_security_config": {
                      "block": {
                        "attributes": {
                          "delegation_tokens": {
                            "type": "bool",
                            "optional": true,
                            "forcenew": true
                          },
                          "enable_key_store": {
                            "type": "bool",
                            "optional": true,
                            "forcenew": true
                          },
                          "endpoint_algorithm": {
                            "type": "string",
                            "optional": true,
                            "forcenew": true
                          },
                          "key_password": {
                            "type": "string",
                            "optional": true,
                            "forcenew": true
                          },
                          "key_store_key": {
                            "type": "string",
                            "optional": true,
                            "forcenew": true
                          },
                          "key_store_key_name": {
                            "type": "string",
                            "optional": true,
                            "forcenew": true
                          },
                          "key_store_password": {
                            "type": "string",
                            "optional": true,
                            "forcenew": true
                          },
                          "sasl_mechanism": {
                            "type": "string",
                            "optional": true,
                            "forcenew": true
                          },
                          "set_private_key_password": {
                            "type": "bool",
                            "optional": true,
                            "forcenew": true
                          },
                          "trust_store_key": {
                            "type": "string",
                            "optional": true,
                            "forcenew": true
                          },
                          "trust_store_key_name": {
                            "type": "string",
                            "optional": true,
                            "forcenew": true
                          },
                          "trust_store_password": {
                            "type": "string",
                            "optional": true,
                            "forcenew": true
                          },
                          "type": {
                            "type": "string",
                            "optional": true,
                            "forcenew": true
                          }
                        }
                      },
                      "nesting_mode": "list",
                      "forcenew": true,
                      "max_items": 1
                    }
                  }
                },
                "nesting_mode": "list",
                "forcenew": true,
                "min_items": 1,
                "max_items": 1
              },
              "tables": {
                "block": {
                  "attributes": {
                    "database": {
                      "type": "string",
                      "required": true
                    },
                    "table_names": {
                      "type": [
                        "set",
                        "string"
                      ],
                      "required": true
                    }
                  }
                },
                "nesting_mode": "set"
              }
            }
          },
          "product": {
            "short": "DRS",
            "name": "Data Replication Service",
            "catalog": "Databases",
            "name_cn": "数据复制服务",
            "catalog_cn": "数据库"
          }
        }
      }
    }
  }
}
