{
  "provider_schemas": {
    "huaweicloud/huaweicloud": {
      "resource_schemas": {
        "huaweicloud_drs_batch_delete_jobs": {
          "block": {
            "attributes": {
              "id": {
                "type": "string",
                "computed": true
              },
              "jobs": {
                "type": [
                  "list",
                  "string"
                ],
                "required": true
              },
              "region": {
                "type": "string",
                "computed": true
              },
              "results": {
                "type": [
                  "list",
                  [
                    "object",
                    {
                      "id": "string",
                      "name": "string",
                      "status": "string"
                    }
                  ]
                ],
                "computed": true
              }
            }
          },
          "product": {
            "short": "DRS",
            "name": "Data Replication Service",
            "catalog": "Databases",
            "name_cn": "数据复制服务",
            "catalog_cn": "数据库"
          }
        }
      }
    }
  }
}
