{
  "provider_schemas": {
    "huaweicloud/huaweicloud": {
      "resource_schemas": {
        "huaweicloud_drs_batch_pause_task": {
          "block": {
            "attributes": {
              "id": {
                "type": "string",
                "computed": true
              },
              "region": {
                "type": "string",
                "computed": true
              },
              "results": {
                "type": [
                  "list",
                  [
                    "object",
                    {
                      "id": "string",
                      "status": "string"
                    }
                  ]
                ],
                "computed": true
              }
            },
            "block_types": {
              "jobs": {
                "block": {
                  "attributes": {
                    "job_id": {
                      "type": "string",
                      "required": true
                    },
                    "pause_mode": {
                      "type": "string",
                      "required": true
                    }
                  }
                },
                "nesting_mode": "list",
                "min_items": 1
              }
            }
          },
          "product": {
            "short": "DRS",
            "name": "Data Replication Service",
            "catalog": "Databases",
            "name_cn": "数据复制服务",
            "catalog_cn": "数据库"
          }
        }
      }
    }
  }
}
