{
  "provider_schemas": {
    "huaweicloud/huaweicloud": {
      "resource_schemas": {
        "huaweicloud_drs_compare_policy": {
          "block": {
            "attributes": {
              "begin_time": {
                "type": "string",
                "optional": true,
                "computed": true
              },
              "compare_policy": {
                "type": "string",
                "optional": true,
                "computed": true
              },
              "compare_type": {
                "type": [
                  "list",
                  "string"
                ],
                "optional": true,
                "computed": true
              },
              "end_time": {
                "type": "string",
                "optional": true,
                "computed": true
              },
              "id": {
                "type": "string",
                "computed": true
              },
              "interval_hour": {
                "type": "number",
                "optional": true,
                "computed": true
              },
              "job_id": {
                "type": "string",
                "required": true
              },
              "next_compare_time": {
                "type": "string",
                "computed": true
              },
              "period": {
                "type": "string",
                "optional": true,
                "computed": true
              },
              "region": {
                "type": "string",
                "computed": true
              },
              "status": {
                "type": "string",
                "computed": true
              }
            }
          },
          "product": {
            "short": "DRS",
            "name": "Data Replication Service",
            "catalog": "Databases",
            "name_cn": "数据复制服务",
            "catalog_cn": "数据库"
          }
        }
      }
    }
  }
}
