{
  "provider_schemas": {
    "huaweicloud/huaweicloud": {
      "resource_schemas": {
        "huaweicloud_dsc_bigdata_instance": {
          "block": {
            "attributes": {
              "asset_name": {
                "type": "string",
                "optional": true
              },
              "create_time": {
                "type": "number",
                "optional": true
              },
              "ds_address": {
                "type": "string",
                "optional": true
              },
              "ds_name": {
                "type": "string",
                "optional": true
              },
              "ds_password": {
                "type": "string",
                "optional": true,
                "sensitive": true
              },
              "ds_port": {
                "type": "number",
                "optional": true
              },
              "ds_type": {
                "type": "string",
                "optional": true
              },
              "ds_user": {
                "type": "string",
                "optional": true
              },
              "ds_version": {
                "type": "string",
                "optional": true
              },
              "id": {
                "type": "string",
                "computed": true
              },
              "ins_id": {
                "type": "string",
                "optional": true
              },
              "ins_name": {
                "type": "string",
                "optional": true
              },
              "ins_type": {
                "type": "string",
                "optional": true
              },
              "lts_group_id": {
                "type": "string",
                "optional": true
              },
              "lts_group_name": {
                "type": "string",
                "optional": true
              },
              "lts_stream_id": {
                "type": "string",
                "optional": true
              },
              "lts_stream_name": {
                "type": "string",
                "optional": true
              },
              "msg": {
                "type": "string",
                "computed": true
              },
              "queue_name": {
                "type": "string",
                "optional": true
              },
              "region": {
                "type": "string",
                "computed": true
              },
              "region_name": {
                "type": "string",
                "optional": true
              },
              "scan_metadata": {
                "type": "bool",
                "optional": true
              },
              "security_group_id": {
                "type": "string",
                "optional": true
              },
              "status": {
                "type": "string",
                "computed": true
              },
              "subnet_id": {
                "type": "string",
                "optional": true
              },
              "vpc_id": {
                "type": "string",
                "optional": true
              }
            }
          },
          "product": {
            "short": "DSC",
            "name": "Data Security Center",
            "catalog": "Security & Compliance",
            "name_cn": "数据安全中心",
            "catalog_cn": "安全与合规"
          }
        }
      }
    }
  }
}
