{
  "provider_schemas": {
    "huaweicloud/huaweicloud": {
      "resource_schemas": {
        "huaweicloud_dsc_scan_template_classification": {
          "block": {
            "attributes": {
              "classification_name": {
                "type": "string",
                "description": "The name of the classification.",
                "required": true
              },
              "create_time": {
                "type": "string",
                "description": "The time when the classification is created, in RFC3339 format.",
                "computed": true
              },
              "depth": {
                "type": "number",
                "description": "The depth of the classification.",
                "computed": true
              },
              "id": {
                "type": "string",
                "computed": true
              },
              "parent_id": {
                "type": "string",
                "description": "The parent classification ID.",
                "optional": true
              },
              "region": {
                "type": "string",
                "description": "The region where the scan template classification is located.",
                "computed": true
              },
              "root_id": {
                "type": "string",
                "description": "The ID of the root to which the classification belongs.",
                "computed": true
              },
              "template_id": {
                "type": "string",
                "description": "The ID of the scan template.",
                "required": true
              },
              "update_time": {
                "type": "string",
                "description": "The latest update time of the classification, in RFC3339 format.",
                "computed": true
              }
            }
          },
          "product": {
            "short": "DSC",
            "name": "Data Security Center",
            "catalog": "Security & Compliance",
            "name_cn": "数据安全中心",
            "catalog_cn": "安全与合规"
          }
        }
      }
    }
  }
}
