{
  "provider_schemas": {
    "huaweicloud/huaweicloud": {
      "resource_schemas": {
        "huaweicloud_dsc_batch_delete_template_rule": {
          "block": {
            "attributes": {
              "id": {
                "type": "string",
                "computed": true
              },
              "msg": {
                "type": "string",
                "description": "The returned message.",
                "computed": true
              },
              "region": {
                "type": "string",
                "computed": true
              },
              "rule_ids": {
                "type": "string",
                "description": "Specifies the rule IDs to be deleted.",
                "required": true
              },
              "status": {
                "type": "string",
                "description": "The returned status.",
                "computed": true
              },
              "template_id": {
                "type": "string",
                "description": "Specifies the scan template ID.",
                "required": true
              }
            }
          },
          "product": {
            "short": "DSC",
            "name": "Data Security Center",
            "catalog": "Security & Compliance",
            "name_cn": "数据安全中心",
            "catalog_cn": "安全与合规"
          }
        }
      }
    }
  }
}
