{
  "provider_schemas": {
    "huaweicloud/huaweicloud": {
      "resource_schemas": {
        "huaweicloud_dsc_mask_algorithm_debug": {
          "block": {
            "attributes": {
              "algorithm": {
                "type": "string",
                "description": "The mask algorithm.",
                "required": true
              },
              "algorithm_type": {
                "type": "string",
                "description": "The type of the mask algorithm.",
                "required": true
              },
              "data": {
                "type": "string",
                "description": "The data content to be processed by the mask algorithm.",
                "required": true,
                "sensitive": true
              },
              "id": {
                "type": "string",
                "computed": true
              },
              "parameter": {
                "type": "string",
                "description": "The configuration parameters of the mask algorithm, in JSON format.",
                "optional": true
              },
              "processed_data": {
                "type": "string",
                "description": "The data content after the mask algorithm processing.",
                "computed": true
              },
              "region": {
                "type": "string",
                "description": "The region where the mask algorithm to be tested is located.",
                "computed": true
              }
            }
          },
          "product": {
            "short": "DSC",
            "name": "Data Security Center",
            "catalog": "Security & Compliance",
            "name_cn": "数据安全中心",
            "catalog_cn": "安全与合规"
          }
        }
      }
    }
  }
}
