{
  "provider_schemas": {
    "huaweicloud/huaweicloud": {
      "resource_schemas": {
        "huaweicloud_dsc_device": {
          "block": {
            "attributes": {
              "create_time": {
                "type": "number",
                "computed": true
              },
              "description": {
                "type": "string",
                "optional": true,
                "computed": true
              },
              "id": {
                "type": "string",
                "computed": true
              },
              "ip": {
                "type": "string",
                "computed": true
              },
              "manage_url": {
                "type": "string",
                "optional": true,
                "computed": true
              },
              "mode": {
                "type": "string",
                "required": true
              },
              "name": {
                "type": "string",
                "required": true
              },
              "region": {
                "type": "string",
                "computed": true
              },
              "related_datasource_policy_list": {
                "type": [
                  "list",
                  [
                    "object",
                    {
                      "datasource_address": "string",
                      "datasource_id": "string",
                      "datasource_port": "number",
                      "ddm_policies": [
                        "list",
                        [
                          "object",
                          {
                            "columns": [
                              "list",
                              [
                                "object",
                                {
                                  "mask": "number",
                                  "name": "string"
                                }
                              ]
                            ],
                            "namespace": "string",
                            "table": "string"
                          }
                        ]
                      ],
                      "gde_policies": [
                        "list",
                        [
                          "object",
                          {
                            "action": "number",
                            "alg": "string",
                            "columns": [
                              "list",
                              [
                                "object",
                                {
                                  "mask": "number",
                                  "name": "string"
                                }
                              ]
                            ],
                            "table": "string"
                          }
                        ]
                      ],
                      "proxy_port": "number",
                      "sdm_policies": [
                        "list",
                        [
                          "object",
                          {
                            "columns": [
                              "list",
                              [
                                "object",
                                {
                                  "mask": "number",
                                  "name": "string"
                                }
                              ]
                            ],
                            "do_mask": "bool",
                            "do_move": "bool",
                            "namespace": "string",
                            "table": "string"
                          }
                        ]
                      ]
                    }
                  ]
                ],
                "computed": true
              },
              "status": {
                "type": "string",
                "computed": true
              },
              "subnet_id": {
                "type": "string",
                "required": true
              },
              "type": {
                "type": "number",
                "required": true
              },
              "update_time": {
                "type": "number",
                "computed": true
              },
              "version": {
                "type": "string",
                "computed": true
              },
              "vpc_id": {
                "type": "string",
                "required": true
              }
            }
          },
          "product": {
            "short": "DSC",
            "name": "Data Security Center",
            "catalog": "Security & Compliance",
            "name_cn": "数据安全中心",
            "catalog_cn": "安全与合规"
          }
        }
      }
    }
  }
}
