{
  "provider_schemas": {
    "huaweicloud/huaweicloud": {
      "resource_schemas": {
        "huaweicloud_dws_workload_plan_stage": {
          "block": {
            "attributes": {
              "cluster_id": {
                "type": "string",
                "required": true,
                "forcenew": true
              },
              "day": {
                "type": "string",
                "optional": true,
                "computed": true,
                "forcenew": true
              },
              "end_time": {
                "type": "string",
                "required": true,
                "forcenew": true
              },
              "id": {
                "type": "string",
                "computed": true
              },
              "month": {
                "type": "string",
                "optional": true,
                "computed": true,
                "forcenew": true
              },
              "name": {
                "type": "string",
                "required": true,
                "forcenew": true
              },
              "plan_id": {
                "type": "string",
                "required": true,
                "forcenew": true
              },
              "region": {
                "type": "string",
                "computed": true
              },
              "start_time": {
                "type": "string",
                "required": true,
                "forcenew": true
              }
            },
            "block_types": {
              "queues": {
                "block": {
                  "attributes": {
                    "name": {
                      "type": "string",
                      "required": true,
                      "forcenew": true
                    }
                  },
                  "block_types": {
                    "configuration": {
                      "block": {
                        "attributes": {
                          "resource_description": {
                            "type": "string",
                            "optional": true,
                            "forcenew": true
                          },
                          "resource_name": {
                            "type": "string",
                            "required": true,
                            "forcenew": true
                          },
                          "resource_value": {
                            "type": "number",
                            "required": true,
                            "forcenew": true
                          },
                          "value_unit": {
                            "type": "string",
                            "optional": true,
                            "forcenew": true
                          }
                        }
                      },
                      "nesting_mode": "set",
                      "forcenew": true,
                      "min_items": 1
                    }
                  }
                },
                "nesting_mode": "list",
                "forcenew": true,
                "min_items": 1
              }
            }
          },
          "product": {
            "short": "DWS",
            "name": "Data Warehouse Service",
            "catalog": "Analytics",
            "name_cn": "数据仓库服务",
            "catalog_cn": "大数据"
          }
        }
      }
    }
  }
}
