{
  "provider_schemas": {
    "huaweicloud/huaweicloud": {
      "resource_schemas": {
        "huaweicloud_dws_workload_plan": {
          "block": {
            "attributes": {
              "cluster_id": {
                "type": "string",
                "required": true,
                "forcenew": true
              },
              "current_stage_name": {
                "type": "string",
                "computed": true
              },
              "id": {
                "type": "string",
                "computed": true
              },
              "name": {
                "type": "string",
                "required": true,
                "forcenew": true
              },
              "region": {
                "type": "string",
                "computed": true
              },
              "stages": {
                "type": [
                  "list",
                  [
                    "object",
                    {
                      "id": "string",
                      "name": "string"
                    }
                  ]
                ],
                "computed": true
              },
              "status": {
                "type": "string",
                "computed": true
              }
            }
          },
          "product": {
            "short": "DWS",
            "name": "Data Warehouse Service",
            "catalog": "Analytics",
            "name_cn": "数据仓库服务",
            "catalog_cn": "大数据"
          }
        }
      }
    }
  }
}
