{
  "provider_schemas": {
    "huaweicloud/huaweicloud": {
      "resource_schemas": {
        "huaweicloud_dws_disaster_recovery_task": {
          "block": {
            "attributes": {
              "action": {
                "type": "string",
                "optional": true
              },
              "created_at": {
                "type": "string",
                "computed": true
              },
              "dr_sync_period": {
                "type": "string",
                "required": true
              },
              "dr_type": {
                "type": "string",
                "required": true,
                "forcenew": true
              },
              "id": {
                "type": "string",
                "computed": true
              },
              "name": {
                "type": "string",
                "required": true,
                "forcenew": true
              },
              "primary_cluster": {
                "type": [
                  "list",
                  [
                    "object",
                    {
                      "cluster_az": "string",
                      "id": "string",
                      "last_success_at": "string",
                      "name": "string",
                      "obs_bucket_name": "string",
                      "progress": "string",
                      "region": "string",
                      "role": "string",
                      "status": "string"
                    }
                  ]
                ],
                "computed": true
              },
              "primary_cluster_id": {
                "type": "string",
                "required": true,
                "forcenew": true
              },
              "region": {
                "type": "string",
                "computed": true
              },
              "standby_cluster": {
                "type": [
                  "list",
                  [
                    "object",
                    {
                      "cluster_az": "string",
                      "id": "string",
                      "last_success_at": "string",
                      "name": "string",
                      "obs_bucket_name": "string",
                      "progress": "string",
                      "region": "string",
                      "role": "string",
                      "status": "string"
                    }
                  ]
                ],
                "computed": true
              },
              "standby_cluster_id": {
                "type": "string",
                "required": true,
                "forcenew": true
              },
              "started_at": {
                "type": "string",
                "computed": true
              },
              "status": {
                "type": "string",
                "computed": true
              }
            }
          },
          "product": {
            "short": "DWS",
            "name": "Data Warehouse Service",
            "catalog": "Analytics",
            "name_cn": "数据仓库服务",
            "catalog_cn": "大数据"
          }
        }
      }
    }
  }
}
