{
  "provider_schemas": {
    "huaweicloud/huaweicloud": {
      "resource_schemas": {
        "huaweicloud_eg_custom_event_source": {
          "block": {
            "attributes": {
              "channel_id": {
                "type": "string",
                "description": "The ID of the custom event channel to which the custom event source belong.",
                "required": true,
                "forcenew": true
              },
              "created_at": {
                "type": "string",
                "description": "The creation time of the custom event source.",
                "computed": true
              },
              "description": {
                "type": "string",
                "description": "The description of the custom event source.",
                "optional": true
              },
              "detail": {
                "type": "string",
                "description": "The configuration detail of the event source, in JSON format.",
                "optional": true,
                "computed": true
              },
              "id": {
                "type": "string",
                "computed": true
              },
              "name": {
                "type": "string",
                "description": "The name of the custom event source.",
                "required": true,
                "forcenew": true
              },
              "region": {
                "type": "string",
                "description": "The region where the custom event source is located.",
                "computed": true
              },
              "status": {
                "type": "string",
                "description": "The status of the custom event source.",
                "computed": true
              },
              "type": {
                "type": "string",
                "description": "The type of the custom event source.",
                "optional": true,
                "computed": true,
                "forcenew": true
              },
              "updated_at": {
                "type": "string",
                "description": "The update time of the custom event source.",
                "computed": true
              }
            }
          },
          "product": {
            "short": "EG",
            "name": "EventGrid",
            "catalog": "Middleware",
            "name_cn": "事件网格",
            "catalog_cn": "应用中间件"
          }
        }
      }
    }
  }
}
