{
  "provider_schemas": {
    "huaweicloud/huaweicloud": {
      "resource_schemas": {
        "huaweicloud_elb_pool": {
          "block": {
            "attributes": {
              "description": {
                "type": "string",
                "optional": true
              },
              "id": {
                "type": "string",
                "computed": true
              },
              "lb_method": {
                "type": "string",
                "required": true
              },
              "listener_id": {
                "type": "string",
                "optional": true,
                "computed": true,
                "forcenew": true
              },
              "loadbalancer_id": {
                "type": "string",
                "optional": true,
                "computed": true,
                "forcenew": true
              },
              "name": {
                "type": "string",
                "optional": true
              },
              "protocol": {
                "type": "string",
                "required": true,
                "forcenew": true
              },
              "region": {
                "type": "string",
                "computed": true
              }
            },
            "block_types": {
              "persistence": {
                "block": {
                  "attributes": {
                    "cookie_name": {
                      "type": "string",
                      "optional": true,
                      "forcenew": true
                    },
                    "type": {
                      "type": "string",
                      "required": true,
                      "forcenew": true
                    }
                  }
                },
                "nesting_mode": "list",
                "forcenew": true
              }
            }
          },
          "product": {
            "catalog": "Networking",
            "name": "Elastic Load Balance",
            "short": "ELB"
          }
        }
      }
    }
  }
}
