{
  "provider_schemas": {
    "huaweicloud/huaweicloud": {
      "resource_schemas": {
        "huaweicloud_elb_l7policy": {
          "block": {
            "attributes": {
              "action": {
                "type": "string",
                "optional": true,
                "forcenew": true,
                "default": "REDIRECT_TO_POOL"
              },
              "description": {
                "type": "string",
                "optional": true
              },
              "id": {
                "type": "string",
                "computed": true
              },
              "listener_id": {
                "type": "string",
                "required": true,
                "forcenew": true
              },
              "name": {
                "type": "string",
                "optional": true,
                "computed": true
              },
              "priority": {
                "type": "number",
                "optional": true,
                "computed": true
              },
              "redirect_listener_id": {
                "type": "string",
                "optional": true,
                "computed": true
              },
              "redirect_pool_id": {
                "type": "string",
                "optional": true,
                "computed": true
              },
              "region": {
                "type": "string",
                "computed": true
              }
            },
            "block_types": {
              "fixed_response_config": {
                "block": {
                  "attributes": {
                    "content_type": {
                      "type": "string",
                      "optional": true,
                      "computed": true
                    },
                    "message_body": {
                      "type": "string",
                      "optional": true
                    },
                    "status_code": {
                      "type": "string",
                      "required": true
                    }
                  }
                },
                "nesting_mode": "list",
                "max_items": 1
              },
              "redirect_pools_extend_config": {
                "block": {
                  "attributes": {
                    "rewrite_url_enabled": {
                      "type": "bool",
                      "optional": true,
                      "computed": true
                    }
                  },
                  "block_types": {
                    "rewrite_url_config": {
                      "block": {
                        "attributes": {
                          "host": {
                            "type": "string",
                            "optional": true,
                            "computed": true
                          },
                          "path": {
                            "type": "string",
                            "optional": true,
                            "computed": true
                          },
                          "query": {
                            "type": "string",
                            "optional": true
                          }
                        }
                      },
                      "nesting_mode": "list",
                      "max_items": 1
                    }
                  }
                },
                "nesting_mode": "list",
                "max_items": 1
              },
              "redirect_url_config": {
                "block": {
                  "attributes": {
                    "host": {
                      "type": "string",
                      "optional": true,
                      "computed": true
                    },
                    "path": {
                      "type": "string",
                      "optional": true,
                      "computed": true
                    },
                    "port": {
                      "type": "string",
                      "optional": true,
                      "computed": true
                    },
                    "protocol": {
                      "type": "string",
                      "optional": true,
                      "computed": true
                    },
                    "query": {
                      "type": "string",
                      "optional": true
                    },
                    "status_code": {
                      "type": "string",
                      "required": true
                    }
                  }
                },
                "nesting_mode": "list",
                "max_items": 1
              }
            }
          },
          "product": {
            "short": "ELB",
            "name": "Elastic Load Balance",
            "catalog": "Networking",
            "name_cn": "弹性负载均衡",
            "catalog_cn": "网络"
          }
        }
      }
    }
  }
}
