{
  "provider_schemas": {
    "huaweicloud/huaweicloud": {
      "resource_schemas": {
        "huaweicloud_elb_member": {
          "block": {
            "attributes": {
              "address": {
                "type": "string",
                "required": true,
                "forcenew": true
              },
              "id": {
                "type": "string",
                "computed": true
              },
              "name": {
                "type": "string",
                "optional": true
              },
              "pool_id": {
                "type": "string",
                "required": true,
                "forcenew": true
              },
              "protocol_port": {
                "type": "number",
                "required": true,
                "forcenew": true
              },
              "region": {
                "type": "string",
                "computed": true
              },
              "subnet_id": {
                "type": "string",
                "description": "The IPv4 or IPv6 subnet ID of the subnet in which to access the member",
                "optional": true,
                "forcenew": true
              },
              "weight": {
                "type": "number",
                "optional": true,
                "computed": true
              }
            }
          },
          "product": {
            "short": "ELB",
            "name": "Elastic Load Balance",
            "catalog": "Networking",
            "name_cn": "弹性负载均衡",
            "catalog_cn": "网络"
          }
        }
      }
    }
  }
}
