{
  "provider_schemas": {
    "huaweicloud/huaweicloud": {
      "resource_schemas": {
        "huaweicloud_elb_member": {
          "block": {
            "attributes": {
              "address": {
                "type": "string",
                "required": true,
                "forcenew": true
              },
              "created_at": {
                "type": "string",
                "computed": true
              },
              "id": {
                "type": "string",
                "computed": true
              },
              "instance_id": {
                "type": "string",
                "computed": true
              },
              "ip_version": {
                "type": "string",
                "computed": true
              },
              "member_type": {
                "type": "string",
                "computed": true
              },
              "name": {
                "type": "string",
                "optional": true
              },
              "operating_status": {
                "type": "string",
                "computed": true
              },
              "pool_id": {
                "type": "string",
                "required": true,
                "forcenew": true
              },
              "protocol_port": {
                "type": "number",
                "optional": true,
                "computed": true
              },
              "reason": {
                "type": [
                  "list",
                  [
                    "object",
                    {
                      "expected_response": "string",
                      "healthcheck_response": "string",
                      "reason_code": "string"
                    }
                  ]
                ],
                "computed": true
              },
              "region": {
                "type": "string",
                "computed": true
              },
              "status": {
                "type": [
                  "list",
                  [
                    "object",
                    {
                      "listener_id": "string",
                      "operating_status": "string",
                      "reason": [
                        "list",
                        [
                          "object",
                          {
                            "expected_response": "string",
                            "healthcheck_response": "string",
                            "reason_code": "string"
                          }
                        ]
                      ]
                    }
                  ]
                ],
                "computed": true
              },
              "subnet_id": {
                "type": "string",
                "optional": true,
                "forcenew": true
              },
              "updated_at": {
                "type": "string",
                "computed": true
              },
              "weight": {
                "type": "number",
                "optional": true,
                "computed": true
              }
            }
          },
          "product": {
            "short": "ELB",
            "name": "Elastic Load Balance",
            "catalog": "Networking",
            "name_cn": "弹性负载均衡",
            "catalog_cn": "网络"
          }
        }
      }
    }
  }
}
