{
  "provider_schemas": {
    "huaweicloud/huaweicloud": {
      "resource_schemas": {
        "huaweicloud_enterprise_project": {
          "block": {
            "attributes": {
              "created_at": {
                "type": "string",
                "computed": true
              },
              "description": {
                "type": "string",
                "optional": true
              },
              "enable": {
                "type": "bool",
                "optional": true,
                "default": true
              },
              "id": {
                "type": "string",
                "computed": true
              },
              "name": {
                "type": "string",
                "required": true
              },
              "status": {
                "type": "number",
                "computed": true
              },
              "type": {
                "type": "string",
                "optional": true,
                "computed": true
              },
              "updated_at": {
                "type": "string",
                "computed": true
              }
            }
          },
          "product": {
            "short": "EPS",
            "name": "Enterprise Project Management Service",
            "catalog": "Management \u0026 Governance",
            "name_cn": "企业项目管理服务",
            "catalog_cn": "管理与监管"
          }
        }
      }
    }
  }
}
