{
  "provider_schemas": {
    "huaweicloud/huaweicloud": {
      "resource_schemas": {
        "huaweicloud_er_association": {
          "block": {
            "attributes": {
              "attachment_id": {
                "type": "string",
                "description": "The ID of the attachment corresponding to the association.",
                "required": true,
                "forcenew": true
              },
              "attachment_type": {
                "type": "string",
                "description": "The type of the attachment corresponding to the association.",
                "computed": true
              },
              "created_at": {
                "type": "string",
                "description": "The creation time.",
                "computed": true
              },
              "id": {
                "type": "string",
                "computed": true
              },
              "instance_id": {
                "type": "string",
                "description": "The ID of the ER instance to which the route table and the attachment belongs.",
                "required": true,
                "forcenew": true
              },
              "region": {
                "type": "string",
                "description": "The region where the ER instance and route table are located.",
                "computed": true
              },
              "route_table_id": {
                "type": "string",
                "description": "The ID of the route table to which the association belongs.",
                "required": true,
                "forcenew": true
              },
              "status": {
                "type": "string",
                "description": "The current status of the association.",
                "computed": true
              },
              "updated_at": {
                "type": "string",
                "description": "The latest update time.",
                "computed": true
              }
            }
          },
          "product": {
            "short": "ER",
            "name": "企业路由器",
            "catalog": "Networking",
            "name_cn": "企业路由器",
            "catalog_cn": "网络"
          }
        }
      }
    }
  }
}
