{
  "provider_schemas": {
    "huaweicloud/huaweicloud": {
      "resource_schemas": {
        "huaweicloud_er_route_table": {
          "block": {
            "attributes": {
              "created_at": {
                "type": "string",
                "description": "The creation time.",
                "computed": true
              },
              "description": {
                "type": "string",
                "description": "The description of the ER route table.",
                "optional": true
              },
              "id": {
                "type": "string",
                "computed": true
              },
              "instance_id": {
                "type": "string",
                "description": "The ID of the ER instance to which the route table belongs.",
                "required": true,
                "forcenew": true
              },
              "is_default_association": {
                "type": "bool",
                "description": "Whether this route table is the default association route table.",
                "computed": true
              },
              "is_default_propagation": {
                "type": "bool",
                "description": "Whether this route table is the default propagation route table.",
                "computed": true
              },
              "name": {
                "type": "string",
                "description": "The name of the route table.",
                "required": true
              },
              "region": {
                "type": "string",
                "description": "The region where the ER instance and route table are located.",
                "computed": true
              },
              "status": {
                "type": "string",
                "description": "The current status of the route table.",
                "computed": true
              },
              "tags": {
                "type": [
                  "map",
                  "string"
                ],
                "optional": true,
                "forcenew": true
              },
              "updated_at": {
                "type": "string",
                "description": "The latest update time.",
                "computed": true
              }
            }
          },
          "product": {
            "short": "ER",
            "name": "Enterprise Router",
            "catalog": "Networking",
            "name_cn": "企业路由器",
            "catalog_cn": "网络"
          }
        }
      }
    }
  }
}
