{
  "provider_schemas": {
    "huaweicloud/huaweicloud": {
      "resource_schemas": {
        "huaweicloud_evs_volume_transfer": {
          "block": {
            "attributes": {
              "auth_key": {
                "type": "string",
                "computed": true,
                "sensitive": true
              },
              "created_at": {
                "type": "string",
                "computed": true
              },
              "id": {
                "type": "string",
                "computed": true
              },
              "name": {
                "type": "string",
                "required": true,
                "forcenew": true
              },
              "region": {
                "type": "string",
                "computed": true
              },
              "volume_id": {
                "type": "string",
                "required": true,
                "forcenew": true
              }
            }
          },
          "product": {
            "short": "EVS",
            "name": "Elastic Volume Service",
            "catalog": "Storage",
            "name_cn": "云硬盘",
            "catalog_cn": "存储"
          }
        }
      }
    }
  }
}
