{
  "provider_schemas": {
    "huaweicloud/huaweicloud": {
      "resource_schemas": {
        "huaweicloud_evs_snapshot": {
          "block": {
            "attributes": {
              "description": {
                "type": "string",
                "optional": true
              },
              "force": {
                "type": "bool",
                "optional": true,
                "default": false
              },
              "id": {
                "type": "string",
                "computed": true
              },
              "name": {
                "type": "string",
                "required": true
              },
              "region": {
                "type": "string",
                "computed": true
              },
              "size": {
                "type": "number",
                "computed": true
              },
              "status": {
                "type": "string",
                "computed": true
              },
              "volume_id": {
                "type": "string",
                "required": true,
                "forcenew": true
              }
            }
          },
          "product": {
            "short": "EVS",
            "name": "云硬盘",
            "catalog": "Storage",
            "name_cn": "云硬盘",
            "catalog_cn": "存储"
          }
        }
      }
    }
  }
}
