{
  "provider_schemas": {
    "huaweicloud/huaweicloud": {
      "resource_schemas": {
        "huaweicloud_evs_snapshot_group": {
          "block": {
            "attributes": {
              "created_at": {
                "type": "string",
                "computed": true
              },
              "description": {
                "type": "string",
                "optional": true
              },
              "enterprise_project_id": {
                "type": "string",
                "optional": true,
                "computed": true
              },
              "id": {
                "type": "string",
                "computed": true
              },
              "incremental": {
                "type": "bool",
                "optional": true
              },
              "instant_access": {
                "type": "bool",
                "optional": true
              },
              "name": {
                "type": "string",
                "optional": true,
                "computed": true
              },
              "region": {
                "type": "string",
                "computed": true
              },
              "server_id": {
                "type": "string",
                "optional": true,
                "computed": true
              },
              "status": {
                "type": "string",
                "computed": true
              },
              "tags": {
                "type": [
                  "map",
                  "string"
                ],
                "optional": true,
                "computed": true
              },
              "updated_at": {
                "type": "string",
                "computed": true
              },
              "volume_ids": {
                "type": [
                  "list",
                  "string"
                ],
                "optional": true
              }
            }
          },
          "product": {
            "short": "EVS",
            "name": "Elastic Volume Service",
            "catalog": "Storage",
            "name_cn": "云硬盘",
            "catalog_cn": "存储"
          }
        }
      }
    }
  }
}
