{
  "provider_schemas": {
    "huaweicloud/huaweicloud": {
      "resource_schemas": {
        "huaweicloud_evsv3_volume_transfer": {
          "block": {
            "attributes": {
              "auth_key": {
                "type": "string",
                "computed": true,
                "sensitive": true
              },
              "created_at": {
                "type": "string",
                "computed": true
              },
              "id": {
                "type": "string",
                "computed": true
              },
              "links": {
                "type": [
                  "list",
                  [
                    "object",
                    {
                      "href": "string",
                      "rel": "string"
                    }
                  ]
                ],
                "computed": true
              },
              "name": {
                "type": "string",
                "required": true
              },
              "region": {
                "type": "string",
                "computed": true
              },
              "volume_id": {
                "type": "string",
                "required": true
              }
            }
          }
        }
      }
    }
  }
}
