{
  "provider_schemas": {
    "huaweicloud/huaweicloud": {
      "resource_schemas": {
        "huaweicloud_fgs_function_trigger": {
          "block": {
            "attributes": {
              "created_at": {
                "type": "string",
                "description": "The creation time of the function trigger.",
                "computed": true
              },
              "event_data": {
                "type": "string",
                "description": "The detailed configuration of the function trigger.",
                "required": true
              },
              "function_urn": {
                "type": "string",
                "description": "The function URN to which the function trigger belongs.",
                "required": true,
                "forcenew": true
              },
              "id": {
                "type": "string",
                "computed": true
              },
              "region": {
                "type": "string",
                "description": "The region where the function trigger is located.",
                "computed": true
              },
              "status": {
                "type": "string",
                "description": "The expected status of the function trigger.",
                "optional": true,
                "computed": true
              },
              "type": {
                "type": "string",
                "description": "The type of the function trigger.",
                "required": true,
                "forcenew": true
              },
              "updated_at": {
                "type": "string",
                "description": "The latest update time of the function trigger.",
                "computed": true
              }
            }
          },
          "product": {
            "short": "FunctionGraph",
            "name": "FunctionGraph",
            "catalog": "Compute",
            "name_cn": "函数工作流",
            "catalog_cn": "计算"
          }
        }
      }
    }
  }
}
