{
  "provider_schemas": {
    "huaweicloud/huaweicloud": {
      "resource_schemas": {
        "huaweicloud_fgs_function": {
          "block": {
            "attributes": {
              "agency": {
                "type": "string",
                "description": "The agency configuration of the function.",
                "optional": true
              },
              "app": {
                "type": "string",
                "description": "The group to which the function belongs.",
                "required": true
              },
              "app_agency": {
                "type": "string",
                "description": "The execution agency enables you to obtain a token or an AK/SK for accessing other cloud services.",
                "optional": true,
                "computed": true
              },
              "code_filename": {
                "type": "string",
                "description": "The name of the function file.",
                "optional": true,
                "computed": true
              },
              "code_type": {
                "type": "string",
                "description": "The code type of the function.",
                "required": true
              },
              "code_url": {
                "type": "string",
                "description": "The URL where the function code is stored in OBS.",
                "optional": true
              },
              "concurrency_num": {
                "type": "number",
                "description": "The number of concurrent requests of the function.",
                "optional": true,
                "computed": true
              },
              "depend_list": {
                "type": [
                  "set",
                  "string"
                ],
                "description": "The ID list of the dependencies.",
                "optional": true,
                "computed": true
              },
              "description": {
                "type": "string",
                "description": "The description of the function.",
                "optional": true
              },
              "dns_list": {
                "type": "string",
                "description": "The private DNS configuration of the function network.",
                "optional": true,
                "computed": true
              },
              "enable_auth_in_header": {
                "type": "bool",
                "description": "Whether the authentication in the request header is enabled.",
                "optional": true
              },
              "enable_class_isolation": {
                "type": "bool",
                "description": "Whether the class isolation is enabled for the JAVA runtime functions.",
                "optional": true
              },
              "enable_dynamic_memory": {
                "type": "bool",
                "description": "Whether the dynamic memory configuration is enabled.",
                "optional": true
              },
              "encrypted_user_data": {
                "type": "string",
                "description": "The key/value information defined to be encrypted for the function.",
                "optional": true,
                "sensitive": true
              },
              "enterprise_project_id": {
                "type": "string",
                "description": "The ID of the enterprise project to which the function belongs.",
                "optional": true,
                "computed": true
              },
              "ephemeral_storage": {
                "type": "number",
                "description": "The size of the function ephemeral storage.",
                "optional": true,
                "computed": true
              },
              "func_code": {
                "type": "string",
                "description": "The function code.",
                "optional": true
              },
              "functiongraph_version": {
                "type": "string",
                "description": "The description of the function.",
                "optional": true,
                "computed": true,
                "forcenew": true
              },
              "gpu_memory": {
                "type": "number",
                "description": "The GPU memory size allocated to the function, in MByte (MB).",
                "optional": true
              },
              "gpu_type": {
                "type": "string",
                "description": "The GPU type of the function.",
                "optional": true
              },
              "handler": {
                "type": "string",
                "description": "The entry point of the function.",
                "required": true
              },
              "heartbeat_handler": {
                "type": "string",
                "description": "The heartbeat handler of the function.",
                "optional": true
              },
              "id": {
                "type": "string",
                "computed": true
              },
              "initializer_handler": {
                "type": "string",
                "description": "The initializer of the function.",
                "optional": true,
                "computed": true
              },
              "initializer_timeout": {
                "type": "number",
                "description": "The maximum duration the function can be initialized.",
                "optional": true,
                "computed": true
              },
              "is_stateful_function": {
                "type": "bool",
                "description": "Whether the function is a stateful function.",
                "optional": true
              },
              "log_group_id": {
                "type": "string",
                "description": "The LTS group ID for collecting logs.",
                "optional": true,
                "computed": true
              },
              "log_group_name": {
                "type": "string",
                "description": "The LTS group name for collecting logs.",
                "optional": true,
                "computed": true
              },
              "log_stream_id": {
                "type": "string",
                "description": "The LTS stream ID for collecting logs.",
                "optional": true,
                "computed": true
              },
              "log_stream_name": {
                "type": "string",
                "description": "The LTS stream name for collecting logs.",
                "optional": true,
                "computed": true
              },
              "lts_custom_tag": {
                "type": [
                  "map",
                  "string"
                ],
                "description": "The custom tags configuration that used to filter the LTS logs.",
                "optional": true
              },
              "max_instance_num": {
                "type": "string",
                "description": "The maximum number of instances of the function.",
                "optional": true,
                "computed": true
              },
              "memory_size": {
                "type": "number",
                "description": "The memory size allocated to the function, in MByte (MB).",
                "required": true
              },
              "mount_user_group_id": {
                "type": "number",
                "description": "The mount user group ID.",
                "optional": true,
                "computed": true
              },
              "mount_user_id": {
                "type": "number",
                "description": "The mount user ID.",
                "optional": true,
                "computed": true
              },
              "name": {
                "type": "string",
                "description": "The name of the function.",
                "required": true,
                "forcenew": true
              },
              "network_id": {
                "type": "string",
                "description": "The network ID of subnet.",
                "optional": true
              },
              "peering_cidr": {
                "type": "string",
                "description": "The VPC CIDR blocks used in the function code to detect whether it conflicts with the VPC\nCIDR blocks used by the service.",
                "optional": true
              },
              "region": {
                "type": "string",
                "description": "The region where the function is located.",
                "computed": true
              },
              "restore_hook_handler": {
                "type": "string",
                "description": "The restore hook handler of the function.",
                "optional": true
              },
              "restore_hook_timeout": {
                "type": "number",
                "description": "The timeout of the function restore hook.",
                "optional": true
              },
              "runtime": {
                "type": "string",
                "description": "The environment for executing the function.",
                "required": true,
                "forcenew": true
              },
              "tags": {
                "type": [
                  "map",
                  "string"
                ],
                "description": "The key/value pairs to associate with the function.",
                "optional": true
              },
              "timeout": {
                "type": "number",
                "description": "The timeout interval of the function, in seconds.",
                "required": true
              },
              "urn": {
                "type": "string",
                "description": "The URN (Uniform Resource Name) of the function.",
                "computed": true
              },
              "user_data": {
                "type": "string",
                "description": "The key/value information defined for the function.",
                "optional": true
              },
              "version": {
                "type": "string",
                "description": "The version of the function.",
                "computed": true
              },
              "vpc_id": {
                "type": "string",
                "description": "The ID of the VPC to which the function belongs.",
                "optional": true
              }
            },
            "block_types": {
              "custom_image": {
                "block": {
                  "attributes": {
                    "args": {
                      "type": "string",
                      "description": "The command line arguments used to start the SWR image.",
                      "optional": true
                    },
                    "command": {
                      "type": "string",
                      "description": "The startup commands of the SWR image.",
                      "optional": true
                    },
                    "url": {
                      "type": "string",
                      "description": "The URL of SWR image.",
                      "required": true
                    },
                    "working_dir": {
                      "type": "string",
                      "description": "The working directory of the SWR image.",
                      "optional": true,
                      "computed": true
                    }
                  },
                  "description": "The custom image configuration of the function."
                },
                "nesting_mode": "list",
                "max_items": 1
              },
              "func_mounts": {
                "block": {
                  "attributes": {
                    "local_mount_path": {
                      "type": "string",
                      "description": "The function access path.",
                      "required": true
                    },
                    "mount_resource": {
                      "type": "string",
                      "description": "The ID of the mounted resource (corresponding cloud service).",
                      "required": true
                    },
                    "mount_share_path": {
                      "type": "string",
                      "description": "The remote mount path.",
                      "required": true
                    },
                    "mount_type": {
                      "type": "string",
                      "description": "The mount type.",
                      "required": true
                    },
                    "status": {
                      "type": "string",
                      "description": "The mount status.",
                      "computed": true
                    }
                  },
                  "description": "The list of function mount configuration."
                },
                "nesting_mode": "list"
              },
              "network_controller": {
                "block": {
                  "attributes": {
                    "disable_public_network": {
                      "type": "bool",
                      "description": "Whether to disable the public network access.",
                      "optional": true
                    }
                  },
                  "block_types": {
                    "trigger_access_vpcs": {
                      "block": {
                        "attributes": {
                          "vpc_id": {
                            "type": "string",
                            "description": "The ID of the VPC that can trigger the function.",
                            "required": true
                          }
                        },
                        "description": "The configuration of the VPCs that can trigger the function."
                      },
                      "nesting_mode": "set",
                      "min_items": 1
                    }
                  },
                  "description": "The network configuration of the function."
                },
                "nesting_mode": "list",
                "max_items": 1
              },
              "reserved_instances": {
                "block": {
                  "attributes": {
                    "count": {
                      "type": "number",
                      "description": "The number of reserved instance.",
                      "required": true
                    },
                    "idle_mode": {
                      "type": "bool",
                      "description": "Whether to enable the idle mode.",
                      "optional": true
                    },
                    "qualifier_name": {
                      "type": "string",
                      "description": "The version name or alias name.",
                      "required": true
                    },
                    "qualifier_type": {
                      "type": "string",
                      "description": "The qualifier type of reserved instance.",
                      "required": true
                    }
                  },
                  "block_types": {
                    "tactics_config": {
                      "block": {
                        "block_types": {
                          "cron_configs": {
                            "block": {
                              "attributes": {
                                "count": {
                                  "type": "number",
                                  "description": "The number of reserved instance to which the policy belongs.",
                                  "required": true
                                },
                                "cron": {
                                  "type": "string",
                                  "description": "The cron expression.",
                                  "required": true
                                },
                                "expired_time": {
                                  "type": "number",
                                  "description": "The expiration timestamp of the policy.",
                                  "required": true
                                },
                                "name": {
                                  "type": "string",
                                  "description": "The name of scheduled policy configuration.",
                                  "required": true
                                },
                                "start_time": {
                                  "type": "number",
                                  "description": "The effective timestamp of policy.",
                                  "required": true
                                }
                              },
                              "description": "The list of scheduled policy configurations."
                            },
                            "nesting_mode": "list"
                          },
                          "metric_configs": {
                            "block": {
                              "attributes": {
                                "min": {
                                  "type": "number",
                                  "description": "The minimun of traffic.",
                                  "required": true
                                },
                                "name": {
                                  "type": "string",
                                  "description": "The name of metric policy.",
                                  "required": true
                                },
                                "threshold": {
                                  "type": "number",
                                  "description": "The metric policy threshold.",
                                  "required": true
                                },
                                "type": {
                                  "type": "string",
                                  "description": "The type of metric policy.",
                                  "required": true
                                }
                              },
                              "description": "The list of metric policy configurations."
                            },
                            "nesting_mode": "list"
                          }
                        },
                        "description": "The auto scaling policies for reserved instance."
                      },
                      "nesting_mode": "list",
                      "max_items": 1
                    }
                  },
                  "description": "The reserved instance policies of the function."
                },
                "nesting_mode": "set"
              },
              "versions": {
                "block": {
                  "attributes": {
                    "description": {
                      "type": "string",
                      "description": "The description of the version.",
                      "optional": true
                    },
                    "name": {
                      "type": "string",
                      "description": "The version name.",
                      "required": true
                    }
                  },
                  "block_types": {
                    "aliases": {
                      "block": {
                        "attributes": {
                          "additional_version_strategy": {
                            "type": "string",
                            "description": "The description of the version alias.",
                            "optional": true
                          },
                          "additional_version_weights": {
                            "type": "string",
                            "description": "The percentage grayscale configuration of the version alias.",
                            "optional": true
                          },
                          "description": {
                            "type": "string",
                            "description": "The description of the version alias.",
                            "optional": true
                          },
                          "name": {
                            "type": "string",
                            "description": "The name of the version alias.",
                            "required": true
                          }
                        },
                        "description": "The aliases management for specified version."
                      },
                      "nesting_mode": "list",
                      "max_items": 1
                    }
                  },
                  "description": "The versions management of the function."
                },
                "nesting_mode": "set"
              }
            }
          },
          "product": {
            "short": "FunctionGraph",
            "name": "FunctionGraph",
            "catalog": "Compute",
            "name_cn": "函数工作流",
            "catalog_cn": "计算"
          }
        }
      }
    }
  }
}
