{
  "provider_schemas": {
    "huaweicloud/huaweicloud": {
      "resource_schemas": {
        "huaweicloud_fgs_application": {
          "block": {
            "attributes": {
              "agency_name": {
                "type": "string",
                "description": "The agency name used by the application.",
                "optional": true,
                "forcenew": true
              },
              "description": {
                "type": "string",
                "description": "The description of the application.",
                "optional": true,
                "forcenew": true
              },
              "id": {
                "type": "string",
                "computed": true
              },
              "name": {
                "type": "string",
                "description": "The application name",
                "required": true,
                "forcenew": true
              },
              "params": {
                "type": "string",
                "description": "The template parameters, in JSON format.",
                "optional": true,
                "forcenew": true
              },
              "region": {
                "type": "string",
                "description": "The region where the application is located.",
                "computed": true
              },
              "repository": {
                "type": [
                  "list",
                  [
                    "object",
                    {
                      "https_url": "string",
                      "project_id": "string",
                      "status": "string",
                      "web_url": "string"
                    }
                  ]
                ],
                "description": "The repository information.",
                "computed": true
              },
              "stack_id": {
                "type": "string",
                "description": "The ID of the stack where the application is deployed.",
                "computed": true
              },
              "stack_resources": {
                "type": [
                  "list",
                  [
                    "object",
                    {
                      "display_name": "string",
                      "href": "string",
                      "logical_resource_name": "string",
                      "logical_resource_type": "string",
                      "physical_resource_id": "string",
                      "physical_resource_name": "string",
                      "resource_status": "string",
                      "status_message": "string"
                    }
                  ]
                ],
                "description": "The list of the stack resources information.",
                "computed": true
              },
              "status": {
                "type": "string",
                "description": "The application status.",
                "computed": true
              },
              "template_id": {
                "type": "string",
                "description": "The ID of the template used by the application.",
                "required": true,
                "forcenew": true
              }
            }
          },
          "product": {
            "short": "FunctionGraph",
            "name": "FunctionGraph",
            "catalog": "Compute",
            "name_cn": "函数工作流",
            "catalog_cn": "计算"
          }
        }
      }
    }
  }
}
