{
  "provider_schemas": {
    "huaweicloud/huaweicloud": {
      "resource_schemas": {
        "huaweicloud_fgs_dependency": {
          "block": {
            "attributes": {
              "description": {
                "type": "string",
                "optional": true,
                "computed": true
              },
              "etag": {
                "type": "string",
                "computed": true
              },
              "id": {
                "type": "string",
                "computed": true
              },
              "link": {
                "type": "string",
                "required": true
              },
              "name": {
                "type": "string",
                "required": true
              },
              "owner": {
                "type": "string",
                "computed": true
              },
              "region": {
                "type": "string",
                "computed": true
              },
              "runtime": {
                "type": "string",
                "required": true
              },
              "size": {
                "type": "number",
                "computed": true
              }
            }
          },
          "product": {
            "short": "FunctionGraph",
            "name": "FunctionGraph",
            "catalog": "Compute",
            "name_cn": "函数工作流",
            "catalog_cn": "计算"
          }
        }
      }
    }
  }
}
