{
  "provider_schemas": {
    "huaweicloud/huaweicloud": {
      "resource_schemas": {
        "huaweicloud_ga_address_group": {
          "block": {
            "attributes": {
              "created_at": {
                "type": "string",
                "computed": true
              },
              "description": {
                "type": "string",
                "optional": true
              },
              "id": {
                "type": "string",
                "computed": true
              },
              "name": {
                "type": "string",
                "required": true
              },
              "status": {
                "type": "string",
                "computed": true
              },
              "updated_at": {
                "type": "string",
                "computed": true
              }
            },
            "block_types": {
              "ip_addresses": {
                "block": {
                  "attributes": {
                    "cidr": {
                      "type": "string",
                      "required": true
                    },
                    "created_at": {
                      "type": "string",
                      "computed": true
                    },
                    "description": {
                      "type": "string",
                      "optional": true
                    }
                  }
                },
                "nesting_mode": "set"
              },
              "listeners": {
                "block": {
                  "attributes": {
                    "id": {
                      "type": "string",
                      "required": true
                    },
                    "type": {
                      "type": "string",
                      "required": true
                    }
                  }
                },
                "nesting_mode": "set"
              }
            }
          },
          "product": {
            "short": "GA",
            "name": "Global Accelerator",
            "catalog": "Networking",
            "name_cn": "全球加速",
            "catalog_cn": "网络"
          }
        }
      }
    }
  }
}
