{
  "provider_schemas": {
    "huaweicloud/huaweicloud": {
      "resource_schemas": {
        "huaweicloud_gaussdb_opengauss_backup": {
          "block": {
            "attributes": {
              "begin_time": {
                "type": "string",
                "computed": true
              },
              "datastore": {
                "type": [
                  "list",
                  [
                    "object",
                    {
                      "type": "string",
                      "version": "string"
                    }
                  ]
                ],
                "computed": true
              },
              "description": {
                "type": "string",
                "optional": true,
                "computed": true,
                "forcenew": true
              },
              "end_time": {
                "type": "string",
                "computed": true
              },
              "id": {
                "type": "string",
                "computed": true
              },
              "instance_id": {
                "type": "string",
                "required": true,
                "forcenew": true
              },
              "name": {
                "type": "string",
                "required": true,
                "forcenew": true
              },
              "region": {
                "type": "string",
                "computed": true
              },
              "size": {
                "type": "number",
                "computed": true
              },
              "type": {
                "type": "string",
                "computed": true
              }
            }
          },
          "product": {
            "short": "GaussDB",
            "name": "GaussDB",
            "catalog": "Databases",
            "name_cn": "云数据库 GaussDB",
            "catalog_cn": "数据库"
          }
        }
      }
    }
  }
}
