{
  "provider_schemas": {
    "huaweicloud/huaweicloud": {
      "resource_schemas": {
        "huaweicloud_gaussdb_idle_sessions_query_and_kill": {
          "block": {
            "attributes": {
              "component_id": {
                "type": "string",
                "required": true
              },
              "id": {
                "type": "string",
                "computed": true
              },
              "instance_id": {
                "type": "string",
                "required": true
              },
              "node_id": {
                "type": "string",
                "required": true
              },
              "region": {
                "type": "string",
                "computed": true
              },
              "success": {
                "type": "bool",
                "computed": true
              }
            }
          },
          "product": {
            "short": "GaussDB",
            "name": "GaussDB",
            "catalog": "Databases",
            "name_cn": "云数据库 GaussDB",
            "catalog_cn": "数据库"
          }
        }
      }
    }
  }
}
