{
  "provider_schemas": {
    "huaweicloud/huaweicloud": {
      "resource_schemas": {
        "huaweicloud_gaussdb_mysql_database": {
          "block": {
            "attributes": {
              "character_set": {
                "type": "string",
                "description": "Specifies the database character set.",
                "required": true,
                "forcenew": true
              },
              "description": {
                "type": "string",
                "description": "Specifies the database remarks.",
                "optional": true,
                "computed": true
              },
              "id": {
                "type": "string",
                "computed": true
              },
              "instance_id": {
                "type": "string",
                "description": "Specifies the ID of the GaussDB MySQL instance.",
                "required": true,
                "forcenew": true
              },
              "name": {
                "type": "string",
                "description": "Specifies the database name.",
                "required": true,
                "forcenew": true
              },
              "region": {
                "type": "string",
                "computed": true
              }
            }
          },
          "product": {
            "short": "GaussDB",
            "name": "GaussDB(for MySQL)",
            "catalog": "Databases",
            "name_cn": "云数据库 GaussDB(for MySQL)",
            "catalog_cn": "数据库"
          }
        }
      }
    }
  }
}
