{
  "provider_schemas": {
    "huaweicloud/huaweicloud": {
      "resource_schemas": {
        "huaweicloud_gaussdb_opengauss_instance": {
          "block": {
            "attributes": {
              "availability_zone": {
                "type": "string",
                "required": true,
                "forcenew": true
              },
              "configuration_id": {
                "type": "string",
                "optional": true,
                "forcenew": true
              },
              "coordinator_num": {
                "type": "number",
                "optional": true,
                "default": 3
              },
              "db_user_name": {
                "type": "string",
                "computed": true
              },
              "endpoints": {
                "type": [
                  "list",
                  "string"
                ],
                "computed": true
              },
              "enterprise_project_id": {
                "type": "string",
                "optional": true,
                "forcenew": true
              },
              "flavor": {
                "type": "string",
                "required": true,
                "forcenew": true
              },
              "force_import": {
                "type": "bool",
                "optional": true
              },
              "id": {
                "type": "string",
                "computed": true
              },
              "maintenance_window": {
                "type": "string",
                "computed": true
              },
              "name": {
                "type": "string",
                "required": true
              },
              "nodes": {
                "type": [
                  "list",
                  [
                    "object",
                    {
                      "availability_zone": "string",
                      "id": "string",
                      "name": "string",
                      "role": "string",
                      "status": "string"
                    }
                  ]
                ],
                "computed": true
              },
              "password": {
                "type": "string",
                "required": true,
                "sensitive": true
              },
              "port": {
                "type": "string",
                "optional": true,
                "computed": true,
                "forcenew": true
              },
              "private_ips": {
                "type": [
                  "list",
                  "string"
                ],
                "computed": true
              },
              "public_ips": {
                "type": [
                  "list",
                  "string"
                ],
                "computed": true
              },
              "region": {
                "type": "string",
                "computed": true
              },
              "security_group_id": {
                "type": "string",
                "optional": true,
                "forcenew": true
              },
              "sharding_num": {
                "type": "number",
                "optional": true,
                "default": 3
              },
              "status": {
                "type": "string",
                "computed": true
              },
              "subnet_id": {
                "type": "string",
                "required": true,
                "forcenew": true
              },
              "switch_strategy": {
                "type": "string",
                "computed": true
              },
              "time_zone": {
                "type": "string",
                "optional": true,
                "forcenew": true,
                "default": "UTC+08:00"
              },
              "type": {
                "type": "string",
                "computed": true
              },
              "vpc_id": {
                "type": "string",
                "required": true,
                "forcenew": true
              }
            },
            "block_types": {
              "backup_strategy": {
                "block": {
                  "attributes": {
                    "keep_days": {
                      "type": "number",
                      "optional": true
                    },
                    "start_time": {
                      "type": "string",
                      "required": true
                    }
                  }
                },
                "nesting_mode": "list",
                "max_items": 1
              },
              "datastore": {
                "block": {
                  "attributes": {
                    "engine": {
                      "type": "string",
                      "required": true,
                      "forcenew": true
                    },
                    "version": {
                      "type": "string",
                      "optional": true,
                      "computed": true,
                      "forcenew": true
                    }
                  }
                },
                "nesting_mode": "list",
                "forcenew": true,
                "max_items": 1
              },
              "ha": {
                "block": {
                  "attributes": {
                    "consistency": {
                      "type": "string",
                      "optional": true,
                      "forcenew": true
                    },
                    "mode": {
                      "type": "string",
                      "required": true,
                      "forcenew": true
                    },
                    "replication_mode": {
                      "type": "string",
                      "required": true,
                      "forcenew": true
                    }
                  }
                },
                "nesting_mode": "list",
                "forcenew": true,
                "max_items": 1
              },
              "volume": {
                "block": {
                  "attributes": {
                    "size": {
                      "type": "number",
                      "required": true
                    },
                    "type": {
                      "type": "string",
                      "required": true,
                      "forcenew": true
                    }
                  }
                },
                "nesting_mode": "list",
                "min_items": 1,
                "max_items": 1
              }
            }
          }
        }
      }
    }
  }
}
