{
  "provider_schemas": {
    "huaweicloud/huaweicloud": {
      "resource_schemas": {
        "huaweicloud_gaussdb_instance_plugin": {
          "block": {
            "attributes": {
              "id": {
                "type": "string",
                "computed": true
              },
              "installed": {
                "type": "bool",
                "computed": true
              },
              "instance_id": {
                "type": "string",
                "required": true
              },
              "plugin_name": {
                "type": "string",
                "required": true
              },
              "plugin_version": {
                "type": "string",
                "computed": true
              },
              "port": {
                "type": "string",
                "computed": true
              },
              "region": {
                "type": "string",
                "computed": true
              },
              "sha_256": {
                "type": "string",
                "required": true
              },
              "url": {
                "type": "string",
                "required": true
              }
            }
          },
          "product": {
            "short": "GaussDB",
            "name": "GaussDB",
            "catalog": "Databases",
            "name_cn": "云数据库 GaussDB",
            "catalog_cn": "数据库"
          }
        }
      }
    }
  }
}
