{
  "provider_schemas": {
    "huaweicloud/huaweicloud": {
      "resource_schemas": {
        "huaweicloud_gaussdb_mysql_proxy": {
          "block": {
            "attributes": {
              "address": {
                "type": "string",
                "computed": true
              },
              "flavor": {
                "type": "string",
                "required": true,
                "forcenew": true
              },
              "id": {
                "type": "string",
                "computed": true
              },
              "instance_id": {
                "type": "string",
                "required": true,
                "forcenew": true
              },
              "node_num": {
                "type": "number",
                "required": true
              },
              "port": {
                "type": "number",
                "computed": true
              },
              "region": {
                "type": "string",
                "computed": true
              }
            }
          }
        }
      }
    }
  }
}
