{
  "provider_schemas": {
    "huaweicloud/huaweicloud": {
      "resource_schemas": {
        "huaweicloud_gaussdb_instance_database_role": {
          "block": {
            "attributes": {
              "attribute": {
                "type": [
                  "list",
                  [
                    "object",
                    {
                      "rolbypassrls": "bool",
                      "rolcanlogin": "bool",
                      "rolconnlimit": "number",
                      "rolcreatedb": "bool",
                      "rolcreaterole": "bool",
                      "rolinherit": "bool",
                      "rolpassworddeadline": "string",
                      "rolreplication": "bool",
                      "rolsuper": "bool"
                    }
                  ]
                ],
                "computed": true
              },
              "id": {
                "type": "string",
                "computed": true
              },
              "instance_id": {
                "type": "string",
                "required": true
              },
              "lock_status": {
                "type": "bool",
                "computed": true
              },
              "memberof": {
                "type": "string",
                "computed": true
              },
              "name": {
                "type": "string",
                "required": true
              },
              "password": {
                "type": "string",
                "required": true,
                "sensitive": true
              },
              "region": {
                "type": "string",
                "computed": true
              }
            }
          },
          "product": {
            "short": "GaussDB",
            "name": "GaussDB",
            "catalog": "Databases",
            "name_cn": "云数据库 GaussDB",
            "catalog_cn": "数据库"
          }
        }
      }
    }
  }
}
