{
  "provider_schemas": {
    "huaweicloud/huaweicloud": {
      "resource_schemas": {
        "huaweicloud_gaussdb_mysql_instance_node_config": {
          "block": {
            "attributes": {
              "id": {
                "type": "string",
                "computed": true
              },
              "instance_id": {
                "type": "string",
                "required": true,
                "forcenew": true
              },
              "name": {
                "type": "string",
                "optional": true,
                "computed": true
              },
              "node_id": {
                "type": "string",
                "required": true,
                "forcenew": true
              },
              "priority": {
                "type": "number",
                "optional": true,
                "computed": true
              },
              "region": {
                "type": "string",
                "computed": true
              }
            }
          },
          "product": {
            "short": "GaussDBforMySQL",
            "name": "GaussDB(for MySQL)",
            "catalog": "Databases",
            "name_cn": "云数据库 GaussDB(for MySQL)",
            "catalog_cn": "数据库"
          }
        }
      }
    }
  }
}
