{
  "provider_schemas": {
    "huaweicloud/huaweicloud": {
      "resource_schemas": {
        "huaweicloud_gaussdb_asp_collect": {
          "block": {
            "attributes": {
              "download_url": {
                "type": "string",
                "computed": true
              },
              "end_time": {
                "type": "string",
                "required": true
              },
              "file_name": {
                "type": "string",
                "computed": true
              },
              "file_path": {
                "type": "string",
                "computed": true
              },
              "file_size": {
                "type": "number",
                "computed": true
              },
              "id": {
                "type": "string",
                "computed": true
              },
              "instance_id": {
                "type": "string",
                "required": true
              },
              "obs_bucket": {
                "type": [
                  "list",
                  [
                    "object",
                    {
                      "domain_id": "string",
                      "name": "string",
                      "port": "number",
                      "type": "string",
                      "url": "string"
                    }
                  ]
                ],
                "computed": true
              },
              "region": {
                "type": "string",
                "computed": true
              },
              "start_time": {
                "type": "string",
                "required": true
              },
              "status": {
                "type": "string",
                "computed": true
              }
            }
          },
          "product": {
            "short": "GaussDB",
            "name": "GaussDB",
            "catalog": "Databases",
            "name_cn": "云数据库 GaussDB",
            "catalog_cn": "数据库"
          }
        }
      }
    }
  }
}
