{
  "provider_schemas": {
    "huaweicloud/huaweicloud": {
      "resource_schemas": {
        "huaweicloud_geminidb_memory_mapping": {
          "block": {
            "attributes": {
              "created": {
                "type": "string",
                "computed": true
              },
              "id": {
                "type": "string",
                "computed": true
              },
              "name": {
                "type": "string",
                "computed": true
              },
              "region": {
                "type": "string",
                "computed": true
              },
              "rule_count": {
                "type": "number",
                "computed": true
              },
              "source_instance_id": {
                "type": "string",
                "required": true
              },
              "source_instance_name": {
                "type": "string",
                "computed": true
              },
              "status": {
                "type": "string",
                "computed": true
              },
              "target_instance_id": {
                "type": "string",
                "required": true
              },
              "target_instance_name": {
                "type": "string",
                "computed": true
              },
              "updated": {
                "type": "string",
                "computed": true
              }
            }
          },
          "product": {
            "short": "GaussDBforNoSQL",
            "name": "GeminiDB",
            "catalog": "Databases",
            "name_cn": "云数据库 GeminiDB",
            "catalog_cn": "数据库"
          }
        }
      }
    }
  }
}
