{
  "provider_schemas": {
    "huaweicloud/huaweicloud": {
      "resource_schemas": {
        "huaweicloud_geminidb_instance_lts_log_associate": {
          "block": {
            "attributes": {
              "enabled": {
                "type": "bool",
                "computed": true
              },
              "id": {
                "type": "string",
                "computed": true
              },
              "instance_id": {
                "type": "string",
                "required": true
              },
              "log_type": {
                "type": "string",
                "required": true
              },
              "lts_group_id": {
                "type": "string",
                "required": true
              },
              "lts_stream_id": {
                "type": "string",
                "required": true
              },
              "region": {
                "type": "string",
                "computed": true
              }
            }
          },
          "product": {
            "short": "GaussDBforNoSQL",
            "name": "GeminiDB",
            "catalog": "Databases",
            "name_cn": "云数据库 GeminiDB",
            "catalog_cn": "数据库"
          }
        }
      }
    }
  }
}
