{
  "provider_schemas": {
    "huaweicloud/huaweicloud": {
      "resource_schemas": {
        "huaweicloud_geminidb_backup": {
          "block": {
            "attributes": {
              "begin_time": {
                "type": "string",
                "computed": true
              },
              "datastore": {
                "type": [
                  "list",
                  [
                    "object",
                    {
                      "type": "string",
                      "version": "string"
                    }
                  ]
                ],
                "computed": true
              },
              "description": {
                "type": "string",
                "optional": true
              },
              "end_time": {
                "type": "string",
                "computed": true
              },
              "id": {
                "type": "string",
                "computed": true
              },
              "instance_id": {
                "type": "string",
                "required": true
              },
              "name": {
                "type": "string",
                "required": true
              },
              "region": {
                "type": "string",
                "computed": true
              },
              "size": {
                "type": "number",
                "computed": true
              },
              "status": {
                "type": "string",
                "computed": true
              },
              "type": {
                "type": "string",
                "computed": true
              }
            },
            "block_types": {
              "database_tables": {
                "block": {
                  "attributes": {
                    "database_name": {
                      "type": "string",
                      "required": true
                    },
                    "table_names": {
                      "type": [
                        "list",
                        "string"
                      ],
                      "optional": true
                    }
                  }
                },
                "nesting_mode": "list"
              }
            }
          },
          "product": {
            "short": "GaussDBforNoSQL",
            "name": "GeminiDB",
            "catalog": "Databases",
            "name_cn": "云数据库 GeminiDB",
            "catalog_cn": "数据库"
          }
        }
      }
    }
  }
}
