{
  "provider_schemas": {
    "huaweicloud/huaweicloud": {
      "resource_schemas": {
        "huaweicloud_global_eip_associate": {
          "block": {
            "attributes": {
              "global_eip_id": {
                "type": "string",
                "required": true,
                "forcenew": true
              },
              "id": {
                "type": "string",
                "computed": true
              },
              "is_reserve_gcb": {
                "type": "bool",
                "required": true
              }
            },
            "block_types": {
              "associate_instance": {
                "block": {
                  "attributes": {
                    "instance_id": {
                      "type": "string",
                      "required": true,
                      "forcenew": true
                    },
                    "instance_type": {
                      "type": "string",
                      "required": true,
                      "forcenew": true
                    },
                    "project_id": {
                      "type": "string",
                      "required": true,
                      "forcenew": true
                    },
                    "region": {
                      "type": "string",
                      "required": true,
                      "forcenew": true
                    },
                    "service_id": {
                      "type": "string",
                      "optional": true,
                      "computed": true,
                      "forcenew": true
                    },
                    "service_type": {
                      "type": "string",
                      "optional": true,
                      "computed": true,
                      "forcenew": true
                    }
                  }
                },
                "nesting_mode": "list",
                "forcenew": true,
                "min_items": 1,
                "max_items": 1
              },
              "gc_bandwidth": {
                "block": {
                  "attributes": {
                    "charge_mode": {
                      "type": "string",
                      "optional": true,
                      "computed": true,
                      "forcenew": true
                    },
                    "description": {
                      "type": "string",
                      "optional": true,
                      "computed": true,
                      "forcenew": true
                    },
                    "enterprise_project_id": {
                      "type": "string",
                      "optional": true,
                      "computed": true,
                      "forcenew": true
                    },
                    "id": {
                      "type": "string",
                      "optional": true,
                      "computed": true,
                      "forcenew": true
                    },
                    "name": {
                      "type": "string",
                      "optional": true,
                      "computed": true,
                      "forcenew": true
                    },
                    "size": {
                      "type": "number",
                      "optional": true,
                      "computed": true,
                      "forcenew": true
                    },
                    "tags": {
                      "type": [
                        "map",
                        "string"
                      ],
                      "optional": true,
                      "computed": true,
                      "forcenew": true
                    }
                  }
                },
                "nesting_mode": "list",
                "forcenew": true,
                "max_items": 1
              }
            }
          },
          "product": {
            "short": "EIP",
            "name": "Elastic IP",
            "catalog": "Networking",
            "name_cn": "弹性公网IP",
            "catalog_cn": "网络"
          }
        }
      }
    }
  }
}
