{
  "provider_schemas": {
    "huaweicloud/huaweicloud": {
      "resource_schemas": {
        "huaweicloud_global_eip_internet_bandwidth_associate": {
          "block": {
            "attributes": {
              "global_eip_id": {
                "type": "string",
                "required": true
              },
              "id": {
                "type": "string",
                "computed": true
              },
              "internet_bandwidth_id": {
                "type": "string",
                "required": true
              },
              "internet_bandwidth_info": {
                "type": [
                  "list",
                  [
                    "object",
                    {
                      "id": "string",
                      "size": "number"
                    }
                  ]
                ],
                "computed": true
              },
              "region": {
                "type": "string",
                "computed": true
              }
            }
          },
          "product": {
            "short": "EIP",
            "name": "Elastic IP",
            "catalog": "Networking",
            "name_cn": "弹性公网IP",
            "catalog_cn": "网络"
          }
        }
      }
    }
  }
}
