{
  "provider_schemas": {
    "huaweicloud/huaweicloud": {
      "resource_schemas": {
        "huaweicloud_global_eip_segment": {
          "block": {
            "attributes": {
              "access_site": {
                "type": "string",
                "required": true
              },
              "cidr": {
                "type": "string",
                "computed": true
              },
              "cidr_v6": {
                "type": "string",
                "computed": true
              },
              "created_at": {
                "type": "string",
                "computed": true
              },
              "description": {
                "type": "string",
                "optional": true
              },
              "domain_id": {
                "type": "string",
                "computed": true
              },
              "enterprise_project_id": {
                "type": "string",
                "optional": true,
                "computed": true
              },
              "freezen": {
                "type": "bool",
                "computed": true
              },
              "geip_pool_name": {
                "type": "string",
                "required": true
              },
              "id": {
                "type": "string",
                "computed": true
              },
              "ip_version": {
                "type": "number",
                "computed": true
              },
              "is_charged": {
                "type": "bool",
                "computed": true
              },
              "is_pre_paid": {
                "type": "bool",
                "computed": true
              },
              "isp": {
                "type": "string",
                "computed": true
              },
              "mask": {
                "type": "number",
                "required": true
              },
              "name": {
                "type": "string",
                "optional": true
              },
              "region": {
                "type": "string",
                "computed": true
              },
              "status": {
                "type": "string",
                "computed": true
              },
              "updated_at": {
                "type": "string",
                "computed": true
              }
            },
            "block_types": {
              "tags": {
                "block": {
                  "attributes": {
                    "key": {
                      "type": "string",
                      "required": true
                    },
                    "value": {
                      "type": "string",
                      "optional": true
                    }
                  }
                },
                "nesting_mode": "list"
              }
            }
          },
          "product": {
            "short": "EIP",
            "name": "Elastic IP",
            "catalog": "Networking",
            "name_cn": "弹性公网IP",
            "catalog_cn": "网络"
          }
        }
      }
    }
  }
}
