{
  "provider_schemas": {
    "huaweicloud/huaweicloud": {
      "resource_schemas": {
        "huaweicloud_hss_vulnerability_scan_task": {
          "block": {
            "attributes": {
              "agent_id_list": {
                "type": [
                  "list",
                  "string"
                ],
                "optional": true
              },
              "batch_flag": {
                "type": "bool",
                "required": true
              },
              "end_time": {
                "type": "number",
                "computed": true
              },
              "enterprise_project_id": {
                "type": "string",
                "optional": true
              },
              "estimated_time": {
                "type": "number",
                "computed": true
              },
              "failed_host_num": {
                "type": "number",
                "computed": true
              },
              "id": {
                "type": "string",
                "computed": true
              },
              "manual_scan_type": {
                "type": [
                  "list",
                  "string"
                ],
                "required": true
              },
              "range_type": {
                "type": "string",
                "required": true
              },
              "region": {
                "type": "string",
                "computed": true
              },
              "scan_type": {
                "type": "string",
                "computed": true
              },
              "scan_vul_types": {
                "type": [
                  "list",
                  "string"
                ],
                "computed": true
              },
              "scanning_host_num": {
                "type": "number",
                "computed": true
              },
              "start_time": {
                "type": "number",
                "computed": true
              },
              "status": {
                "type": "string",
                "computed": true
              },
              "success_host_num": {
                "type": "number",
                "computed": true
              },
              "urgent_vul_id_list": {
                "type": [
                  "list",
                  "string"
                ],
                "optional": true
              }
            }
          },
          "product": {
            "short": "HSS",
            "name": "Host Security Service",
            "catalog": "Security & Compliance",
            "name_cn": "企业主机安全",
            "catalog_cn": "安全与合规"
          }
        }
      }
    }
  }
}
