{
  "provider_schemas": {
    "huaweicloud/huaweicloud": {
      "resource_schemas": {
        "huaweicloud_hss_cicd_configuration": {
          "block": {
            "attributes": {
              "associated_images_num": {
                "type": "number",
                "computed": true
              },
              "cicd_name": {
                "type": "string",
                "required": true
              },
              "enterprise_project_id": {
                "type": "string",
                "optional": true
              },
              "id": {
                "type": "string",
                "computed": true
              },
              "image_whitelist": {
                "type": [
                  "list",
                  "string"
                ],
                "optional": true,
                "computed": true
              },
              "region": {
                "type": "string",
                "computed": true
              },
              "vulnerability_blocklist": {
                "type": [
                  "list",
                  "string"
                ],
                "optional": true,
                "computed": true
              },
              "vulnerability_whitelist": {
                "type": [
                  "list",
                  "string"
                ],
                "optional": true,
                "computed": true
              }
            }
          },
          "product": {
            "short": "HSS",
            "name": "Host Security Service",
            "catalog": "Security & Compliance",
            "name_cn": "企业主机安全",
            "catalog_cn": "安全与合规"
          }
        }
      }
    }
  }
}
