{
  "provider_schemas": {
    "huaweicloud/huaweicloud": {
      "resource_schemas": {
        "huaweicloud_hss_vulnerability_information_export": {
          "block": {
            "attributes": {
              "asset_value": {
                "type": "string",
                "optional": true
              },
              "category": {
                "type": "string",
                "required": true
              },
              "cve_id": {
                "type": "string",
                "optional": true
              },
              "enterprise_project_id": {
                "type": "string",
                "optional": true
              },
              "export_headers": {
                "type": [
                  "list",
                  [
                    "list",
                    "string"
                  ]
                ],
                "required": true
              },
              "export_size": {
                "type": "number",
                "required": true
              },
              "file_id": {
                "type": "string",
                "computed": true
              },
              "file_name": {
                "type": "string",
                "computed": true
              },
              "group_name": {
                "type": "string",
                "optional": true
              },
              "handle_status": {
                "type": "string",
                "optional": true
              },
              "host_id": {
                "type": "string",
                "optional": true
              },
              "host_id_list": {
                "type": [
                  "list",
                  "string"
                ],
                "optional": true
              },
              "id": {
                "type": "string",
                "computed": true
              },
              "label_list": {
                "type": "string",
                "optional": true
              },
              "region": {
                "type": "string",
                "computed": true
              },
              "repair_priority": {
                "type": "string",
                "optional": true
              },
              "status": {
                "type": "string",
                "optional": true
              },
              "task_id": {
                "type": "string",
                "computed": true
              },
              "task_name": {
                "type": "string",
                "computed": true
              },
              "task_status": {
                "type": "string",
                "computed": true
              },
              "type": {
                "type": "string",
                "optional": true
              },
              "vul_id": {
                "type": "string",
                "optional": true
              },
              "vul_id_list": {
                "type": [
                  "list",
                  "string"
                ],
                "optional": true
              },
              "vul_name": {
                "type": "string",
                "optional": true
              }
            }
          },
          "product": {
            "short": "HSS",
            "name": "Host Security Service",
            "catalog": "Security & Compliance",
            "name_cn": "企业主机安全",
            "catalog_cn": "安全与合规"
          }
        }
      }
    }
  }
}
