{
  "provider_schemas": {
    "huaweicloud/huaweicloud": {
      "resource_schemas": {
        "huaweicloud_hss_asset_assign_task": {
          "block": {
            "attributes": {
              "all_hosts": {
                "type": "bool",
                "required": true
              },
              "category": {
                "type": "string",
                "required": true
              },
              "enterprise_project_id": {
                "type": "string",
                "optional": true
              },
              "error": {
                "type": "string",
                "computed": true
              },
              "host_ids": {
                "type": [
                  "list",
                  "string"
                ],
                "optional": true
              },
              "id": {
                "type": "string",
                "computed": true
              },
              "region": {
                "type": "string",
                "computed": true
              },
              "server_group": {
                "type": [
                  "list",
                  "string"
                ],
                "optional": true
              }
            }
          },
          "product": {
            "short": "HSS",
            "name": "Host Security Service",
            "catalog": "Security & Compliance",
            "name_cn": "企业主机安全",
            "catalog_cn": "安全与合规"
          }
        }
      }
    }
  }
}
