{
  "provider_schemas": {
    "huaweicloud/huaweicloud": {
      "resource_schemas": {
        "huaweicloud_hss_cce_protection": {
          "block": {
            "attributes": {
              "agent_version": {
                "type": "string",
                "description": "Specifies the agent version.",
                "optional": true
              },
              "auto_upgrade": {
                "type": "bool",
                "description": "Specifies whether to enable automatic agent upgrade.",
                "optional": true,
                "computed": true
              },
              "cce_protection_type": {
                "type": "string",
                "description": "Specifies the CCE protection type.",
                "required": true
              },
              "charging_mode": {
                "type": "string",
                "description": "Specifies the charging mode.",
                "required": true
              },
              "cluster_id": {
                "type": "string",
                "description": "Specifies the CCE cluster ID.",
                "required": true,
                "forcenew": true
              },
              "cluster_name": {
                "type": "string",
                "description": "Specifies the CCE cluster name.",
                "required": true
              },
              "cluster_type": {
                "type": "string",
                "description": "Specifies the CCE cluster type.",
                "required": true,
                "forcenew": true
              },
              "enterprise_project_id": {
                "type": "string",
                "description": "Specifies the enterprise project ID.",
                "optional": true,
                "forcenew": true
              },
              "fail_reason": {
                "type": "string",
                "description": "The reasons for protection failure.",
                "computed": true
              },
              "id": {
                "type": "string",
                "computed": true
              },
              "invoked_service": {
                "type": "string",
                "description": "Specifies the invoked service.",
                "optional": true
              },
              "node_total_num": {
                "type": "number",
                "description": "The total number of cluster nodes.",
                "computed": true
              },
              "prefer_packet_cycle": {
                "type": "bool",
                "description": "Specifies whether to prefer the package period quota.",
                "optional": true,
                "computed": true
              },
              "protect_interrupt_node_num": {
                "type": "number",
                "description": "The number of nodes interrupted by cluster protection.",
                "computed": true
              },
              "protect_node_num": {
                "type": "number",
                "description": "The number of nodes in the cluster that have protection enabled.",
                "computed": true
              },
              "protect_status": {
                "type": "string",
                "description": "The protection status.",
                "computed": true
              },
              "protect_type": {
                "type": "string",
                "description": "The protection type.",
                "computed": true
              },
              "region": {
                "type": "string",
                "computed": true
              },
              "unprotect_node_num": {
                "type": "number",
                "description": "The number of unprotected nodes in the cluster.",
                "computed": true
              },
              "vpc_id": {
                "type": "string",
                "description": "The VPC ID.",
                "computed": true
              }
            },
            "block_types": {
              "runtime_info": {
                "block": {
                  "attributes": {
                    "runtime_name": {
                      "type": "string",
                      "optional": true
                    },
                    "runtime_path": {
                      "type": "string",
                      "optional": true
                    }
                  },
                  "description": "Specifies the container runtime configuration."
                },
                "nesting_mode": "list"
              },
              "schedule_info": {
                "block": {
                  "attributes": {
                    "node_selector": {
                      "type": [
                        "list",
                        "string"
                      ],
                      "optional": true
                    },
                    "pod_tolerances": {
                      "type": [
                        "list",
                        "string"
                      ],
                      "optional": true
                    }
                  },
                  "description": "Specifies the node scheduling information."
                },
                "nesting_mode": "list",
                "max_items": 1
              }
            }
          },
          "product": {
            "short": "HSS",
            "name": "Host Security Service",
            "catalog": "Security & Compliance",
            "name_cn": "企业主机安全",
            "catalog_cn": "安全与合规"
          }
        }
      }
    }
  }
}
