{
  "provider_schemas": {
    "huaweicloud/huaweicloud": {
      "resource_schemas": {
        "huaweicloud_hss_rasp_protection_policy": {
          "block": {
            "attributes": {
              "enterprise_project_id": {
                "type": "string",
                "optional": true
              },
              "id": {
                "type": "string",
                "computed": true
              },
              "os_type": {
                "type": "string",
                "optional": true,
                "computed": true
              },
              "policy_name": {
                "type": "string",
                "required": true
              },
              "region": {
                "type": "string",
                "computed": true
              },
              "rule_list": {
                "type": [
                  "list",
                  [
                    "object",
                    {
                      "chk_feature_desc": "string",
                      "chk_feature_id": "number",
                      "chk_feature_name": "string",
                      "editable": "number",
                      "enabled": "number",
                      "feature_configure": "string",
                      "optional_protective_action": "number",
                      "protective_action": "number"
                    }
                  ]
                ],
                "computed": true
              }
            },
            "block_types": {
              "feature_list": {
                "block": {
                  "attributes": {
                    "chk_feature_id": {
                      "type": "number",
                      "required": true
                    },
                    "enabled": {
                      "type": "number",
                      "required": true
                    },
                    "feature_configure": {
                      "type": "string",
                      "required": true
                    },
                    "protective_action": {
                      "type": "number",
                      "required": true
                    }
                  }
                },
                "nesting_mode": "list",
                "min_items": 1
              }
            }
          },
          "product": {
            "short": "HSS",
            "name": "Host Security Service",
            "catalog": "Security & Compliance",
            "name_cn": "企业主机安全",
            "catalog_cn": "安全与合规"
          }
        }
      }
    }
  }
}
