{
  "provider_schemas": {
    "huaweicloud/huaweicloud": {
      "resource_schemas": {
        "huaweicloud_hss_honeypot_port_policy": {
          "block": {
            "attributes": {
              "enterprise_project_id": {
                "type": "string",
                "optional": true
              },
              "group_list": {
                "type": [
                  "list",
                  "string"
                ],
                "optional": true
              },
              "host_id": {
                "type": [
                  "list",
                  "string"
                ],
                "optional": true
              },
              "host_list": {
                "type": [
                  "list",
                  "string"
                ],
                "computed": true
              },
              "id": {
                "type": "string",
                "computed": true
              },
              "os_type": {
                "type": "string",
                "required": true
              },
              "policy_name": {
                "type": "string",
                "required": true
              },
              "port_list": {
                "type": [
                  "list",
                  [
                    "object",
                    {
                      "port": "number",
                      "protocol": "string"
                    }
                  ]
                ],
                "computed": true
              },
              "region": {
                "type": "string",
                "computed": true
              },
              "white_ip": {
                "type": [
                  "list",
                  "string"
                ],
                "required": true
              }
            },
            "block_types": {
              "ports_list": {
                "block": {
                  "attributes": {
                    "port": {
                      "type": "number",
                      "required": true
                    },
                    "protocol": {
                      "type": "string",
                      "required": true
                    }
                  }
                },
                "nesting_mode": "set",
                "min_items": 1
              }
            }
          },
          "product": {
            "short": "HSS",
            "name": "Host Security Service",
            "catalog": "Security & Compliance",
            "name_cn": "企业主机安全",
            "catalog_cn": "安全与合规"
          }
        }
      }
    }
  }
}
