{
  "provider_schemas": {
    "huaweicloud/huaweicloud": {
      "resource_schemas": {
        "huaweicloud_hss_vulnerability_history_export_task": {
          "block": {
            "attributes": {
              "asset_value": {
                "type": "string",
                "optional": true
              },
              "enterprise_project_id": {
                "type": "string",
                "optional": true
              },
              "export_headers": {
                "type": [
                  "list",
                  [
                    "list",
                    "string"
                  ]
                ],
                "required": true
              },
              "export_size": {
                "type": "number",
                "optional": true
              },
              "file_id": {
                "type": "string",
                "computed": true
              },
              "file_name": {
                "type": "string",
                "computed": true
              },
              "group_name": {
                "type": "string",
                "optional": true
              },
              "handle_cycle": {
                "type": "string",
                "optional": true
              },
              "host_ip": {
                "type": "string",
                "optional": true
              },
              "host_name": {
                "type": "string",
                "optional": true
              },
              "id": {
                "type": "string",
                "computed": true
              },
              "is_affect_business": {
                "type": "bool",
                "optional": true
              },
              "label": {
                "type": "string",
                "optional": true
              },
              "region": {
                "type": "string",
                "computed": true
              },
              "repair_priority": {
                "type": "string",
                "optional": true
              },
              "status": {
                "type": "string",
                "optional": true
              },
              "task_name": {
                "type": "string",
                "computed": true
              },
              "task_status": {
                "type": "string",
                "computed": true
              },
              "type": {
                "type": "string",
                "optional": true
              },
              "vul_name": {
                "type": "string",
                "optional": true
              }
            },
            "block_types": {
              "specific_vuls": {
                "block": {
                  "attributes": {
                    "host_id": {
                      "type": "string",
                      "optional": true
                    },
                    "vul_id": {
                      "type": "string",
                      "optional": true
                    }
                  }
                },
                "nesting_mode": "list"
              }
            }
          },
          "product": {
            "short": "HSS",
            "name": "Host Security Service",
            "catalog": "Security & Compliance",
            "name_cn": "企业主机安全",
            "catalog_cn": "安全与合规"
          }
        }
      }
    }
  }
}
