{
  "provider_schemas": {
    "huaweicloud/huaweicloud": {
      "resource_schemas": {
        "huaweicloud_identitycenter_tenant": {
          "block": {
            "attributes": {
              "creation_time": {
                "type": "string",
                "computed": true
              },
              "id": {
                "type": "string",
                "computed": true
              },
              "identity_store_id": {
                "type": "string",
                "required": true
              },
              "region": {
                "type": "string",
                "computed": true
              },
              "scim_endpoint": {
                "type": "string",
                "computed": true
              }
            }
          }
        }
      }
    }
  }
}
