{
  "provider_schemas": {
    "huaweicloud/huaweicloud": {
      "resource_schemas": {
        "huaweicloud_identitycenter_permission_set": {
          "block": {
            "attributes": {
              "account_ids": {
                "type": [
                  "list",
                  "string"
                ],
                "computed": true
              },
              "created_at": {
                "type": "string",
                "computed": true
              },
              "description": {
                "type": "string",
                "optional": true
              },
              "id": {
                "type": "string",
                "computed": true
              },
              "instance_id": {
                "type": "string",
                "required": true,
                "forcenew": true
              },
              "name": {
                "type": "string",
                "required": true,
                "forcenew": true
              },
              "relay_state": {
                "type": "string",
                "optional": true,
                "computed": true
              },
              "session_duration": {
                "type": "string",
                "required": true
              },
              "tags": {
                "type": [
                  "map",
                  "string"
                ],
                "optional": true,
                "computed": true
              },
              "urn": {
                "type": "string",
                "computed": true
              }
            }
          }
        }
      }
    }
  }
}
