{
  "provider_schemas": {
    "huaweicloud/huaweicloud": {
      "resource_schemas": {
        "huaweicloud_identitycenter_instance": {
          "block": {
            "attributes": {
              "alias": {
                "type": "string",
                "optional": true,
                "computed": true
              },
              "id": {
                "type": "string",
                "computed": true
              },
              "identity_store_id": {
                "type": "string",
                "computed": true
              },
              "instance_urn": {
                "type": "string",
                "computed": true
              }
            }
          }
        }
      }
    }
  }
}
