{
  "provider_schemas": {
    "huaweicloud/huaweicloud": {
      "resource_schemas": {
        "huaweicloud_identity_agency": {
          "block": {
            "attributes": {
              "all_resources_roles": {
                "type": [
                  "set",
                  "string"
                ],
                "optional": true
              },
              "create_time": {
                "type": "string",
                "computed": true
              },
              "delegated_domain_name": {
                "type": "string",
                "required": true
              },
              "description": {
                "type": "string",
                "optional": true,
                "computed": true
              },
              "domain_roles": {
                "type": [
                  "set",
                  "string"
                ],
                "optional": true
              },
              "duration": {
                "type": "string",
                "optional": true,
                "default": "FOREVER"
              },
              "expire_time": {
                "type": "string",
                "computed": true
              },
              "id": {
                "type": "string",
                "computed": true
              },
              "name": {
                "type": "string",
                "required": true,
                "forcenew": true
              }
            },
            "block_types": {
              "project_role": {
                "block": {
                  "attributes": {
                    "project": {
                      "type": "string",
                      "required": true
                    },
                    "roles": {
                      "type": [
                        "set",
                        "string"
                      ],
                      "required": true
                    }
                  }
                },
                "nesting_mode": "set"
              }
            }
          },
          "product": {
            "short": "IAM",
            "name": "统一身份认证服务",
            "catalog": "Management & Governance",
            "name_cn": "统一身份认证服务",
            "catalog_cn": "管理与监管"
          }
        }
      }
    }
  }
}
