{
  "provider_schemas": {
    "huaweicloud/huaweicloud": {
      "resource_schemas": {
        "huaweicloud_identitycenter_service_provider_certificate": {
          "block": {
            "attributes": {
              "algorithm": {
                "type": "string",
                "computed": true
              },
              "expiry_date": {
                "type": "string",
                "computed": true
              },
              "id": {
                "type": "string",
                "computed": true
              },
              "identity_store_id": {
                "type": "string",
                "required": true
              },
              "region": {
                "type": "string",
                "computed": true
              },
              "state": {
                "type": "string",
                "optional": true,
                "computed": true
              },
              "x509certificate": {
                "type": "string",
                "computed": true
              }
            }
          }
        }
      }
    }
  }
}
