{
  "provider_schemas": {
    "huaweicloud/huaweicloud": {
      "resource_schemas": {
        "huaweicloud_identity_policy_agency_attach": {
          "block": {
            "attributes": {
              "agency_id": {
                "type": "string",
                "required": true
              },
              "attached_at": {
                "type": "string",
                "computed": true
              },
              "id": {
                "type": "string",
                "computed": true
              },
              "policy_id": {
                "type": "string",
                "required": true
              },
              "policy_name": {
                "type": "string",
                "computed": true
              },
              "policy_urn": {
                "type": "string",
                "computed": true
              }
            }
          },
          "product": {
            "short": "IAM",
            "name": "Identity and Access Management",
            "catalog": "Management & Governance",
            "name_cn": "统一身份认证服务",
            "catalog_cn": "管理与监管"
          }
        }
      }
    }
  }
}
