{
  "provider_schemas": {
    "huaweicloud/huaweicloud": {
      "resource_schemas": {
        "huaweicloud_identity_policy": {
          "block": {
            "attributes": {
              "attachment_count": {
                "type": "number",
                "computed": true
              },
              "created_at": {
                "type": "string",
                "computed": true
              },
              "default_version_id": {
                "type": "string",
                "computed": true
              },
              "description": {
                "type": "string",
                "optional": true
              },
              "id": {
                "type": "string",
                "computed": true
              },
              "name": {
                "type": "string",
                "required": true
              },
              "path": {
                "type": "string",
                "optional": true
              },
              "policy_document": {
                "type": "string",
                "required": true
              },
              "policy_type": {
                "type": "string",
                "computed": true
              },
              "updated_at": {
                "type": "string",
                "computed": true
              },
              "urn": {
                "type": "string",
                "computed": true
              }
            }
          },
          "product": {
            "short": "IAM",
            "name": "Identity and Access Management",
            "catalog": "Management & Governance",
            "name_cn": "统一身份认证服务",
            "catalog_cn": "管理与监管"
          }
        }
      }
    }
  }
}
