{
  "provider_schemas": {
    "huaweicloud/huaweicloud": {
      "resource_schemas": {
        "huaweicloud_identityv5_password_policy": {
          "block": {
            "attributes": {
              "allow_user_to_change_password": {
                "type": "bool",
                "optional": true
              },
              "id": {
                "type": "string",
                "computed": true
              },
              "maximum_consecutive_identical_chars": {
                "type": "number",
                "optional": true,
                "computed": true
              },
              "maximum_password_length": {
                "type": "number",
                "computed": true
              },
              "minimum_password_age": {
                "type": "number",
                "optional": true,
                "computed": true
              },
              "minimum_password_length": {
                "type": "number",
                "optional": true
              },
              "password_char_combination": {
                "type": "number",
                "optional": true
              },
              "password_not_username_or_invert": {
                "type": "bool",
                "optional": true
              },
              "password_requirements": {
                "type": "string",
                "computed": true
              },
              "password_reuse_prevention": {
                "type": "number",
                "optional": true
              },
              "password_validity_period": {
                "type": "number",
                "optional": true,
                "computed": true
              }
            }
          }
        }
      }
    }
  }
}
