{
  "provider_schemas": {
    "huaweicloud/huaweicloud": {
      "resource_schemas": {
        "huaweicloud_identityv5_virtual_mfa_device": {
          "block": {
            "attributes": {
              "base32_string_seed": {
                "type": "string",
                "computed": true
              },
              "enabled": {
                "type": "bool",
                "computed": true
              },
              "id": {
                "type": "string",
                "computed": true
              },
              "name": {
                "type": "string",
                "required": true
              },
              "user_id": {
                "type": "string",
                "required": true
              }
            }
          }
        }
      }
    }
  }
}
