{
  "provider_schemas": {
    "huaweicloud/huaweicloud": {
      "resource_schemas": {
        "huaweicloud_iec_vip": {
          "block": {
            "attributes": {
              "allowed_addresses": {
                "type": [
                  "list",
                  "string"
                ],
                "computed": true
              },
              "id": {
                "type": "string",
                "computed": true
              },
              "ip_address": {
                "type": "string",
                "optional": true,
                "computed": true,
                "forcenew": true
              },
              "mac_address": {
                "type": "string",
                "computed": true
              },
              "port_ids": {
                "type": [
                  "list",
                  "string"
                ],
                "optional": true
              },
              "subnet_id": {
                "type": "string",
                "required": true,
                "forcenew": true
              }
            }
          },
          "product": {
            "short": "IEC",
            "name": "Intelligent EdgeCloud",
            "catalog": "Content Delivery & Edge Computing",
            "name_cn": "智能边缘云",
            "catalog_cn": "CDN与智能边缘"
          }
        }
      }
    }
  }
}
