{
  "provider_schemas": {
    "huaweicloud/huaweicloud": {
      "resource_schemas": {
        "huaweicloud_iec_eip": {
          "block": {
            "attributes": {
              "bandwidth_id": {
                "type": "string",
                "computed": true
              },
              "bandwidth_name": {
                "type": "string",
                "computed": true
              },
              "bandwidth_share_type": {
                "type": "string",
                "computed": true
              },
              "bandwidth_size": {
                "type": "number",
                "computed": true
              },
              "id": {
                "type": "string",
                "computed": true
              },
              "ip_version": {
                "type": "number",
                "optional": true,
                "computed": true
              },
              "line_id": {
                "type": "string",
                "optional": true,
                "computed": true,
                "forcenew": true
              },
              "port_id": {
                "type": "string",
                "optional": true,
                "computed": true
              },
              "private_ip": {
                "type": "string",
                "computed": true
              },
              "public_ip": {
                "type": "string",
                "computed": true
              },
              "region": {
                "type": "string",
                "computed": true
              },
              "site_id": {
                "type": "string",
                "required": true,
                "forcenew": true
              },
              "site_info": {
                "type": "string",
                "computed": true
              },
              "status": {
                "type": "string",
                "computed": true
              }
            }
          },
          "product": {
            "short": "IEC",
            "name": "Intelligent EdgeCloud",
            "catalog": "Edge Cloud Services",
            "name_cn": "智能边缘云",
            "catalog_cn": "边缘云服务"
          }
        }
      }
    }
  }
}
