{
  "provider_schemas": {
    "huaweicloud/huaweicloud": {
      "resource_schemas": {
        "huaweicloud_iec_network_acl": {
          "block": {
            "attributes": {
              "description": {
                "type": "string",
                "optional": true
              },
              "id": {
                "type": "string",
                "computed": true
              },
              "inbound_rules": {
                "type": [
                  "list",
                  "string"
                ],
                "computed": true
              },
              "name": {
                "type": "string",
                "required": true
              },
              "outbound_rules": {
                "type": [
                  "list",
                  "string"
                ],
                "computed": true
              },
              "status": {
                "type": "string",
                "computed": true
              }
            },
            "block_types": {
              "networks": {
                "block": {
                  "attributes": {
                    "subnet_id": {
                      "type": "string",
                      "required": true
                    },
                    "vpc_id": {
                      "type": "string",
                      "required": true
                    }
                  }
                },
                "nesting_mode": "set"
              }
            }
          },
          "product": {
            "short": "IEC",
            "name": "智能边缘云",
            "catalog": "Content Delivery & Edge Computing",
            "name_cn": "智能边缘云",
            "catalog_cn": "CDN与智能边缘"
          }
        }
      }
    }
  }
}
