{
  "provider_schemas": {
    "huaweicloud/huaweicloud": {
      "resource_schemas": {
        "huaweicloud_iec_keypair": {
          "block": {
            "attributes": {
              "fingerprint": {
                "type": "string",
                "computed": true
              },
              "id": {
                "type": "string",
                "computed": true
              },
              "name": {
                "type": "string",
                "required": true,
                "forcenew": true
              },
              "public_key": {
                "type": "string",
                "optional": true,
                "computed": true,
                "forcenew": true
              },
              "region": {
                "type": "string",
                "computed": true
              }
            }
          },
          "product": {
            "short": "IEC",
            "name": "智能边缘云",
            "catalog": "Content Delivery & Edge Computing",
            "name_cn": "智能边缘云",
            "catalog_cn": "CDN与智能边缘"
          }
        }
      }
    }
  }
}
