{
  "provider_schemas": {
    "huaweicloud/huaweicloud": {
      "resource_schemas": {
        "huaweicloud_iec_vpc_subnet": {
          "block": {
            "attributes": {
              "cidr": {
                "type": "string",
                "required": true,
                "forcenew": true
              },
              "dhcp_enable": {
                "type": "bool",
                "optional": true,
                "default": true
              },
              "dns_list": {
                "type": [
                  "list",
                  "string"
                ],
                "optional": true,
                "computed": true
              },
              "gateway_ip": {
                "type": "string",
                "required": true,
                "forcenew": true
              },
              "id": {
                "type": "string",
                "computed": true
              },
              "name": {
                "type": "string",
                "required": true
              },
              "region": {
                "type": "string"
              },
              "site_id": {
                "type": "string",
                "required": true,
                "forcenew": true
              },
              "site_info": {
                "type": "string",
                "computed": true
              },
              "status": {
                "type": "string",
                "computed": true
              },
              "vpc_id": {
                "type": "string",
                "required": true,
                "forcenew": true
              }
            }
          },
          "product": {
            "short": "IEC",
            "name": "Intelligent EdgeCloud",
            "catalog": "Edge Cloud Services",
            "name_cn": "智能边缘云",
            "catalog_cn": "边缘云服务"
          }
        }
      }
    }
  }
}
