{
  "provider_schemas": {
    "huaweicloud/huaweicloud": {
      "resource_schemas": {
        "huaweicloud_images_image_share_accepter": {
          "block": {
            "attributes": {
              "id": {
                "type": "string",
                "computed": true
              },
              "image_id": {
                "type": "string",
                "description": "Specifies the ID of the image.",
                "required": true,
                "forcenew": true
              },
              "region": {
                "type": "string",
                "computed": true
              },
              "vault_id": {
                "type": "string",
                "description": "Specifies the ID of a vault.",
                "optional": true,
                "computed": true,
                "forcenew": true
              }
            }
          },
          "product": {
            "short": "IMS",
            "name": "镜像服务",
            "catalog": "Compute",
            "name_cn": "镜像服务",
            "catalog_cn": "计算"
          }
        }
      }
    }
  }
}
