{
  "provider_schemas": {
    "huaweicloud/huaweicloud": {
      "resource_schemas": {
        "huaweicloud_images_image": {
          "block": {
            "attributes": {
              "checksum": {
                "type": "string",
                "computed": true
              },
              "cmk_id": {
                "type": "string",
                "optional": true,
                "forcenew": true
              },
              "data_origin": {
                "type": "string",
                "computed": true
              },
              "description": {
                "type": "string",
                "optional": true,
                "forcenew": true
              },
              "disk_format": {
                "type": "string",
                "computed": true
              },
              "enterprise_project_id": {
                "type": "string",
                "optional": true,
                "computed": true,
                "forcenew": true
              },
              "id": {
                "type": "string",
                "computed": true
              },
              "image_size": {
                "type": "string",
                "computed": true
              },
              "image_url": {
                "type": "string",
                "optional": true,
                "forcenew": true
              },
              "instance_id": {
                "type": "string",
                "optional": true,
                "forcenew": true
              },
              "is_config": {
                "type": "bool",
                "optional": true,
                "forcenew": true,
                "default": false
              },
              "max_ram": {
                "type": "number",
                "optional": true,
                "forcenew": true
              },
              "min_disk": {
                "type": "number",
                "optional": true,
                "forcenew": true
              },
              "min_ram": {
                "type": "number",
                "optional": true,
                "forcenew": true
              },
              "name": {
                "type": "string",
                "required": true
              },
              "os_version": {
                "type": "string",
                "optional": true,
                "computed": true,
                "forcenew": true
              },
              "status": {
                "type": "string",
                "computed": true
              },
              "tags": {
                "type": [
                  "map",
                  "string"
                ],
                "optional": true
              },
              "type": {
                "type": "string",
                "optional": true,
                "forcenew": true
              },
              "visibility": {
                "type": "string",
                "computed": true
              }
            }
          },
          "product": {
            "catalog": "Compute",
            "name": "Image Management Service",
            "short": "IMS"
          }
        }
      }
    }
  }
}
