{
  "provider_schemas": {
    "huaweicloud/huaweicloud": {
      "resource_schemas": {
        "huaweicloud_ims_evs_data_image": {
          "block": {
            "attributes": {
              "active_at": {
                "type": "string",
                "computed": true
              },
              "created_at": {
                "type": "string",
                "computed": true
              },
              "data_origin": {
                "type": "string",
                "computed": true
              },
              "description": {
                "type": "string",
                "optional": true
              },
              "disk_format": {
                "type": "string",
                "computed": true
              },
              "enterprise_project_id": {
                "type": "string",
                "optional": true,
                "computed": true
              },
              "id": {
                "type": "string",
                "computed": true
              },
              "image_size": {
                "type": "string",
                "computed": true
              },
              "min_disk": {
                "type": "number",
                "computed": true
              },
              "name": {
                "type": "string",
                "required": true
              },
              "os_type": {
                "type": "string",
                "computed": true
              },
              "region": {
                "type": "string",
                "computed": true
              },
              "status": {
                "type": "string",
                "computed": true
              },
              "tags": {
                "type": [
                  "map",
                  "string"
                ],
                "optional": true
              },
              "updated_at": {
                "type": "string",
                "computed": true
              },
              "visibility": {
                "type": "string",
                "computed": true
              },
              "volume_id": {
                "type": "string",
                "required": true,
                "forcenew": true
              }
            }
          },
          "product": {
            "short": "IMS",
            "name": "Image Management Service",
            "catalog": "Compute",
            "name_cn": "镜像服务",
            "catalog_cn": "计算"
          }
        }
      }
    }
  }
}
