{
  "provider_schemas": {
    "huaweicloud/huaweicloud": {
      "resource_schemas": {
        "huaweicloud_iotda_device_linkage_rule": {
          "block": {
            "attributes": {
              "description": {
                "type": "string",
                "optional": true
              },
              "enabled": {
                "type": "bool",
                "optional": true,
                "default": true
              },
              "id": {
                "type": "string",
                "computed": true
              },
              "name": {
                "type": "string",
                "required": true
              },
              "region": {
                "type": "string",
                "computed": true
              },
              "space_id": {
                "type": "string",
                "required": true,
                "forcenew": true
              },
              "trigger_logic": {
                "type": "string",
                "optional": true,
                "default": "and"
              }
            },
            "block_types": {
              "actions": {
                "block": {
                  "attributes": {
                    "type": {
                      "type": "string",
                      "required": true
                    }
                  },
                  "block_types": {
                    "device_alarm": {
                      "block": {
                        "attributes": {
                          "description": {
                            "type": "string",
                            "optional": true
                          },
                          "dimension": {
                            "type": "string",
                            "optional": true
                          },
                          "name": {
                            "type": "string",
                            "required": true
                          },
                          "severity": {
                            "type": "string",
                            "required": true
                          },
                          "type": {
                            "type": "string",
                            "required": true
                          }
                        }
                      },
                      "nesting_mode": "list",
                      "max_items": 1
                    },
                    "device_command": {
                      "block": {
                        "attributes": {
                          "buffer_timeout": {
                            "type": "number",
                            "optional": true
                          },
                          "command_body": {
                            "type": "string",
                            "required": true
                          },
                          "command_name": {
                            "type": "string",
                            "required": true
                          },
                          "device_id": {
                            "type": "string",
                            "required": true
                          },
                          "mode": {
                            "type": "string",
                            "optional": true
                          },
                          "response_timeout": {
                            "type": "number",
                            "optional": true
                          },
                          "service_id": {
                            "type": "string",
                            "required": true
                          }
                        }
                      },
                      "nesting_mode": "list",
                      "max_items": 1
                    },
                    "smn_forwarding": {
                      "block": {
                        "attributes": {
                          "message_content": {
                            "type": "string",
                            "optional": true,
                            "computed": true
                          },
                          "message_template_name": {
                            "type": "string",
                            "optional": true,
                            "computed": true
                          },
                          "message_title": {
                            "type": "string",
                            "required": true
                          },
                          "project_id": {
                            "type": "string",
                            "optional": true,
                            "computed": true
                          },
                          "region": {
                            "type": "string",
                            "required": true
                          },
                          "topic_name": {
                            "type": "string",
                            "required": true
                          },
                          "topic_urn": {
                            "type": "string",
                            "required": true
                          }
                        }
                      },
                      "nesting_mode": "list",
                      "max_items": 1
                    }
                  }
                },
                "nesting_mode": "set",
                "min_items": 1,
                "max_items": 10
              },
              "effective_period": {
                "block": {
                  "attributes": {
                    "days_of_week": {
                      "type": "string",
                      "optional": true,
                      "computed": true
                    },
                    "end_time": {
                      "type": "string",
                      "required": true
                    },
                    "start_time": {
                      "type": "string",
                      "required": true
                    }
                  }
                },
                "nesting_mode": "list",
                "max_items": 1
              },
              "triggers": {
                "block": {
                  "attributes": {
                    "type": {
                      "type": "string",
                      "required": true
                    }
                  },
                  "block_types": {
                    "daily_timer_condition": {
                      "block": {
                        "attributes": {
                          "days_of_week": {
                            "type": "string",
                            "optional": true,
                            "computed": true
                          },
                          "start_time": {
                            "type": "string",
                            "required": true
                          }
                        }
                      },
                      "nesting_mode": "list",
                      "max_items": 1
                    },
                    "device_data_condition": {
                      "block": {
                        "attributes": {
                          "data_validatiy_period": {
                            "type": "number",
                            "optional": true,
                            "default": 300
                          },
                          "device_id": {
                            "type": "string",
                            "optional": true
                          },
                          "in_values": {
                            "type": [
                              "list",
                              "string"
                            ],
                            "optional": true
                          },
                          "operator": {
                            "type": "string",
                            "required": true
                          },
                          "path": {
                            "type": "string",
                            "required": true
                          },
                          "product_id": {
                            "type": "string",
                            "optional": true
                          },
                          "trigger_strategy": {
                            "type": "string",
                            "optional": true,
                            "computed": true
                          },
                          "value": {
                            "type": "string",
                            "optional": true
                          }
                        }
                      },
                      "nesting_mode": "list",
                      "max_items": 1
                    },
                    "simple_timer_condition": {
                      "block": {
                        "attributes": {
                          "repeat_count": {
                            "type": "number",
                            "required": true
                          },
                          "repeat_interval": {
                            "type": "number",
                            "required": true
                          },
                          "start_time": {
                            "type": "string",
                            "required": true
                          }
                        }
                      },
                      "nesting_mode": "list",
                      "max_items": 1
                    }
                  }
                },
                "nesting_mode": "set",
                "min_items": 1,
                "max_items": 10
              }
            }
          },
          "product": {
            "short": "IoTDA",
            "name": "IoT Device Access",
            "catalog": "Internet of Things",
            "name_cn": "设备接入",
            "catalog_cn": "IoT物联网"
          }
        }
      }
    }
  }
}
