{
  "provider_schemas": {
    "huaweicloud/huaweicloud": {
      "resource_schemas": {
        "huaweicloud_iotda_access_credential": {
          "block": {
            "attributes": {
              "access_code": {
                "type": "string",
                "computed": true
              },
              "access_key": {
                "type": "string",
                "computed": true
              },
              "force_disconnect": {
                "type": "bool",
                "optional": true,
                "forcenew": true,
                "default": false
              },
              "id": {
                "type": "string",
                "computed": true
              },
              "region": {
                "type": "string"
              },
              "type": {
                "type": "string",
                "optional": true,
                "forcenew": true
              }
            }
          },
          "product": {
            "short": "IoTDA",
            "name": "IoT Device Access",
            "catalog": "Internet of Things",
            "name_cn": "设备接入",
            "catalog_cn": "IoT物联网"
          }
        }
      }
    }
  }
}
