{
  "provider_schemas": {
    "huaweicloud/huaweicloud": {
      "resource_schemas": {
        "huaweicloud_iotda_batchtask": {
          "block": {
            "attributes": {
              "created_at": {
                "type": "string",
                "computed": true
              },
              "id": {
                "type": "string",
                "computed": true
              },
              "name": {
                "type": "string",
                "required": true,
                "forcenew": true
              },
              "region": {
                "type": "string",
                "computed": true
              },
              "space_id": {
                "type": "string",
                "optional": true,
                "computed": true,
                "forcenew": true
              },
              "status": {
                "type": "string",
                "computed": true
              },
              "status_desc": {
                "type": "string",
                "computed": true
              },
              "targets": {
                "type": [
                  "list",
                  "string"
                ],
                "optional": true,
                "forcenew": true
              },
              "targets_file": {
                "type": "string",
                "optional": true,
                "forcenew": true
              },
              "task_details": {
                "type": [
                  "list",
                  [
                    "object",
                    {
                      "error": [
                        "list",
                        [
                          "object",
                          {
                            "error_code": "string",
                            "error_msg": "string"
                          }
                        ]
                      ],
                      "output": "string",
                      "status": "string",
                      "target": "string"
                    }
                  ]
                ],
                "computed": true,
                "sensitive": true
              },
              "task_progress": {
                "type": [
                  "list",
                  [
                    "object",
                    {
                      "fail": "number",
                      "success": "number",
                      "total": "number"
                    }
                  ]
                ],
                "computed": true
              },
              "type": {
                "type": "string",
                "required": true,
                "forcenew": true
              }
            },
            "block_types": {
              "targets_filter": {
                "block": {
                  "attributes": {
                    "group_ids": {
                      "type": [
                        "list",
                        "string"
                      ],
                      "required": true,
                      "forcenew": true
                    }
                  }
                },
                "nesting_mode": "list",
                "forcenew": true
              }
            }
          },
          "product": {
            "short": "IoTDA",
            "name": "IoT Device Access",
            "catalog": "Internet of Things",
            "name_cn": "设备接入",
            "catalog_cn": "IoT物联网"
          }
        }
      }
    }
  }
}
