{
  "provider_schemas": {
    "huaweicloud/huaweicloud": {
      "resource_schemas": {
        "huaweicloud_iotda_device_policy": {
          "block": {
            "attributes": {
              "create_time": {
                "type": "string",
                "computed": true
              },
              "id": {
                "type": "string",
                "computed": true
              },
              "policy_name": {
                "type": "string",
                "required": true
              },
              "region": {
                "type": "string",
                "computed": true
              },
              "space_id": {
                "type": "string",
                "optional": true
              },
              "update_time": {
                "type": "string",
                "computed": true
              }
            },
            "block_types": {
              "statement": {
                "block": {
                  "attributes": {
                    "actions": {
                      "type": [
                        "list",
                        "string"
                      ],
                      "required": true
                    },
                    "effect": {
                      "type": "string",
                      "required": true
                    },
                    "resources": {
                      "type": [
                        "list",
                        "string"
                      ],
                      "required": true
                    }
                  }
                },
                "nesting_mode": "list",
                "min_items": 1
              }
            }
          },
          "product": {
            "short": "IoTDA",
            "name": "IoT Device Access",
            "catalog": "Internet of Things",
            "name_cn": "设备接入",
            "catalog_cn": "IoT物联网"
          }
        }
      }
    }
  }
}
