{
  "provider_schemas": {
    "huaweicloud/huaweicloud": {
      "resource_schemas": {
        "huaweicloud_kms_key": {
          "block": {
            "attributes": {
              "creation_date": {
                "type": "string",
                "computed": true
              },
              "default_key_flag": {
                "type": "string",
                "computed": true
              },
              "domain_id": {
                "type": "string",
                "computed": true
              },
              "enterprise_project_id": {
                "type": "string",
                "optional": true,
                "computed": true,
                "forcenew": true
              },
              "expiration_time": {
                "type": "string",
                "computed": true
              },
              "id": {
                "type": "string",
                "computed": true
              },
              "is_enabled": {
                "type": "bool",
                "optional": true,
                "default": true
              },
              "key_algorithm": {
                "type": "string",
                "optional": true,
                "computed": true,
                "forcenew": true
              },
              "key_alias": {
                "type": "string",
                "required": true
              },
              "key_description": {
                "type": "string",
                "optional": true
              },
              "key_id": {
                "type": "string",
                "computed": true
              },
              "key_state": {
                "type": "string",
                "computed": true
              },
              "key_usage": {
                "type": "string",
                "optional": true,
                "computed": true,
                "forcenew": true
              },
              "keystore_id": {
                "type": "string",
                "optional": true,
                "computed": true,
                "forcenew": true
              },
              "origin": {
                "type": "string",
                "optional": true,
                "computed": true,
                "forcenew": true
              },
              "pending_days": {
                "type": "string",
                "optional": true
              },
              "region": {
                "type": "string",
                "computed": true
              },
              "rotation_enabled": {
                "type": "bool",
                "optional": true
              },
              "rotation_interval": {
                "type": "number",
                "optional": true,
                "computed": true
              },
              "rotation_number": {
                "type": "number",
                "computed": true
              },
              "scheduled_deletion_date": {
                "type": "string",
                "computed": true
              },
              "tags": {
                "type": [
                  "map",
                  "string"
                ],
                "optional": true
              }
            }
          },
          "product": {
            "short": "KMS",
            "name": "Data Encryption Workshop KMS",
            "catalog": "Security & Compliance",
            "name_cn": "数据加密服务-密钥管理",
            "catalog_cn": "安全与合规"
          }
        }
      }
    }
  }
}
