{
  "provider_schemas": {
    "huaweicloud/huaweicloud": {
      "resource_schemas": {
        "huaweicloud_kms_key_replicate": {
          "block": {
            "attributes": {
              "enterprise_project_id": {
                "type": "string",
                "optional": true
              },
              "id": {
                "type": "string",
                "computed": true
              },
              "key_alias": {
                "type": "string",
                "required": true
              },
              "key_description": {
                "type": "string",
                "optional": true
              },
              "key_id": {
                "type": "string",
                "required": true
              },
              "region": {
                "type": "string",
                "computed": true
              },
              "replica_project_id": {
                "type": "string",
                "required": true
              },
              "replica_region": {
                "type": "string",
                "required": true
              },
              "tags": {
                "type": [
                  "map",
                  "string"
                ],
                "optional": true,
                "computed": true
              }
            }
          },
          "product": {
            "short": "KMS",
            "name": "Data Encryption Workshop KMS",
            "catalog": "Security & Compliance",
            "name_cn": "密码安全中心-密钥管理",
            "catalog_cn": "安全与合规"
          }
        }
      }
    }
  }
}
