{
  "provider_schemas": {
    "huaweicloud/huaweicloud": {
      "resource_schemas": {
        "huaweicloud_kms_generate_mac": {
          "block": {
            "attributes": {
              "id": {
                "type": "string",
                "computed": true
              },
              "key_id": {
                "type": "string",
                "required": true
              },
              "mac": {
                "type": "string",
                "computed": true,
                "sensitive": true
              },
              "mac_algorithm": {
                "type": "string",
                "required": true
              },
              "message": {
                "type": "string",
                "required": true
              },
              "region": {
                "type": "string",
                "computed": true
              }
            }
          },
          "product": {
            "short": "KMS",
            "name": "Data Encryption Workshop KMS",
            "catalog": "Security & Compliance",
            "name_cn": "密码安全中心-密钥管理",
            "catalog_cn": "安全与合规"
          }
        }
      }
    }
  }
}
