{
  "provider_schemas": {
    "huaweicloud/huaweicloud": {
      "resource_schemas": {
        "huaweicloud_kms_encrypt_datakey": {
          "block": {
            "attributes": {
              "cipher_text": {
                "type": "string",
                "description": "The DEK ciphertext in hexadecimal.",
                "computed": true,
                "sensitive": true
              },
              "datakey_plain_length": {
                "type": "string",
                "description": "Specifies the byte length of the DEK plaintext.",
                "required": true
              },
              "id": {
                "type": "string",
                "computed": true
              },
              "key_id": {
                "type": "string",
                "description": "Specifies the key ID.",
                "required": true
              },
              "plain_text": {
                "type": "string",
                "description": "Specifies the plaintext of data encryption key.",
                "required": true,
                "sensitive": true
              },
              "region": {
                "type": "string",
                "description": "Specifies the region in which to create the resource.",
                "computed": true
              },
              "sequence": {
                "type": "string",
                "description": "Specifies the sequence number of the request message.",
                "optional": true
              }
            }
          },
          "product": {
            "short": "KMS",
            "name": "Data Encryption Workshop KMS",
            "catalog": "Security & Compliance",
            "name_cn": "密码安全中心-密钥管理",
            "catalog_cn": "安全与合规"
          }
        }
      }
    }
  }
}
