{
  "provider_schemas": {
    "huaweicloud/huaweicloud": {
      "resource_schemas": {
        "huaweicloud_kps_export_private_key": {
          "block": {
            "attributes": {
              "id": {
                "type": "string",
                "computed": true
              },
              "name": {
                "type": "string",
                "description": "Specifies the SSH keypair name.",
                "required": true
              },
              "private_key": {
                "type": "string",
                "description": "The private key of the keypair.",
                "computed": true,
                "sensitive": true
              },
              "region": {
                "type": "string",
                "description": "Specifies the region in which to create the resource.",
                "computed": true
              }
            }
          },
          "product": {
            "short": "KPS",
            "name": "Data Encryption Workshop KPS",
            "catalog": "Security & Compliance",
            "name_cn": "密码安全中心-密钥对管理",
            "catalog_cn": "安全与合规"
          }
        }
      }
    }
  }
}
