{
  "provider_schemas": {
    "huaweicloud/huaweicloud": {
      "resource_schemas": {
        "huaweicloud_lb_l7policy": {
          "block": {
            "attributes": {
              "action": {
                "type": "string",
                "required": true,
                "forcenew": true
              },
              "description": {
                "type": "string",
                "optional": true
              },
              "id": {
                "type": "string",
                "computed": true
              },
              "listener_id": {
                "type": "string",
                "required": true,
                "forcenew": true
              },
              "name": {
                "type": "string",
                "optional": true
              },
              "position": {
                "type": "number",
                "optional": true,
                "computed": true,
                "forcenew": true
              },
              "redirect_listener_id": {
                "type": "string",
                "optional": true
              },
              "redirect_pool_id": {
                "type": "string",
                "optional": true
              },
              "region": {
                "type": "string",
                "computed": true
              }
            }
          },
          "product": {
            "short": "ELB",
            "name": "Elastic Load Balance",
            "catalog": "Networking",
            "name_cn": "弹性负载均衡",
            "catalog_cn": "网络"
          }
        }
      }
    }
  }
}
