{
  "provider_schemas": {
    "huaweicloud/huaweicloud": {
      "resource_schemas": {
        "huaweicloud_lb_loadbalancer": {
          "block": {
            "attributes": {
              "description": {
                "type": "string",
                "optional": true
              },
              "enterprise_project_id": {
                "type": "string",
                "optional": true,
                "computed": true,
                "forcenew": true
              },
              "id": {
                "type": "string",
                "computed": true
              },
              "name": {
                "type": "string",
                "optional": true
              },
              "public_ip": {
                "type": "string",
                "computed": true
              },
              "region": {
                "type": "string",
                "computed": true
              },
              "tags": {
                "type": [
                  "map",
                  "string"
                ],
                "optional": true
              },
              "vip_address": {
                "type": "string",
                "optional": true,
                "computed": true,
                "forcenew": true
              },
              "vip_port_id": {
                "type": "string",
                "computed": true
              },
              "vip_subnet_id": {
                "type": "string",
                "description": "the IPv4 subnet ID of the subnet where the load balancer works",
                "required": true,
                "forcenew": true
              }
            }
          },
          "product": {
            "short": "ELB",
            "name": "弹性负载均衡",
            "catalog": "Networking",
            "name_cn": "弹性负载均衡",
            "catalog_cn": "网络"
          }
        }
      }
    }
  }
}
