{
  "provider_schemas": {
    "huaweicloud/huaweicloud": {
      "resource_schemas": {
        "huaweicloud_lb_listener": {
          "block": {
            "attributes": {
              "client_ca_tls_container_ref": {
                "type": "string",
                "optional": true,
                "computed": true
              },
              "created_at": {
                "type": "string",
                "computed": true
              },
              "default_pool_id": {
                "type": "string",
                "optional": true,
                "computed": true
              },
              "default_tls_container_ref": {
                "type": "string",
                "optional": true,
                "computed": true
              },
              "description": {
                "type": "string",
                "optional": true
              },
              "http2_enable": {
                "type": "bool",
                "optional": true
              },
              "id": {
                "type": "string",
                "computed": true
              },
              "loadbalancer_id": {
                "type": "string",
                "required": true
              },
              "name": {
                "type": "string",
                "optional": true,
                "computed": true
              },
              "protection_reason": {
                "type": "string",
                "optional": true
              },
              "protection_status": {
                "type": "string",
                "optional": true,
                "computed": true
              },
              "protocol": {
                "type": "string",
                "required": true
              },
              "protocol_port": {
                "type": "number",
                "required": true
              },
              "region": {
                "type": "string",
                "computed": true
              },
              "sni_container_refs": {
                "type": [
                  "set",
                  "string"
                ],
                "optional": true,
                "computed": true
              },
              "tags": {
                "type": [
                  "map",
                  "string"
                ],
                "optional": true,
                "computed": true
              },
              "tls_ciphers_policy": {
                "type": "string",
                "optional": true,
                "computed": true
              },
              "updated_at": {
                "type": "string",
                "computed": true
              }
            },
            "block_types": {
              "insert_headers": {
                "block": {
                  "attributes": {
                    "x_forwarded_elb_ip": {
                      "type": "string",
                      "optional": true,
                      "computed": true
                    },
                    "x_forwarded_host": {
                      "type": "string",
                      "optional": true,
                      "computed": true
                    }
                  }
                },
                "nesting_mode": "list",
                "max_items": 1
              }
            }
          },
          "product": {
            "short": "ELB",
            "name": "Elastic Load Balance",
            "catalog": "Networking",
            "name_cn": "弹性负载均衡",
            "catalog_cn": "网络"
          }
        }
      }
    }
  }
}
