{
  "provider_schemas": {
    "huaweicloud/huaweicloud": {
      "resource_schemas": {
        "huaweicloud_lb_l7rule": {
          "block": {
            "attributes": {
              "compare_type": {
                "type": "string",
                "required": true
              },
              "id": {
                "type": "string",
                "computed": true
              },
              "key": {
                "type": "string",
                "optional": true,
                "forcenew": true
              },
              "l7policy_id": {
                "type": "string",
                "required": true,
                "forcenew": true
              },
              "listener_id": {
                "type": "string",
                "computed": true
              },
              "region": {
                "type": "string",
                "computed": true
              },
              "type": {
                "type": "string",
                "required": true,
                "forcenew": true
              },
              "value": {
                "type": "string",
                "required": true
              }
            }
          },
          "product": {
            "short": "ELB",
            "name": "Elastic Load Balance",
            "catalog": "Networking",
            "name_cn": "弹性负载均衡",
            "catalog_cn": "网络"
          }
        }
      }
    }
  }
}
