{
  "provider_schemas": {
    "huaweicloud/huaweicloud": {
      "resource_schemas": {
        "huaweicloud_lb_listener": {
          "block": {
            "attributes": {
              "connection_limit": {
                "type": "number",
                "optional": true,
                "computed": true
              },
              "default_pool_id": {
                "type": "string",
                "optional": true,
                "computed": true,
                "forcenew": true
              },
              "default_tls_container_ref": {
                "type": "string",
                "optional": true
              },
              "description": {
                "type": "string",
                "optional": true
              },
              "http2_enable": {
                "type": "bool",
                "optional": true,
                "default": false
              },
              "id": {
                "type": "string",
                "computed": true
              },
              "loadbalancer_id": {
                "type": "string",
                "required": true,
                "forcenew": true
              },
              "name": {
                "type": "string",
                "optional": true,
                "computed": true
              },
              "protocol": {
                "type": "string",
                "required": true,
                "forcenew": true
              },
              "protocol_port": {
                "type": "number",
                "required": true,
                "forcenew": true
              },
              "region": {
                "type": "string",
                "computed": true
              },
              "sni_container_refs": {
                "type": [
                  "list",
                  "string"
                ],
                "optional": true
              },
              "tags": {
                "type": [
                  "map",
                  "string"
                ],
                "optional": true
              }
            }
          },
          "product": {
            "short": "ELB",
            "name": "Elastic Load Balance",
            "catalog": "Networking",
            "name_cn": "弹性负载均衡",
            "catalog_cn": "网络"
          }
        }
      }
    }
  }
}
