{
  "provider_schemas": {
    "huaweicloud/huaweicloud": {
      "resource_schemas": {
        "huaweicloud_lb_monitor": {
          "block": {
            "attributes": {
              "delay": {
                "type": "number",
                "required": true
              },
              "expected_codes": {
                "type": "string",
                "optional": true,
                "computed": true
              },
              "http_method": {
                "type": "string",
                "optional": true,
                "computed": true
              },
              "id": {
                "type": "string",
                "computed": true
              },
              "max_retries": {
                "type": "number",
                "required": true
              },
              "name": {
                "type": "string",
                "optional": true
              },
              "pool_id": {
                "type": "string",
                "required": true,
                "forcenew": true
              },
              "port": {
                "type": "number",
                "optional": true
              },
              "region": {
                "type": "string",
                "computed": true
              },
              "timeout": {
                "type": "number",
                "required": true
              },
              "type": {
                "type": "string",
                "required": true,
                "forcenew": true
              },
              "url_path": {
                "type": "string",
                "optional": true,
                "computed": true
              }
            }
          },
          "product": {
            "catalog": "Networking",
            "name": "Elastic Load Balance",
            "short": "ELB"
          }
        }
      }
    }
  }
}
