{
  "provider_schemas": {
    "huaweicloud/huaweicloud": {
      "resource_schemas": {
        "huaweicloud_live_record_callback": {
          "block": {
            "attributes": {
              "domain_name": {
                "type": "string",
                "required": true,
                "forcenew": true
              },
              "id": {
                "type": "string",
                "computed": true
              },
              "key": {
                "type": "string",
                "optional": true,
                "computed": true,
                "sensitive": true
              },
              "region": {
                "type": "string",
                "computed": true
              },
              "sign_type": {
                "type": "string",
                "optional": true,
                "computed": true
              },
              "types": {
                "type": [
                  "list",
                  "string"
                ],
                "required": true
              },
              "url": {
                "type": "string",
                "required": true
              }
            }
          },
          "product": {
            "short": "Live",
            "name": "Live",
            "catalog": "Media Services",
            "name_cn": "视频直播",
            "catalog_cn": "视频"
          }
        }
      }
    }
  }
}
