{
  "provider_schemas": {
    "huaweicloud/huaweicloud": {
      "resource_schemas": {
        "huaweicloud_lts_keywords_alarm_rule": {
          "block": {
            "attributes": {
              "alarm_action_rule_name": {
                "type": "string",
                "description": "The name of the alarm action rule associated with the keyword alarm rule.",
                "optional": true
              },
              "alarm_level": {
                "type": "string",
                "description": "Specifies the alarm level.",
                "required": true
              },
              "alarm_rule_alias": {
                "type": "string",
                "description": "Specifies alias name of the keyword alarm rule.",
                "optional": true,
                "computed": true
              },
              "condition_expression": {
                "type": "string",
                "description": "The condition expression of the keyword alarm rule.",
                "computed": true
              },
              "created_at": {
                "type": "string",
                "description": "The creation time of the alarm rule.",
                "computed": true
              },
              "description": {
                "type": "string",
                "description": "Specifies the description of the keywords alarm rule.",
                "optional": true
              },
              "domain_id": {
                "type": "string",
                "description": "The domain ID.",
                "computed": true
              },
              "id": {
                "type": "string",
                "computed": true
              },
              "name": {
                "type": "string",
                "description": "Specifies the name of the keywords alarm rule.",
                "required": true,
                "forcenew": true
              },
              "notification_frequency": {
                "type": "number",
                "description": "The notification frequency of the keyword alarm rule, in minutes.",
                "optional": true,
                "computed": true
              },
              "recovery_frequency": {
                "type": "number",
                "description": "Specifies the frequency to recover the alarm.",
                "optional": true,
                "computed": true
              },
              "region": {
                "type": "string",
                "computed": true
              },
              "send_notifications": {
                "type": "bool",
                "description": "Specifies whether to send notifications.",
                "optional": true
              },
              "send_recovery_notifications": {
                "type": "bool",
                "description": "Specifies whether to send recovery notifications.",
                "optional": true,
                "computed": true
              },
              "status": {
                "type": "string",
                "description": "Specifies the status.",
                "optional": true,
                "computed": true
              },
              "trigger_condition_count": {
                "type": "number",
                "description": "Specifies the count to trigger the alarm.",
                "optional": true,
                "computed": true
              },
              "trigger_condition_frequency": {
                "type": "number",
                "description": "Specifies the frequency to trigger the alarm.",
                "optional": true,
                "computed": true
              },
              "updated_at": {
                "type": "string",
                "description": "The last update time of the alarm rule.",
                "computed": true
              }
            },
            "block_types": {
              "frequency": {
                "block": {
                  "attributes": {
                    "cron_expression": {
                      "type": "string",
                      "description": "Specifies the cron expression.",
                      "optional": true,
                      "computed": true
                    },
                    "day_of_week": {
                      "type": "number",
                      "description": "Specifies the day of week.",
                      "optional": true,
                      "computed": true
                    },
                    "fixed_rate": {
                      "type": "number",
                      "description": "Specifies the unit fixed rate.",
                      "optional": true,
                      "computed": true
                    },
                    "fixed_rate_unit": {
                      "type": "string",
                      "description": "Specifies the unit of fixed rate.",
                      "optional": true,
                      "computed": true
                    },
                    "hour_of_day": {
                      "type": "number",
                      "description": "Specifies the hour of day.",
                      "optional": true,
                      "computed": true
                    },
                    "type": {
                      "type": "string",
                      "description": "Specifies the frequency type.",
                      "required": true
                    }
                  },
                  "description": "Specifies the alarm frequency configurations."
                },
                "nesting_mode": "list",
                "min_items": 1,
                "max_items": 1
              },
              "keywords_requests": {
                "block": {
                  "attributes": {
                    "condition": {
                      "type": "string",
                      "description": "Specifies the keywords request condition.",
                      "required": true
                    },
                    "keywords": {
                      "type": "string",
                      "description": "Specifies the keywords.",
                      "required": true
                    },
                    "log_group_id": {
                      "type": "string",
                      "description": "Specifies the log group id.",
                      "required": true
                    },
                    "log_group_name": {
                      "type": "string",
                      "description": "The name of the log group.",
                      "optional": true,
                      "computed": true
                    },
                    "log_stream_id": {
                      "type": "string",
                      "description": "Specifies the log stream id.",
                      "required": true
                    },
                    "log_stream_name": {
                      "type": "string",
                      "description": "The name of the log stream.",
                      "optional": true,
                      "computed": true
                    },
                    "number": {
                      "type": "number",
                      "description": "Specifies the line number.",
                      "required": true
                    },
                    "search_time_range": {
                      "type": "number",
                      "description": "Specifies the search time range.",
                      "required": true
                    },
                    "search_time_range_unit": {
                      "type": "string",
                      "description": "Specifies the unit of search time range.",
                      "required": true
                    }
                  },
                  "description": "Specifies the keywords requests."
                },
                "nesting_mode": "list",
                "min_items": 1
              },
              "notification_rule": {
                "block": {
                  "attributes": {
                    "language": {
                      "type": "string",
                      "description": "Specifies the notification language.",
                      "optional": true,
                      "computed": true
                    },
                    "template_name": {
                      "type": "string",
                      "description": "Specifies the notification template name.",
                      "required": true
                    },
                    "timezone": {
                      "type": "string",
                      "description": "Specifies the timezone.",
                      "optional": true
                    },
                    "user_name": {
                      "type": "string",
                      "description": "Specifies the user name.",
                      "required": true
                    }
                  },
                  "block_types": {
                    "topics": {
                      "block": {
                        "attributes": {
                          "display_name": {
                            "type": "string",
                            "description": "Specifies the display name.",
                            "optional": true
                          },
                          "name": {
                            "type": "string",
                            "description": "Specifies the topic name.",
                            "required": true
                          },
                          "push_policy": {
                            "type": "number",
                            "description": "Specifies the push policy.",
                            "optional": true
                          },
                          "topic_urn": {
                            "type": "string",
                            "description": "Specifies the topic URN.",
                            "required": true
                          }
                        },
                        "description": "Specifies the SMN topics."
                      },
                      "nesting_mode": "list",
                      "min_items": 1
                    }
                  },
                  "description": "schema:{\"Deprecated\":true};The notification rule of the keyword alarm rule."
                },
                "nesting_mode": "list",
                "forcenew": true,
                "max_items": 1
              },
              "notification_save_rule": {
                "block": {
                  "attributes": {
                    "language": {
                      "type": "string",
                      "description": "Specifies the notification language.",
                      "optional": true,
                      "computed": true
                    },
                    "template_name": {
                      "type": "string",
                      "description": "Specifies the notification template name.",
                      "required": true
                    },
                    "timezone": {
                      "type": "string",
                      "description": "Specifies the timezone.",
                      "optional": true
                    },
                    "user_name": {
                      "type": "string",
                      "description": "Specifies the user name.",
                      "required": true
                    }
                  },
                  "block_types": {
                    "topics": {
                      "block": {
                        "attributes": {
                          "display_name": {
                            "type": "string",
                            "description": "Specifies the display name.",
                            "optional": true
                          },
                          "name": {
                            "type": "string",
                            "description": "Specifies the topic name.",
                            "required": true
                          },
                          "push_policy": {
                            "type": "number",
                            "description": "Specifies the push policy.",
                            "optional": true
                          },
                          "topic_urn": {
                            "type": "string",
                            "description": "Specifies the topic URN.",
                            "required": true
                          }
                        },
                        "description": "Specifies the SMN topics."
                      },
                      "nesting_mode": "list",
                      "min_items": 1
                    }
                  },
                  "description": "The notification rule of the keyword alarm rule."
                },
                "nesting_mode": "list",
                "max_items": 1
              }
            }
          },
          "product": {
            "short": "LTS",
            "name": "Log Tank Service",
            "catalog": "Management & Governance",
            "name_cn": "云日志服务",
            "catalog_cn": "管理与监管"
          }
        }
      }
    }
  }
}
