{
  "provider_schemas": {
    "huaweicloud/huaweicloud": {
      "resource_schemas": {
        "huaweicloud_lts_cross_account_access": {
          "block": {
            "attributes": {
              "access_config_type": {
                "type": "string",
                "description": "The log access configuration type.",
                "computed": true
              },
              "agency_domain_name": {
                "type": "string",
                "description": "Specifies the name of the delegator account to verify the delegation.",
                "required": true,
                "forcenew": true
              },
              "agency_name": {
                "type": "string",
                "description": "Specifies the name of the agency created in IAM by the delegator.",
                "required": true,
                "forcenew": true
              },
              "agency_project_id": {
                "type": "string",
                "description": "Specifies the delegator project ID.",
                "required": true,
                "forcenew": true
              },
              "created_at": {
                "type": "string",
                "description": "The creation time of the cross account access, in RFC3339 format.",
                "computed": true
              },
              "id": {
                "type": "string",
                "computed": true
              },
              "log_agencygroup_id": {
                "type": "string",
                "description": "Specify the log group ID that already exists in the delegated account.",
                "required": true,
                "forcenew": true
              },
              "log_agencygroup_name": {
                "type": "string",
                "description": "Specify the log group name that already exists in the delegated account.",
                "required": true,
                "forcenew": true
              },
              "log_agencystream_id": {
                "type": "string",
                "description": "Specifies the log stream ID that already exists in the delegated account.",
                "required": true,
                "forcenew": true
              },
              "log_agencystream_name": {
                "type": "string",
                "description": "Specifies the log stream name that already exists in the delegated account.",
                "required": true,
                "forcenew": true
              },
              "log_group_id": {
                "type": "string",
                "description": "Specify the log group ID that already exists in the delegatee account.",
                "required": true,
                "forcenew": true
              },
              "log_group_name": {
                "type": "string",
                "description": "Specify the log group name that already exists in the delegatee account.",
                "required": true,
                "forcenew": true
              },
              "log_stream_id": {
                "type": "string",
                "description": "Specifies the log stream ID that already exists in the delegatee account.",
                "required": true,
                "forcenew": true
              },
              "log_stream_name": {
                "type": "string",
                "description": "Specifies the log stream name that already exists in the delegatee account.",
                "required": true,
                "forcenew": true
              },
              "name": {
                "type": "string",
                "description": "Specifies the name of the cross account access.",
                "required": true,
                "forcenew": true
              },
              "region": {
                "type": "string",
                "computed": true
              },
              "tags": {
                "type": [
                  "map",
                  "string"
                ],
                "optional": true
              }
            }
          },
          "product": {
            "short": "LTS",
            "name": "Log Tank Service",
            "catalog": "Management & Governance",
            "name_cn": "云日志服务",
            "catalog_cn": "管理与监管"
          }
        }
      }
    }
  }
}
