{
  "provider_schemas": {
    "huaweicloud/huaweicloud": {
      "resource_schemas": {
        "huaweicloud_mapreduce_cluster": {
          "block": {
            "attributes": {
              "auto_renew": {
                "type": "string",
                "optional": true
              },
              "availability_zone": {
                "type": "string",
                "required": true,
                "forcenew": true
              },
              "charging_mode": {
                "type": "string",
                "optional": true,
                "computed": true,
                "forcenew": true
              },
              "charging_start_time": {
                "type": "string",
                "computed": true
              },
              "component_list": {
                "type": [
                  "set",
                  "string"
                ],
                "required": true,
                "forcenew": true
              },
              "create_time": {
                "type": "string",
                "computed": true
              },
              "eip_id": {
                "type": "string",
                "optional": true,
                "computed": true,
                "forcenew": true
              },
              "enterprise_project_id": {
                "type": "string",
                "optional": true,
                "computed": true
              },
              "id": {
                "type": "string",
                "computed": true
              },
              "log_collection": {
                "type": "bool",
                "optional": true,
                "forcenew": true,
                "default": true
              },
              "manager_admin_pass": {
                "type": "string",
                "required": true,
                "forcenew": true,
                "sensitive": true
              },
              "master_node_ip": {
                "type": "string",
                "computed": true
              },
              "name": {
                "type": "string",
                "required": true
              },
              "node_admin_pass": {
                "type": "string",
                "optional": true,
                "forcenew": true,
                "sensitive": true
              },
              "node_key_pair": {
                "type": "string",
                "optional": true,
                "forcenew": true
              },
              "period": {
                "type": "number",
                "optional": true,
                "forcenew": true
              },
              "period_unit": {
                "type": "string",
                "optional": true,
                "forcenew": true
              },
              "private_ip": {
                "type": "string",
                "computed": true
              },
              "public_ip": {
                "type": "string",
                "optional": true,
                "computed": true,
                "forcenew": true
              },
              "region": {
                "type": "string",
                "computed": true
              },
              "safe_mode": {
                "type": "bool",
                "optional": true,
                "forcenew": true,
                "default": true
              },
              "security_group_ids": {
                "type": [
                  "set",
                  "string"
                ],
                "optional": true,
                "computed": true,
                "forcenew": true
              },
              "status": {
                "type": "string",
                "computed": true
              },
              "subnet_id": {
                "type": "string",
                "required": true,
                "forcenew": true
              },
              "tags": {
                "type": [
                  "map",
                  "string"
                ],
                "optional": true,
                "computed": true
              },
              "template_id": {
                "type": "string",
                "optional": true,
                "forcenew": true
              },
              "total_node_number": {
                "type": "number",
                "computed": true
              },
              "type": {
                "type": "string",
                "optional": true,
                "forcenew": true,
                "default": "ANALYSIS"
              },
              "update_time": {
                "type": "string",
                "computed": true
              },
              "version": {
                "type": "string",
                "required": true,
                "forcenew": true
              },
              "vpc_id": {
                "type": "string",
                "required": true,
                "forcenew": true
              }
            },
            "block_types": {
              "analysis_core_nodes": {
                "block": {
                  "attributes": {
                    "assigned_roles": {
                      "type": [
                        "list",
                        "string"
                      ],
                      "optional": true,
                      "forcenew": true
                    },
                    "auto_renew": {
                      "type": "string",
                      "optional": true
                    },
                    "charging_mode": {
                      "type": "string",
                      "optional": true,
                      "computed": true,
                      "forcenew": true
                    },
                    "data_volume_count": {
                      "type": "number",
                      "required": true,
                      "forcenew": true
                    },
                    "data_volume_size": {
                      "type": "number",
                      "optional": true,
                      "forcenew": true
                    },
                    "data_volume_type": {
                      "type": "string",
                      "optional": true,
                      "forcenew": true
                    },
                    "flavor": {
                      "type": "string",
                      "required": true,
                      "forcenew": true
                    },
                    "host_ips": {
                      "type": [
                        "list",
                        "string"
                      ],
                      "computed": true
                    },
                    "node_number": {
                      "type": "number",
                      "required": true
                    },
                    "period": {
                      "type": "number",
                      "optional": true,
                      "forcenew": true
                    },
                    "period_unit": {
                      "type": "string",
                      "optional": true,
                      "forcenew": true
                    },
                    "root_volume_size": {
                      "type": "number",
                      "required": true,
                      "forcenew": true
                    },
                    "root_volume_type": {
                      "type": "string",
                      "required": true,
                      "forcenew": true
                    }
                  }
                },
                "nesting_mode": "list",
                "forcenew": true,
                "max_items": 1
              },
              "analysis_task_nodes": {
                "block": {
                  "attributes": {
                    "assigned_roles": {
                      "type": [
                        "list",
                        "string"
                      ],
                      "optional": true,
                      "forcenew": true
                    },
                    "data_volume_count": {
                      "type": "number",
                      "required": true,
                      "forcenew": true
                    },
                    "data_volume_size": {
                      "type": "number",
                      "optional": true,
                      "forcenew": true
                    },
                    "data_volume_type": {
                      "type": "string",
                      "optional": true,
                      "forcenew": true
                    },
                    "flavor": {
                      "type": "string",
                      "required": true,
                      "forcenew": true
                    },
                    "host_ips": {
                      "type": [
                        "list",
                        "string"
                      ],
                      "computed": true
                    },
                    "node_number": {
                      "type": "number",
                      "required": true
                    },
                    "root_volume_size": {
                      "type": "number",
                      "required": true,
                      "forcenew": true
                    },
                    "root_volume_type": {
                      "type": "string",
                      "required": true,
                      "forcenew": true
                    }
                  }
                },
                "nesting_mode": "list",
                "forcenew": true,
                "max_items": 1
              },
              "bootstrap_scripts": {
                "block": {
                  "attributes": {
                    "active_master": {
                      "type": "bool",
                      "description": "Whether the bootstrap action script runs only on active master nodes.",
                      "optional": true,
                      "computed": true,
                      "forcenew": true
                    },
                    "before_component_start": {
                      "type": "bool",
                      "description": "Whether the bootstrap action script is executed before component start.",
                      "optional": true,
                      "computed": true,
                      "forcenew": true
                    },
                    "execute_need_sudo_root": {
                      "type": "bool",
                      "description": "Whether the bootstrap action script involves root user operations.",
                      "optional": true,
                      "computed": true,
                      "forcenew": true
                    },
                    "fail_action": {
                      "type": "string",
                      "description": "The action after the bootstrap action script fails to be executed.",
                      "required": true,
                      "forcenew": true
                    },
                    "name": {
                      "type": "string",
                      "description": "Name of a bootstrap action script.",
                      "required": true,
                      "forcenew": true
                    },
                    "nodes": {
                      "type": [
                        "list",
                        "string"
                      ],
                      "description": "Name of the node group where the bootstrap action script is executed.",
                      "required": true,
                      "forcenew": true
                    },
                    "parameters": {
                      "type": "string",
                      "description": "Bootstrap action script parameters.",
                      "optional": true,
                      "forcenew": true
                    },
                    "start_time": {
                      "type": "string",
                      "description": "The execution time of one bootstrap action script, in RFC-3339 format.",
                      "computed": true
                    },
                    "state": {
                      "type": "string",
                      "description": "The status of one bootstrap action script.",
                      "computed": true
                    },
                    "uri": {
                      "type": "string",
                      "description": "Path of a bootstrap action script. Set this parameter to an OBS bucket path or a local VM path.",
                      "required": true,
                      "forcenew": true
                    }
                  }
                },
                "nesting_mode": "set",
                "forcenew": true
              },
              "component_configs": {
                "block": {
                  "attributes": {
                    "name": {
                      "type": "string",
                      "required": true,
                      "forcenew": true
                    }
                  },
                  "block_types": {
                    "configs": {
                      "block": {
                        "attributes": {
                          "config_file_name": {
                            "type": "string",
                            "required": true,
                            "forcenew": true
                          },
                          "key": {
                            "type": "string",
                            "required": true,
                            "forcenew": true
                          },
                          "value": {
                            "type": "string",
                            "required": true,
                            "forcenew": true
                          }
                        }
                      },
                      "nesting_mode": "list",
                      "forcenew": true,
                      "min_items": 1
                    }
                  }
                },
                "nesting_mode": "list",
                "forcenew": true
              },
              "custom_nodes": {
                "block": {
                  "attributes": {
                    "assigned_roles": {
                      "type": [
                        "list",
                        "string"
                      ],
                      "optional": true,
                      "forcenew": true
                    },
                    "auto_renew": {
                      "type": "string",
                      "optional": true
                    },
                    "charging_mode": {
                      "type": "string",
                      "optional": true,
                      "computed": true,
                      "forcenew": true
                    },
                    "data_volume_count": {
                      "type": "number",
                      "required": true,
                      "forcenew": true
                    },
                    "data_volume_size": {
                      "type": "number",
                      "optional": true,
                      "forcenew": true
                    },
                    "data_volume_type": {
                      "type": "string",
                      "optional": true,
                      "forcenew": true
                    },
                    "flavor": {
                      "type": "string",
                      "required": true,
                      "forcenew": true
                    },
                    "group_name": {
                      "type": "string",
                      "required": true,
                      "forcenew": true
                    },
                    "host_ips": {
                      "type": [
                        "list",
                        "string"
                      ],
                      "computed": true
                    },
                    "node_number": {
                      "type": "number",
                      "required": true,
                      "forcenew": true
                    },
                    "period": {
                      "type": "number",
                      "optional": true,
                      "forcenew": true
                    },
                    "period_unit": {
                      "type": "string",
                      "optional": true,
                      "forcenew": true
                    },
                    "root_volume_size": {
                      "type": "number",
                      "required": true,
                      "forcenew": true
                    },
                    "root_volume_type": {
                      "type": "string",
                      "required": true,
                      "forcenew": true
                    }
                  }
                },
                "nesting_mode": "list",
                "forcenew": true
              },
              "external_datasources": {
                "block": {
                  "attributes": {
                    "component_name": {
                      "type": "string",
                      "required": true,
                      "forcenew": true
                    },
                    "data_connection_id": {
                      "type": "string",
                      "optional": true,
                      "forcenew": true
                    },
                    "role_type": {
                      "type": "string",
                      "required": true,
                      "forcenew": true
                    },
                    "source_type": {
                      "type": "string",
                      "required": true,
                      "forcenew": true
                    }
                  }
                },
                "nesting_mode": "list",
                "forcenew": true
              },
              "master_nodes": {
                "block": {
                  "attributes": {
                    "assigned_roles": {
                      "type": [
                        "list",
                        "string"
                      ],
                      "optional": true,
                      "forcenew": true
                    },
                    "auto_renew": {
                      "type": "string",
                      "optional": true
                    },
                    "charging_mode": {
                      "type": "string",
                      "optional": true,
                      "computed": true,
                      "forcenew": true
                    },
                    "data_volume_count": {
                      "type": "number",
                      "required": true,
                      "forcenew": true
                    },
                    "data_volume_size": {
                      "type": "number",
                      "optional": true,
                      "forcenew": true
                    },
                    "data_volume_type": {
                      "type": "string",
                      "optional": true,
                      "forcenew": true
                    },
                    "flavor": {
                      "type": "string",
                      "required": true,
                      "forcenew": true
                    },
                    "host_ips": {
                      "type": [
                        "list",
                        "string"
                      ],
                      "computed": true
                    },
                    "node_number": {
                      "type": "number",
                      "required": true,
                      "forcenew": true
                    },
                    "period": {
                      "type": "number",
                      "optional": true,
                      "forcenew": true
                    },
                    "period_unit": {
                      "type": "string",
                      "optional": true,
                      "forcenew": true
                    },
                    "root_volume_size": {
                      "type": "number",
                      "required": true,
                      "forcenew": true
                    },
                    "root_volume_type": {
                      "type": "string",
                      "required": true,
                      "forcenew": true
                    }
                  }
                },
                "nesting_mode": "list",
                "forcenew": true,
                "min_items": 1,
                "max_items": 1
              },
              "smn_notify": {
                "block": {
                  "attributes": {
                    "subscription_name": {
                      "type": "string",
                      "description": "The subscription rule name.",
                      "required": true,
                      "forcenew": true
                    },
                    "topic_urn": {
                      "type": "string",
                      "description": "The Uniform Resource Name (URN) of the topic.",
                      "required": true,
                      "forcenew": true
                    }
                  }
                },
                "nesting_mode": "list",
                "forcenew": true,
                "max_items": 1
              },
              "streaming_core_nodes": {
                "block": {
                  "attributes": {
                    "assigned_roles": {
                      "type": [
                        "list",
                        "string"
                      ],
                      "optional": true,
                      "forcenew": true
                    },
                    "auto_renew": {
                      "type": "string",
                      "optional": true
                    },
                    "charging_mode": {
                      "type": "string",
                      "optional": true,
                      "computed": true,
                      "forcenew": true
                    },
                    "data_volume_count": {
                      "type": "number",
                      "required": true,
                      "forcenew": true
                    },
                    "data_volume_size": {
                      "type": "number",
                      "optional": true,
                      "forcenew": true
                    },
                    "data_volume_type": {
                      "type": "string",
                      "optional": true,
                      "forcenew": true
                    },
                    "flavor": {
                      "type": "string",
                      "required": true,
                      "forcenew": true
                    },
                    "host_ips": {
                      "type": [
                        "list",
                        "string"
                      ],
                      "computed": true
                    },
                    "node_number": {
                      "type": "number",
                      "required": true
                    },
                    "period": {
                      "type": "number",
                      "optional": true,
                      "forcenew": true
                    },
                    "period_unit": {
                      "type": "string",
                      "optional": true,
                      "forcenew": true
                    },
                    "root_volume_size": {
                      "type": "number",
                      "required": true,
                      "forcenew": true
                    },
                    "root_volume_type": {
                      "type": "string",
                      "required": true,
                      "forcenew": true
                    }
                  }
                },
                "nesting_mode": "list",
                "forcenew": true,
                "max_items": 1
              },
              "streaming_task_nodes": {
                "block": {
                  "attributes": {
                    "assigned_roles": {
                      "type": [
                        "list",
                        "string"
                      ],
                      "optional": true,
                      "forcenew": true
                    },
                    "data_volume_count": {
                      "type": "number",
                      "required": true,
                      "forcenew": true
                    },
                    "data_volume_size": {
                      "type": "number",
                      "optional": true,
                      "forcenew": true
                    },
                    "data_volume_type": {
                      "type": "string",
                      "optional": true,
                      "forcenew": true
                    },
                    "flavor": {
                      "type": "string",
                      "required": true,
                      "forcenew": true
                    },
                    "host_ips": {
                      "type": [
                        "list",
                        "string"
                      ],
                      "computed": true
                    },
                    "node_number": {
                      "type": "number",
                      "required": true
                    },
                    "root_volume_size": {
                      "type": "number",
                      "required": true,
                      "forcenew": true
                    },
                    "root_volume_type": {
                      "type": "string",
                      "required": true,
                      "forcenew": true
                    }
                  }
                },
                "nesting_mode": "list",
                "forcenew": true,
                "max_items": 1
              }
            }
          },
          "product": {
            "short": "MRS",
            "name": "MapReduce Service",
            "catalog": "Analytics",
            "name_cn": "MapReduce服务",
            "catalog_cn": "大数据"
          }
        }
      }
    }
  }
}
