{
  "provider_schemas": {
    "huaweicloud/huaweicloud": {
      "resource_schemas": {
        "huaweicloud_modelarts_resource_pool": {
          "block": {
            "attributes": {
              "description": {
                "type": "string",
                "description": "The description of the resource pool.",
                "optional": true,
                "computed": true
              },
              "id": {
                "type": "string",
                "computed": true
              },
              "name": {
                "type": "string",
                "description": "The name of the resource pool.",
                "required": true,
                "forcenew": true
              },
              "network_id": {
                "type": "string",
                "description": "The ModelArts network ID of the resource pool.",
                "required": true,
                "forcenew": true
              },
              "region": {
                "type": "string",
                "computed": true
              },
              "scope": {
                "type": [
                  "list",
                  "string"
                ],
                "description": "List of job types supported by the resource pool.",
                "required": true
              },
              "workspace_id": {
                "type": "string",
                "description": "Workspace ID, which defaults to 0.",
                "optional": true,
                "computed": true,
                "forcenew": true
              }
            },
            "block_types": {
              "resources": {
                "block": {
                  "attributes": {
                    "count": {
                      "type": "number",
                      "description": "Number of resources of the corresponding flavors.",
                      "required": true
                    },
                    "flavor_id": {
                      "type": "string",
                      "description": "The resource flavor ID.",
                      "required": true
                    }
                  },
                  "block_types": {
                    "azs": {
                      "block": {
                        "attributes": {
                          "az": {
                            "type": "string",
                            "description": "The AZ name.",
                            "optional": true,
                            "computed": true
                          },
                          "count": {
                            "type": "number",
                            "description": "Number of nodes.",
                            "optional": true,
                            "computed": true
                          }
                        },
                        "description": "AZs for resource pool nodes."
                      },
                      "nesting_mode": "list"
                    }
                  },
                  "description": "List of resource specifications in the resource pool."
                },
                "nesting_mode": "list",
                "min_items": 1
              }
            }
          },
          "product": {
            "short": "ModelArts",
            "name": "ModelArts",
            "catalog": "AI",
            "name_cn": "AI开发平台",
            "catalog_cn": "人工智能"
          }
        }
      }
    }
  }
}
