{
  "provider_schemas": {
    "huaweicloud/huaweicloud": {
      "resource_schemas": {
        "huaweicloud_modelarts_notebook_mount_storage": {
          "block": {
            "attributes": {
              "id": {
                "type": "string",
                "computed": true
              },
              "local_mount_directory": {
                "type": "string",
                "required": true,
                "forcenew": true
              },
              "mount_id": {
                "type": "string",
                "computed": true
              },
              "notebook_id": {
                "type": "string",
                "required": true,
                "forcenew": true
              },
              "region": {
                "type": "string",
                "computed": true
              },
              "status": {
                "type": "string",
                "computed": true
              },
              "storage_path": {
                "type": "string",
                "required": true,
                "forcenew": true
              },
              "type": {
                "type": "string",
                "computed": true
              }
            }
          },
          "product": {
            "short": "ModelArts",
            "name": "ModelArts",
            "catalog": "AI",
            "name_cn": "AI开发平台",
            "catalog_cn": "人工智能"
          }
        }
      }
    }
  }
}
