{
  "provider_schemas": {
    "huaweicloud/huaweicloud": {
      "resource_schemas": {
        "huaweicloud_modelarts_dataset_version": {
          "block": {
            "attributes": {
              "created_at": {
                "type": "string",
                "computed": true
              },
              "dataset_id": {
                "type": "string",
                "required": true,
                "forcenew": true
              },
              "description": {
                "type": "string",
                "optional": true,
                "forcenew": true
              },
              "files": {
                "type": "number",
                "computed": true
              },
              "hard_example": {
                "type": "bool",
                "optional": true,
                "forcenew": true,
                "default": false
              },
              "id": {
                "type": "string",
                "computed": true
              },
              "is_current": {
                "type": "bool",
                "computed": true
              },
              "labeling_type": {
                "type": "string",
                "computed": true
              },
              "name": {
                "type": "string",
                "required": true,
                "forcenew": true
              },
              "region": {
                "type": "string",
                "computed": true
              },
              "split_ratio": {
                "type": "string",
                "optional": true,
                "forcenew": true,
                "default": "1.00"
              },
              "status": {
                "type": "number",
                "computed": true
              },
              "storage_path": {
                "type": "string",
                "computed": true
              },
              "updated_at": {
                "type": "string",
                "computed": true
              },
              "verification": {
                "type": "bool",
                "computed": true
              },
              "version_id": {
                "type": "string",
                "computed": true
              }
            }
          },
          "product": {
            "short": "ModelArts",
            "name": "ModelArts",
            "catalog": "AI",
            "name_cn": "AI开发平台",
            "catalog_cn": "人工智能"
          }
        }
      }
    }
  }
}
