{
  "provider_schemas": {
    "huaweicloud/huaweicloud": {
      "resource_schemas": {
        "huaweicloud_modelarts_notebook_image_store": {
          "block": {
            "attributes": {
              "arch": {
                "type": "string",
                "description": "The processor architecture type supported by the image.",
                "computed": true
              },
              "created_at": {
                "type": "string",
                "description": "The creation time of the image, in RFC3339 format.",
                "computed": true
              },
              "description": {
                "type": "string",
                "description": "The description of the image.",
                "optional": true
              },
              "id": {
                "type": "string",
                "computed": true
              },
              "name": {
                "type": "string",
                "description": "The name of the image.",
                "required": true
              },
              "namespace": {
                "type": "string",
                "description": "The namespace of the image.",
                "required": true
              },
              "notebook_id": {
                "type": "string",
                "description": "The ID of the notebook instance.",
                "required": true
              },
              "origin": {
                "type": "string",
                "description": "The origin of the image.",
                "computed": true
              },
              "region": {
                "type": "string",
                "description": "The region where the notebook is located.",
                "computed": true
              },
              "resource_categories": {
                "type": [
                  "list",
                  "string"
                ],
                "description": "The resource categories supported by the image.",
                "computed": true
              },
              "service_type": {
                "type": "string",
                "description": "The service type supported by the image.",
                "computed": true
              },
              "status": {
                "type": "string",
                "description": "The status of the image.",
                "computed": true
              },
              "swr_path": {
                "type": "string",
                "description": "The SWR path of the image.",
                "computed": true
              },
              "tag": {
                "type": "string",
                "description": "The tag of the image.",
                "optional": true
              },
              "type": {
                "type": "string",
                "description": "The type of the image.",
                "computed": true
              },
              "visibility": {
                "type": "string",
                "description": "The visibility of the image.",
                "computed": true
              },
              "workspace_id": {
                "type": "string",
                "description": "The workspace ID to which the image belongs.",
                "optional": true,
                "computed": true
              }
            }
          },
          "product": {
            "short": "ModelArts",
            "name": "ModelArts",
            "catalog": "AI",
            "name_cn": "AI开发平台",
            "catalog_cn": "人工智能"
          }
        }
      }
    }
  }
}
