{
  "provider_schemas": {
    "huaweicloud/huaweicloud": {
      "resource_schemas": {
        "huaweicloud_nat_private_dnat_rule": {
          "block": {
            "attributes": {
              "backend_interface_id": {
                "type": "string",
                "description": "The network interface ID of the transit IP for private NAT.",
                "optional": true,
                "computed": true
              },
              "backend_private_ip": {
                "type": "string",
                "description": "The private IP address of the backend instance.",
                "optional": true,
                "computed": true
              },
              "backend_type": {
                "type": "string",
                "description": "The type of backend instance.",
                "computed": true
              },
              "created_at": {
                "type": "string",
                "description": "The creation time of the DNAT rule.",
                "computed": true
              },
              "description": {
                "type": "string",
                "description": "The description of the DNAT rule.",
                "optional": true
              },
              "gateway_id": {
                "type": "string",
                "description": "The private NAT gateway ID to which the DNAT rule belongs.",
                "required": true,
                "forcenew": true
              },
              "id": {
                "type": "string",
                "computed": true
              },
              "internal_service_port": {
                "type": "number",
                "description": "The port of the backend instance.",
                "optional": true
              },
              "protocol": {
                "type": "string",
                "description": "The protocol type.",
                "optional": true,
                "computed": true
              },
              "region": {
                "type": "string",
                "description": "The region where the DNAT rule is located.",
                "computed": true
              },
              "transit_ip_id": {
                "type": "string",
                "description": "The ID of the transit IP for private NAT.",
                "required": true
              },
              "transit_service_port": {
                "type": "number",
                "description": "The port of the transit IP.",
                "optional": true
              },
              "updated_at": {
                "type": "string",
                "description": "The latest update time of the DNAT rule.",
                "computed": true
              }
            }
          },
          "product": {
            "short": "NAT",
            "name": "NAT网关",
            "catalog": "Networking",
            "name_cn": "NAT网关",
            "catalog_cn": "网络"
          }
        }
      }
    }
  }
}
