{
  "provider_schemas": {
    "huaweicloud/huaweicloud": {
      "resource_schemas": {
        "huaweicloud_nat_snat_rule": {
          "block": {
            "attributes": {
              "cidr": {
                "type": "string",
                "optional": true,
                "forcenew": true
              },
              "description": {
                "type": "string",
                "optional": true
              },
              "floating_ip_address": {
                "type": "string",
                "computed": true
              },
              "floating_ip_id": {
                "type": "string",
                "required": true
              },
              "id": {
                "type": "string",
                "computed": true
              },
              "nat_gateway_id": {
                "type": "string",
                "required": true,
                "forcenew": true
              },
              "region": {
                "type": "string",
                "computed": true
              },
              "source_type": {
                "type": "number",
                "optional": true,
                "forcenew": true
              },
              "status": {
                "type": "string",
                "computed": true
              },
              "subnet_id": {
                "type": "string",
                "optional": true,
                "computed": true,
                "forcenew": true
              }
            }
          },
          "product": {
            "short": "NAT",
            "name": "NAT Gateway",
            "catalog": "Networking",
            "name_cn": "NAT网关",
            "catalog_cn": "网络"
          }
        }
      }
    }
  }
}
