{
  "provider_schemas": {
    "huaweicloud/huaweicloud": {
      "resource_schemas": {
        "huaweicloud_nat_gateway": {
          "block": {
            "attributes": {
              "description": {
                "type": "string",
                "optional": true,
                "computed": true
              },
              "enterprise_project_id": {
                "type": "string",
                "optional": true,
                "computed": true
              },
              "id": {
                "type": "string",
                "computed": true
              },
              "internal_network_id": {
                "type": "string",
                "required": true
              },
              "name": {
                "type": "string",
                "required": true
              },
              "region": {
                "type": "string",
                "computed": true
              },
              "router_id": {
                "type": "string",
                "required": true
              },
              "spec": {
                "type": "string",
                "required": true
              },
              "status": {
                "type": "string",
                "computed": true
              }
            }
          },
          "product": {
            "catalog": "Network",
            "name": "NAT Gateway",
            "short": "NAT"
          }
        }
      }
    }
  }
}
