{
  "provider_schemas": {
    "huaweicloud/huaweicloud": {
      "resource_schemas": {
        "huaweicloud_nat_dnat_rule": {
          "block": {
            "attributes": {
              "created_at": {
                "type": "string",
                "computed": true
              },
              "description": {
                "type": "string",
                "optional": true,
                "computed": true,
                "forcenew": true
              },
              "external_service_port": {
                "type": "number",
                "required": true,
                "forcenew": true
              },
              "floating_ip_address": {
                "type": "string",
                "computed": true
              },
              "floating_ip_id": {
                "type": "string",
                "required": true,
                "forcenew": true
              },
              "id": {
                "type": "string",
                "computed": true
              },
              "internal_service_port": {
                "type": "number",
                "required": true,
                "forcenew": true
              },
              "nat_gateway_id": {
                "type": "string",
                "required": true,
                "forcenew": true
              },
              "port_id": {
                "type": "string",
                "optional": true,
                "forcenew": true
              },
              "private_ip": {
                "type": "string",
                "optional": true,
                "forcenew": true
              },
              "protocol": {
                "type": "string",
                "required": true,
                "forcenew": true
              },
              "region": {
                "type": "string",
                "computed": true
              },
              "status": {
                "type": "string",
                "computed": true
              }
            }
          },
          "product": {
            "catalog": "Network",
            "name": "NAT Gateway",
            "short": "NAT"
          }
        }
      }
    }
  }
}
