{
  "provider_schemas": {
    "huaweicloud/huaweicloud": {
      "resource_schemas": {
        "huaweicloud_nat_gateway": {
          "block": {
            "attributes": {
              "description": {
                "type": "string",
                "description": "The description of the NAT gateway.",
                "optional": true
              },
              "enterprise_project_id": {
                "type": "string",
                "description": "The enterprise project ID of the NAT gateway.",
                "optional": true,
                "computed": true,
                "forcenew": true
              },
              "id": {
                "type": "string",
                "computed": true
              },
              "name": {
                "type": "string",
                "description": "The NAT gateway name.",
                "required": true
              },
              "region": {
                "type": "string",
                "description": "The region where the NAT gateway is located.",
                "computed": true
              },
              "spec": {
                "type": "string",
                "description": "The specification of the NAT gateway.",
                "required": true
              },
              "status": {
                "type": "string",
                "description": "The current status of the NAT gateway.",
                "computed": true
              },
              "subnet_id": {
                "type": "string",
                "description": "The network ID of the downstream interface (the next hop of the DVR) of the NAT gateway.",
                "required": true,
                "forcenew": true
              },
              "tags": {
                "type": [
                  "map",
                  "string"
                ],
                "optional": true
              },
              "vpc_id": {
                "type": "string",
                "description": "The ID of the VPC to which the NAT gateway belongs.",
                "required": true,
                "forcenew": true
              }
            }
          },
          "product": {
            "short": "NAT",
            "name": "NAT Gateway",
            "catalog": "Networking",
            "name_cn": "NAT网关",
            "catalog_cn": "网络"
          }
        }
      }
    }
  }
}
