{
  "provider_schemas": {
    "huaweicloud/huaweicloud": {
      "resource_schemas": {
        "huaweicloud_nat_private_gateway": {
          "block": {
            "attributes": {
              "created_at": {
                "type": "string",
                "description": "The creation time of the private NAT gateway.",
                "computed": true
              },
              "description": {
                "type": "string",
                "description": "The description of the private NAT gateway.",
                "optional": true
              },
              "enterprise_project_id": {
                "type": "string",
                "description": "The ID of the enterprise project to which the private NAT gateway belongs.",
                "optional": true,
                "computed": true,
                "forcenew": true
              },
              "id": {
                "type": "string",
                "computed": true
              },
              "name": {
                "type": "string",
                "description": "The name of the private NAT gateway.",
                "required": true
              },
              "region": {
                "type": "string",
                "description": "The region where the private NAT gateway is located.",
                "computed": true
              },
              "spec": {
                "type": "string",
                "description": "The specification of the private NAT gateway.",
                "optional": true,
                "computed": true
              },
              "status": {
                "type": "string",
                "description": "The current status of the private NAT gateway.",
                "computed": true
              },
              "subnet_id": {
                "type": "string",
                "description": "The network ID of the subnet to which the private NAT gateway belongs.",
                "required": true,
                "forcenew": true
              },
              "tags": {
                "type": [
                  "map",
                  "string"
                ],
                "optional": true
              },
              "updated_at": {
                "type": "string",
                "description": "The latest update time of the private NAT gateway.",
                "computed": true
              },
              "vpc_id": {
                "type": "string",
                "description": "The ID of the VPC to which the private NAT gateway belongs.",
                "computed": true
              }
            }
          },
          "product": {
            "short": "NAT",
            "name": "NAT Gateway",
            "catalog": "Networking",
            "name_cn": "NAT网关",
            "catalog_cn": "网络"
          }
        }
      }
    }
  }
}
