{
  "provider_schemas": {
    "huaweicloud/huaweicloud": {
      "resource_schemas": {
        "huaweicloud_nat_dnat_rule": {
          "block": {
            "attributes": {
              "created_at": {
                "type": "string",
                "description": "The creation time of the DNAT rule.",
                "computed": true
              },
              "description": {
                "type": "string",
                "description": "The description of the DNAT rule.",
                "optional": true
              },
              "external_service_port": {
                "type": "number",
                "description": "The port range used by Floating IP provide services for external systems.",
                "optional": true
              },
              "external_service_port_range": {
                "type": "string",
                "description": "The port range used by ECSs or BMSs to provide services for external systems.",
                "optional": true
              },
              "floating_ip_address": {
                "type": "string",
                "description": "The floating IP address of the DNAT rule.",
                "computed": true
              },
              "floating_ip_id": {
                "type": "string",
                "description": "The ID of the floating IP address.",
                "optional": true
              },
              "global_eip_address": {
                "type": "string",
                "description": "The global EIP address connected by the DNAT rule.",
                "computed": true
              },
              "global_eip_id": {
                "type": "string",
                "description": "The ID of the global EIP connected by the DNAT rule.",
                "optional": true
              },
              "id": {
                "type": "string",
                "computed": true
              },
              "internal_service_port": {
                "type": "number",
                "description": "The port used by Floating IP provide services for external systems.",
                "optional": true
              },
              "internal_service_port_range": {
                "type": "string",
                "description": "The port used by ECSs or BMSs to provide services for external systems.",
                "optional": true
              },
              "nat_gateway_id": {
                "type": "string",
                "description": "The ID of the NAT gateway to which the DNAT rule belongs.",
                "required": true,
                "forcenew": true
              },
              "port_id": {
                "type": "string",
                "description": "The port ID of network.",
                "optional": true,
                "computed": true
              },
              "private_ip": {
                "type": "string",
                "description": "The private IP address of a user.",
                "optional": true,
                "computed": true
              },
              "protocol": {
                "type": "string",
                "description": "The protocol type.",
                "required": true
              },
              "region": {
                "type": "string",
                "description": "The region where the DNAT rule is located.",
                "computed": true
              },
              "status": {
                "type": "string",
                "description": "The current status of the DNAT rule.",
                "computed": true
              }
            }
          },
          "product": {
            "short": "NAT",
            "name": "NAT Gateway",
            "catalog": "Networking",
            "name_cn": "NAT网关",
            "catalog_cn": "网络"
          }
        }
      }
    }
  }
}
