{
  "provider_schemas": {
    "huaweicloud/huaweicloud": {
      "resource_schemas": {
        "huaweicloud_nat_private_transit_ip": {
          "block": {
            "attributes": {
              "created_at": {
                "type": "string",
                "description": "The creation time of the transit IP for private NAT.",
                "computed": true
              },
              "enterprise_project_id": {
                "type": "string",
                "description": "The ID of the enterprise project to which the transit IP belongs.",
                "optional": true,
                "computed": true,
                "forcenew": true
              },
              "gateway_id": {
                "type": "string",
                "description": "The ID of the private NAT gateway to which the transit IP belongs.",
                "computed": true
              },
              "id": {
                "type": "string",
                "computed": true
              },
              "ip_address": {
                "type": "string",
                "description": "The IP address of the transit subnet.",
                "optional": true,
                "computed": true,
                "forcenew": true
              },
              "network_interface_id": {
                "type": "string",
                "description": "The network interface ID of the transit IP for private NAT.",
                "computed": true
              },
              "region": {
                "type": "string",
                "description": "The region where the transit IP is located.",
                "computed": true
              },
              "status": {
                "type": "string",
                "description": "The status of the transit IP.",
                "computed": true
              },
              "subnet_id": {
                "type": "string",
                "description": "The ID of the transit subnet to which the transit IP belongs.",
                "required": true,
                "forcenew": true
              },
              "tags": {
                "type": [
                  "map",
                  "string"
                ],
                "optional": true,
                "computed": true
              },
              "updated_at": {
                "type": "string",
                "description": "The latest update time of the transit IP for private NAT.",
                "computed": true
              }
            }
          },
          "product": {
            "short": "NAT",
            "name": "NAT Gateway",
            "catalog": "Networking",
            "name_cn": "NAT网关",
            "catalog_cn": "网络"
          }
        }
      }
    }
  }
}
