{
  "provider_schemas": {
    "huaweicloud/huaweicloud": {
      "resource_schemas": {
        "huaweicloud_nat_private_snat_rule": {
          "block": {
            "attributes": {
              "cidr": {
                "type": "string",
                "description": "The CIDR block of the match rule.",
                "optional": true,
                "computed": true,
                "forcenew": true
              },
              "created_at": {
                "type": "string",
                "description": "The creation time of the SNAT rule.",
                "computed": true
              },
              "description": {
                "type": "string",
                "description": "The description of the SNAT rule.",
                "optional": true
              },
              "enterprise_project_id": {
                "type": "string",
                "description": "The ID of the enterprise project to which the private SNAT rule belongs.",
                "computed": true
              },
              "gateway_id": {
                "type": "string",
                "description": "The private NAT gateway ID to which the SNAT rule belongs.",
                "required": true,
                "forcenew": true
              },
              "id": {
                "type": "string",
                "computed": true
              },
              "region": {
                "type": "string",
                "description": "The region where the SNAT rule is located.",
                "computed": true
              },
              "subnet_id": {
                "type": "string",
                "description": "The subnet ID of the match rule.",
                "optional": true,
                "computed": true,
                "forcenew": true
              },
              "transit_ip_associations": {
                "type": [
                  "list",
                  [
                    "object",
                    {
                      "transit_ip_address": "string",
                      "transit_ip_id": "string"
                    }
                  ]
                ],
                "description": "The transit IP list associate with the private SNAT rule.",
                "computed": true
              },
              "transit_ip_ids": {
                "type": [
                  "list",
                  "string"
                ],
                "description": "The IDs of the transit IPs associated with the private SNAT rule.",
                "required": true
              },
              "updated_at": {
                "type": "string",
                "description": "The latest update time of the SNAT rule.",
                "computed": true
              }
            }
          },
          "product": {
            "short": "NAT",
            "name": "NAT Gateway",
            "catalog": "Networking",
            "name_cn": "NAT网关",
            "catalog_cn": "网络"
          }
        }
      }
    }
  }
}
