{
  "provider_schemas": {
    "huaweicloud/huaweicloud": {
      "resource_schemas": {
        "huaweicloud_networking_secgroup": {
          "block": {
            "attributes": {
              "created_at": {
                "type": "string",
                "computed": true
              },
              "delete_default_rules": {
                "type": "bool",
                "optional": true,
                "forcenew": true
              },
              "description": {
                "type": "string",
                "optional": true
              },
              "enterprise_project_id": {
                "type": "string",
                "optional": true,
                "computed": true,
                "forcenew": true
              },
              "id": {
                "type": "string",
                "computed": true
              },
              "name": {
                "type": "string",
                "required": true
              },
              "region": {
                "type": "string",
                "computed": true
              },
              "rules": {
                "type": [
                  "list",
                  [
                    "object",
                    {
                      "action": "string",
                      "description": "string",
                      "direction": "string",
                      "ethertype": "string",
                      "id": "string",
                      "ports": "string",
                      "priority": "number",
                      "protocol": "string",
                      "remote_address_group_id": "string",
                      "remote_group_id": "string",
                      "remote_ip_prefix": "string"
                    }
                  ]
                ],
                "computed": true
              },
              "tags": {
                "type": [
                  "map",
                  "string"
                ],
                "optional": true
              },
              "updated_at": {
                "type": "string",
                "computed": true
              }
            }
          },
          "product": {
            "short": "VPC",
            "name": "Virtual Private Cloud",
            "catalog": "Networking",
            "name_cn": "虚拟私有云",
            "catalog_cn": "网络"
          }
        }
      }
    }
  }
}
