{
  "provider_schemas": {
    "huaweicloud/huaweicloud": {
      "resource_schemas": {
        "huaweicloud_networking_secgroup_rule": {
          "block": {
            "attributes": {
              "description": {
                "type": "string",
                "optional": true,
                "forcenew": true
              },
              "direction": {
                "type": "string",
                "required": true,
                "forcenew": true
              },
              "ethertype": {
                "type": "string",
                "required": true,
                "forcenew": true
              },
              "id": {
                "type": "string",
                "computed": true
              },
              "ports": {
                "type": "string",
                "optional": true,
                "computed": true,
                "forcenew": true
              },
              "protocol": {
                "type": "string",
                "optional": true,
                "computed": true,
                "forcenew": true
              },
              "region": {
                "type": "string",
                "computed": true
              },
              "remote_group_id": {
                "type": "string",
                "optional": true,
                "computed": true,
                "forcenew": true
              },
              "remote_ip_prefix": {
                "type": "string",
                "optional": true,
                "computed": true,
                "forcenew": true
              },
              "security_group_id": {
                "type": "string",
                "required": true,
                "forcenew": true
              }
            }
          },
          "product": {
            "catalog": "Network",
            "name": "Virtual Private Cloud",
            "short": "VPC"
          }
        }
      }
    }
  }
}
