{
  "provider_schemas": {
    "huaweicloud/huaweicloud": {
      "resource_schemas": {
        "huaweicloud_networking_vip": {
          "block": {
            "attributes": {
              "device_owner": {
                "type": "string",
                "computed": true
              },
              "id": {
                "type": "string",
                "computed": true
              },
              "ip_address": {
                "type": "string",
                "optional": true,
                "computed": true,
                "forcenew": true
              },
              "ip_version": {
                "type": "number",
                "optional": true,
                "computed": true,
                "forcenew": true
              },
              "mac_address": {
                "type": "string",
                "computed": true
              },
              "name": {
                "type": "string",
                "optional": true,
                "computed": true
              },
              "network_id": {
                "type": "string",
                "required": true,
                "forcenew": true
              },
              "region": {
                "type": "string",
                "computed": true
              },
              "status": {
                "type": "string",
                "computed": true
              }
            }
          },
          "product": {
            "catalog": "Networking",
            "name": "Virtual Private Cloud",
            "short": "VPC"
          }
        }
      }
    }
  }
}
