{
  "provider_schemas": {
    "huaweicloud/huaweicloud": {
      "resource_schemas": {
        "huaweicloud_obs_bucket": {
          "block": {
            "attributes": {
              "acl": {
                "type": "string",
                "optional": true,
                "default": "private"
              },
              "bucket": {
                "type": "string",
                "required": true,
                "forcenew": true
              },
              "bucket_domain_name": {
                "type": "string",
                "computed": true
              },
              "bucket_version": {
                "type": "string",
                "computed": true
              },
              "encryption": {
                "type": "bool",
                "optional": true,
                "default": false
              },
              "enterprise_project_id": {
                "type": "string",
                "optional": true,
                "computed": true,
                "forcenew": true
              },
              "force_destroy": {
                "type": "bool",
                "optional": true,
                "default": false
              },
              "id": {
                "type": "string",
                "computed": true
              },
              "kms_key_id": {
                "type": "string",
                "optional": true
              },
              "multi_az": {
                "type": "bool",
                "optional": true,
                "computed": true,
                "forcenew": true
              },
              "parallel_fs": {
                "type": "bool",
                "optional": true,
                "forcenew": true
              },
              "policy": {
                "type": "string",
                "optional": true,
                "computed": true
              },
              "policy_format": {
                "type": "string",
                "optional": true,
                "default": "obs"
              },
              "quota": {
                "type": "number",
                "optional": true,
                "default": 0
              },
              "region": {
                "type": "string",
                "computed": true
              },
              "storage_class": {
                "type": "string",
                "optional": true,
                "default": "STANDARD"
              },
              "tags": {
                "type": [
                  "map",
                  "string"
                ],
                "optional": true
              },
              "versioning": {
                "type": "bool",
                "optional": true,
                "default": false
              }
            },
            "block_types": {
              "cors_rule": {
                "block": {
                  "attributes": {
                    "allowed_headers": {
                      "type": [
                        "list",
                        "string"
                      ],
                      "optional": true
                    },
                    "allowed_methods": {
                      "type": [
                        "list",
                        "string"
                      ],
                      "required": true
                    },
                    "allowed_origins": {
                      "type": [
                        "list",
                        "string"
                      ],
                      "required": true
                    },
                    "expose_headers": {
                      "type": [
                        "list",
                        "string"
                      ],
                      "optional": true
                    },
                    "max_age_seconds": {
                      "type": "number",
                      "optional": true,
                      "default": 100
                    }
                  }
                },
                "nesting_mode": "list"
              },
              "lifecycle_rule": {
                "block": {
                  "attributes": {
                    "enabled": {
                      "type": "bool",
                      "required": true
                    },
                    "name": {
                      "type": "string",
                      "required": true
                    },
                    "prefix": {
                      "type": "string",
                      "optional": true
                    }
                  },
                  "block_types": {
                    "expiration": {
                      "block": {
                        "attributes": {
                          "days": {
                            "type": "number",
                            "required": true
                          }
                        }
                      },
                      "nesting_mode": "set"
                    },
                    "noncurrent_version_expiration": {
                      "block": {
                        "attributes": {
                          "days": {
                            "type": "number",
                            "required": true
                          }
                        }
                      },
                      "nesting_mode": "set"
                    },
                    "noncurrent_version_transition": {
                      "block": {
                        "attributes": {
                          "days": {
                            "type": "number",
                            "required": true
                          },
                          "storage_class": {
                            "type": "string",
                            "required": true
                          }
                        }
                      },
                      "nesting_mode": "list"
                    },
                    "transition": {
                      "block": {
                        "attributes": {
                          "days": {
                            "type": "number",
                            "required": true
                          },
                          "storage_class": {
                            "type": "string",
                            "required": true
                          }
                        }
                      },
                      "nesting_mode": "list"
                    }
                  }
                },
                "nesting_mode": "list"
              },
              "logging": {
                "block": {
                  "attributes": {
                    "target_bucket": {
                      "type": "string",
                      "required": true
                    },
                    "target_prefix": {
                      "type": "string",
                      "optional": true,
                      "default": "logs/"
                    }
                  }
                },
                "nesting_mode": "set"
              },
              "website": {
                "block": {
                  "attributes": {
                    "error_document": {
                      "type": "string",
                      "optional": true
                    },
                    "index_document": {
                      "type": "string",
                      "optional": true
                    },
                    "redirect_all_requests_to": {
                      "type": "string",
                      "optional": true
                    },
                    "routing_rules": {
                      "type": "string",
                      "optional": true
                    }
                  }
                },
                "nesting_mode": "list",
                "max_items": 1
              }
            }
          },
          "product": {
            "catalog": "Storage",
            "name": "Object Storage Service",
            "short": "OBS"
          }
        }
      }
    }
  }
}
