{
  "provider_schemas": {
    "huaweicloud/huaweicloud": {
      "resource_schemas": {
        "huaweicloud_organizations_organization": {
          "block": {
            "attributes": {
              "created_at": {
                "type": "string",
                "description": "Indicates the time when the organization was created.",
                "computed": true
              },
              "enabled_policy_types": {
                "type": [
                  "set",
                  "string"
                ],
                "description": "Specifies the list of Organizations policy types to enable in the Organization Root.",
                "optional": true
              },
              "id": {
                "type": "string",
                "computed": true
              },
              "master_account_id": {
                "type": "string",
                "description": "Indicates the unique ID of the organization's management account.",
                "computed": true
              },
              "master_account_name": {
                "type": "string",
                "description": "Indicates the name of the organization's management account.",
                "computed": true
              },
              "root_id": {
                "type": "string",
                "description": "Indicates the ID of the root.",
                "computed": true
              },
              "root_name": {
                "type": "string",
                "description": "Indicates the name of the root.",
                "computed": true
              },
              "root_tags": {
                "type": [
                  "map",
                  "string"
                ],
                "optional": true
              },
              "root_urn": {
                "type": "string",
                "description": "Indicates the urn of the root.",
                "computed": true
              },
              "urn": {
                "type": "string",
                "description": "Indicates the uniform resource name of the organization.",
                "computed": true
              }
            }
          },
          "product": {
            "short": "Organizations",
            "name": "组织",
            "catalog": "Management & Governance",
            "name_cn": "组织",
            "catalog_cn": "管理与监管"
          }
        }
      }
    }
  }
}
