{
  "provider_schemas": {
    "huaweicloud/huaweicloud": {
      "resource_schemas": {
        "huaweicloud_ram_resource_share_permission": {
          "block": {
            "attributes": {
              "created_at": {
                "type": "string",
                "computed": true
              },
              "id": {
                "type": "string",
                "computed": true
              },
              "permission_id": {
                "type": "string",
                "required": true
              },
              "permission_name": {
                "type": "string",
                "computed": true
              },
              "replace": {
                "type": "bool",
                "optional": true,
                "default": false
              },
              "resource_share_id": {
                "type": "string",
                "required": true
              },
              "resource_type": {
                "type": "string",
                "computed": true
              },
              "status": {
                "type": "string",
                "computed": true
              },
              "updated_at": {
                "type": "string",
                "computed": true
              }
            }
          },
          "product": {
            "short": "RAM",
            "name": "Resource Access Manager",
            "catalog": "Management & Governance",
            "name_cn": "资源访问管理",
            "catalog_cn": "管理与监管"
          }
        }
      }
    }
  }
}
