{
  "provider_schemas": {
    "huaweicloud/huaweicloud": {
      "resource_schemas": {
        "huaweicloud_rds_pg_account": {
          "block": {
            "attributes": {
              "attributes": {
                "type": [
                  "list",
                  [
                    "object",
                    {
                      "rol_bypass_rls": "bool",
                      "rol_can_login": "bool",
                      "rol_conn_limit": "number",
                      "rol_create_db": "bool",
                      "rol_create_role": "bool",
                      "rol_inherit": "bool",
                      "rol_replication": "bool",
                      "rol_super": "bool"
                    }
                  ]
                ],
                "description": "Indicates the permission attributes of the account.",
                "computed": true
              },
              "description": {
                "type": "string",
                "description": "Specifies the remarks of the DB account.",
                "optional": true
              },
              "id": {
                "type": "string",
                "computed": true
              },
              "instance_id": {
                "type": "string",
                "description": "Specifies the ID of the RDS PostgreSQL instance.",
                "required": true,
                "forcenew": true
              },
              "memberof": {
                "type": [
                  "list",
                  "string"
                ],
                "description": "Indicates the default rights of the account.",
                "computed": true
              },
              "name": {
                "type": "string",
                "description": "Specifies the username of the DB account.",
                "required": true,
                "forcenew": true
              },
              "password": {
                "type": "string",
                "description": "Specifies the password of the DB account.",
                "required": true,
                "sensitive": true
              },
              "region": {
                "type": "string",
                "computed": true
              }
            }
          },
          "product": {
            "short": "RDS",
            "name": "Relational Database Service",
            "catalog": "Databases",
            "name_cn": "云数据库",
            "catalog_cn": "数据库"
          }
        }
      }
    }
  }
}
