{
  "provider_schemas": {
    "huaweicloud/huaweicloud": {
      "resource_schemas": {
        "huaweicloud_rds_mysql_account": {
          "block": {
            "attributes": {
              "description": {
                "type": "string",
                "description": "Specifies remarks of the DB account.",
                "optional": true
              },
              "hosts": {
                "type": [
                  "list",
                  "string"
                ],
                "description": "Specifies the IP addresses that are allowed to access your DB instance.",
                "optional": true,
                "computed": true,
                "forcenew": true
              },
              "id": {
                "type": "string",
                "computed": true
              },
              "instance_id": {
                "type": "string",
                "description": "Specifies the ID of the RDS Mysql instance.",
                "required": true,
                "forcenew": true
              },
              "name": {
                "type": "string",
                "description": "Specifies the username of the DB account.",
                "required": true,
                "forcenew": true
              },
              "password": {
                "type": "string",
                "description": "Specifies the password of the DB account.",
                "required": true,
                "sensitive": true
              },
              "region": {
                "type": "string",
                "computed": true
              }
            }
          },
          "product": {
            "short": "RDS",
            "name": "Relational Database Service",
            "catalog": "Databases",
            "name_cn": "云数据库",
            "catalog_cn": "数据库"
          }
        }
      }
    }
  }
}
