{
  "provider_schemas": {
    "huaweicloud/huaweicloud": {
      "resource_schemas": {
        "huaweicloud_rds_read_replica_instance": {
          "block": {
            "attributes": {
              "auto_renew": {
                "type": "string",
                "optional": true
              },
              "availability_zone": {
                "type": "string",
                "required": true,
                "forcenew": true
              },
              "charging_mode": {
                "type": "string",
                "optional": true,
                "computed": true,
                "forcenew": true
              },
              "description": {
                "type": "string",
                "optional": true
              },
              "enterprise_project_id": {
                "type": "string",
                "optional": true,
                "computed": true,
                "forcenew": true
              },
              "fixed_ip": {
                "type": "string",
                "optional": true,
                "computed": true
              },
              "flavor": {
                "type": "string",
                "required": true
              },
              "id": {
                "type": "string",
                "computed": true
              },
              "name": {
                "type": "string",
                "required": true
              },
              "period": {
                "type": "number",
                "optional": true,
                "forcenew": true
              },
              "period_unit": {
                "type": "string",
                "optional": true,
                "forcenew": true
              },
              "primary_instance_id": {
                "type": "string",
                "required": true,
                "forcenew": true
              },
              "private_ips": {
                "type": [
                  "list",
                  "string"
                ],
                "computed": true
              },
              "public_ips": {
                "type": [
                  "list",
                  "string"
                ],
                "computed": true
              },
              "region": {
                "type": "string",
                "computed": true
              },
              "security_group_id": {
                "type": "string",
                "optional": true,
                "computed": true
              },
              "ssl_enable": {
                "type": "bool",
                "optional": true
              },
              "status": {
                "type": "string",
                "computed": true
              },
              "subnet_id": {
                "type": "string",
                "computed": true
              },
              "tags": {
                "type": [
                  "map",
                  "string"
                ],
                "optional": true
              },
              "type": {
                "type": "string",
                "computed": true
              },
              "vpc_id": {
                "type": "string",
                "computed": true
              }
            },
            "block_types": {
              "db": {
                "block": {
                  "attributes": {
                    "port": {
                      "type": "number",
                      "optional": true,
                      "computed": true
                    },
                    "type": {
                      "type": "string",
                      "computed": true
                    },
                    "user_name": {
                      "type": "string",
                      "computed": true
                    },
                    "version": {
                      "type": "string",
                      "computed": true
                    }
                  }
                },
                "nesting_mode": "list",
                "forcenew": true,
                "max_items": 1
              },
              "parameters": {
                "block": {
                  "attributes": {
                    "name": {
                      "type": "string",
                      "required": true
                    },
                    "value": {
                      "type": "string",
                      "required": true
                    }
                  }
                },
                "nesting_mode": "set"
              },
              "volume": {
                "block": {
                  "attributes": {
                    "disk_encryption_id": {
                      "type": "string",
                      "description": "schema: Computed",
                      "computed": true
                    },
                    "limit_size": {
                      "type": "number",
                      "optional": true
                    },
                    "size": {
                      "type": "number",
                      "optional": true,
                      "computed": true
                    },
                    "trigger_threshold": {
                      "type": "number",
                      "optional": true
                    },
                    "type": {
                      "type": "string",
                      "required": true,
                      "forcenew": true
                    }
                  }
                },
                "nesting_mode": "list",
                "forcenew": true,
                "min_items": 1,
                "max_items": 1
              }
            }
          },
          "product": {
            "short": "RDS",
            "name": "Relational Database Service",
            "catalog": "Databases",
            "name_cn": "云数据库",
            "catalog_cn": "数据库"
          }
        }
      }
    }
  }
}
