{
  "provider_schemas": {
    "huaweicloud/huaweicloud": {
      "resource_schemas": {
        "huaweicloud_rds_mysql_database_privilege": {
          "block": {
            "attributes": {
              "db_name": {
                "type": "string",
                "required": true,
                "forcenew": true
              },
              "id": {
                "type": "string",
                "computed": true
              },
              "instance_id": {
                "type": "string",
                "required": true,
                "forcenew": true
              },
              "region": {
                "type": "string",
                "computed": true
              }
            },
            "block_types": {
              "users": {
                "block": {
                  "attributes": {
                    "name": {
                      "type": "string",
                      "required": true,
                      "forcenew": true
                    },
                    "readonly": {
                      "type": "bool",
                      "optional": true,
                      "computed": true,
                      "forcenew": true
                    }
                  }
                },
                "nesting_mode": "set",
                "forcenew": true,
                "min_items": 1,
                "max_items": 50
              }
            }
          },
          "product": {
            "short": "RDS",
            "name": "Relational Database Service",
            "catalog": "Databases",
            "name_cn": "云数据库",
            "catalog_cn": "数据库"
          }
        }
      }
    }
  }
}
