{
  "provider_schemas": {
    "huaweicloud/huaweicloud": {
      "resource_schemas": {
        "huaweicloud_rds_sqlserver_database": {
          "block": {
            "attributes": {
              "character_set": {
                "type": "string",
                "description": "Indicates the character set used by the database.",
                "computed": true
              },
              "id": {
                "type": "string",
                "computed": true
              },
              "instance_id": {
                "type": "string",
                "description": "Specifies the ID of the RDS SQLServer instance.",
                "required": true,
                "forcenew": true
              },
              "name": {
                "type": "string",
                "description": "Specifies the database name.",
                "required": true,
                "forcenew": true
              },
              "region": {
                "type": "string",
                "computed": true
              },
              "state": {
                "type": "string",
                "description": "Indicates the database status.",
                "computed": true
              }
            }
          },
          "product": {
            "short": "RDS",
            "name": "云数据库",
            "catalog": "Databases",
            "name_cn": "云数据库",
            "catalog_cn": "数据库"
          }
        }
      }
    }
  }
}
