{
  "provider_schemas": {
    "huaweicloud/huaweicloud": {
      "resource_schemas": {
        "huaweicloud_rds_parametergroup": {
          "block": {
            "attributes": {
              "configuration_parameters": {
                "type": [
                  "list",
                  [
                    "object",
                    {
                      "description": "string",
                      "name": "string",
                      "readonly": "bool",
                      "restart_required": "bool",
                      "type": "string",
                      "value": "string",
                      "value_range": "string"
                    }
                  ]
                ],
                "computed": true
              },
              "description": {
                "type": "string",
                "optional": true
              },
              "id": {
                "type": "string",
                "computed": true
              },
              "name": {
                "type": "string",
                "required": true
              },
              "region": {
                "type": "string",
                "computed": true
              },
              "values": {
                "type": [
                  "map",
                  "string"
                ],
                "optional": true
              }
            },
            "block_types": {
              "datastore": {
                "block": {
                  "attributes": {
                    "type": {
                      "type": "string",
                      "required": true
                    },
                    "version": {
                      "type": "string",
                      "required": true
                    }
                  }
                },
                "nesting_mode": "list",
                "forcenew": true,
                "min_items": 1,
                "max_items": 1
              }
            }
          },
          "product": {
            "short": "RDS",
            "name": "云数据库",
            "catalog": "Databases",
            "name_cn": "云数据库",
            "catalog_cn": "数据库"
          }
        }
      }
    }
  }
}
