{
  "provider_schemas": {
    "huaweicloud/huaweicloud": {
      "resource_schemas": {
        "huaweicloud_rgc_best_practice": {
          "block": {
            "attributes": {
              "detect_time": {
                "type": "string",
                "computed": true
              },
              "id": {
                "type": "string",
                "computed": true
              },
              "region": {
                "type": "string",
                "computed": true
              },
              "total_score": {
                "type": "number",
                "computed": true
              }
            }
          },
          "product": {
            "short": "RGC",
            "name": "Resource Governance Center",
            "catalog": "Management & Governance",
            "name_cn": "资源治理中心",
            "catalog_cn": "管理与监管"
          }
        }
      }
    }
  }
}
