{
  "provider_schemas": {
    "huaweicloud/huaweicloud": {
      "resource_schemas": {
        "huaweicloud_rgc_organizational_unit": {
          "block": {
            "attributes": {
              "id": {
                "type": "string",
                "computed": true
              },
              "manage_account_id": {
                "type": "string",
                "computed": true
              },
              "organizational_unit_id": {
                "type": "string",
                "computed": true
              },
              "organizational_unit_name": {
                "type": "string",
                "required": true
              },
              "organizational_unit_status": {
                "type": "string",
                "computed": true
              },
              "organizational_unit_type": {
                "type": "string",
                "computed": true
              },
              "parent_organizational_unit_id": {
                "type": "string",
                "required": true
              },
              "parent_organizational_unit_name": {
                "type": "string",
                "computed": true
              },
              "region": {
                "type": "string",
                "computed": true
              }
            }
          },
          "product": {
            "short": "RGC",
            "name": "Resource Governance Center",
            "catalog": "Management & Governance",
            "name_cn": "资源治理中心",
            "catalog_cn": "管理与监管"
          }
        }
      }
    }
  }
}
