{
  "provider_schemas": {
    "huaweicloud/huaweicloud": {
      "resource_schemas": {
        "huaweicloud_rgc_template": {
          "block": {
            "attributes": {
              "create_time": {
                "type": "string",
                "computed": true
              },
              "id": {
                "type": "string",
                "computed": true
              },
              "latest_version_id": {
                "type": "string",
                "computed": true
              },
              "region": {
                "type": "string",
                "computed": true
              },
              "template_body": {
                "type": "string",
                "optional": true
              },
              "template_description": {
                "type": "string",
                "optional": true
              },
              "template_name": {
                "type": "string",
                "required": true
              },
              "template_type": {
                "type": "string",
                "required": true
              },
              "update_time": {
                "type": "string",
                "computed": true
              }
            }
          },
          "product": {
            "short": "RGC",
            "name": "Resource Governance Center",
            "catalog": "Management & Governance",
            "name_cn": "资源治理中心",
            "catalog_cn": "管理与监管"
          }
        }
      }
    }
  }
}
