{
  "provider_schemas": {
    "huaweicloud/huaweicloud": {
      "resource_schemas": {
        "huaweicloud_rms_remediation_execution": {
          "block": {
            "attributes": {
              "all_supported": {
                "type": "bool",
                "description": "Specifies whether to perform remediation for all non-compliant resources.",
                "required": true
              },
              "id": {
                "type": "string",
                "computed": true
              },
              "policy_assignment_id": {
                "type": "string",
                "description": "Specifies the policy assignment ID.",
                "required": true
              },
              "region": {
                "type": "string",
                "description": "The region in which to create the resource. If omitted, the provider-level region will be used.",
                "computed": true
              },
              "resource_ids": {
                "type": [
                  "set",
                  "string"
                ],
                "description": "Specifies the list of resource IDs that require remediation.",
                "optional": true
              },
              "result": {
                "type": [
                  "list",
                  [
                    "object",
                    {
                      "automatic": "bool",
                      "invocation_time": "string",
                      "message": "string",
                      "resource_id": "string",
                      "resource_name": "string",
                      "resource_provider": "string",
                      "resource_type": "string",
                      "state": "string"
                    }
                  ]
                ],
                "description": "The result of the remediation execution.",
                "computed": true
              }
            }
          },
          "product": {
            "short": "Config",
            "name": "Config",
            "catalog": "Management & Governance",
            "name_cn": "配置审计",
            "catalog_cn": "管理与监管"
          }
        }
      }
    }
  }
}
