{
  "provider_schemas": {
    "huaweicloud/huaweicloud": {
      "resource_schemas": {
        "huaweicloud_rms_resource_aggregator": {
          "block": {
            "attributes": {
              "account_ids": {
                "type": [
                  "set",
                  "string"
                ],
                "description": "Specifies the source account list.",
                "optional": true,
                "computed": true
              },
              "id": {
                "type": "string",
                "computed": true
              },
              "name": {
                "type": "string",
                "description": "Specifies the resource aggregator name.",
                "required": true,
                "forcenew": true
              },
              "tags": {
                "type": [
                  "map",
                  "string"
                ],
                "optional": true,
                "computed": true
              },
              "type": {
                "type": "string",
                "description": "Specifies the resource aggregator type, which can be **ACCOUNT** or **ORGANIZATION**.",
                "required": true,
                "forcenew": true
              },
              "urn": {
                "type": "string",
                "description": "Indicates the resource aggregator identifier.",
                "computed": true
              }
            }
          },
          "product": {
            "short": "Config",
            "name": "Config",
            "catalog": "Management & Governance",
            "name_cn": "配置审计",
            "catalog_cn": "管理与监管"
          }
        }
      }
    }
  }
}
