{
  "provider_schemas": {
    "huaweicloud/huaweicloud": {
      "resource_schemas": {
        "huaweicloud_secmaster_delete_nodes": {
          "block": {
            "attributes": {
              "delete_fail_list": {
                "type": [
                  "list",
                  [
                    "object",
                    {
                      "create_by": "string",
                      "create_time": "number",
                      "description": [
                        "list",
                        [
                          "object",
                          {
                            "error_code": "string",
                            "error_msg": "string"
                          }
                        ]
                      ],
                      "device_type": "string",
                      "ip_address": "string",
                      "monitor": [
                        "list",
                        [
                          "object",
                          {
                            "cpu_idle": "string",
                            "cpu_usage": "string",
                            "disk_count": "string",
                            "disk_usage": "string",
                            "down_pps": "string",
                            "health_status": "string",
                            "heart_beat": "string",
                            "heart_beat_time": "number",
                            "memory_cache": "string",
                            "memory_count": "string",
                            "memory_free": "string",
                            "memory_shared": "string",
                            "memory_usage": "string",
                            "mini_on_online": "string",
                            "read_rate": "string",
                            "up_pps": "string",
                            "write_rate": "string"
                          }
                        ]
                      ],
                      "node_expansion": [
                        "list",
                        [
                          "object",
                          {
                            "custom_label": "string",
                            "data_center": "string",
                            "description": "string",
                            "maintainer": "string",
                            "network_plane": "string",
                            "node_id": "string"
                          }
                        ]
                      ],
                      "node_id": "string",
                      "node_name": "string",
                      "os_type": "string",
                      "private_ip_address": "string",
                      "region": "string",
                      "specification": "string",
                      "subnet_id": "string",
                      "update_time": "number",
                      "vpc_endpoint_address": "string",
                      "vpc_endpoint_id": "string",
                      "vpc_id": "string",
                      "vpcep_service_ip": "string"
                    }
                  ]
                ],
                "computed": true
              },
              "delete_ids": {
                "type": [
                  "list",
                  "string"
                ],
                "required": true
              },
              "delete_success_list": {
                "type": [
                  "list",
                  [
                    "object",
                    {
                      "create_by": "string",
                      "create_time": "number",
                      "description": [
                        "list",
                        [
                          "object",
                          {
                            "error_code": "string",
                            "error_msg": "string"
                          }
                        ]
                      ],
                      "device_type": "string",
                      "ip_address": "string",
                      "monitor": [
                        "list",
                        [
                          "object",
                          {
                            "cpu_idle": "string",
                            "cpu_usage": "string",
                            "disk_count": "string",
                            "disk_usage": "string",
                            "down_pps": "string",
                            "health_status": "string",
                            "heart_beat": "string",
                            "heart_beat_time": "number",
                            "memory_cache": "string",
                            "memory_count": "string",
                            "memory_free": "string",
                            "memory_shared": "string",
                            "memory_usage": "string",
                            "mini_on_online": "string",
                            "read_rate": "string",
                            "up_pps": "string",
                            "write_rate": "string"
                          }
                        ]
                      ],
                      "node_expansion": [
                        "list",
                        [
                          "object",
                          {
                            "custom_label": "string",
                            "data_center": "string",
                            "description": "string",
                            "maintainer": "string",
                            "network_plane": "string",
                            "node_id": "string"
                          }
                        ]
                      ],
                      "node_id": "string",
                      "node_name": "string",
                      "os_type": "string",
                      "private_ip_address": "string",
                      "region": "string",
                      "specification": "string",
                      "subnet_id": "string",
                      "update_time": "number",
                      "vpc_endpoint_address": "string",
                      "vpc_endpoint_id": "string",
                      "vpc_id": "string",
                      "vpcep_service_ip": "string"
                    }
                  ]
                ],
                "computed": true
              },
              "id": {
                "type": "string",
                "computed": true
              },
              "region": {
                "type": "string",
                "computed": true
              },
              "workspace_id": {
                "type": "string",
                "required": true
              }
            }
          },
          "product": {
            "short": "SecMaster",
            "name": "SecMaster",
            "catalog": "Security & Compliance",
            "name_cn": "安全云脑",
            "catalog_cn": "安全与合规"
          }
        }
      }
    }
  }
}
