{
  "provider_schemas": {
    "huaweicloud/huaweicloud": {
      "resource_schemas": {
        "huaweicloud_secmaster_collector_parser": {
          "block": {
            "attributes": {
              "channel_refer_count": {
                "type": "number",
                "computed": true
              },
              "description": {
                "type": "string",
                "optional": true
              },
              "id": {
                "type": "string",
                "computed": true
              },
              "parser_id": {
                "type": "string",
                "optional": true,
                "computed": true
              },
              "region": {
                "type": "string",
                "computed": true
              },
              "title": {
                "type": "string",
                "required": true
              },
              "workspace_id": {
                "type": "string",
                "required": true
              }
            },
            "block_types": {
              "modules": {
                "block": {
                  "attributes": {
                    "connection_module_id": {
                      "type": "string",
                      "optional": true,
                      "computed": true
                    },
                    "module_id": {
                      "type": "string",
                      "computed": true
                    },
                    "name": {
                      "type": "string",
                      "optional": true,
                      "computed": true
                    },
                    "template_id": {
                      "type": "string",
                      "optional": true,
                      "computed": true
                    }
                  },
                  "block_types": {
                    "children": {
                      "block": {
                        "attributes": {
                          "connection_module_id": {
                            "type": "string",
                            "optional": true,
                            "computed": true
                          },
                          "name": {
                            "type": "string",
                            "optional": true,
                            "computed": true
                          },
                          "template_id": {
                            "type": "string",
                            "optional": true,
                            "computed": true
                          }
                        },
                        "block_types": {
                          "fields": {
                            "block": {
                              "attributes": {
                                "connection_module_id": {
                                  "type": "string",
                                  "optional": true,
                                  "computed": true
                                },
                                "name": {
                                  "type": "string",
                                  "optional": true,
                                  "computed": true
                                },
                                "other": {
                                  "type": "string",
                                  "optional": true,
                                  "computed": true
                                },
                                "template_field_id": {
                                  "type": "string",
                                  "optional": true,
                                  "computed": true
                                },
                                "type": {
                                  "type": "string",
                                  "optional": true,
                                  "computed": true
                                },
                                "value": {
                                  "type": "string",
                                  "optional": true,
                                  "computed": true
                                }
                              }
                            },
                            "nesting_mode": "list"
                          }
                        }
                      },
                      "nesting_mode": "list"
                    },
                    "fields": {
                      "block": {
                        "attributes": {
                          "connection_module_id": {
                            "type": "string",
                            "optional": true,
                            "computed": true
                          },
                          "name": {
                            "type": "string",
                            "optional": true,
                            "computed": true
                          },
                          "other": {
                            "type": "string",
                            "optional": true,
                            "computed": true
                          },
                          "template_field_id": {
                            "type": "string",
                            "optional": true,
                            "computed": true
                          },
                          "type": {
                            "type": "string",
                            "optional": true,
                            "computed": true
                          },
                          "value": {
                            "type": "string",
                            "optional": true,
                            "computed": true
                          }
                        }
                      },
                      "nesting_mode": "list"
                    }
                  }
                },
                "nesting_mode": "list"
              }
            }
          },
          "product": {
            "short": "SecMaster",
            "name": "SecMaster",
            "catalog": "Security & Compliance",
            "name_cn": "安全云脑",
            "catalog_cn": "安全与合规"
          }
        }
      }
    }
  }
}
