{
  "provider_schemas": {
    "huaweicloud/huaweicloud": {
      "resource_schemas": {
        "huaweicloud_secmaster_checkitem": {
          "block": {
            "attributes": {
              "aggregation_handle_status": {
                "type": "string",
                "optional": true,
                "computed": true
              },
              "audit_procedure": {
                "type": "string",
                "optional": true,
                "computed": true
              },
              "cloud_server": {
                "type": "string",
                "required": true
              },
              "description": {
                "type": "string",
                "required": true
              },
              "id": {
                "type": "string",
                "computed": true
              },
              "impact": {
                "type": "string",
                "optional": true,
                "computed": true
              },
              "level": {
                "type": "string",
                "required": true
              },
              "method": {
                "type": "number",
                "required": true
              },
              "name": {
                "type": "string",
                "required": true
              },
              "region": {
                "type": "string",
                "computed": true
              },
              "source": {
                "type": "number",
                "optional": true,
                "computed": true
              },
              "uuid": {
                "type": "string",
                "computed": true
              },
              "workflow_id": {
                "type": "string",
                "optional": true,
                "computed": true
              },
              "workspace_id": {
                "type": "string",
                "required": true
              }
            }
          },
          "product": {
            "short": "SecMaster",
            "name": "SecMaster",
            "catalog": "Security & Compliance",
            "name_cn": "安全云脑",
            "catalog_cn": "安全与合规"
          }
        }
      }
    }
  }
}
