{
  "provider_schemas": {
    "huaweicloud/huaweicloud": {
      "resource_schemas": {
        "huaweicloud_secmaster_pipe_consumption": {
          "block": {
            "attributes": {
              "access_point": {
                "type": "string",
                "computed": true
              },
              "id": {
                "type": "string",
                "computed": true
              },
              "pipe_id": {
                "type": "string",
                "required": true
              },
              "pipe_name": {
                "type": "string",
                "computed": true
              },
              "region": {
                "type": "string",
                "computed": true
              },
              "status": {
                "type": "string",
                "computed": true
              },
              "subscription_name": {
                "type": "string",
                "computed": true
              },
              "table_id": {
                "type": "string",
                "computed": true
              },
              "workspace_id": {
                "type": "string",
                "required": true
              }
            }
          },
          "product": {
            "short": "SecMaster",
            "name": "SecMaster",
            "catalog": "Security & Compliance",
            "name_cn": "安全云脑",
            "catalog_cn": "安全与合规"
          }
        }
      }
    }
  }
}
