{
  "provider_schemas": {
    "huaweicloud/huaweicloud": {
      "resource_schemas": {
        "huaweicloud_secmaster_workflow_version_validation": {
          "block": {
            "attributes": {
              "aopworkflow_id": {
                "type": "string",
                "required": true
              },
              "detail": {
                "type": "string",
                "computed": true
              },
              "id": {
                "type": "string",
                "computed": true
              },
              "mode": {
                "type": "string",
                "required": true
              },
              "region": {
                "type": "string",
                "computed": true
              },
              "result": {
                "type": "bool",
                "computed": true
              },
              "taskconfig": {
                "type": "string",
                "required": true
              },
              "taskflow": {
                "type": "string",
                "required": true
              },
              "workspace_id": {
                "type": "string",
                "required": true
              }
            }
          },
          "product": {
            "short": "SecMaster",
            "name": "SecMaster",
            "catalog": "Security & Compliance",
            "name_cn": "安全云脑",
            "catalog_cn": "安全与合规"
          }
        }
      }
    }
  }
}
