{
  "provider_schemas": {
    "huaweicloud/huaweicloud": {
      "resource_schemas": {
        "huaweicloud_servicestagev3_environment_associate": {
          "block": {
            "attributes": {
              "environment_id": {
                "type": "string",
                "description": "The environment ID associated with the resources.",
                "required": true,
                "forcenew": true
              },
              "id": {
                "type": "string",
                "computed": true
              },
              "region": {
                "type": "string",
                "description": "The region where the environment and resources are located.",
                "computed": true
              }
            },
            "block_types": {
              "resources": {
                "block": {
                  "attributes": {
                    "id": {
                      "type": "string",
                      "description": "The ID of the resource to be associated.",
                      "required": true
                    },
                    "name": {
                      "type": "string",
                      "description": "The name of the resource to be associated.",
                      "optional": true,
                      "computed": true
                    },
                    "type": {
                      "type": "string",
                      "description": "The type of the resource to be associated.",
                      "required": true
                    }
                  },
                  "description": "The information about the associated resources."
                },
                "nesting_mode": "list",
                "min_items": 1
              },
              "resources_origin": {
                "block": {
                  "attributes": {
                    "id": {
                      "type": "string",
                      "description": "The ID of the resource to be associated.",
                      "computed": true
                    },
                    "name": {
                      "type": "string",
                      "description": "The name of the resource to be associated.",
                      "computed": true
                    },
                    "type": {
                      "type": "string",
                      "description": "The type of the resource to be associated.",
                      "computed": true
                    }
                  },
                  "description": "schema:{\"Internal\":true};The script configuration value of this change is also the original value used for comparison with\n the new value next time the change is made. The corresponding parameter name is 'resources'."
                },
                "nesting_mode": "list"
              }
            }
          }
        }
      }
    }
  }
}
