{
  "provider_schemas": {
    "huaweicloud/huaweicloud": {
      "resource_schemas": {
        "huaweicloud_servicestagev3_application": {
          "block": {
            "attributes": {
              "created_at": {
                "type": "string",
                "description": "The creation time of the application, in RFC3339 format.",
                "computed": true
              },
              "creator": {
                "type": "string",
                "description": "The creator name of the application.",
                "computed": true
              },
              "description": {
                "type": "string",
                "description": "The description of the application.",
                "optional": true
              },
              "enterprise_project_id": {
                "type": "string",
                "description": "The the enterprise project ID to which the application belongs.",
                "optional": true,
                "computed": true
              },
              "id": {
                "type": "string",
                "computed": true
              },
              "name": {
                "type": "string",
                "description": "The name of the application.",
                "required": true
              },
              "region": {
                "type": "string",
                "description": "The region where the application is located.",
                "computed": true
              },
              "tags": {
                "type": [
                  "map",
                  "string"
                ],
                "description": "he key/value pairs to associate with the application that used to filter resource.",
                "optional": true
              },
              "updated_at": {
                "type": "string",
                "description": "The latest update time of the application, in RFC3339 format.",
                "computed": true
              }
            }
          }
        }
      }
    }
  }
}
