{
  "provider_schemas": {
    "huaweicloud/huaweicloud": {
      "resource_schemas": {
        "huaweicloud_servicestage_environment": {
          "block": {
            "attributes": {
              "deploy_mode": {
                "type": "string",
                "optional": true,
                "computed": true,
                "forcenew": true
              },
              "description": {
                "type": "string",
                "optional": true
              },
              "enterprise_project_id": {
                "type": "string",
                "optional": true,
                "computed": true,
                "forcenew": true
              },
              "id": {
                "type": "string",
                "computed": true
              },
              "name": {
                "type": "string",
                "required": true
              },
              "region": {
                "type": "string",
                "computed": true
              },
              "vpc_id": {
                "type": "string",
                "required": true,
                "forcenew": true
              }
            },
            "block_types": {
              "basic_resources": {
                "block": {
                  "attributes": {
                    "id": {
                      "type": "string",
                      "required": true
                    },
                    "name": {
                      "type": "string",
                      "optional": true,
                      "computed": true
                    },
                    "type": {
                      "type": "string",
                      "required": true
                    }
                  }
                },
                "nesting_mode": "list",
                "min_items": 1
              },
              "basic_resources_origin": {
                "block": {
                  "attributes": {
                    "id": {
                      "type": "string",
                      "computed": true
                    },
                    "name": {
                      "type": "string",
                      "computed": true
                    },
                    "type": {
                      "type": "string",
                      "computed": true
                    }
                  },
                  "description": "schema:{\"Internal\":true};The script configuration value of this change is also the original value used for comparison with\n the new value next time the change is made. The corresponding parameter name is 'basic_resources'."
                },
                "nesting_mode": "list"
              },
              "optional_resources": {
                "block": {
                  "attributes": {
                    "id": {
                      "type": "string",
                      "required": true
                    },
                    "name": {
                      "type": "string",
                      "optional": true,
                      "computed": true
                    },
                    "type": {
                      "type": "string",
                      "required": true
                    }
                  }
                },
                "nesting_mode": "list"
              },
              "optional_resources_origin": {
                "block": {
                  "attributes": {
                    "id": {
                      "type": "string",
                      "computed": true
                    },
                    "name": {
                      "type": "string",
                      "computed": true
                    },
                    "type": {
                      "type": "string",
                      "computed": true
                    }
                  },
                  "description": "schema:{\"Internal\":true};The script configuration value of this change is also the original value used for comparison with\n the new value next time the change is made. The corresponding parameter name is 'optional_resources'."
                },
                "nesting_mode": "list"
              }
            }
          },
          "product": {
            "short": "ServiceStage",
            "name": "ServiceStage",
            "catalog": "Middleware",
            "name_cn": "应用管理与运维平台",
            "catalog_cn": "应用中间件"
          }
        }
      }
    }
  }
}
