{
  "provider_schemas": {
    "huaweicloud/huaweicloud": {
      "resource_schemas": {
        "huaweicloud_servicestage_application": {
          "block": {
            "attributes": {
              "component_ids": {
                "type": [
                  "list",
                  "string"
                ],
                "computed": true
              },
              "description": {
                "type": "string",
                "optional": true
              },
              "enterprise_project_id": {
                "type": "string",
                "optional": true,
                "computed": true,
                "forcenew": true
              },
              "id": {
                "type": "string",
                "computed": true
              },
              "name": {
                "type": "string",
                "required": true
              },
              "region": {
                "type": "string",
                "computed": true
              }
            },
            "block_types": {
              "environment": {
                "block": {
                  "attributes": {
                    "id": {
                      "type": "string",
                      "required": true
                    }
                  },
                  "block_types": {
                    "variable": {
                      "block": {
                        "attributes": {
                          "name": {
                            "type": "string",
                            "required": true
                          },
                          "value": {
                            "type": "string",
                            "required": true
                          }
                        }
                      },
                      "nesting_mode": "set",
                      "min_items": 1
                    }
                  }
                },
                "nesting_mode": "set"
              }
            }
          },
          "product": {
            "short": "ServiceStage",
            "name": "ServiceStage",
            "catalog": "DevCloud",
            "name_cn": "应用管理与运维平台",
            "catalog_cn": "软件开发服务"
          }
        }
      }
    }
  }
}
