{
  "provider_schemas": {
    "huaweicloud/huaweicloud": {
      "resource_schemas": {
        "huaweicloud_servicestage_environment": {
          "block": {
            "attributes": {
              "description": {
                "type": "string",
                "optional": true
              },
              "enterprise_project_id": {
                "type": "string",
                "optional": true,
                "computed": true,
                "forcenew": true
              },
              "id": {
                "type": "string",
                "computed": true
              },
              "name": {
                "type": "string",
                "required": true
              },
              "region": {
                "type": "string",
                "computed": true
              },
              "vpc_id": {
                "type": "string",
                "required": true,
                "forcenew": true
              }
            },
            "block_types": {
              "basic_resources": {
                "block": {
                  "attributes": {
                    "id": {
                      "type": "string",
                      "required": true
                    },
                    "type": {
                      "type": "string",
                      "required": true
                    }
                  }
                },
                "nesting_mode": "set",
                "min_items": 1
              },
              "optional_resources": {
                "block": {
                  "attributes": {
                    "id": {
                      "type": "string",
                      "required": true
                    },
                    "type": {
                      "type": "string",
                      "required": true
                    }
                  }
                },
                "nesting_mode": "set"
              }
            }
          },
          "product": {
            "short": "ServiceStage",
            "name": "ServiceStage",
            "catalog": "Middleware",
            "name_cn": "应用管理与运维平台",
            "catalog_cn": "应用中间件"
          }
        }
      }
    }
  }
}
