{
  "provider_schemas": {
    "huaweicloud/huaweicloud": {
      "resource_schemas": {
        "huaweicloud_servicestagev3_configuration_group": {
          "block": {
            "attributes": {
              "created_at": {
                "type": "string",
                "description": "The creation time of the configuration group, in RFC3339 format.",
                "computed": true
              },
              "creator": {
                "type": "string",
                "description": "The creator of the configuration group.",
                "computed": true
              },
              "description": {
                "type": "string",
                "description": "The description of the configuration group.",
                "optional": true
              },
              "id": {
                "type": "string",
                "computed": true
              },
              "name": {
                "type": "string",
                "description": "The name of the configuration group.",
                "required": true
              },
              "region": {
                "type": "string",
                "computed": true
              }
            }
          }
        }
      }
    }
  }
}
