{
  "provider_schemas": {
    "huaweicloud/huaweicloud": {
      "resource_schemas": {
        "huaweicloud_sfs_access_rule": {
          "block": {
            "attributes": {
              "access_level": {
                "type": "string",
                "optional": true,
                "forcenew": true,
                "default": "rw"
              },
              "access_to": {
                "type": "string",
                "required": true,
                "forcenew": true
              },
              "access_type": {
                "type": "string",
                "optional": true,
                "forcenew": true,
                "default": "cert"
              },
              "id": {
                "type": "string",
                "computed": true
              },
              "region": {
                "type": "string",
                "computed": true
              },
              "sfs_id": {
                "type": "string",
                "required": true,
                "forcenew": true
              },
              "status": {
                "type": "string",
                "computed": true
              }
            }
          },
          "product": {
            "catalog": "Storage",
            "name": "Scalable File Service(SFS)",
            "short": "SFS"
          }
        }
      }
    }
  }
}
