{
  "provider_schemas": {
    "huaweicloud/huaweicloud": {
      "resource_schemas": {
        "huaweicloud_smn_topic_subscriber": {
          "block": {
            "attributes": {
              "endpoint": {
                "type": "string",
                "computed": true
              },
              "filter_policies": {
                "type": [
                  "list",
                  [
                    "object",
                    {
                      "name": "string",
                      "string_equals": [
                        "list",
                        "string"
                      ]
                    }
                  ]
                ],
                "computed": true
              },
              "id": {
                "type": "string",
                "computed": true
              },
              "owner": {
                "type": "string",
                "computed": true
              },
              "protocol": {
                "type": "string",
                "computed": true
              },
              "region": {
                "type": "string",
                "computed": true
              },
              "remark": {
                "type": "string",
                "computed": true
              },
              "status": {
                "type": "number",
                "computed": true
              },
              "subscribe_id": {
                "type": "string",
                "required": true
              },
              "topic_urn": {
                "type": "string",
                "required": true
              }
            }
          },
          "product": {
            "short": "SMN",
            "name": "Simple Message Notification",
            "catalog": "Management & Governance",
            "name_cn": "消息通知服务",
            "catalog_cn": "管理与监管"
          }
        }
      }
    }
  }
}
