{
  "provider_schemas": {
    "huaweicloud/huaweicloud": {
      "resource_schemas": {
        "huaweicloud_swr_organization_permissions": {
          "block": {
            "attributes": {
              "creator": {
                "type": "string",
                "computed": true
              },
              "id": {
                "type": "string",
                "computed": true
              },
              "organization": {
                "type": "string",
                "required": true,
                "forcenew": true
              },
              "region": {
                "type": "string",
                "computed": true
              },
              "self_permission": {
                "type": [
                  "list",
                  [
                    "object",
                    {
                      "permission": "string",
                      "user_id": "string",
                      "user_name": "string"
                    }
                  ]
                ],
                "computed": true
              }
            },
            "block_types": {
              "users": {
                "block": {
                  "attributes": {
                    "permission": {
                      "type": "string",
                      "required": true
                    },
                    "user_id": {
                      "type": "string",
                      "required": true
                    },
                    "user_name": {
                      "type": "string",
                      "optional": true,
                      "computed": true
                    }
                  }
                },
                "nesting_mode": "list",
                "min_items": 1
              }
            }
          },
          "product": {
            "short": "SWR",
            "name": "Software Repository for Container",
            "catalog": "Containers",
            "name_cn": "容器镜像服务",
            "catalog_cn": "容器"
          }
        }
      }
    }
  }
}
