{
  "provider_schemas": {
    "huaweicloud/huaweicloud": {
      "resource_schemas": {
        "huaweicloud_swr_enterprise_replication_policy": {
          "block": {
            "attributes": {
              "created_at": {
                "type": "string",
                "description": "Indicates the creation time.",
                "computed": true
              },
              "description": {
                "type": "string",
                "description": "Specifies the description of policy.",
                "optional": true
              },
              "dest_namespace": {
                "type": "string",
                "description": "Specifies the destination namespace name.",
                "optional": true
              },
              "enabled": {
                "type": "bool",
                "description": "Specifies whether the policy is enabled.",
                "required": true
              },
              "id": {
                "type": "string",
                "computed": true
              },
              "instance_id": {
                "type": "string",
                "description": "Specifies the enterprise instance ID.",
                "required": true
              },
              "name": {
                "type": "string",
                "description": "Specifies the policy name.",
                "required": true
              },
              "override": {
                "type": "bool",
                "description": "Specifies whether to override the repository.",
                "optional": true
              },
              "policy_id": {
                "type": "number",
                "description": "Indicates the policy ID.",
                "computed": true
              },
              "region": {
                "type": "string",
                "description": "The region in which to create the resource. If omitted, the provider-level region will be used.",
                "computed": true
              },
              "repo_scope_mode": {
                "type": "string",
                "description": "Specifies the repo scope mode.",
                "required": true
              },
              "updated_at": {
                "type": "string",
                "description": "Indicates the last update time.",
                "computed": true
              }
            },
            "block_types": {
              "dest_registry": {
                "block": {
                  "attributes": {
                    "id": {
                      "type": "number",
                      "description": "Specifies the registry ID.",
                      "required": true
                    }
                  },
                  "description": "Specifies the destination registry infos."
                },
                "nesting_mode": "list",
                "max_items": 1
              },
              "filters": {
                "block": {
                  "attributes": {
                    "type": {
                      "type": "string",
                      "description": "Specifies the filter type.",
                      "required": true
                    },
                    "value": {
                      "type": "string",
                      "description": "Specifies the regular expression of the filter.",
                      "required": true
                    }
                  },
                  "description": "Specifies the source resource filter."
                },
                "nesting_mode": "set",
                "min_items": 1
              },
              "src_registry": {
                "block": {
                  "attributes": {
                    "id": {
                      "type": "number",
                      "description": "Specifies the registry ID.",
                      "required": true
                    }
                  },
                  "description": "Specifies the source registry infos."
                },
                "nesting_mode": "list",
                "max_items": 1
              },
              "trigger": {
                "block": {
                  "attributes": {
                    "type": {
                      "type": "string",
                      "description": "Specifies the trigger type.",
                      "required": true
                    }
                  },
                  "block_types": {
                    "trigger_settings": {
                      "block": {
                        "attributes": {
                          "cron": {
                            "type": "string",
                            "description": "Specifies the scheduled setting.",
                            "optional": true
                          }
                        },
                        "description": "Specifies the trigger settings."
                      },
                      "nesting_mode": "list",
                      "max_items": 1
                    }
                  },
                  "description": "Specifies the trigger config."
                },
                "nesting_mode": "list",
                "min_items": 1,
                "max_items": 1
              }
            }
          },
          "product": {
            "short": "SWR",
            "name": "Software Repository for Container",
            "catalog": "Containers",
            "name_cn": "容器镜像服务",
            "catalog_cn": "容器"
          }
        }
      }
    }
  }
}
