{
  "provider_schemas": {
    "huaweicloud/huaweicloud": {
      "resource_schemas": {
        "huaweicloud_swr_enterprise_domain_name": {
          "block": {
            "attributes": {
              "certificate_id": {
                "type": "string",
                "description": "Specifies the SCM certificate ID.",
                "required": true
              },
              "created_at": {
                "type": "string",
                "description": "Indicates the creation time.",
                "computed": true
              },
              "domain_name": {
                "type": "string",
                "description": "Specifies the domain name.",
                "required": true
              },
              "domain_name_id": {
                "type": "string",
                "description": "Indicates the domain name ID.",
                "computed": true
              },
              "id": {
                "type": "string",
                "computed": true
              },
              "instance_id": {
                "type": "string",
                "description": "Specifies the enterprise instance ID.",
                "required": true
              },
              "region": {
                "type": "string",
                "description": "The region in which to create the resource. If omitted, the provider-level region will be used.",
                "computed": true
              },
              "type": {
                "type": "string",
                "description": "Indicates the domain name type.",
                "computed": true
              },
              "updated_at": {
                "type": "string",
                "description": "Indicates the last update time.",
                "computed": true
              }
            }
          },
          "product": {
            "short": "SWR",
            "name": "Software Repository for Container",
            "catalog": "Containers",
            "name_cn": "容器镜像服务",
            "catalog_cn": "容器"
          }
        }
      }
    }
  }
}
