{
  "provider_schemas": {
    "huaweicloud/huaweicloud": {
      "resource_schemas": {
        "huaweicloud_swr_enterprise_long_term_credential": {
          "block": {
            "attributes": {
              "auth_token": {
                "type": "string",
                "description": "Indicates the auth token.",
                "computed": true,
                "sensitive": true
              },
              "created_at": {
                "type": "string",
                "description": "Indicates the creation time.",
                "computed": true
              },
              "enable": {
                "type": "bool",
                "description": "Specifies whether to enable the credential.",
                "optional": true,
                "computed": true
              },
              "expire_date": {
                "type": "string",
                "description": "Indicates the expired time.",
                "computed": true
              },
              "id": {
                "type": "string",
                "computed": true
              },
              "instance_id": {
                "type": "string",
                "description": "Specifies the enterprise instance ID.",
                "required": true
              },
              "name": {
                "type": "string",
                "description": "Specifies the credential name.",
                "required": true
              },
              "region": {
                "type": "string",
                "computed": true
              },
              "user_id": {
                "type": "string",
                "description": "Indicates the user ID.",
                "computed": true
              },
              "user_profile": {
                "type": "string",
                "description": "Indicates the user profile.",
                "computed": true
              }
            }
          },
          "product": {
            "short": "SWR",
            "name": "Software Repository for Container",
            "catalog": "Containers",
            "name_cn": "容器镜像服务",
            "catalog_cn": "容器"
          }
        }
      }
    }
  }
}
