{
  "provider_schemas": {
    "huaweicloud/huaweicloud": {
      "resource_schemas": {
        "huaweicloud_swr_image_auto_sync": {
          "block": {
            "attributes": {
              "created_at": {
                "type": "string",
                "description": "Indicates the creation time.",
                "computed": true
              },
              "id": {
                "type": "string",
                "computed": true
              },
              "organization": {
                "type": "string",
                "description": "Specifies the name of the organization.",
                "required": true,
                "forcenew": true
              },
              "override": {
                "type": "bool",
                "description": "Specifies whether to overwrite.",
                "optional": true,
                "computed": true,
                "forcenew": true
              },
              "region": {
                "type": "string",
                "computed": true
              },
              "repository": {
                "type": "string",
                "description": "Specifies the name of the repository.",
                "required": true,
                "forcenew": true
              },
              "target_organization": {
                "type": "string",
                "description": "Specifies the target organization name.",
                "required": true,
                "forcenew": true
              },
              "target_region": {
                "type": "string",
                "description": "Specifies the target region name.",
                "required": true,
                "forcenew": true
              },
              "updated_at": {
                "type": "string",
                "description": "Indicates the update time.",
                "computed": true
              }
            }
          },
          "product": {
            "short": "SWR",
            "name": "Software Repository for Container",
            "catalog": "Containers",
            "name_cn": "容器镜像服务",
            "catalog_cn": "容器"
          }
        }
      }
    }
  }
}
