{
  "provider_schemas": {
    "huaweicloud/huaweicloud": {
      "resource_schemas": {
        "huaweicloud_swr_organization": {
          "block": {
            "attributes": {
              "creator": {
                "type": "string",
                "computed": true
              },
              "id": {
                "type": "string",
                "computed": true
              },
              "login_server": {
                "type": "string",
                "computed": true
              },
              "name": {
                "type": "string",
                "required": true,
                "forcenew": true
              },
              "permission": {
                "type": "string",
                "computed": true
              },
              "region": {
                "type": "string",
                "computed": true
              }
            }
          },
          "product": {
            "catalog": "Containers",
            "name": "Software Repository for Container",
            "short": "SWR"
          }
        }
      }
    }
  }
}
