{
  "provider_schemas": {
    "huaweicloud/huaweicloud": {
      "resource_schemas": {
        "huaweicloud_taurusdb_htap_sessions_kill": {
          "block": {
            "attributes": {
              "id": {
                "type": "string",
                "computed": true
              },
              "instance_id": {
                "type": "string",
                "required": true
              },
              "msg": {
                "type": "string",
                "computed": true
              },
              "process_list": {
                "type": [
                  "list",
                  "string"
                ],
                "required": true
              },
              "region": {
                "type": "string",
                "computed": true
              },
              "status": {
                "type": "string",
                "computed": true
              }
            }
          }
        }
      }
    }
  }
}
