{
  "provider_schemas": {
    "huaweicloud/huaweicloud": {
      "resource_schemas": {
        "huaweicloud_taurusdb_htap_starrocks_parameters_compare": {
          "block": {
            "attributes": {
              "differences": {
                "type": [
                  "list",
                  [
                    "object",
                    {
                      "parameter_name": "string",
                      "source_value": "string",
                      "target_value": "string"
                    }
                  ]
                ],
                "computed": true
              },
              "id": {
                "type": "string",
                "computed": true
              },
              "region": {
                "type": "string",
                "computed": true
              },
              "source_configuration_id": {
                "type": "string",
                "required": true
              }
            }
          }
        }
      }
    }
  }
}
