{
  "provider_schemas": {
    "huaweicloud/huaweicloud": {
      "resource_schemas": {
        "huaweicloud_vpc": {
          "block": {
            "attributes": {
              "cidr": {
                "type": "string",
                "required": true
              },
              "description": {
                "type": "string",
                "optional": true
              },
              "enterprise_project_id": {
                "type": "string",
                "optional": true,
                "computed": true
              },
              "id": {
                "type": "string",
                "computed": true
              },
              "name": {
                "type": "string",
                "required": true
              },
              "region": {
                "type": "string",
                "computed": true
              },
              "secondary_cidr": {
                "type": "string",
                "optional": true
              },
              "status": {
                "type": "string",
                "computed": true
              },
              "tags": {
                "type": [
                  "map",
                  "string"
                ],
                "optional": true
              }
            }
          },
          "product": {
            "short": "VPC",
            "name": "Virtual Private Cloud",
            "catalog": "Networking",
            "name_cn": "虚拟私有云",
            "catalog_cn": "网络"
          }
        }
      }
    }
  }
}
