{
  "provider_schemas": {
    "huaweicloud/huaweicloud": {
      "resource_schemas": {
        "huaweicloud_vpc_flow_log": {
          "block": {
            "attributes": {
              "description": {
                "type": "string",
                "optional": true,
                "computed": true
              },
              "enabled": {
                "type": "bool",
                "optional": true,
                "default": true
              },
              "id": {
                "type": "string",
                "computed": true
              },
              "log_group_id": {
                "type": "string",
                "required": true,
                "forcenew": true
              },
              "log_stream_id": {
                "type": "string",
                "required": true,
                "forcenew": true
              },
              "name": {
                "type": "string",
                "required": true
              },
              "region": {
                "type": "string",
                "computed": true
              },
              "resource_id": {
                "type": "string",
                "required": true,
                "forcenew": true
              },
              "resource_type": {
                "type": "string",
                "required": true,
                "forcenew": true
              },
              "status": {
                "type": "string",
                "computed": true
              },
              "traffic_type": {
                "type": "string",
                "optional": true,
                "forcenew": true,
                "default": "all"
              }
            }
          },
          "product": {
            "short": "VPC",
            "name": "虚拟私有云",
            "catalog": "Networking",
            "name_cn": "虚拟私有云",
            "catalog_cn": "网络"
          }
        }
      }
    }
  }
}
