{
  "provider_schemas": {
    "huaweicloud/huaweicloud": {
      "resource_schemas": {
        "huaweicloud_vpc_subnet_cidr_reservation": {
          "block": {
            "attributes": {
              "cidr": {
                "type": "string",
                "description": "Reserved CIDR block in CIDR notation.",
                "optional": true,
                "computed": true
              },
              "created_at": {
                "type": "string",
                "description": "The creation time of the subnet CIDR reservation.",
                "computed": true
              },
              "description": {
                "type": "string",
                "description": "The description of the subnet CIDR reservation.",
                "optional": true
              },
              "id": {
                "type": "string",
                "computed": true
              },
              "ip_version": {
                "type": "number",
                "description": "IP version of the subnet CIDR reservation.",
                "required": true
              },
              "mask": {
                "type": "number",
                "description": "Subnet mask length.",
                "optional": true,
                "computed": true
              },
              "name": {
                "type": "string",
                "description": "The name of the subnet CIDR reservation.",
                "optional": true
              },
              "project_id": {
                "type": "string",
                "description": "The project ID of the subnet CIDR reservation.",
                "computed": true
              },
              "region": {
                "type": "string",
                "description": "The region where the subnet CIDR reservation is located.",
                "computed": true
              },
              "subnet_id": {
                "type": "string",
                "description": "The ID of the virtual subnet to which the CIDR reservation belongs.",
                "required": true
              },
              "updated_at": {
                "type": "string",
                "description": "The last update time of the subnet CIDR reservation.",
                "computed": true
              },
              "vpc_id": {
                "type": "string",
                "description": "The ID of the VPC to which the subnet belongs.",
                "computed": true
              }
            }
          },
          "product": {
            "short": "VPC",
            "name": "Virtual Private Cloud",
            "catalog": "Networking",
            "name_cn": "虚拟私有云",
            "catalog_cn": "网络"
          }
        }
      }
    }
  }
}
