{
  "provider_schemas": {
    "huaweicloud/huaweicloud": {
      "resource_schemas": {
        "huaweicloud_vpc_bandwidth_associate": {
          "block": {
            "attributes": {
              "bandwidth_charge_mode": {
                "type": "string",
                "description": "The charge mode after removal bandwidth.",
                "optional": true
              },
              "bandwidth_id": {
                "type": "string",
                "required": true,
                "forcenew": true
              },
              "bandwidth_name": {
                "type": "string",
                "computed": true
              },
              "bandwidth_size": {
                "type": "number",
                "description": "The size (Mbits/s) after removal bandwidth.",
                "optional": true
              },
              "eip_id": {
                "type": "string",
                "optional": true
              },
              "fixed_ip": {
                "type": "string",
                "optional": true,
                "computed": true
              },
              "id": {
                "type": "string",
                "computed": true
              },
              "ip_version": {
                "type": "number",
                "computed": true
              },
              "network_id": {
                "type": "string",
                "optional": true,
                "computed": true
              },
              "port_id": {
                "type": "string",
                "optional": true,
                "computed": true
              },
              "public_ip": {
                "type": "string",
                "computed": true
              },
              "public_ip_type": {
                "type": "string",
                "computed": true
              },
              "public_ipv6": {
                "type": "string",
                "computed": true
              },
              "region": {
                "type": "string",
                "computed": true
              }
            }
          },
          "product": {
            "short": "EIP",
            "name": "Elastic IP",
            "catalog": "Networking",
            "name_cn": "弹性公网IP",
            "catalog_cn": "网络"
          }
        }
      }
    }
  }
}
