{
  "provider_schemas": {
    "huaweicloud/huaweicloud": {
      "resource_schemas": {
        "huaweicloud_vpc_traffic_mirror_session": {
          "block": {
            "attributes": {
              "created_at": {
                "type": "string",
                "computed": true
              },
              "description": {
                "type": "string",
                "optional": true
              },
              "enabled": {
                "type": "bool",
                "optional": true,
                "default": true
              },
              "id": {
                "type": "string",
                "computed": true
              },
              "name": {
                "type": "string",
                "required": true
              },
              "packet_length": {
                "type": "number",
                "optional": true,
                "computed": true
              },
              "priority": {
                "type": "number",
                "required": true
              },
              "region": {
                "type": "string",
                "computed": true
              },
              "traffic_mirror_filter_id": {
                "type": "string",
                "required": true
              },
              "traffic_mirror_sources": {
                "type": [
                  "list",
                  "string"
                ],
                "required": true
              },
              "traffic_mirror_target_id": {
                "type": "string",
                "required": true
              },
              "traffic_mirror_target_type": {
                "type": "string",
                "required": true
              },
              "type": {
                "type": "string",
                "optional": true,
                "computed": true
              },
              "updated_at": {
                "type": "string",
                "computed": true
              },
              "virtual_network_id": {
                "type": "number",
                "optional": true,
                "computed": true
              }
            }
          },
          "product": {
            "short": "VPC",
            "name": "Virtual Private Cloud",
            "catalog": "Networking",
            "name_cn": "虚拟私有云",
            "catalog_cn": "网络"
          }
        }
      }
    }
  }
}
