{
  "provider_schemas": {
    "huaweicloud/huaweicloud": {
      "resource_schemas": {
        "huaweicloud_vpc_traffic_mirror_filter_rule": {
          "block": {
            "attributes": {
              "action": {
                "type": "string",
                "required": true
              },
              "created_at": {
                "type": "string",
                "computed": true
              },
              "description": {
                "type": "string",
                "optional": true
              },
              "destination_cidr_block": {
                "type": "string",
                "optional": true
              },
              "destination_port_range": {
                "type": "string",
                "optional": true
              },
              "direction": {
                "type": "string",
                "required": true,
                "forcenew": true
              },
              "ethertype": {
                "type": "string",
                "required": true
              },
              "id": {
                "type": "string",
                "computed": true
              },
              "priority": {
                "type": "number",
                "required": true
              },
              "protocol": {
                "type": "string",
                "required": true
              },
              "region": {
                "type": "string",
                "computed": true
              },
              "source_cidr_block": {
                "type": "string",
                "optional": true
              },
              "source_port_range": {
                "type": "string",
                "optional": true
              },
              "traffic_mirror_filter_id": {
                "type": "string",
                "required": true,
                "forcenew": true
              },
              "updated_at": {
                "type": "string",
                "computed": true
              }
            }
          },
          "product": {
            "short": "VPC",
            "name": "Virtual Private Cloud",
            "catalog": "Networking",
            "name_cn": "虚拟私有云",
            "catalog_cn": "网络"
          }
        }
      }
    }
  }
}
