{
  "provider_schemas": {
    "huaweicloud/huaweicloud": {
      "resource_schemas": {
        "huaweicloud_networking_secgroup": {
          "block": {
            "attributes": {
              "delete_default_rules": {
                "type": "bool",
                "optional": true
              },
              "description": {
                "type": "string",
                "optional": true,
                "computed": true
              },
              "enterprise_project_id": {
                "type": "string",
                "optional": true,
                "computed": true
              },
              "id": {
                "type": "string",
                "computed": true
              },
              "name": {
                "type": "string",
                "required": true
              },
              "region": {
                "type": "string",
                "computed": true
              }
            }
          },
          "product": {
            "catalog": "Network",
            "name": "Virtual Private Cloud",
            "short": "VPC"
          }
        }
      }
    }
  }
}
