{
  "provider_schemas": {
    "huaweicloud/huaweicloud": {
      "resource_schemas": {
        "huaweicloud_vpc_eip_update_publicip_pool": {
          "block": {
            "attributes": {
              "allow_share_bandwidth_types": {
                "type": [
                  "list",
                  "string"
                ],
                "computed": true
              },
              "billing_info": {
                "type": [
                  "list",
                  [
                    "object",
                    {
                      "order_id": "string",
                      "product_id": "string"
                    }
                  ]
                ],
                "computed": true
              },
              "created_at": {
                "type": "string",
                "computed": true
              },
              "description": {
                "type": "string",
                "optional": true,
                "computed": true
              },
              "enterprise_project_id": {
                "type": "string",
                "computed": true
              },
              "id": {
                "type": "string",
                "computed": true
              },
              "name": {
                "type": "string",
                "optional": true,
                "computed": true
              },
              "project_id": {
                "type": "string",
                "computed": true
              },
              "public_border_group": {
                "type": "string",
                "computed": true
              },
              "publicip_pool_id": {
                "type": "string",
                "required": true
              },
              "region": {
                "type": "string",
                "computed": true
              },
              "shared": {
                "type": "bool",
                "computed": true
              },
              "size": {
                "type": "number",
                "computed": true
              },
              "status": {
                "type": "string",
                "computed": true
              },
              "tags": {
                "type": [
                  "list",
                  [
                    "object",
                    {
                      "key": "string",
                      "value": "string"
                    }
                  ]
                ],
                "computed": true
              },
              "type": {
                "type": "string",
                "computed": true
              },
              "updated_at": {
                "type": "string",
                "computed": true
              },
              "used": {
                "type": "number",
                "computed": true
              }
            }
          },
          "product": {
            "short": "EIP",
            "name": "Elastic IP",
            "catalog": "Networking",
            "name_cn": "弹性公网IP",
            "catalog_cn": "网络"
          }
        }
      }
    }
  }
}
