{
  "provider_schemas": {
    "huaweicloud/huaweicloud": {
      "resource_schemas": {
        "huaweicloud_vpc_internet_gateway": {
          "block": {
            "attributes": {
              "add_route": {
                "type": "bool",
                "optional": true,
                "computed": true,
                "forcenew": true
              },
              "created_at": {
                "type": "string",
                "computed": true
              },
              "enable_ipv6": {
                "type": "bool",
                "optional": true,
                "computed": true
              },
              "id": {
                "type": "string",
                "computed": true
              },
              "name": {
                "type": "string",
                "optional": true,
                "computed": true
              },
              "region": {
                "type": "string",
                "computed": true
              },
              "subnet_id": {
                "type": "string",
                "optional": true,
                "computed": true,
                "forcenew": true
              },
              "updated_at": {
                "type": "string",
                "computed": true
              },
              "vpc_id": {
                "type": "string",
                "required": true,
                "forcenew": true
              }
            }
          },
          "product": {
            "short": "VPC",
            "name": "Virtual Private Cloud",
            "catalog": "Networking",
            "name_cn": "虚拟私有云",
            "catalog_cn": "网络"
          }
        }
      }
    }
  }
}
