{
  "provider_schemas": {
    "huaweicloud/huaweicloud": {
      "resource_schemas": {
        "huaweicloud_vpc_sub_network_interface": {
          "block": {
            "attributes": {
              "created_at": {
                "type": "string",
                "computed": true
              },
              "description": {
                "type": "string",
                "optional": true
              },
              "id": {
                "type": "string",
                "computed": true
              },
              "ip_address": {
                "type": "string",
                "optional": true,
                "computed": true
              },
              "ipv6_enable": {
                "type": "bool",
                "optional": true
              },
              "ipv6_ip_address": {
                "type": "string",
                "optional": true,
                "computed": true
              },
              "mac_address": {
                "type": "string",
                "computed": true
              },
              "parent_device_id": {
                "type": "string",
                "computed": true
              },
              "parent_id": {
                "type": "string",
                "required": true,
                "forcenew": true
              },
              "region": {
                "type": "string",
                "computed": true
              },
              "security_group_ids": {
                "type": [
                  "list",
                  "string"
                ],
                "optional": true,
                "computed": true
              },
              "status": {
                "type": "string",
                "computed": true
              },
              "subnet_id": {
                "type": "string",
                "required": true,
                "forcenew": true
              },
              "vlan_id": {
                "type": "string",
                "optional": true,
                "computed": true
              },
              "vpc_id": {
                "type": "string",
                "computed": true
              }
            }
          },
          "product": {
            "short": "VPC",
            "name": "Virtual Private Cloud",
            "catalog": "Networking",
            "name_cn": "虚拟私有云",
            "catalog_cn": "网络"
          }
        }
      }
    }
  }
}
