{
  "provider_schemas": {
    "huaweicloud/huaweicloud": {
      "resource_schemas": {
        "huaweicloud_vpc_network_acl": {
          "block": {
            "attributes": {
              "created_at": {
                "type": "string",
                "computed": true
              },
              "description": {
                "type": "string",
                "optional": true
              },
              "enabled": {
                "type": "bool",
                "optional": true,
                "default": true
              },
              "enterprise_project_id": {
                "type": "string",
                "required": true
              },
              "id": {
                "type": "string",
                "computed": true
              },
              "name": {
                "type": "string",
                "required": true
              },
              "region": {
                "type": "string",
                "computed": true
              },
              "status": {
                "type": "string",
                "computed": true
              },
              "updated_at": {
                "type": "string",
                "computed": true
              }
            },
            "block_types": {
              "associated_subnets": {
                "block": {
                  "attributes": {
                    "subnet_id": {
                      "type": "string",
                      "required": true
                    }
                  }
                },
                "nesting_mode": "set"
              },
              "egress_rules": {
                "block": {
                  "attributes": {
                    "action": {
                      "type": "string",
                      "required": true
                    },
                    "description": {
                      "type": "string",
                      "optional": true
                    },
                    "destination_ip_address": {
                      "type": "string",
                      "optional": true,
                      "computed": true
                    },
                    "destination_ip_address_group_id": {
                      "type": "string",
                      "optional": true
                    },
                    "destination_port": {
                      "type": "string",
                      "optional": true
                    },
                    "ip_version": {
                      "type": "number",
                      "required": true
                    },
                    "name": {
                      "type": "string",
                      "optional": true,
                      "computed": true
                    },
                    "protocol": {
                      "type": "string",
                      "required": true
                    },
                    "rule_id": {
                      "type": "string",
                      "computed": true
                    },
                    "source_ip_address": {
                      "type": "string",
                      "optional": true,
                      "computed": true
                    },
                    "source_ip_address_group_id": {
                      "type": "string",
                      "optional": true
                    },
                    "source_port": {
                      "type": "string",
                      "optional": true
                    }
                  }
                },
                "nesting_mode": "list"
              },
              "ingress_rules": {
                "block": {
                  "attributes": {
                    "action": {
                      "type": "string",
                      "required": true
                    },
                    "description": {
                      "type": "string",
                      "optional": true
                    },
                    "destination_ip_address": {
                      "type": "string",
                      "optional": true,
                      "computed": true
                    },
                    "destination_ip_address_group_id": {
                      "type": "string",
                      "optional": true
                    },
                    "destination_port": {
                      "type": "string",
                      "optional": true
                    },
                    "ip_version": {
                      "type": "number",
                      "required": true
                    },
                    "name": {
                      "type": "string",
                      "optional": true,
                      "computed": true
                    },
                    "protocol": {
                      "type": "string",
                      "required": true
                    },
                    "rule_id": {
                      "type": "string",
                      "computed": true
                    },
                    "source_ip_address": {
                      "type": "string",
                      "optional": true,
                      "computed": true
                    },
                    "source_ip_address_group_id": {
                      "type": "string",
                      "optional": true
                    },
                    "source_port": {
                      "type": "string",
                      "optional": true
                    }
                  }
                },
                "nesting_mode": "list"
              }
            }
          },
          "product": {
            "short": "VPC",
            "name": "Virtual Private Cloud",
            "catalog": "Networking",
            "name_cn": "虚拟私有云",
            "catalog_cn": "网络"
          }
        }
      }
    }
  }
}
