{
  "provider_schemas": {
    "huaweicloud/huaweicloud": {
      "resource_schemas": {
        "huaweicloud_vpc_eip_associate": {
          "block": {
            "attributes": {
              "fixed_ip": {
                "type": "string",
                "optional": true,
                "computed": true,
                "forcenew": true
              },
              "id": {
                "type": "string",
                "computed": true
              },
              "mac_address": {
                "type": "string",
                "computed": true
              },
              "network_id": {
                "type": "string",
                "optional": true,
                "computed": true,
                "forcenew": true
              },
              "port_id": {
                "type": "string",
                "optional": true,
                "computed": true,
                "forcenew": true
              },
              "public_ip": {
                "type": "string",
                "required": true,
                "forcenew": true
              },
              "region": {
                "type": "string",
                "computed": true
              },
              "status": {
                "type": "string",
                "computed": true
              }
            }
          },
          "product": {
            "short": "EIP",
            "name": "Elastic IP",
            "catalog": "Networking",
            "name_cn": "弹性公网IP",
            "catalog_cn": "网络"
          }
        }
      }
    }
  }
}
