{
  "provider_schemas": {
    "huaweicloud/huaweicloud": {
      "resource_schemas": {
        "huaweicloud_vpc_bandwidth_associate": {
          "block": {
            "attributes": {
              "bandwidth_charge_mode": {
                "type": "string",
                "description": "The charge mode after removal bandwidth.",
                "optional": true
              },
              "bandwidth_id": {
                "type": "string",
                "required": true,
                "forcenew": true
              },
              "bandwidth_name": {
                "type": "string",
                "computed": true
              },
              "bandwidth_size": {
                "type": "number",
                "description": "The size (Mbits/s) after removal bandwidth.",
                "optional": true
              },
              "eip_id": {
                "type": "string",
                "required": true
              },
              "id": {
                "type": "string",
                "computed": true
              },
              "public_ip": {
                "type": "string",
                "computed": true
              },
              "region": {
                "type": "string",
                "computed": true
              }
            }
          },
          "product": {
            "short": "VPC",
            "name": "Virtual Private Cloud",
            "catalog": "Networking",
            "name_cn": "虚拟私有云",
            "catalog_cn": "网络"
          }
        }
      }
    }
  }
}
