{
  "provider_schemas": {
    "huaweicloud/huaweicloud": {
      "resource_schemas": {
        "huaweicloud_vpc_bandwidth": {
          "block": {
            "attributes": {
              "bandwidth_type": {
                "type": "string",
                "computed": true
              },
              "charge_mode": {
                "type": "string",
                "optional": true,
                "computed": true,
                "forcenew": true
              },
              "enterprise_project_id": {
                "type": "string",
                "optional": true,
                "computed": true,
                "forcenew": true
              },
              "id": {
                "type": "string",
                "computed": true
              },
              "name": {
                "type": "string",
                "required": true
              },
              "publicips": {
                "type": [
                  "list",
                  [
                    "object",
                    {
                      "id": "string",
                      "ip_address": "string",
                      "ip_version": "number",
                      "type": "string"
                    }
                  ]
                ],
                "computed": true
              },
              "region": {
                "type": "string",
                "computed": true
              },
              "share_type": {
                "type": "string",
                "computed": true
              },
              "size": {
                "type": "number",
                "required": true
              },
              "status": {
                "type": "string",
                "computed": true
              }
            }
          },
          "product": {
            "catalog": "Network",
            "name": "Elastic IP",
            "short": "EIP"
          }
        }
      }
    }
  }
}
