{
  "provider_schemas": {
    "huaweicloud/huaweicloud": {
      "resource_schemas": {
        "huaweicloud_vpcep_approval": {
          "block": {
            "attributes": {
              "connections": {
                "type": [
                  "list",
                  [
                    "object",
                    {
                      "description": "string",
                      "domain_id": "string",
                      "endpoint_id": "string",
                      "packet_id": "number",
                      "status": "string"
                    }
                  ]
                ],
                "computed": true
              },
              "endpoints": {
                "type": [
                  "set",
                  "string"
                ],
                "required": true
              },
              "id": {
                "type": "string",
                "computed": true
              },
              "region": {
                "type": "string",
                "computed": true
              },
              "service_id": {
                "type": "string",
                "required": true,
                "forcenew": true
              }
            }
          },
          "product": {
            "short": "VPCEP",
            "name": "VPC Endpoint",
            "catalog": "Networking",
            "name_cn": "VPC终端节点",
            "catalog_cn": "网络"
          }
        }
      }
    }
  }
}
