{
  "provider_schemas": {
    "huaweicloud/huaweicloud": {
      "resource_schemas": {
        "huaweicloud_vpcep_endpoint": {
          "block": {
            "attributes": {
              "description": {
                "type": "string",
                "optional": true,
                "computed": true,
                "forcenew": true
              },
              "enable_dns": {
                "type": "bool",
                "optional": true,
                "forcenew": true,
                "default": true
              },
              "enable_whitelist": {
                "type": "bool",
                "optional": true
              },
              "id": {
                "type": "string",
                "computed": true
              },
              "ip_address": {
                "type": "string",
                "optional": true,
                "computed": true,
                "forcenew": true
              },
              "ip_version": {
                "type": "string",
                "optional": true,
                "computed": true,
                "forcenew": true
              },
              "ipv6_address": {
                "type": "string",
                "optional": true,
                "computed": true,
                "forcenew": true
              },
              "network_id": {
                "type": "string",
                "optional": true,
                "computed": true,
                "forcenew": true
              },
              "packet_id": {
                "type": "number",
                "computed": true
              },
              "policy_statement": {
                "type": "string",
                "optional": true,
                "computed": true
              },
              "private_domain_name": {
                "type": "string",
                "computed": true
              },
              "region": {
                "type": "string",
                "computed": true
              },
              "routetables": {
                "type": [
                  "set",
                  "string"
                ],
                "optional": true,
                "computed": true
              },
              "service_id": {
                "type": "string",
                "required": true,
                "forcenew": true
              },
              "service_name": {
                "type": "string",
                "computed": true
              },
              "service_type": {
                "type": "string",
                "computed": true
              },
              "status": {
                "type": "string",
                "computed": true
              },
              "tags": {
                "type": [
                  "map",
                  "string"
                ],
                "optional": true,
                "computed": true
              },
              "vpc_id": {
                "type": "string",
                "required": true,
                "forcenew": true
              },
              "whitelist": {
                "type": [
                  "set",
                  "string"
                ],
                "optional": true
              }
            }
          },
          "product": {
            "short": "VPCEP",
            "name": "VPC Endpoint",
            "catalog": "Networking",
            "name_cn": "VPC终端节点",
            "catalog_cn": "网络"
          }
        }
      }
    }
  }
}
