{
  "provider_schemas": {
    "huaweicloud/huaweicloud": {
      "resource_schemas": {
        "huaweicloud_vpn_user_group": {
          "block": {
            "attributes": {
              "created_at": {
                "type": "string",
                "description": "The creation time.",
                "computed": true
              },
              "description": {
                "type": "string",
                "description": "The description of the user group.",
                "optional": true
              },
              "id": {
                "type": "string",
                "computed": true
              },
              "name": {
                "type": "string",
                "description": "The name of the user group.",
                "required": true
              },
              "region": {
                "type": "string",
                "computed": true
              },
              "type": {
                "type": "string",
                "description": "The user group type.",
                "computed": true
              },
              "updated_at": {
                "type": "string",
                "description": "The update time.",
                "computed": true
              },
              "user_number": {
                "type": "number",
                "description": "The number of users.",
                "computed": true
              },
              "vpn_server_id": {
                "type": "string",
                "description": "The VPN server ID.",
                "required": true
              }
            },
            "block_types": {
              "users": {
                "block": {
                  "attributes": {
                    "description": {
                      "type": "string",
                      "description": "The user description.",
                      "computed": true
                    },
                    "id": {
                      "type": "string",
                      "description": "The user ID.",
                      "required": true
                    },
                    "name": {
                      "type": "string",
                      "description": "The username.",
                      "computed": true
                    }
                  },
                  "description": "The user list."
                },
                "nesting_mode": "set"
              }
            }
          },
          "product": {
            "short": "VPN",
            "name": "Virtual Private Network",
            "catalog": "Networking",
            "name_cn": "虚拟专用网络",
            "catalog_cn": "网络"
          }
        }
      }
    }
  }
}
