{
  "provider_schemas": {
    "huaweicloud/huaweicloud": {
      "resource_schemas": {
        "huaweicloud_vpn_gateway": {
          "block": {
            "attributes": {
              "access_private_ip_1": {
                "type": "string",
                "optional": true,
                "computed": true,
                "forcenew": true
              },
              "access_private_ip_2": {
                "type": "string",
                "optional": true,
                "computed": true,
                "forcenew": true
              },
              "access_subnet_id": {
                "type": "string",
                "description": "The access subnet ID of the VPN gateway.",
                "optional": true,
                "computed": true,
                "forcenew": true
              },
              "access_vpc_id": {
                "type": "string",
                "description": "The access VPC ID of the VPN gateway.",
                "optional": true,
                "computed": true,
                "forcenew": true
              },
              "asn": {
                "type": "number",
                "description": "The ASN number of BGP",
                "optional": true,
                "forcenew": true,
                "default": 64512
              },
              "attachment_type": {
                "type": "string",
                "description": "The attachment type.",
                "optional": true,
                "forcenew": true,
                "default": "vpc"
              },
              "availability_zones": {
                "type": [
                  "set",
                  "string"
                ],
                "description": "The availability zone IDs.",
                "required": true,
                "forcenew": true
              },
              "connect_subnet": {
                "type": "string",
                "description": "The Network ID of the VPC subnet used by the VPN gateway.",
                "optional": true,
                "computed": true,
                "forcenew": true
              },
              "created_at": {
                "type": "string",
                "description": "The create time.",
                "computed": true
              },
              "delete_eip_on_termination": {
                "type": "bool",
                "description": "Whether to delete the EIP when the VPN gateway is deleted.",
                "optional": true,
                "default": true
              },
              "enterprise_project_id": {
                "type": "string",
                "description": "The enterprise project ID",
                "optional": true,
                "computed": true
              },
              "er_attachment_id": {
                "type": "string",
                "description": "The ER attachment ID.",
                "computed": true
              },
              "er_id": {
                "type": "string",
                "description": "The enterprise router ID to attach with to VPN gateway.",
                "optional": true,
                "computed": true,
                "forcenew": true
              },
              "flavor": {
                "type": "string",
                "description": "The flavor of the VPN gateway.",
                "optional": true,
                "computed": true
              },
              "ha_mode": {
                "type": "string",
                "description": "The HA mode of the VPN gateway.",
                "optional": true,
                "computed": true,
                "forcenew": true
              },
              "id": {
                "type": "string",
                "computed": true
              },
              "local_subnets": {
                "type": [
                  "list",
                  "string"
                ],
                "description": "The local subnets.",
                "optional": true,
                "computed": true
              },
              "name": {
                "type": "string",
                "description": "The name of the VPN gateway. Only letters, digits, underscores(_) and hypens(-) are supported.",
                "required": true
              },
              "network_type": {
                "type": "string",
                "description": "The network type of the VPN gateway.",
                "optional": true,
                "computed": true,
                "forcenew": true
              },
              "region": {
                "type": "string",
                "computed": true
              },
              "status": {
                "type": "string",
                "description": "The status of VPN gateway.",
                "computed": true
              },
              "tags": {
                "type": [
                  "map",
                  "string"
                ],
                "optional": true,
                "computed": true
              },
              "updated_at": {
                "type": "string",
                "description": "The update time.",
                "computed": true
              },
              "used_connection_group": {
                "type": "number",
                "description": "The number of used connection groups.",
                "computed": true
              },
              "used_connection_number": {
                "type": "number",
                "description": "The number of used connections.",
                "computed": true
              },
              "vpc_id": {
                "type": "string",
                "description": "The ID of the VPC to which the VPN gateway is connected.",
                "optional": true,
                "computed": true,
                "forcenew": true
              }
            },
            "block_types": {
              "certificate": {
                "block": {
                  "attributes": {
                    "certificate_chain": {
                      "type": "string",
                      "required": true,
                      "sensitive": true
                    },
                    "certificate_chain_expire_time": {
                      "type": "string",
                      "computed": true
                    },
                    "certificate_chain_serial_number": {
                      "type": "string",
                      "computed": true
                    },
                    "certificate_chain_subject": {
                      "type": "string",
                      "computed": true
                    },
                    "certificate_expire_time": {
                      "type": "string",
                      "computed": true
                    },
                    "certificate_id": {
                      "type": "string",
                      "computed": true
                    },
                    "certificate_serial_number": {
                      "type": "string",
                      "computed": true
                    },
                    "certificate_subject": {
                      "type": "string",
                      "computed": true
                    },
                    "content": {
                      "type": "string",
                      "required": true
                    },
                    "created_at": {
                      "type": "string",
                      "computed": true
                    },
                    "enc_certificate": {
                      "type": "string",
                      "required": true,
                      "sensitive": true
                    },
                    "enc_certificate_expire_time": {
                      "type": "string",
                      "computed": true
                    },
                    "enc_certificate_serial_number": {
                      "type": "string",
                      "computed": true
                    },
                    "enc_certificate_subject": {
                      "type": "string",
                      "computed": true
                    },
                    "enc_private_key": {
                      "type": "string",
                      "required": true,
                      "sensitive": true
                    },
                    "issuer": {
                      "type": "string",
                      "computed": true
                    },
                    "name": {
                      "type": "string",
                      "required": true
                    },
                    "private_key": {
                      "type": "string",
                      "required": true,
                      "sensitive": true
                    },
                    "signature_algorithm": {
                      "type": "string",
                      "computed": true
                    },
                    "status": {
                      "type": "string",
                      "computed": true
                    },
                    "updated_at": {
                      "type": "string",
                      "computed": true
                    }
                  }
                },
                "nesting_mode": "list",
                "max_items": 1
              },
              "eip1": {
                "block": {
                  "attributes": {
                    "bandwidth_id": {
                      "type": "string",
                      "description": "The bandwidth ID.",
                      "computed": true
                    },
                    "bandwidth_name": {
                      "type": "string",
                      "description": "The bandwidth name.",
                      "optional": true,
                      "computed": true,
                      "forcenew": true
                    },
                    "bandwidth_size": {
                      "type": "number",
                      "description": "Bandwidth size in Mbit/s. When the flavor is **V300**, the value cannot be greater than **300**.\n",
                      "optional": true,
                      "computed": true,
                      "forcenew": true
                    },
                    "charge_mode": {
                      "type": "string",
                      "description": "The charge mode of the bandwidth. The value can be **bandwidth** and **traffic**.",
                      "optional": true,
                      "computed": true,
                      "forcenew": true
                    },
                    "id": {
                      "type": "string",
                      "description": "The public IP ID.",
                      "optional": true,
                      "computed": true,
                      "forcenew": true
                    },
                    "ip_address": {
                      "type": "string",
                      "description": "The public IP address.",
                      "computed": true
                    },
                    "ip_version": {
                      "type": "number",
                      "description": "The public IP version.",
                      "computed": true
                    },
                    "type": {
                      "type": "string",
                      "description": "The EIP type. The value can be **5_bgp** and **5_sbgp**.",
                      "optional": true,
                      "computed": true,
                      "forcenew": true
                    }
                  }
                },
                "nesting_mode": "list",
                "forcenew": true,
                "max_items": 1
              },
              "eip2": {
                "block": {
                  "attributes": {
                    "bandwidth_id": {
                      "type": "string",
                      "description": "The bandwidth ID.",
                      "computed": true
                    },
                    "bandwidth_name": {
                      "type": "string",
                      "description": "The bandwidth name.",
                      "optional": true,
                      "computed": true,
                      "forcenew": true
                    },
                    "bandwidth_size": {
                      "type": "number",
                      "description": "Bandwidth size in Mbit/s. When the flavor is **V300**, the value cannot be greater than **300**.\n",
                      "optional": true,
                      "computed": true,
                      "forcenew": true
                    },
                    "charge_mode": {
                      "type": "string",
                      "description": "The charge mode of the bandwidth. The value can be **bandwidth** and **traffic**.",
                      "optional": true,
                      "computed": true,
                      "forcenew": true
                    },
                    "id": {
                      "type": "string",
                      "description": "The public IP ID.",
                      "optional": true,
                      "computed": true,
                      "forcenew": true
                    },
                    "ip_address": {
                      "type": "string",
                      "description": "The public IP address.",
                      "computed": true
                    },
                    "ip_version": {
                      "type": "number",
                      "description": "The public IP version.",
                      "computed": true
                    },
                    "type": {
                      "type": "string",
                      "description": "The EIP type. The value can be **5_bgp** and **5_sbgp**.",
                      "optional": true,
                      "computed": true,
                      "forcenew": true
                    }
                  }
                },
                "nesting_mode": "list",
                "forcenew": true,
                "max_items": 1
              },
              "master_eip": {
                "block": {
                  "attributes": {
                    "bandwidth_id": {
                      "type": "string",
                      "description": "The bandwidth ID.",
                      "computed": true
                    },
                    "bandwidth_name": {
                      "type": "string",
                      "description": "The bandwidth name.",
                      "optional": true,
                      "computed": true,
                      "forcenew": true
                    },
                    "bandwidth_size": {
                      "type": "number",
                      "description": "Bandwidth size in Mbit/s. When the flavor is **V300**, the value cannot be greater than **300**.\n",
                      "optional": true,
                      "computed": true,
                      "forcenew": true
                    },
                    "charge_mode": {
                      "type": "string",
                      "description": "The charge mode of the bandwidth. The value can be **bandwidth** and **traffic**.",
                      "optional": true,
                      "computed": true,
                      "forcenew": true
                    },
                    "id": {
                      "type": "string",
                      "description": "The public IP ID.",
                      "optional": true,
                      "computed": true,
                      "forcenew": true
                    },
                    "ip_address": {
                      "type": "string",
                      "description": "The public IP address.",
                      "computed": true
                    },
                    "ip_version": {
                      "type": "number",
                      "description": "The public IP version.",
                      "computed": true
                    },
                    "type": {
                      "type": "string",
                      "description": "The EIP type. The value can be **5_bgp** and **5_sbgp**.",
                      "optional": true,
                      "computed": true,
                      "forcenew": true
                    }
                  },
                  "description": "schema:{\"Internal\":true};"
                },
                "nesting_mode": "list",
                "forcenew": true,
                "max_items": 1
              },
              "slave_eip": {
                "block": {
                  "attributes": {
                    "bandwidth_id": {
                      "type": "string",
                      "description": "The bandwidth ID.",
                      "computed": true
                    },
                    "bandwidth_name": {
                      "type": "string",
                      "description": "The bandwidth name.",
                      "optional": true,
                      "computed": true,
                      "forcenew": true
                    },
                    "bandwidth_size": {
                      "type": "number",
                      "description": "Bandwidth size in Mbit/s. When the flavor is **V300**, the value cannot be greater than **300**.\n",
                      "optional": true,
                      "computed": true,
                      "forcenew": true
                    },
                    "charge_mode": {
                      "type": "string",
                      "description": "The charge mode of the bandwidth. The value can be **bandwidth** and **traffic**.",
                      "optional": true,
                      "computed": true,
                      "forcenew": true
                    },
                    "id": {
                      "type": "string",
                      "description": "The public IP ID.",
                      "optional": true,
                      "computed": true,
                      "forcenew": true
                    },
                    "ip_address": {
                      "type": "string",
                      "description": "The public IP address.",
                      "computed": true
                    },
                    "ip_version": {
                      "type": "number",
                      "description": "The public IP version.",
                      "computed": true
                    },
                    "type": {
                      "type": "string",
                      "description": "The EIP type. The value can be **5_bgp** and **5_sbgp**.",
                      "optional": true,
                      "computed": true,
                      "forcenew": true
                    }
                  },
                  "description": "schema:{\"Internal\":true};"
                },
                "nesting_mode": "list",
                "forcenew": true,
                "max_items": 1
              }
            }
          },
          "product": {
            "short": "VPN",
            "name": "Virtual Private Network",
            "catalog": "Networking",
            "name_cn": "虚拟专用网络",
            "catalog_cn": "网络"
          }
        }
      }
    }
  }
}
