{
  "provider_schemas": {
    "huaweicloud/huaweicloud": {
      "resource_schemas": {
        "huaweicloud_waf_ip_intelligence_rule": {
          "block": {
            "attributes": {
              "description": {
                "type": "string",
                "optional": true
              },
              "enterprise_project_id": {
                "type": "string",
                "optional": true
              },
              "id": {
                "type": "string",
                "computed": true
              },
              "name": {
                "type": "string",
                "optional": true,
                "computed": true
              },
              "policy_id": {
                "type": "string",
                "required": true
              },
              "policyid": {
                "type": "string",
                "computed": true
              },
              "policyname": {
                "type": "string",
                "optional": true
              },
              "region": {
                "type": "string",
                "computed": true
              },
              "status": {
                "type": "number",
                "computed": true
              },
              "tags": {
                "type": [
                  "list",
                  "string"
                ],
                "required": true
              },
              "timestamp": {
                "type": "number",
                "computed": true
              },
              "type": {
                "type": "string",
                "required": true
              }
            },
            "block_types": {
              "action": {
                "block": {
                  "attributes": {
                    "category": {
                      "type": "string",
                      "required": true
                    }
                  }
                },
                "nesting_mode": "list"
              }
            }
          },
          "product": {
            "short": "WAF",
            "name": "Web Application Firewall",
            "catalog": "Security & Compliance",
            "name_cn": "Web应用防火墙",
            "catalog_cn": "安全与合规"
          }
        }
      }
    }
  }
}
