{
  "provider_schemas": {
    "huaweicloud/huaweicloud": {
      "resource_schemas": {
        "huaweicloud_waf_dedicated_domain": {
          "block": {
            "attributes": {
              "access_status": {
                "type": "number",
                "computed": true
              },
              "alarm_page": {
                "type": [
                  "map",
                  "string"
                ],
                "computed": true
              },
              "block_page": {
                "type": [
                  "list",
                  [
                    "object",
                    {
                      "custom_page": [
                        "list",
                        [
                          "object",
                          {
                            "content": "string",
                            "content_type": "string",
                            "status_code": "string"
                          }
                        ]
                      ],
                      "redirect_url": "string",
                      "template": "string"
                    }
                  ]
                ],
                "computed": true
              },
              "certificate_id": {
                "type": "string",
                "optional": true
              },
              "certificate_name": {
                "type": "string",
                "computed": true
              },
              "cipher": {
                "type": "string",
                "optional": true,
                "computed": true
              },
              "compliance_certification": {
                "type": [
                  "map",
                  "bool"
                ],
                "computed": true
              },
              "description": {
                "type": "string",
                "optional": true,
                "computed": true
              },
              "domain": {
                "type": "string",
                "required": true
              },
              "enterprise_project_id": {
                "type": "string",
                "optional": true,
                "computed": true
              },
              "extend": {
                "type": [
                  "map",
                  "string"
                ],
                "computed": true
              },
              "flag": {
                "type": [
                  "list",
                  [
                    "object",
                    {
                      "cname": "string",
                      "ipv6": "string",
                      "is_dual_az": "string",
                      "pci_3ds": "string",
                      "pci_dss": "string"
                    }
                  ]
                ],
                "computed": true
              },
              "forward_header_map": {
                "type": [
                  "map",
                  "string"
                ],
                "optional": true,
                "computed": true
              },
              "id": {
                "type": "string",
                "computed": true
              },
              "keep_policy": {
                "type": "bool",
                "optional": true,
                "default": true
              },
              "listener_id": {
                "type": "string",
                "optional": true,
                "computed": true
              },
              "loadbalancer_id": {
                "type": "string",
                "optional": true,
                "computed": true
              },
              "mode": {
                "type": "string",
                "optional": true,
                "computed": true
              },
              "pci_3ds": {
                "type": "bool",
                "optional": true,
                "computed": true
              },
              "pci_dss": {
                "type": "bool",
                "optional": true,
                "computed": true
              },
              "policy_id": {
                "type": "string",
                "optional": true,
                "computed": true
              },
              "pool_ids": {
                "type": [
                  "list",
                  "string"
                ],
                "optional": true
              },
              "protect_status": {
                "type": "number",
                "optional": true,
                "computed": true
              },
              "protocol": {
                "type": "string",
                "computed": true
              },
              "protocol_port": {
                "type": "number",
                "optional": true,
                "computed": true
              },
              "proxy": {
                "type": "bool",
                "optional": true,
                "default": false
              },
              "redirect_url": {
                "type": "string",
                "optional": true
              },
              "region": {
                "type": "string",
                "computed": true
              },
              "timestamp": {
                "type": "number",
                "computed": true
              },
              "tls": {
                "type": "string",
                "optional": true,
                "computed": true
              },
              "traffic_identifier": {
                "type": [
                  "map",
                  "string"
                ],
                "computed": true
              },
              "website_name": {
                "type": "string",
                "optional": true,
                "computed": true
              }
            },
            "block_types": {
              "connection_protection": {
                "block": {
                  "attributes": {
                    "duration": {
                      "type": "number",
                      "optional": true,
                      "computed": true
                    },
                    "error_percentage": {
                      "type": "number",
                      "optional": true,
                      "computed": true
                    },
                    "error_threshold": {
                      "type": "number",
                      "optional": true,
                      "computed": true
                    },
                    "initial_downtime": {
                      "type": "number",
                      "optional": true,
                      "computed": true
                    },
                    "multiplier_for_consecutive_breakdowns": {
                      "type": "number",
                      "optional": true,
                      "computed": true
                    },
                    "pending_url_request_threshold": {
                      "type": "number",
                      "optional": true,
                      "computed": true
                    },
                    "status": {
                      "type": "bool",
                      "optional": true,
                      "computed": true
                    }
                  }
                },
                "nesting_mode": "list",
                "max_items": 1
              },
              "custom_page": {
                "block": {
                  "attributes": {
                    "block_page_type": {
                      "type": "string",
                      "required": true
                    },
                    "http_return_code": {
                      "type": "string",
                      "required": true
                    },
                    "page_content": {
                      "type": "string",
                      "required": true
                    }
                  }
                },
                "nesting_mode": "list",
                "max_items": 1
              },
              "server": {
                "block": {
                  "attributes": {
                    "address": {
                      "type": "string",
                      "required": true
                    },
                    "client_protocol": {
                      "type": "string",
                      "required": true
                    },
                    "port": {
                      "type": "number",
                      "required": true
                    },
                    "server_protocol": {
                      "type": "string",
                      "required": true
                    },
                    "type": {
                      "type": "string",
                      "required": true
                    },
                    "vpc_id": {
                      "type": "string",
                      "required": true
                    }
                  }
                },
                "nesting_mode": "list",
                "max_items": 80
              },
              "timeout_settings": {
                "block": {
                  "attributes": {
                    "connection_timeout": {
                      "type": "number",
                      "optional": true,
                      "computed": true
                    },
                    "read_timeout": {
                      "type": "number",
                      "optional": true,
                      "computed": true
                    },
                    "write_timeout": {
                      "type": "number",
                      "optional": true,
                      "computed": true
                    }
                  }
                },
                "nesting_mode": "list",
                "max_items": 1
              },
              "traffic_mark": {
                "block": {
                  "attributes": {
                    "ip_tags": {
                      "type": [
                        "list",
                        "string"
                      ],
                      "optional": true,
                      "computed": true
                    },
                    "session_tag": {
                      "type": "string",
                      "optional": true,
                      "computed": true
                    },
                    "user_tag": {
                      "type": "string",
                      "optional": true,
                      "computed": true
                    }
                  }
                },
                "nesting_mode": "list",
                "max_items": 1
              }
            }
          },
          "product": {
            "short": "WAF",
            "name": "Web Application Firewall",
            "catalog": "Security & Compliance",
            "name_cn": "Web应用防火墙",
            "catalog_cn": "安全与合规"
          }
        }
      }
    }
  }
}
