{
  "provider_schemas": {
    "huaweicloud/huaweicloud": {
      "resource_schemas": {
        "huaweicloud_waf_rule_data_masking": {
          "block": {
            "attributes": {
              "description": {
                "type": "string",
                "optional": true,
                "computed": true
              },
              "enterprise_project_id": {
                "type": "string",
                "optional": true,
                "forcenew": true
              },
              "field": {
                "type": "string",
                "required": true
              },
              "id": {
                "type": "string",
                "computed": true
              },
              "path": {
                "type": "string",
                "required": true
              },
              "policy_id": {
                "type": "string",
                "required": true,
                "forcenew": true
              },
              "region": {
                "type": "string",
                "computed": true
              },
              "status": {
                "type": "number",
                "optional": true,
                "default": 1
              },
              "subfield": {
                "type": "string",
                "required": true
              }
            }
          },
          "product": {
            "short": "WAF",
            "name": "Web Application Firewall",
            "catalog": "Security & Compliance",
            "name_cn": "Web应用防火墙",
            "catalog_cn": "安全与合规"
          }
        }
      }
    }
  }
}
