{
  "provider_schemas": {
    "huaweicloud/huaweicloud": {
      "resource_schemas": {
        "huaweicloud_waf_policy": {
          "block": {
            "attributes": {
              "bind_hosts": {
                "type": [
                  "list",
                  [
                    "object",
                    {
                      "hostname": "string",
                      "id": "string",
                      "mode": "string",
                      "waf_type": "string"
                    }
                  ]
                ],
                "computed": true
              },
              "deep_inspection": {
                "type": "bool",
                "optional": true,
                "computed": true
              },
              "enterprise_project_id": {
                "type": "string",
                "optional": true,
                "forcenew": true
              },
              "full_detection": {
                "type": "bool",
                "optional": true
              },
              "header_inspection": {
                "type": "bool",
                "optional": true,
                "computed": true
              },
              "id": {
                "type": "string",
                "computed": true
              },
              "level": {
                "type": "number",
                "optional": true,
                "computed": true
              },
              "name": {
                "type": "string",
                "required": true
              },
              "protection_mode": {
                "type": "string",
                "optional": true,
                "computed": true
              },
              "region": {
                "type": "string",
                "computed": true
              },
              "robot_action": {
                "type": "string",
                "optional": true,
                "computed": true
              },
              "shiro_decryption_check": {
                "type": "bool",
                "optional": true,
                "computed": true
              }
            },
            "block_types": {
              "options": {
                "block": {
                  "attributes": {
                    "anti_crawler": {
                      "type": "bool",
                      "optional": true
                    },
                    "basic_web_protection": {
                      "type": "bool",
                      "optional": true
                    },
                    "blacklist": {
                      "type": "bool",
                      "optional": true
                    },
                    "bot_enable": {
                      "type": "bool",
                      "optional": true
                    },
                    "cc_attack_protection": {
                      "type": "bool",
                      "optional": true
                    },
                    "crawler_engine": {
                      "type": "bool",
                      "optional": true
                    },
                    "crawler_other": {
                      "type": "bool",
                      "optional": true
                    },
                    "crawler_scanner": {
                      "type": "bool",
                      "optional": true
                    },
                    "crawler_script": {
                      "type": "bool",
                      "optional": true
                    },
                    "data_masking": {
                      "type": "bool",
                      "optional": true
                    },
                    "false_alarm_masking": {
                      "type": "bool",
                      "optional": true
                    },
                    "general_check": {
                      "type": "bool",
                      "optional": true
                    },
                    "geolocation_access_control": {
                      "type": "bool",
                      "optional": true
                    },
                    "information_leakage_prevention": {
                      "type": "bool",
                      "optional": true
                    },
                    "known_attack_source": {
                      "type": "bool",
                      "optional": true
                    },
                    "precise_protection": {
                      "type": "bool",
                      "optional": true
                    },
                    "web_tamper_protection": {
                      "type": "bool",
                      "optional": true
                    },
                    "webshell": {
                      "type": "bool",
                      "optional": true
                    }
                  }
                },
                "nesting_mode": "list"
              }
            }
          },
          "product": {
            "short": "WAF",
            "name": "Web Application Firewall",
            "catalog": "Security & Compliance",
            "name_cn": "Web应用防火墙",
            "catalog_cn": "安全与合规"
          }
        }
      }
    }
  }
}
