{
  "provider_schemas": {
    "huaweicloud/huaweicloud": {
      "resource_schemas": {
        "huaweicloud_waf_rule_blacklist": {
          "block": {
            "attributes": {
              "action": {
                "type": "number",
                "optional": true
              },
              "address_group_id": {
                "type": "string",
                "optional": true
              },
              "address_group_name": {
                "type": "string",
                "computed": true
              },
              "address_group_size": {
                "type": "number",
                "computed": true
              },
              "description": {
                "type": "string",
                "optional": true
              },
              "enterprise_project_id": {
                "type": "string",
                "optional": true,
                "forcenew": true
              },
              "id": {
                "type": "string",
                "computed": true
              },
              "ip_address": {
                "type": "string",
                "optional": true
              },
              "name": {
                "type": "string",
                "required": true
              },
              "policy_id": {
                "type": "string",
                "required": true,
                "forcenew": true
              },
              "region": {
                "type": "string",
                "computed": true
              },
              "status": {
                "type": "number",
                "optional": true,
                "default": 1
              }
            }
          },
          "product": {
            "short": "WAF",
            "name": "Web Application Firewall",
            "catalog": "Security & Compliance",
            "name_cn": "Web应用防火墙",
            "catalog_cn": "安全与合规"
          }
        }
      }
    }
  }
}
