{
  "provider_schemas": {
    "huaweicloud/huaweicloud": {
      "resource_schemas": {
        "huaweicloud_waf_address_group": {
          "block": {
            "attributes": {
              "description": {
                "type": "string",
                "description": "Specifies the description of the address group.",
                "optional": true,
                "computed": true
              },
              "enterprise_project_id": {
                "type": "string",
                "description": "Specifies the enterprise project ID of WAF address group.",
                "optional": true,
                "forcenew": true
              },
              "id": {
                "type": "string",
                "computed": true
              },
              "ip_addresses": {
                "type": [
                  "list",
                  "string"
                ],
                "description": "Specifies the IP addresses or IP address ranges.",
                "required": true
              },
              "name": {
                "type": "string",
                "description": "Specifies the name of the address group.",
                "required": true
              },
              "region": {
                "type": "string",
                "computed": true
              },
              "rules": {
                "type": [
                  "list",
                  [
                    "object",
                    {
                      "policy_id": "string",
                      "policy_name": "string",
                      "rule_id": "string",
                      "rule_name": "string"
                    }
                  ]
                ],
                "description": "The list of rules that use the IP address group.",
                "computed": true
              }
            }
          },
          "product": {
            "short": "WAF",
            "name": "Web Application Firewall",
            "catalog": "Security & Compliance",
            "name_cn": "Web应用防火墙",
            "catalog_cn": "安全与合规"
          }
        }
      }
    }
  }
}
