{
  "provider_schemas": {
    "huaweicloud/huaweicloud": {
      "resource_schemas": {
        "huaweicloud_workspace_desktop_pool_notification": {
          "block": {
            "attributes": {
              "id": {
                "type": "string",
                "computed": true
              },
              "notifications": {
                "type": "string",
                "description": "The message want to dispatch.",
                "required": true
              },
              "pool_id": {
                "type": "string",
                "description": "The ID of the desktop pool.",
                "required": true
              },
              "region": {
                "type": "string",
                "description": "The region where the desktop pool is located.",
                "computed": true
              },
              "status": {
                "type": "string",
                "description": "The status of notification dispatch task.",
                "computed": true
              }
            }
          },
          "product": {
            "short": "Workspace",
            "name": "Workspace",
            "catalog": "Business Applications",
            "name_cn": "云桌面",
            "catalog_cn": "企业应用"
          }
        }
      }
    }
  }
}
