{
  "provider_schemas": {
    "huaweicloud/huaweicloud": {
      "resource_schemas": {
        "huaweicloud_workspace_app_nas_storage": {
          "block": {
            "attributes": {
              "created_at": {
                "type": "string",
                "computed": true
              },
              "id": {
                "type": "string",
                "computed": true
              },
              "name": {
                "type": "string",
                "description": "The name of the NAS storage.",
                "required": true,
                "forcenew": true
              },
              "region": {
                "type": "string",
                "description": "The region where the NAS storage is located.",
                "computed": true
              }
            },
            "block_types": {
              "storage_metadata": {
                "block": {
                  "attributes": {
                    "export_location": {
                      "type": "string",
                      "description": "The storage access URL.",
                      "computed": true
                    },
                    "storage_class": {
                      "type": "string",
                      "description": "The storage type.",
                      "required": true,
                      "forcenew": true
                    },
                    "storage_handle": {
                      "type": "string",
                      "description": "The storage name.",
                      "required": true,
                      "forcenew": true
                    }
                  },
                  "description": "The metadata of the corresponding storage."
                },
                "nesting_mode": "list",
                "forcenew": true,
                "min_items": 1,
                "max_items": 1
              }
            }
          },
          "product": {
            "short": "Workspace",
            "name": "Workspace",
            "catalog": "Business Applications",
            "name_cn": "云桌面",
            "catalog_cn": "企业应用"
          }
        }
      }
    }
  }
}
