{
  "provider_schemas": {
    "huaweicloud/huaweicloud": {
      "resource_schemas": {
        "huaweicloud_workspace_access_policy": {
          "block": {
            "attributes": {
              "blacklist_type": {
                "type": "string",
                "description": "The type of access policy blacklist.",
                "required": true,
                "forcenew": true
              },
              "created_at": {
                "type": "string",
                "description": "The creation time of the access policy.",
                "computed": true
              },
              "id": {
                "type": "string",
                "computed": true
              },
              "name": {
                "type": "string",
                "description": "The name of the access policy.",
                "required": true,
                "forcenew": true
              },
              "region": {
                "type": "string",
                "description": "The region where the access policy is located.",
                "computed": true
              }
            },
            "block_types": {
              "blacklist": {
                "block": {
                  "attributes": {
                    "object_id": {
                      "type": "string",
                      "description": "The object ID.",
                      "required": true
                    },
                    "object_name": {
                      "type": "string",
                      "description": "The object name.",
                      "computed": true
                    },
                    "object_type": {
                      "type": "string",
                      "description": "The object type.",
                      "required": true
                    }
                  }
                },
                "nesting_mode": "set"
              }
            }
          },
          "product": {
            "short": "Workspace",
            "name": "Workspace",
            "catalog": "Business Applications",
            "name_cn": "云桌面",
            "catalog_cn": "企业应用"
          }
        }
      }
    }
  }
}
