{
  "provider_schemas": {
    "huaweicloud/huaweicloud": {
      "resource_schemas": {
        "huaweicloud_workspace_eip_associate": {
          "block": {
            "attributes": {
              "desktop_id": {
                "type": "string",
                "required": true,
                "forcenew": true
              },
              "eip_id": {
                "type": "string",
                "required": true,
                "forcenew": true
              },
              "enterprise_project_id": {
                "type": "string",
                "computed": true
              },
              "id": {
                "type": "string",
                "computed": true
              },
              "public_ip": {
                "type": "string",
                "computed": true
              },
              "region": {
                "type": "string",
                "computed": true
              }
            }
          },
          "product": {
            "short": "Workspace",
            "name": "Workspace",
            "catalog": "Business Applications",
            "name_cn": "云桌面",
            "catalog_cn": "企业应用"
          }
        }
      }
    }
  }
}
