{
  "provider_schemas": {
    "huaweicloud/huaweicloud": {
      "resource_schemas": {
        "huaweicloud_workspace_application_rule_restriction_setting": {
          "block": {
            "attributes": {
              "app_control_mode": {
                "type": "number",
                "description": "The application control mode.",
                "optional": true
              },
              "app_force_kill_proc_switch": {
                "type": "bool",
                "description": "Whether to enable the force kill application switch.",
                "optional": true
              },
              "app_periodic_interval": {
                "type": "number",
                "description": "The periodic monitoring interval time, in minutes.",
                "optional": true,
                "computed": true
              },
              "app_periodic_switch": {
                "type": "bool",
                "description": "Whether to enable the periodic monitoring switch.",
                "optional": true
              },
              "app_restrict_rule_switch": {
                "type": "bool",
                "description": "Whether to enable the application restriction rule switch.",
                "required": true
              },
              "id": {
                "type": "string",
                "computed": true
              },
              "region": {
                "type": "string",
                "description": "The region where the application rule restriction is located.",
                "computed": true
              }
            }
          },
          "product": {
            "short": "Workspace",
            "name": "Workspace",
            "catalog": "Business Applications",
            "name_cn": "云桌面",
            "catalog_cn": "企业应用"
          }
        }
      }
    }
  }
}
