{
  "provider_schemas": {
    "huaweicloud/huaweicloud": {
      "resource_schemas": {
        "huaweicloud_workspace_app_application_batch_attach": {
          "block": {
            "attributes": {
              "id": {
                "type": "string",
                "computed": true
              },
              "record_ids": {
                "type": [
                  "list",
                  "string"
                ],
                "description": "The list of application record IDs to be attach.",
                "required": true
              },
              "region": {
                "type": "string",
                "description": "The region where the Workspace APP is located.",
                "computed": true
              },
              "server_id": {
                "type": "string",
                "description": "The ID of the image server instance.",
                "required": true
              },
              "uri": {
                "type": "string",
                "description": "The URI of the application attachment.",
                "computed": true
              }
            }
          },
          "product": {
            "short": "Workspace",
            "name": "Workspace",
            "catalog": "Business Applications",
            "name_cn": "云桌面",
            "catalog_cn": "企业应用"
          }
        }
      }
    }
  }
}
